{
  "version": 4,
  "terraform_version": "1.2.5",
  "serial": 4798,
  "lineage": "ad79aba1-e39b-1ff7-45d3-761fc57fccb8",
  "outputs": {},
  "resources": [
    {
      "mode": "managed",
      "type": "aws_iam_policy",
      "name": "EPPolicy1",
      "provider": "provider[\"registry.terraform.io/hashicorp/aws\"]",
      "instances": [
        {
          "schema_version": 0,
          "attributes": {
            "arn": "arn:aws:iam::455436446709:policy/EPPolicy1",
            "description": "EPPolicy1 description",
            "id": "arn:aws:iam::455436446709:policy/EPPolicy1",
            "name": "EPPolicy1",
            "name_prefix": null,
            "path": "/",
            "policy": "{\"Statement\":[{\"Action\":\"*\",\"Effect\":\"Allow\",\"Resource\":\"*\"}],\"Version\":\"2012-10-17\"}",
            "policy_id": "ANPAWUCRAVP2YX6WWSADG",
            "tags": null,
            "tags_all": {}
          },
          "sensitive_attributes": [],
          "private": "bnVsbA==",
          "dependencies": [
            "time_sleep.wait_2_seconds"
          ]
        }
      ]
    },
    {
      "mode": "managed",
      "type": "aws_iam_policy",
      "name": "EPPolicy10",
      "provider": "provider[\"registry.terraform.io/hashicorp/aws\"]",
      "instances": [
        {
          "schema_version": 0,
          "attributes": {
            "arn": "arn:aws:iam::455436446709:policy/EPPolicy10",
            "description": "EPPolicy10 description",
            "id": "arn:aws:iam::455436446709:policy/EPPolicy10",
            "name": "EPPolicy10",
            "name_prefix": null,
            "path": "/",
            "policy": "{\"Statement\":[{\"Action\":[\"s3:*List*\"],\"Effect\":\"Deny\",\"Resource\":\"arn:aws:s3:::ad-test-delete\"}],\"Version\":\"2012-10-17\"}",
            "policy_id": "ANPAWUCRAVP2723DNLJ5D",
            "tags": null,
            "tags_all": {}
          },
          "sensitive_attributes": [],
          "private": "bnVsbA==",
          "dependencies": [
            "time_sleep.wait_2_seconds"
          ]
        }
      ]
    },
    {
      "mode": "managed",
      "type": "aws_iam_policy",
      "name": "EPPolicy11",
      "provider": "provider[\"registry.terraform.io/hashicorp/aws\"]",
      "instances": [
        {
          "schema_version": 0,
          "attributes": {
            "arn": "arn:aws:iam::455436446709:policy/EPPolicy11",
            "description": "EPPolicy11 description",
            "id": "arn:aws:iam::455436446709:policy/EPPolicy11",
            "name": "EPPolicy11",
            "name_prefix": null,
            "path": "/",
            "policy": "{\"Statement\":[{\"Action\":[\"s3:*Bucket*\"],\"Effect\":\"Allow\",\"Resource\":\"*\"}],\"Version\":\"2012-10-17\"}",
            "policy_id": "ANPAWUCRAVP26ACRD26TK",
            "tags": null,
            "tags_all": {}
          },
          "sensitive_attributes": [],
          "private": "bnVsbA==",
          "dependencies": [
            "time_sleep.wait_2_seconds"
          ]
        }
      ]
    },
    {
      "mode": "managed",
      "type": "aws_iam_policy",
      "name": "EPPolicy12",
      "provider": "provider[\"registry.terraform.io/hashicorp/aws\"]",
      "instances": [
        {
          "schema_version": 0,
          "attributes": {
            "arn": "arn:aws:iam::455436446709:policy/EPPolicy12",
            "description": "EPPolicy12 description",
            "id": "arn:aws:iam::455436446709:policy/EPPolicy12",
            "name": "EPPolicy12",
            "name_prefix": null,
            "path": "/",
            "policy": "{\"Statement\":[{\"Action\":[\"s3:*Bucket*\"],\"Effect\":\"Deny\",\"Resource\":\"*\"}],\"Version\":\"2012-10-17\"}",
            "policy_id": "ANPAWUCRAVP24HCYPZVEJ",
            "tags": null,
            "tags_all": {}
          },
          "sensitive_attributes": [],
          "private": "bnVsbA==",
          "dependencies": [
            "time_sleep.wait_2_seconds"
          ]
        }
      ]
    },
    {
      "mode": "managed",
      "type": "aws_iam_policy",
      "name": "EPPolicy13",
      "provider": "provider[\"registry.terraform.io/hashicorp/aws\"]",
      "instances": [
        {
          "schema_version": 0,
          "attributes": {
            "arn": "arn:aws:iam::455436446709:policy/EPPolicy13",
            "description": "EPPolicy13 description",
            "id": "arn:aws:iam::455436446709:policy/EPPolicy13",
            "name": "EPPolicy13",
            "name_prefix": null,
            "path": "/",
            "policy": "{\"Statement\":[{\"Effect\":\"Allow\",\"NotAction\":\"*\",\"Resource\":\"*\"}],\"Version\":\"2012-10-17\"}",
            "policy_id": "ANPAWUCRAVP2RIZ22APDK",
            "tags": null,
            "tags_all": {}
          },
          "sensitive_attributes": [],
          "private": "bnVsbA==",
          "dependencies": [
            "time_sleep.wait_2_seconds"
          ]
        }
      ]
    },
    {
      "mode": "managed",
      "type": "aws_iam_policy",
      "name": "EPPolicy14",
      "provider": "provider[\"registry.terraform.io/hashicorp/aws\"]",
      "instances": [
        {
          "schema_version": 0,
          "attributes": {
            "arn": "arn:aws:iam::455436446709:policy/EPPolicy14",
            "description": "EPPolicy14 description",
            "id": "arn:aws:iam::455436446709:policy/EPPolicy14",
            "name": "EPPolicy14",
            "name_prefix": null,
            "path": "/",
            "policy": "{\"Statement\":[{\"Effect\":\"Deny\",\"NotAction\":\"*\",\"Resource\":\"*\"}],\"Version\":\"2012-10-17\"}",
            "policy_id": "ANPAWUCRAVP26S7LB4KHO",
            "tags": null,
            "tags_all": {}
          },
          "sensitive_attributes": [],
          "private": "bnVsbA==",
          "dependencies": [
            "time_sleep.wait_2_seconds"
          ]
        }
      ]
    },
    {
      "mode": "managed",
      "type": "aws_iam_policy",
      "name": "EPPolicy15",
      "provider": "provider[\"registry.terraform.io/hashicorp/aws\"]",
      "instances": [
        {
          "schema_version": 0,
          "attributes": {
            "arn": "arn:aws:iam::455436446709:policy/EPPolicy15",
            "description": "EPPolicy15 description",
            "id": "arn:aws:iam::455436446709:policy/EPPolicy15",
            "name": "EPPolicy15",
            "name_prefix": null,
            "path": "/",
            "policy": "{\"Statement\":[{\"Effect\":\"Allow\",\"NotAction\":\"s3:*List*\",\"Resource\":\"arn:aws:s3:::test*\"}],\"Version\":\"2012-10-17\"}",
            "policy_id": "ANPAWUCRAVP2W2WS6SNKY",
            "tags": null,
            "tags_all": {}
          },
          "sensitive_attributes": [],
          "private": "bnVsbA==",
          "dependencies": [
            "time_sleep.wait_2_seconds"
          ]
        }
      ]
    },
    {
      "mode": "managed",
      "type": "aws_iam_policy",
      "name": "EPPolicy16",
      "provider": "provider[\"registry.terraform.io/hashicorp/aws\"]",
      "instances": [
        {
          "schema_version": 0,
          "attributes": {
            "arn": "arn:aws:iam::455436446709:policy/EPPolicy16",
            "description": "EPPolicy16 description",
            "id": "arn:aws:iam::455436446709:policy/EPPolicy16",
            "name": "EPPolicy16",
            "name_prefix": null,
            "path": "/",
            "policy": "{\"Statement\":[{\"Effect\":\"Deny\",\"NotAction\":\"s3:*List*\",\"Resource\":\"arn:aws:s3:::test*\"}],\"Version\":\"2012-10-17\"}",
            "policy_id": "ANPAWUCRAVP27P26IT2KA",
            "tags": null,
            "tags_all": {}
          },
          "sensitive_attributes": [],
          "private": "bnVsbA==",
          "dependencies": [
            "time_sleep.wait_2_seconds"
          ]
        }
      ]
    },
    {
      "mode": "managed",
      "type": "aws_iam_policy",
      "name": "EPPolicy17",
      "provider": "provider[\"registry.terraform.io/hashicorp/aws\"]",
      "instances": [
        {
          "schema_version": 0,
          "attributes": {
            "arn": "arn:aws:iam::455436446709:policy/EPPolicy17",
            "description": "EPPolicy17 description",
            "id": "arn:aws:iam::455436446709:policy/EPPolicy17",
            "name": "EPPolicy17",
            "name_prefix": null,
            "path": "/",
            "policy": "{\"Statement\":[{\"Action\":\"*\",\"Effect\":\"Allow\",\"NotResource\":\"arn:aws:s3:::ad-test-delete\"}],\"Version\":\"2012-10-17\"}",
            "policy_id": "ANPAWUCRAVP26D6PXLEYZ",
            "tags": null,
            "tags_all": {}
          },
          "sensitive_attributes": [],
          "private": "bnVsbA==",
          "dependencies": [
            "time_sleep.wait_2_seconds"
          ]
        }
      ]
    },
    {
      "mode": "managed",
      "type": "aws_iam_policy",
      "name": "EPPolicy18",
      "provider": "provider[\"registry.terraform.io/hashicorp/aws\"]",
      "instances": [
        {
          "schema_version": 0,
          "attributes": {
            "arn": "arn:aws:iam::455436446709:policy/EPPolicy18",
            "description": "EPPolicy18 description",
            "id": "arn:aws:iam::455436446709:policy/EPPolicy18",
            "name": "EPPolicy18",
            "name_prefix": null,
            "path": "/",
            "policy": "{\"Statement\":[{\"Action\":\"*\",\"Effect\":\"Deny\",\"NotResource\":\"arn:aws:s3:::ad-test-delete\"}],\"Version\":\"2012-10-17\"}",
            "policy_id": "ANPAWUCRAVP2RRJG2HF3H",
            "tags": null,
            "tags_all": {}
          },
          "sensitive_attributes": [],
          "private": "bnVsbA==",
          "dependencies": [
            "time_sleep.wait_2_seconds"
          ]
        }
      ]
    },
    {
      "mode": "managed",
      "type": "aws_iam_policy",
      "name": "EPPolicy19",
      "provider": "provider[\"registry.terraform.io/hashicorp/aws\"]",
      "instances": [
        {
          "schema_version": 0,
          "attributes": {
            "arn": "arn:aws:iam::455436446709:policy/EPPolicy19",
            "description": "EPPolicy19 description",
            "id": "arn:aws:iam::455436446709:policy/EPPolicy19",
            "name": "EPPolicy19",
            "name_prefix": null,
            "path": "/",
            "policy": "{\"Statement\":[{\"Action\":\"s3:*List*\",\"Effect\":\"Allow\",\"NotResource\":\"arn:aws:s3:::test*\"}],\"Version\":\"2012-10-17\"}",
            "policy_id": "ANPAWUCRAVP22UDHUNZXM",
            "tags": null,
            "tags_all": {}
          },
          "sensitive_attributes": [],
          "private": "bnVsbA==",
          "dependencies": [
            "time_sleep.wait_2_seconds"
          ]
        }
      ]
    },
    {
      "mode": "managed",
      "type": "aws_iam_policy",
      "name": "EPPolicy2",
      "provider": "provider[\"registry.terraform.io/hashicorp/aws\"]",
      "instances": [
        {
          "schema_version": 0,
          "attributes": {
            "arn": "arn:aws:iam::455436446709:policy/EPPolicy2",
            "description": "EPPolicy2 description",
            "id": "arn:aws:iam::455436446709:policy/EPPolicy2",
            "name": "EPPolicy2",
            "name_prefix": null,
            "path": "/",
            "policy": "{\"Statement\":[{\"Action\":\"*\",\"Effect\":\"Deny\",\"Resource\":\"*\"}],\"Version\":\"2012-10-17\"}",
            "policy_id": "ANPAWUCRAVP25S3AUKGA7",
            "tags": null,
            "tags_all": {}
          },
          "sensitive_attributes": [],
          "private": "bnVsbA==",
          "dependencies": [
            "time_sleep.wait_2_seconds"
          ]
        }
      ]
    },
    {
      "mode": "managed",
      "type": "aws_iam_policy",
      "name": "EPPolicy20",
      "provider": "provider[\"registry.terraform.io/hashicorp/aws\"]",
      "instances": [
        {
          "schema_version": 0,
          "attributes": {
            "arn": "arn:aws:iam::455436446709:policy/EPPolicy20",
            "description": "EPPolicy20 description",
            "id": "arn:aws:iam::455436446709:policy/EPPolicy20",
            "name": "EPPolicy20",
            "name_prefix": null,
            "path": "/",
            "policy": "{\"Statement\":[{\"Action\":\"s3:*List*\",\"Effect\":\"Deny\",\"NotResource\":\"arn:aws:s3:::test*\"}],\"Version\":\"2012-10-17\"}",
            "policy_id": "ANPAWUCRAVP27EW6UMP6P",
            "tags": null,
            "tags_all": {}
          },
          "sensitive_attributes": [],
          "private": "bnVsbA==",
          "dependencies": [
            "time_sleep.wait_2_seconds"
          ]
        }
      ]
    },
    {
      "mode": "managed",
      "type": "aws_iam_policy",
      "name": "EPPolicy21",
      "provider": "provider[\"registry.terraform.io/hashicorp/aws\"]",
      "instances": [
        {
          "schema_version": 0,
          "attributes": {
            "arn": "arn:aws:iam::455436446709:policy/EPPolicy21",
            "description": "EPPolicy21 description",
            "id": "arn:aws:iam::455436446709:policy/EPPolicy21",
            "name": "EPPolicy21",
            "name_prefix": null,
            "path": "/",
            "policy": "{\"Statement\":[{\"Effect\":\"Allow\",\"NotAction\":\"s3:*List*\",\"NotResource\":\"arn:aws:s3:::test*\"}],\"Version\":\"2012-10-17\"}",
            "policy_id": "ANPAWUCRAVP27G3RTVIIZ",
            "tags": null,
            "tags_all": {}
          },
          "sensitive_attributes": [],
          "private": "bnVsbA==",
          "dependencies": [
            "time_sleep.wait_2_seconds"
          ]
        }
      ]
    },
    {
      "mode": "managed",
      "type": "aws_iam_policy",
      "name": "EPPolicy22",
      "provider": "provider[\"registry.terraform.io/hashicorp/aws\"]",
      "instances": [
        {
          "schema_version": 0,
          "attributes": {
            "arn": "arn:aws:iam::455436446709:policy/EPPolicy22",
            "description": "EPPolicy22 description",
            "id": "arn:aws:iam::455436446709:policy/EPPolicy22",
            "name": "EPPolicy22",
            "name_prefix": null,
            "path": "/",
            "policy": "{\"Statement\":[{\"Effect\":\"Deny\",\"NotAction\":\"s3:*List*\",\"NotResource\":\"arn:aws:s3:::test*\"}],\"Version\":\"2012-10-17\"}",
            "policy_id": "ANPAWUCRAVP22MJVBQLMB",
            "tags": null,
            "tags_all": {}
          },
          "sensitive_attributes": [],
          "private": "bnVsbA==",
          "dependencies": [
            "time_sleep.wait_2_seconds"
          ]
        }
      ]
    },
    {
      "mode": "managed",
      "type": "aws_iam_policy",
      "name": "EPPolicy3",
      "provider": "provider[\"registry.terraform.io/hashicorp/aws\"]",
      "instances": [
        {
          "schema_version": 0,
          "attributes": {
            "arn": "arn:aws:iam::455436446709:policy/EPPolicy3",
            "description": "EPPolicy3 description",
            "id": "arn:aws:iam::455436446709:policy/EPPolicy3",
            "name": "EPPolicy3",
            "name_prefix": null,
            "path": "/",
            "policy": "{\"Statement\":[{\"Action\":\"*\",\"Effect\":\"Allow\",\"Resource\":\"arn:aws:s3:::test*\"}],\"Version\":\"2012-10-17\"}",
            "policy_id": "ANPAWUCRAVP26SY4UIURP",
            "tags": null,
            "tags_all": {}
          },
          "sensitive_attributes": [],
          "private": "bnVsbA==",
          "dependencies": [
            "time_sleep.wait_2_seconds"
          ]
        }
      ]
    },
    {
      "mode": "managed",
      "type": "aws_iam_policy",
      "name": "EPPolicy31",
      "provider": "provider[\"registry.terraform.io/hashicorp/aws\"]",
      "instances": [
        {
          "schema_version": 0,
          "attributes": {
            "arn": "arn:aws:iam::455436446709:policy/EPPolicy31",
            "description": "EPPolicy31 description",
            "id": "arn:aws:iam::455436446709:policy/EPPolicy31",
            "name": "EPPolicy31",
            "name_prefix": null,
            "path": "/",
            "policy": "{\"Statement\":[{\"Condition\":{\"BoolIfExists\":{\"aws:MultiFactorAuthPresent\":\"false\"}},\"Effect\":\"Allow\",\"NotAction\":\"iam:*\",\"Resource\":\"*\"}],\"Version\":\"2012-10-17\"}",
            "policy_id": "ANPAWUCRAVP2ZNMQXUJBT",
            "tags": null,
            "tags_all": {}
          },
          "sensitive_attributes": [],
          "private": "bnVsbA==",
          "dependencies": [
            "time_sleep.wait_2_seconds"
          ]
        }
      ]
    },
    {
      "mode": "managed",
      "type": "aws_iam_policy",
      "name": "EPPolicy32",
      "provider": "provider[\"registry.terraform.io/hashicorp/aws\"]",
      "instances": [
        {
          "schema_version": 0,
          "attributes": {
            "arn": "arn:aws:iam::455436446709:policy/EPPolicy32",
            "description": "EPPolicy32 description",
            "id": "arn:aws:iam::455436446709:policy/EPPolicy32",
            "name": "EPPolicy32",
            "name_prefix": null,
            "path": "/",
            "policy": "{\"Statement\":[{\"Condition\":{\"BoolIfExists\":{\"aws:MultiFactorAuthPresent\":\"false\"}},\"Effect\":\"Deny\",\"NotAction\":\"iam:*\",\"Resource\":\"*\"}],\"Version\":\"2012-10-17\"}",
            "policy_id": "ANPAWUCRAVP2WZWIC3EFL",
            "tags": null,
            "tags_all": {}
          },
          "sensitive_attributes": [],
          "private": "bnVsbA==",
          "dependencies": [
            "time_sleep.wait_2_seconds"
          ]
        }
      ]
    },
    {
      "mode": "managed",
      "type": "aws_iam_policy",
      "name": "EPPolicy4",
      "provider": "provider[\"registry.terraform.io/hashicorp/aws\"]",
      "instances": [
        {
          "schema_version": 0,
          "attributes": {
            "arn": "arn:aws:iam::455436446709:policy/EPPolicy4",
            "description": "EPPolicy4 description",
            "id": "arn:aws:iam::455436446709:policy/EPPolicy4",
            "name": "EPPolicy4",
            "name_prefix": null,
            "path": "/",
            "policy": "{\"Statement\":[{\"Action\":\"*\",\"Effect\":\"Deny\",\"Resource\":\"arn:aws:s3:::test*\"}],\"Version\":\"2012-10-17\"}",
            "policy_id": "ANPAWUCRAVP2SODKL6BXP",
            "tags": null,
            "tags_all": {}
          },
          "sensitive_attributes": [],
          "private": "bnVsbA==",
          "dependencies": [
            "time_sleep.wait_2_seconds"
          ]
        }
      ]
    },
    {
      "mode": "managed",
      "type": "aws_iam_policy",
      "name": "EPPolicy5",
      "provider": "provider[\"registry.terraform.io/hashicorp/aws\"]",
      "instances": [
        {
          "schema_version": 0,
          "attributes": {
            "arn": "arn:aws:iam::455436446709:policy/EPPolicy5",
            "description": "EPPolicy5 description",
            "id": "arn:aws:iam::455436446709:policy/EPPolicy5",
            "name": "EPPolicy5",
            "name_prefix": null,
            "path": "/",
            "policy": "{\"Statement\":[{\"Action\":\"*\",\"Effect\":\"Allow\",\"Resource\":\"arn:aws:s3:::ad-test-delete\"}],\"Version\":\"2012-10-17\"}",
            "policy_id": "ANPAWUCRAVP25CKMF2JAD",
            "tags": null,
            "tags_all": {}
          },
          "sensitive_attributes": [],
          "private": "bnVsbA==",
          "dependencies": [
            "time_sleep.wait_2_seconds"
          ]
        }
      ]
    },
    {
      "mode": "managed",
      "type": "aws_iam_policy",
      "name": "EPPolicy6",
      "provider": "provider[\"registry.terraform.io/hashicorp/aws\"]",
      "instances": [
        {
          "schema_version": 0,
          "attributes": {
            "arn": "arn:aws:iam::455436446709:policy/EPPolicy6",
            "description": "EPPolicy6 description",
            "id": "arn:aws:iam::455436446709:policy/EPPolicy6",
            "name": "EPPolicy6",
            "name_prefix": null,
            "path": "/",
            "policy": "{\"Statement\":[{\"Action\":\"*\",\"Effect\":\"Deny\",\"Resource\":\"arn:aws:s3:::ad-test-delete\"}],\"Version\":\"2012-10-17\"}",
            "policy_id": "ANPAWUCRAVP2YEUWELVP5",
            "tags": null,
            "tags_all": {}
          },
          "sensitive_attributes": [],
          "private": "bnVsbA==",
          "dependencies": [
            "time_sleep.wait_2_seconds"
          ]
        }
      ]
    },
    {
      "mode": "managed",
      "type": "aws_iam_policy",
      "name": "EPPolicy7",
      "provider": "provider[\"registry.terraform.io/hashicorp/aws\"]",
      "instances": [
        {
          "schema_version": 0,
          "attributes": {
            "arn": "arn:aws:iam::455436446709:policy/EPPolicy7",
            "description": "EPPolicy7 description",
            "id": "arn:aws:iam::455436446709:policy/EPPolicy7",
            "name": "EPPolicy7",
            "name_prefix": null,
            "path": "/",
            "policy": "{\"Statement\":[{\"Action\":[\"s3:*List*\"],\"Effect\":\"Allow\",\"Resource\":\"*\"}],\"Version\":\"2012-10-17\"}",
            "policy_id": "ANPAWUCRAVP23O2KENHEG",
            "tags": null,
            "tags_all": {}
          },
          "sensitive_attributes": [],
          "private": "bnVsbA==",
          "dependencies": [
            "time_sleep.wait_2_seconds"
          ]
        }
      ]
    },
    {
      "mode": "managed",
      "type": "aws_iam_policy",
      "name": "EPPolicy8",
      "provider": "provider[\"registry.terraform.io/hashicorp/aws\"]",
      "instances": [
        {
          "schema_version": 0,
          "attributes": {
            "arn": "arn:aws:iam::455436446709:policy/EPPolicy8",
            "description": "EPPolicy8 description",
            "id": "arn:aws:iam::455436446709:policy/EPPolicy8",
            "name": "EPPolicy8",
            "name_prefix": null,
            "path": "/",
            "policy": "{\"Statement\":[{\"Action\":[\"s3:*List*\"],\"Effect\":\"Deny\",\"Resource\":\"*\"}],\"Version\":\"2012-10-17\"}",
            "policy_id": "ANPAWUCRAVP2ZEOWTXCGB",
            "tags": null,
            "tags_all": {}
          },
          "sensitive_attributes": [],
          "private": "bnVsbA==",
          "dependencies": [
            "time_sleep.wait_2_seconds"
          ]
        }
      ]
    },
    {
      "mode": "managed",
      "type": "aws_iam_policy",
      "name": "EPPolicy9",
      "provider": "provider[\"registry.terraform.io/hashicorp/aws\"]",
      "instances": [
        {
          "schema_version": 0,
          "attributes": {
            "arn": "arn:aws:iam::455436446709:policy/EPPolicy9",
            "description": "EPPolicy9 description",
            "id": "arn:aws:iam::455436446709:policy/EPPolicy9",
            "name": "EPPolicy9",
            "name_prefix": null,
            "path": "/",
            "policy": "{\"Statement\":[{\"Action\":[\"s3:*List*\"],\"Effect\":\"Allow\",\"Resource\":\"arn:aws:s3:::ad-test-delete\"}],\"Version\":\"2012-10-17\"}",
            "policy_id": "ANPAWUCRAVP2ZDBFQKLP5",
            "tags": null,
            "tags_all": {}
          },
          "sensitive_attributes": [],
          "private": "bnVsbA==",
          "dependencies": [
            "time_sleep.wait_2_seconds"
          ]
        }
      ]
    },
    {
      "mode": "managed",
      "type": "aws_iam_role",
      "name": "iam_EpRole1",
      "provider": "provider[\"registry.terraform.io/hashicorp/aws\"]",
      "instances": [
        {
          "schema_version": 0,
          "attributes": {
            "arn": "arn:aws:iam::455436446709:role/EpRole1",
            "assume_role_policy": "{\"Statement\":[{\"Action\":\"sts:AssumeRole\",\"Effect\":\"Allow\",\"Principal\":{\"Service\":\"ec2.amazonaws.com\"}}],\"Version\":\"2012-10-17\"}",
            "create_date": "2022-10-13T14:07:10Z",
            "description": "",
            "force_detach_policies": false,
            "id": "EpRole1",
            "inline_policy": [],
            "managed_policy_arns": [],
            "max_session_duration": 3600,
            "name": "EpRole1",
            "name_prefix": "",
            "path": "/",
            "permissions_boundary": "arn:aws:iam::455436446709:policy/EPPolicy2",
            "tags": {
              "Name": ""
            },
            "tags_all": {
              "Name": ""
            },
            "unique_id": "AROAWUCRAVP2QUR3FEHUJ"
          },
          "sensitive_attributes": [],
          "private": "bnVsbA==",
          "dependencies": [
            "aws_iam_policy.EPPolicy2",
            "time_sleep.wait_2_seconds"
          ]
        }
      ]
    },
    {
      "mode": "managed",
      "type": "aws_iam_role",
      "name": "iam_EpRole10",
      "provider": "provider[\"registry.terraform.io/hashicorp/aws\"]",
      "instances": [
        {
          "schema_version": 0,
          "attributes": {
            "arn": "arn:aws:iam::455436446709:role/EpRole10",
            "assume_role_policy": "{\"Statement\":[{\"Action\":\"sts:AssumeRole\",\"Effect\":\"Allow\",\"Principal\":{\"Service\":\"ec2.amazonaws.com\"}}],\"Version\":\"2012-10-17\"}",
            "create_date": "2022-10-13T14:07:22Z",
            "description": "",
            "force_detach_policies": false,
            "id": "EpRole10",
            "inline_policy": [],
            "managed_policy_arns": [],
            "max_session_duration": 3600,
            "name": "EpRole10",
            "name_prefix": "",
            "path": "/",
            "permissions_boundary": "arn:aws:iam::455436446709:policy/EPPolicy11",
            "tags": {
              "Name": ""
            },
            "tags_all": {
              "Name": ""
            },
            "unique_id": "AROAWUCRAVP226YLDJOET"
          },
          "sensitive_attributes": [],
          "private": "bnVsbA==",
          "dependencies": [
            "aws_iam_policy.EPPolicy11",
            "time_sleep.wait_2_seconds"
          ]
        }
      ]
    },
    {
      "mode": "managed",
      "type": "aws_iam_role",
      "name": "iam_EpRole100",
      "provider": "provider[\"registry.terraform.io/hashicorp/aws\"]",
      "instances": [
        {
          "schema_version": 0,
          "attributes": {
            "arn": "arn:aws:iam::455436446709:role/EpRole100",
            "assume_role_policy": "{\"Statement\":[{\"Action\":\"sts:AssumeRole\",\"Effect\":\"Allow\",\"Principal\":{\"Service\":\"ec2.amazonaws.com\"}}],\"Version\":\"2012-10-17\"}",
            "create_date": "2022-10-13T14:06:58Z",
            "description": "",
            "force_detach_policies": false,
            "id": "EpRole100",
            "inline_policy": [],
            "managed_policy_arns": [],
            "max_session_duration": 3600,
            "name": "EpRole100",
            "name_prefix": "",
            "path": "/",
            "permissions_boundary": "arn:aws:iam::455436446709:policy/EPPolicy19",
            "tags": {
              "Name": ""
            },
            "tags_all": {
              "Name": ""
            },
            "unique_id": "AROAWUCRAVP22MUTXNZHV"
          },
          "sensitive_attributes": [],
          "private": "bnVsbA==",
          "dependencies": [
            "aws_iam_policy.EPPolicy19",
            "time_sleep.wait_2_seconds"
          ]
        }
      ]
    },
    {
      "mode": "managed",
      "type": "aws_iam_role",
      "name": "iam_EpRole101",
      "provider": "provider[\"registry.terraform.io/hashicorp/aws\"]",
      "instances": [
        {
          "schema_version": 0,
          "attributes": {
            "arn": "arn:aws:iam::455436446709:role/EpRole101",
            "assume_role_policy": "{\"Statement\":[{\"Action\":\"sts:AssumeRole\",\"Effect\":\"Allow\",\"Principal\":{\"Service\":\"ec2.amazonaws.com\"}}],\"Version\":\"2012-10-17\"}",
            "create_date": "2022-10-13T14:07:01Z",
            "description": "",
            "force_detach_policies": false,
            "id": "EpRole101",
            "inline_policy": [],
            "managed_policy_arns": [],
            "max_session_duration": 3600,
            "name": "EpRole101",
            "name_prefix": "",
            "path": "/",
            "permissions_boundary": "arn:aws:iam::455436446709:policy/EPPolicy20",
            "tags": {
              "Name": ""
            },
            "tags_all": {
              "Name": ""
            },
            "unique_id": "AROAWUCRAVP2YJV7WWUHS"
          },
          "sensitive_attributes": [],
          "private": "bnVsbA==",
          "dependencies": [
            "aws_iam_policy.EPPolicy20",
            "time_sleep.wait_2_seconds"
          ]
        }
      ]
    },
    {
      "mode": "managed",
      "type": "aws_iam_role",
      "name": "iam_EpRole102",
      "provider": "provider[\"registry.terraform.io/hashicorp/aws\"]",
      "instances": [
        {
          "schema_version": 0,
          "attributes": {
            "arn": "arn:aws:iam::455436446709:role/EpRole102",
            "assume_role_policy": "{\"Statement\":[{\"Action\":\"sts:AssumeRole\",\"Effect\":\"Allow\",\"Principal\":{\"Service\":\"ec2.amazonaws.com\"}}],\"Version\":\"2012-10-17\"}",
            "create_date": "2022-10-13T14:07:14Z",
            "description": "",
            "force_detach_policies": false,
            "id": "EpRole102",
            "inline_policy": [],
            "managed_policy_arns": [],
            "max_session_duration": 3600,
            "name": "EpRole102",
            "name_prefix": "",
            "path": "/",
            "permissions_boundary": "arn:aws:iam::455436446709:policy/EPPolicy21",
            "tags": {
              "Name": ""
            },
            "tags_all": {
              "Name": ""
            },
            "unique_id": "AROAWUCRAVP26LYVKV3XK"
          },
          "sensitive_attributes": [],
          "private": "bnVsbA==",
          "dependencies": [
            "aws_iam_policy.EPPolicy21",
            "time_sleep.wait_2_seconds"
          ]
        }
      ]
    },
    {
      "mode": "managed",
      "type": "aws_iam_role",
      "name": "iam_EpRole103",
      "provider": "provider[\"registry.terraform.io/hashicorp/aws\"]",
      "instances": [
        {
          "schema_version": 0,
          "attributes": {
            "arn": "arn:aws:iam::455436446709:role/EpRole103",
            "assume_role_policy": "{\"Statement\":[{\"Action\":\"sts:AssumeRole\",\"Effect\":\"Allow\",\"Principal\":{\"Service\":\"ec2.amazonaws.com\"}}],\"Version\":\"2012-10-17\"}",
            "create_date": "2022-10-13T14:06:49Z",
            "description": "",
            "force_detach_policies": false,
            "id": "EpRole103",
            "inline_policy": [],
            "managed_policy_arns": [],
            "max_session_duration": 3600,
            "name": "EpRole103",
            "name_prefix": "",
            "path": "/",
            "permissions_boundary": "arn:aws:iam::455436446709:policy/EPPolicy22",
            "tags": {
              "Name": ""
            },
            "tags_all": {
              "Name": ""
            },
            "unique_id": "AROAWUCRAVP26VK44R4LZ"
          },
          "sensitive_attributes": [],
          "private": "bnVsbA==",
          "dependencies": [
            "aws_iam_policy.EPPolicy22",
            "time_sleep.wait_2_seconds"
          ]
        }
      ]
    },
    {
      "mode": "managed",
      "type": "aws_iam_role",
      "name": "iam_EpRole104",
      "provider": "provider[\"registry.terraform.io/hashicorp/aws\"]",
      "instances": [
        {
          "schema_version": 0,
          "attributes": {
            "arn": "arn:aws:iam::455436446709:role/EpRole104",
            "assume_role_policy": "{\"Statement\":[{\"Action\":\"sts:AssumeRole\",\"Effect\":\"Allow\",\"Principal\":{\"Service\":\"ec2.amazonaws.com\"}}],\"Version\":\"2012-10-17\"}",
            "create_date": "2022-10-13T14:07:17Z",
            "description": "",
            "force_detach_policies": false,
            "id": "EpRole104",
            "inline_policy": [],
            "managed_policy_arns": [],
            "max_session_duration": 3600,
            "name": "EpRole104",
            "name_prefix": "",
            "path": "/",
            "permissions_boundary": "arn:aws:iam::455436446709:policy/EPPolicy31",
            "tags": {
              "Name": ""
            },
            "tags_all": {
              "Name": ""
            },
            "unique_id": "AROAWUCRAVP2YSJJXAF2B"
          },
          "sensitive_attributes": [],
          "private": "bnVsbA==",
          "dependencies": [
            "aws_iam_policy.EPPolicy31",
            "time_sleep.wait_2_seconds"
          ]
        }
      ]
    },
    {
      "mode": "managed",
      "type": "aws_iam_role",
      "name": "iam_EpRole105",
      "provider": "provider[\"registry.terraform.io/hashicorp/aws\"]",
      "instances": [
        {
          "schema_version": 0,
          "attributes": {
            "arn": "arn:aws:iam::455436446709:role/EpRole105",
            "assume_role_policy": "{\"Statement\":[{\"Action\":\"sts:AssumeRole\",\"Effect\":\"Allow\",\"Principal\":{\"Service\":\"ec2.amazonaws.com\"}}],\"Version\":\"2012-10-17\"}",
            "create_date": "2022-10-13T14:06:52Z",
            "description": "",
            "force_detach_policies": false,
            "id": "EpRole105",
            "inline_policy": [],
            "managed_policy_arns": [],
            "max_session_duration": 3600,
            "name": "EpRole105",
            "name_prefix": "",
            "path": "/",
            "permissions_boundary": "arn:aws:iam::455436446709:policy/EPPolicy32",
            "tags": {
              "Name": ""
            },
            "tags_all": {
              "Name": ""
            },
            "unique_id": "AROAWUCRAVP24P5BRODQZ"
          },
          "sensitive_attributes": [],
          "private": "bnVsbA==",
          "dependencies": [
            "aws_iam_policy.EPPolicy32",
            "time_sleep.wait_2_seconds"
          ]
        }
      ]
    },
    {
      "mode": "managed",
      "type": "aws_iam_role",
      "name": "iam_EpRole106",
      "provider": "provider[\"registry.terraform.io/hashicorp/aws\"]",
      "instances": [
        {
          "schema_version": 0,
          "attributes": {
            "arn": "arn:aws:iam::455436446709:role/EpRole106",
            "assume_role_policy": "{\"Statement\":[{\"Action\":\"sts:AssumeRole\",\"Effect\":\"Allow\",\"Principal\":{\"Service\":\"ec2.amazonaws.com\"}}],\"Version\":\"2012-10-17\"}",
            "create_date": "2022-10-13T14:07:20Z",
            "description": "",
            "force_detach_policies": false,
            "id": "EpRole106",
            "inline_policy": [],
            "managed_policy_arns": [],
            "max_session_duration": 3600,
            "name": "EpRole106",
            "name_prefix": "",
            "path": "/",
            "permissions_boundary": "arn:aws:iam::455436446709:policy/EPPolicy7",
            "tags": {
              "Name": ""
            },
            "tags_all": {
              "Name": ""
            },
            "unique_id": "AROAWUCRAVP2W2JS2ODDV"
          },
          "sensitive_attributes": [],
          "private": "bnVsbA==",
          "dependencies": [
            "aws_iam_policy.EPPolicy7",
            "time_sleep.wait_2_seconds"
          ]
        }
      ]
    },
    {
      "mode": "managed",
      "type": "aws_iam_role",
      "name": "iam_EpRole107",
      "provider": "provider[\"registry.terraform.io/hashicorp/aws\"]",
      "instances": [
        {
          "schema_version": 0,
          "attributes": {
            "arn": "arn:aws:iam::455436446709:role/EpRole107",
            "assume_role_policy": "{\"Statement\":[{\"Action\":\"sts:AssumeRole\",\"Effect\":\"Allow\",\"Principal\":{\"Service\":\"ec2.amazonaws.com\"}}],\"Version\":\"2012-10-17\"}",
            "create_date": "2022-10-13T14:07:11Z",
            "description": "",
            "force_detach_policies": false,
            "id": "EpRole107",
            "inline_policy": [],
            "managed_policy_arns": [],
            "max_session_duration": 3600,
            "name": "EpRole107",
            "name_prefix": "",
            "path": "/",
            "permissions_boundary": "arn:aws:iam::455436446709:policy/EPPolicy8",
            "tags": {
              "Name": ""
            },
            "tags_all": {
              "Name": ""
            },
            "unique_id": "AROAWUCRAVP27WWE3VFJX"
          },
          "sensitive_attributes": [],
          "private": "bnVsbA==",
          "dependencies": [
            "aws_iam_policy.EPPolicy8",
            "time_sleep.wait_2_seconds"
          ]
        }
      ]
    },
    {
      "mode": "managed",
      "type": "aws_iam_role",
      "name": "iam_EpRole108",
      "provider": "provider[\"registry.terraform.io/hashicorp/aws\"]",
      "instances": [
        {
          "schema_version": 0,
          "attributes": {
            "arn": "arn:aws:iam::455436446709:role/EpRole108",
            "assume_role_policy": "{\"Statement\":[{\"Action\":\"sts:AssumeRole\",\"Effect\":\"Allow\",\"Principal\":{\"Service\":\"ec2.amazonaws.com\"}}],\"Version\":\"2012-10-17\"}",
            "create_date": "2022-10-13T14:07:10Z",
            "description": "",
            "force_detach_policies": false,
            "id": "EpRole108",
            "inline_policy": [],
            "managed_policy_arns": [],
            "max_session_duration": 3600,
            "name": "EpRole108",
            "name_prefix": "",
            "path": "/",
            "permissions_boundary": "arn:aws:iam::455436446709:policy/EPPolicy9",
            "tags": {
              "Name": ""
            },
            "tags_all": {
              "Name": ""
            },
            "unique_id": "AROAWUCRAVP2W675SD4U6"
          },
          "sensitive_attributes": [],
          "private": "bnVsbA==",
          "dependencies": [
            "aws_iam_policy.EPPolicy9",
            "time_sleep.wait_2_seconds"
          ]
        }
      ]
    },
    {
      "mode": "managed",
      "type": "aws_iam_role",
      "name": "iam_EpRole109",
      "provider": "provider[\"registry.terraform.io/hashicorp/aws\"]",
      "instances": [
        {
          "schema_version": 0,
          "attributes": {
            "arn": "arn:aws:iam::455436446709:role/EpRole109",
            "assume_role_policy": "{\"Statement\":[{\"Action\":\"sts:AssumeRole\",\"Effect\":\"Allow\",\"Principal\":{\"Service\":\"ec2.amazonaws.com\"}}],\"Version\":\"2012-10-17\"}",
            "create_date": "2022-10-13T14:06:56Z",
            "description": "",
            "force_detach_policies": false,
            "id": "EpRole109",
            "inline_policy": [],
            "managed_policy_arns": [],
            "max_session_duration": 3600,
            "name": "EpRole109",
            "name_prefix": "",
            "path": "/",
            "permissions_boundary": "arn:aws:iam::455436446709:policy/EPPolicy10",
            "tags": {
              "Name": ""
            },
            "tags_all": {
              "Name": ""
            },
            "unique_id": "AROAWUCRAVP2UBW4IQOTG"
          },
          "sensitive_attributes": [],
          "private": "bnVsbA==",
          "dependencies": [
            "aws_iam_policy.EPPolicy10",
            "time_sleep.wait_2_seconds"
          ]
        }
      ]
    },
    {
      "mode": "managed",
      "type": "aws_iam_role",
      "name": "iam_EpRole11",
      "provider": "provider[\"registry.terraform.io/hashicorp/aws\"]",
      "instances": [
        {
          "schema_version": 0,
          "attributes": {
            "arn": "arn:aws:iam::455436446709:role/EpRole11",
            "assume_role_policy": "{\"Statement\":[{\"Action\":\"sts:AssumeRole\",\"Effect\":\"Allow\",\"Principal\":{\"Service\":\"ec2.amazonaws.com\"}}],\"Version\":\"2012-10-17\"}",
            "create_date": "2022-10-13T14:07:03Z",
            "description": "",
            "force_detach_policies": false,
            "id": "EpRole11",
            "inline_policy": [],
            "managed_policy_arns": [],
            "max_session_duration": 3600,
            "name": "EpRole11",
            "name_prefix": "",
            "path": "/",
            "permissions_boundary": "arn:aws:iam::455436446709:policy/EPPolicy12",
            "tags": {
              "Name": ""
            },
            "tags_all": {
              "Name": ""
            },
            "unique_id": "AROAWUCRAVP25JUQY24LZ"
          },
          "sensitive_attributes": [],
          "private": "bnVsbA==",
          "dependencies": [
            "aws_iam_policy.EPPolicy12",
            "time_sleep.wait_2_seconds"
          ]
        }
      ]
    },
    {
      "mode": "managed",
      "type": "aws_iam_role",
      "name": "iam_EpRole110",
      "provider": "provider[\"registry.terraform.io/hashicorp/aws\"]",
      "instances": [
        {
          "schema_version": 0,
          "attributes": {
            "arn": "arn:aws:iam::455436446709:role/EpRole110",
            "assume_role_policy": "{\"Statement\":[{\"Action\":\"sts:AssumeRole\",\"Effect\":\"Allow\",\"Principal\":{\"Service\":\"ec2.amazonaws.com\"}}],\"Version\":\"2012-10-17\"}",
            "create_date": "2022-10-13T14:07:22Z",
            "description": "",
            "force_detach_policies": false,
            "id": "EpRole110",
            "inline_policy": [],
            "managed_policy_arns": [],
            "max_session_duration": 3600,
            "name": "EpRole110",
            "name_prefix": "",
            "path": "/",
            "permissions_boundary": "arn:aws:iam::455436446709:policy/EPPolicy11",
            "tags": {
              "Name": ""
            },
            "tags_all": {
              "Name": ""
            },
            "unique_id": "AROAWUCRAVP237E5A5Q5R"
          },
          "sensitive_attributes": [],
          "private": "bnVsbA==",
          "dependencies": [
            "aws_iam_policy.EPPolicy11",
            "time_sleep.wait_2_seconds"
          ]
        }
      ]
    },
    {
      "mode": "managed",
      "type": "aws_iam_role",
      "name": "iam_EpRole111",
      "provider": "provider[\"registry.terraform.io/hashicorp/aws\"]",
      "instances": [
        {
          "schema_version": 0,
          "attributes": {
            "arn": "arn:aws:iam::455436446709:role/EpRole111",
            "assume_role_policy": "{\"Statement\":[{\"Action\":\"sts:AssumeRole\",\"Effect\":\"Allow\",\"Principal\":{\"Service\":\"ec2.amazonaws.com\"}}],\"Version\":\"2012-10-17\"}",
            "create_date": "2022-10-13T14:07:02Z",
            "description": "",
            "force_detach_policies": false,
            "id": "EpRole111",
            "inline_policy": [],
            "managed_policy_arns": [],
            "max_session_duration": 3600,
            "name": "EpRole111",
            "name_prefix": "",
            "path": "/",
            "permissions_boundary": "arn:aws:iam::455436446709:policy/EPPolicy12",
            "tags": {
              "Name": ""
            },
            "tags_all": {
              "Name": ""
            },
            "unique_id": "AROAWUCRAVP22XFZWVGPX"
          },
          "sensitive_attributes": [],
          "private": "bnVsbA==",
          "dependencies": [
            "aws_iam_policy.EPPolicy12",
            "time_sleep.wait_2_seconds"
          ]
        }
      ]
    },
    {
      "mode": "managed",
      "type": "aws_iam_role",
      "name": "iam_EpRole112",
      "provider": "provider[\"registry.terraform.io/hashicorp/aws\"]",
      "instances": [
        {
          "schema_version": 0,
          "attributes": {
            "arn": "arn:aws:iam::455436446709:role/EpRole112",
            "assume_role_policy": "{\"Statement\":[{\"Action\":\"sts:AssumeRole\",\"Effect\":\"Allow\",\"Principal\":{\"Service\":\"ec2.amazonaws.com\"}}],\"Version\":\"2012-10-17\"}",
            "create_date": "2022-10-13T14:06:46Z",
            "description": "",
            "force_detach_policies": false,
            "id": "EpRole112",
            "inline_policy": [],
            "managed_policy_arns": [],
            "max_session_duration": 3600,
            "name": "EpRole112",
            "name_prefix": "",
            "path": "/",
            "permissions_boundary": "arn:aws:iam::455436446709:policy/EPPolicy13",
            "tags": {
              "Name": ""
            },
            "tags_all": {
              "Name": ""
            },
            "unique_id": "AROAWUCRAVP2UWMBFOQDI"
          },
          "sensitive_attributes": [],
          "private": "bnVsbA==",
          "dependencies": [
            "aws_iam_policy.EPPolicy13",
            "time_sleep.wait_2_seconds"
          ]
        }
      ]
    },
    {
      "mode": "managed",
      "type": "aws_iam_role",
      "name": "iam_EpRole113",
      "provider": "provider[\"registry.terraform.io/hashicorp/aws\"]",
      "instances": [
        {
          "schema_version": 0,
          "attributes": {
            "arn": "arn:aws:iam::455436446709:role/EpRole113",
            "assume_role_policy": "{\"Statement\":[{\"Action\":\"sts:AssumeRole\",\"Effect\":\"Allow\",\"Principal\":{\"Service\":\"ec2.amazonaws.com\"}}],\"Version\":\"2012-10-17\"}",
            "create_date": "2022-10-13T14:06:43Z",
            "description": "",
            "force_detach_policies": false,
            "id": "EpRole113",
            "inline_policy": [],
            "managed_policy_arns": [],
            "max_session_duration": 3600,
            "name": "EpRole113",
            "name_prefix": "",
            "path": "/",
            "permissions_boundary": "arn:aws:iam::455436446709:policy/EPPolicy14",
            "tags": {
              "Name": ""
            },
            "tags_all": {
              "Name": ""
            },
            "unique_id": "AROAWUCRAVP22S4MUBMTV"
          },
          "sensitive_attributes": [],
          "private": "bnVsbA==",
          "dependencies": [
            "aws_iam_policy.EPPolicy14",
            "time_sleep.wait_2_seconds"
          ]
        }
      ]
    },
    {
      "mode": "managed",
      "type": "aws_iam_role",
      "name": "iam_EpRole114",
      "provider": "provider[\"registry.terraform.io/hashicorp/aws\"]",
      "instances": [
        {
          "schema_version": 0,
          "attributes": {
            "arn": "arn:aws:iam::455436446709:role/EpRole114",
            "assume_role_policy": "{\"Statement\":[{\"Action\":\"sts:AssumeRole\",\"Effect\":\"Allow\",\"Principal\":{\"Service\":\"ec2.amazonaws.com\"}}],\"Version\":\"2012-10-17\"}",
            "create_date": "2022-10-13T14:07:13Z",
            "description": "",
            "force_detach_policies": false,
            "id": "EpRole114",
            "inline_policy": [],
            "managed_policy_arns": [],
            "max_session_duration": 3600,
            "name": "EpRole114",
            "name_prefix": "",
            "path": "/",
            "permissions_boundary": "arn:aws:iam::455436446709:policy/EPPolicy15",
            "tags": {
              "Name": ""
            },
            "tags_all": {
              "Name": ""
            },
            "unique_id": "AROAWUCRAVP2X6SDOCIA4"
          },
          "sensitive_attributes": [],
          "private": "bnVsbA==",
          "dependencies": [
            "aws_iam_policy.EPPolicy15",
            "time_sleep.wait_2_seconds"
          ]
        }
      ]
    },
    {
      "mode": "managed",
      "type": "aws_iam_role",
      "name": "iam_EpRole115",
      "provider": "provider[\"registry.terraform.io/hashicorp/aws\"]",
      "instances": [
        {
          "schema_version": 0,
          "attributes": {
            "arn": "arn:aws:iam::455436446709:role/EpRole115",
            "assume_role_policy": "{\"Statement\":[{\"Action\":\"sts:AssumeRole\",\"Effect\":\"Allow\",\"Principal\":{\"Service\":\"ec2.amazonaws.com\"}}],\"Version\":\"2012-10-17\"}",
            "create_date": "2022-10-13T14:07:04Z",
            "description": "",
            "force_detach_policies": false,
            "id": "EpRole115",
            "inline_policy": [],
            "managed_policy_arns": [],
            "max_session_duration": 3600,
            "name": "EpRole115",
            "name_prefix": "",
            "path": "/",
            "permissions_boundary": "arn:aws:iam::455436446709:policy/EPPolicy16",
            "tags": {
              "Name": ""
            },
            "tags_all": {
              "Name": ""
            },
            "unique_id": "AROAWUCRAVP23XOLYBRWS"
          },
          "sensitive_attributes": [],
          "private": "bnVsbA==",
          "dependencies": [
            "aws_iam_policy.EPPolicy16",
            "time_sleep.wait_2_seconds"
          ]
        }
      ]
    },
    {
      "mode": "managed",
      "type": "aws_iam_role",
      "name": "iam_EpRole116",
      "provider": "provider[\"registry.terraform.io/hashicorp/aws\"]",
      "instances": [
        {
          "schema_version": 0,
          "attributes": {
            "arn": "arn:aws:iam::455436446709:role/EpRole116",
            "assume_role_policy": "{\"Statement\":[{\"Action\":\"sts:AssumeRole\",\"Effect\":\"Allow\",\"Principal\":{\"Service\":\"ec2.amazonaws.com\"}}],\"Version\":\"2012-10-17\"}",
            "create_date": "2022-10-13T14:06:48Z",
            "description": "",
            "force_detach_policies": false,
            "id": "EpRole116",
            "inline_policy": [],
            "managed_policy_arns": [],
            "max_session_duration": 3600,
            "name": "EpRole116",
            "name_prefix": "",
            "path": "/",
            "permissions_boundary": "arn:aws:iam::455436446709:policy/EPPolicy17",
            "tags": {
              "Name": ""
            },
            "tags_all": {
              "Name": ""
            },
            "unique_id": "AROAWUCRAVP22H474IV5G"
          },
          "sensitive_attributes": [],
          "private": "bnVsbA==",
          "dependencies": [
            "aws_iam_policy.EPPolicy17",
            "time_sleep.wait_2_seconds"
          ]
        }
      ]
    },
    {
      "mode": "managed",
      "type": "aws_iam_role",
      "name": "iam_EpRole117",
      "provider": "provider[\"registry.terraform.io/hashicorp/aws\"]",
      "instances": [
        {
          "schema_version": 0,
          "attributes": {
            "arn": "arn:aws:iam::455436446709:role/EpRole117",
            "assume_role_policy": "{\"Statement\":[{\"Action\":\"sts:AssumeRole\",\"Effect\":\"Allow\",\"Principal\":{\"Service\":\"ec2.amazonaws.com\"}}],\"Version\":\"2012-10-17\"}",
            "create_date": "2022-10-13T14:07:07Z",
            "description": "",
            "force_detach_policies": false,
            "id": "EpRole117",
            "inline_policy": [],
            "managed_policy_arns": [],
            "max_session_duration": 3600,
            "name": "EpRole117",
            "name_prefix": "",
            "path": "/",
            "permissions_boundary": "arn:aws:iam::455436446709:policy/EPPolicy18",
            "tags": {
              "Name": ""
            },
            "tags_all": {
              "Name": ""
            },
            "unique_id": "AROAWUCRAVP2TUTUBSW5K"
          },
          "sensitive_attributes": [],
          "private": "bnVsbA==",
          "dependencies": [
            "aws_iam_policy.EPPolicy18",
            "time_sleep.wait_2_seconds"
          ]
        }
      ]
    },
    {
      "mode": "managed",
      "type": "aws_iam_role",
      "name": "iam_EpRole118",
      "provider": "provider[\"registry.terraform.io/hashicorp/aws\"]",
      "instances": [
        {
          "schema_version": 0,
          "attributes": {
            "arn": "arn:aws:iam::455436446709:role/EpRole118",
            "assume_role_policy": "{\"Statement\":[{\"Action\":\"sts:AssumeRole\",\"Effect\":\"Allow\",\"Principal\":{\"Service\":\"ec2.amazonaws.com\"}}],\"Version\":\"2012-10-17\"}",
            "create_date": "2022-10-13T14:06:58Z",
            "description": "",
            "force_detach_policies": false,
            "id": "EpRole118",
            "inline_policy": [],
            "managed_policy_arns": [],
            "max_session_duration": 3600,
            "name": "EpRole118",
            "name_prefix": "",
            "path": "/",
            "permissions_boundary": "arn:aws:iam::455436446709:policy/EPPolicy19",
            "tags": {
              "Name": ""
            },
            "tags_all": {
              "Name": ""
            },
            "unique_id": "AROAWUCRAVP2YJR42VJAZ"
          },
          "sensitive_attributes": [],
          "private": "bnVsbA==",
          "dependencies": [
            "aws_iam_policy.EPPolicy19",
            "time_sleep.wait_2_seconds"
          ]
        }
      ]
    },
    {
      "mode": "managed",
      "type": "aws_iam_role",
      "name": "iam_EpRole119",
      "provider": "provider[\"registry.terraform.io/hashicorp/aws\"]",
      "instances": [
        {
          "schema_version": 0,
          "attributes": {
            "arn": "arn:aws:iam::455436446709:role/EpRole119",
            "assume_role_policy": "{\"Statement\":[{\"Action\":\"sts:AssumeRole\",\"Effect\":\"Allow\",\"Principal\":{\"Service\":\"ec2.amazonaws.com\"}}],\"Version\":\"2012-10-17\"}",
            "create_date": "2022-10-13T14:07:00Z",
            "description": "",
            "force_detach_policies": false,
            "id": "EpRole119",
            "inline_policy": [],
            "managed_policy_arns": [],
            "max_session_duration": 3600,
            "name": "EpRole119",
            "name_prefix": "",
            "path": "/",
            "permissions_boundary": "arn:aws:iam::455436446709:policy/EPPolicy20",
            "tags": {
              "Name": ""
            },
            "tags_all": {
              "Name": ""
            },
            "unique_id": "AROAWUCRAVP2YXPBCTPWP"
          },
          "sensitive_attributes": [],
          "private": "bnVsbA==",
          "dependencies": [
            "aws_iam_policy.EPPolicy20",
            "time_sleep.wait_2_seconds"
          ]
        }
      ]
    },
    {
      "mode": "managed",
      "type": "aws_iam_role",
      "name": "iam_EpRole12",
      "provider": "provider[\"registry.terraform.io/hashicorp/aws\"]",
      "instances": [
        {
          "schema_version": 0,
          "attributes": {
            "arn": "arn:aws:iam::455436446709:role/EpRole12",
            "assume_role_policy": "{\"Statement\":[{\"Action\":\"sts:AssumeRole\",\"Effect\":\"Allow\",\"Principal\":{\"Service\":\"ec2.amazonaws.com\"}}],\"Version\":\"2012-10-17\"}",
            "create_date": "2022-10-13T14:06:45Z",
            "description": "",
            "force_detach_policies": false,
            "id": "EpRole12",
            "inline_policy": [],
            "managed_policy_arns": [],
            "max_session_duration": 3600,
            "name": "EpRole12",
            "name_prefix": "",
            "path": "/",
            "permissions_boundary": "arn:aws:iam::455436446709:policy/EPPolicy13",
            "tags": {
              "Name": ""
            },
            "tags_all": {
              "Name": ""
            },
            "unique_id": "AROAWUCRAVP2T6S6LANWO"
          },
          "sensitive_attributes": [],
          "private": "bnVsbA==",
          "dependencies": [
            "aws_iam_policy.EPPolicy13",
            "time_sleep.wait_2_seconds"
          ]
        }
      ]
    },
    {
      "mode": "managed",
      "type": "aws_iam_role",
      "name": "iam_EpRole120",
      "provider": "provider[\"registry.terraform.io/hashicorp/aws\"]",
      "instances": [
        {
          "schema_version": 0,
          "attributes": {
            "arn": "arn:aws:iam::455436446709:role/EpRole120",
            "assume_role_policy": "{\"Statement\":[{\"Action\":\"sts:AssumeRole\",\"Effect\":\"Allow\",\"Principal\":{\"Service\":\"ec2.amazonaws.com\"}}],\"Version\":\"2012-10-17\"}",
            "create_date": "2022-10-13T14:07:16Z",
            "description": "",
            "force_detach_policies": false,
            "id": "EpRole120",
            "inline_policy": [],
            "managed_policy_arns": [],
            "max_session_duration": 3600,
            "name": "EpRole120",
            "name_prefix": "",
            "path": "/",
            "permissions_boundary": "arn:aws:iam::455436446709:policy/EPPolicy21",
            "tags": {
              "Name": ""
            },
            "tags_all": {
              "Name": ""
            },
            "unique_id": "AROAWUCRAVP2XT2HCDTNU"
          },
          "sensitive_attributes": [],
          "private": "bnVsbA==",
          "dependencies": [
            "aws_iam_policy.EPPolicy21",
            "time_sleep.wait_2_seconds"
          ]
        }
      ]
    },
    {
      "mode": "managed",
      "type": "aws_iam_role",
      "name": "iam_EpRole121",
      "provider": "provider[\"registry.terraform.io/hashicorp/aws\"]",
      "instances": [
        {
          "schema_version": 0,
          "attributes": {
            "arn": "arn:aws:iam::455436446709:role/EpRole121",
            "assume_role_policy": "{\"Statement\":[{\"Action\":\"sts:AssumeRole\",\"Effect\":\"Allow\",\"Principal\":{\"Service\":\"ec2.amazonaws.com\"}}],\"Version\":\"2012-10-17\"}",
            "create_date": "2022-10-13T14:06:50Z",
            "description": "",
            "force_detach_policies": false,
            "id": "EpRole121",
            "inline_policy": [],
            "managed_policy_arns": [],
            "max_session_duration": 3600,
            "name": "EpRole121",
            "name_prefix": "",
            "path": "/",
            "permissions_boundary": "arn:aws:iam::455436446709:policy/EPPolicy22",
            "tags": {
              "Name": ""
            },
            "tags_all": {
              "Name": ""
            },
            "unique_id": "AROAWUCRAVP22D77PPD46"
          },
          "sensitive_attributes": [],
          "private": "bnVsbA==",
          "dependencies": [
            "aws_iam_policy.EPPolicy22",
            "time_sleep.wait_2_seconds"
          ]
        }
      ]
    },
    {
      "mode": "managed",
      "type": "aws_iam_role",
      "name": "iam_EpRole122",
      "provider": "provider[\"registry.terraform.io/hashicorp/aws\"]",
      "instances": [
        {
          "schema_version": 0,
          "attributes": {
            "arn": "arn:aws:iam::455436446709:role/EpRole122",
            "assume_role_policy": "{\"Statement\":[{\"Action\":\"sts:AssumeRole\",\"Effect\":\"Allow\",\"Principal\":{\"Service\":\"ec2.amazonaws.com\"}}],\"Version\":\"2012-10-17\"}",
            "create_date": "2022-10-13T14:07:20Z",
            "description": "",
            "force_detach_policies": false,
            "id": "EpRole122",
            "inline_policy": [],
            "managed_policy_arns": [],
            "max_session_duration": 3600,
            "name": "EpRole122",
            "name_prefix": "",
            "path": "/",
            "permissions_boundary": "arn:aws:iam::455436446709:policy/EPPolicy31",
            "tags": {
              "Name": ""
            },
            "tags_all": {
              "Name": ""
            },
            "unique_id": "AROAWUCRAVP24CRXSMOQ7"
          },
          "sensitive_attributes": [],
          "private": "bnVsbA==",
          "dependencies": [
            "aws_iam_policy.EPPolicy31",
            "time_sleep.wait_2_seconds"
          ]
        }
      ]
    },
    {
      "mode": "managed",
      "type": "aws_iam_role",
      "name": "iam_EpRole123",
      "provider": "provider[\"registry.terraform.io/hashicorp/aws\"]",
      "instances": [
        {
          "schema_version": 0,
          "attributes": {
            "arn": "arn:aws:iam::455436446709:role/EpRole123",
            "assume_role_policy": "{\"Statement\":[{\"Action\":\"sts:AssumeRole\",\"Effect\":\"Allow\",\"Principal\":{\"Service\":\"ec2.amazonaws.com\"}}],\"Version\":\"2012-10-17\"}",
            "create_date": "2022-10-13T14:06:55Z",
            "description": "",
            "force_detach_policies": false,
            "id": "EpRole123",
            "inline_policy": [],
            "managed_policy_arns": [],
            "max_session_duration": 3600,
            "name": "EpRole123",
            "name_prefix": "",
            "path": "/",
            "permissions_boundary": "arn:aws:iam::455436446709:policy/EPPolicy32",
            "tags": {
              "Name": ""
            },
            "tags_all": {
              "Name": ""
            },
            "unique_id": "AROAWUCRAVP2WE4G4QT4S"
          },
          "sensitive_attributes": [],
          "private": "bnVsbA==",
          "dependencies": [
            "aws_iam_policy.EPPolicy32",
            "time_sleep.wait_2_seconds"
          ]
        }
      ]
    },
    {
      "mode": "managed",
      "type": "aws_iam_role",
      "name": "iam_EpRole124",
      "provider": "provider[\"registry.terraform.io/hashicorp/aws\"]",
      "instances": [
        {
          "schema_version": 0,
          "attributes": {
            "arn": "arn:aws:iam::455436446709:role/EpRole124",
            "assume_role_policy": "{\"Statement\":[{\"Action\":\"sts:AssumeRole\",\"Effect\":\"Allow\",\"Principal\":{\"Service\":\"ec2.amazonaws.com\"}}],\"Version\":\"2012-10-17\"}",
            "create_date": "2022-10-13T14:07:11Z",
            "description": "",
            "force_detach_policies": false,
            "id": "EpRole124",
            "inline_policy": [],
            "managed_policy_arns": [],
            "max_session_duration": 3600,
            "name": "EpRole124",
            "name_prefix": "",
            "path": "/",
            "permissions_boundary": "arn:aws:iam::455436446709:policy/EPPolicy8",
            "tags": {
              "Name": ""
            },
            "tags_all": {
              "Name": ""
            },
            "unique_id": "AROAWUCRAVP23HN3IAQ7I"
          },
          "sensitive_attributes": [],
          "private": "bnVsbA==",
          "dependencies": [
            "aws_iam_policy.EPPolicy8",
            "time_sleep.wait_2_seconds"
          ]
        }
      ]
    },
    {
      "mode": "managed",
      "type": "aws_iam_role",
      "name": "iam_EpRole125",
      "provider": "provider[\"registry.terraform.io/hashicorp/aws\"]",
      "instances": [
        {
          "schema_version": 0,
          "attributes": {
            "arn": "arn:aws:iam::455436446709:role/EpRole125",
            "assume_role_policy": "{\"Statement\":[{\"Action\":\"sts:AssumeRole\",\"Effect\":\"Allow\",\"Principal\":{\"Service\":\"ec2.amazonaws.com\"}}],\"Version\":\"2012-10-17\"}",
            "create_date": "2022-10-13T14:07:10Z",
            "description": "",
            "force_detach_policies": false,
            "id": "EpRole125",
            "inline_policy": [],
            "managed_policy_arns": [],
            "max_session_duration": 3600,
            "name": "EpRole125",
            "name_prefix": "",
            "path": "/",
            "permissions_boundary": "arn:aws:iam::455436446709:policy/EPPolicy9",
            "tags": {
              "Name": ""
            },
            "tags_all": {
              "Name": ""
            },
            "unique_id": "AROAWUCRAVP2WCQKXI2YI"
          },
          "sensitive_attributes": [],
          "private": "bnVsbA==",
          "dependencies": [
            "aws_iam_policy.EPPolicy9",
            "time_sleep.wait_2_seconds"
          ]
        }
      ]
    },
    {
      "mode": "managed",
      "type": "aws_iam_role",
      "name": "iam_EpRole126",
      "provider": "provider[\"registry.terraform.io/hashicorp/aws\"]",
      "instances": [
        {
          "schema_version": 0,
          "attributes": {
            "arn": "arn:aws:iam::455436446709:role/EpRole126",
            "assume_role_policy": "{\"Statement\":[{\"Action\":\"sts:AssumeRole\",\"Effect\":\"Allow\",\"Principal\":{\"Service\":\"ec2.amazonaws.com\"}}],\"Version\":\"2012-10-17\"}",
            "create_date": "2022-10-13T14:06:56Z",
            "description": "",
            "force_detach_policies": false,
            "id": "EpRole126",
            "inline_policy": [],
            "managed_policy_arns": [],
            "max_session_duration": 3600,
            "name": "EpRole126",
            "name_prefix": "",
            "path": "/",
            "permissions_boundary": "arn:aws:iam::455436446709:policy/EPPolicy10",
            "tags": {
              "Name": ""
            },
            "tags_all": {
              "Name": ""
            },
            "unique_id": "AROAWUCRAVP2SWZBIU65O"
          },
          "sensitive_attributes": [],
          "private": "bnVsbA==",
          "dependencies": [
            "aws_iam_policy.EPPolicy10",
            "time_sleep.wait_2_seconds"
          ]
        }
      ]
    },
    {
      "mode": "managed",
      "type": "aws_iam_role",
      "name": "iam_EpRole127",
      "provider": "provider[\"registry.terraform.io/hashicorp/aws\"]",
      "instances": [
        {
          "schema_version": 0,
          "attributes": {
            "arn": "arn:aws:iam::455436446709:role/EpRole127",
            "assume_role_policy": "{\"Statement\":[{\"Action\":\"sts:AssumeRole\",\"Effect\":\"Allow\",\"Principal\":{\"Service\":\"ec2.amazonaws.com\"}}],\"Version\":\"2012-10-17\"}",
            "create_date": "2022-10-13T14:07:21Z",
            "description": "",
            "force_detach_policies": false,
            "id": "EpRole127",
            "inline_policy": [],
            "managed_policy_arns": [],
            "max_session_duration": 3600,
            "name": "EpRole127",
            "name_prefix": "",
            "path": "/",
            "permissions_boundary": "arn:aws:iam::455436446709:policy/EPPolicy11",
            "tags": {
              "Name": ""
            },
            "tags_all": {
              "Name": ""
            },
            "unique_id": "AROAWUCRAVP2Y2GBA5VMF"
          },
          "sensitive_attributes": [],
          "private": "bnVsbA==",
          "dependencies": [
            "aws_iam_policy.EPPolicy11",
            "time_sleep.wait_2_seconds"
          ]
        }
      ]
    },
    {
      "mode": "managed",
      "type": "aws_iam_role",
      "name": "iam_EpRole128",
      "provider": "provider[\"registry.terraform.io/hashicorp/aws\"]",
      "instances": [
        {
          "schema_version": 0,
          "attributes": {
            "arn": "arn:aws:iam::455436446709:role/EpRole128",
            "assume_role_policy": "{\"Statement\":[{\"Action\":\"sts:AssumeRole\",\"Effect\":\"Allow\",\"Principal\":{\"Service\":\"ec2.amazonaws.com\"}}],\"Version\":\"2012-10-17\"}",
            "create_date": "2022-10-13T14:07:04Z",
            "description": "",
            "force_detach_policies": false,
            "id": "EpRole128",
            "inline_policy": [],
            "managed_policy_arns": [],
            "max_session_duration": 3600,
            "name": "EpRole128",
            "name_prefix": "",
            "path": "/",
            "permissions_boundary": "arn:aws:iam::455436446709:policy/EPPolicy12",
            "tags": {
              "Name": ""
            },
            "tags_all": {
              "Name": ""
            },
            "unique_id": "AROAWUCRAVP25YOYZXEUC"
          },
          "sensitive_attributes": [],
          "private": "bnVsbA==",
          "dependencies": [
            "aws_iam_policy.EPPolicy12",
            "time_sleep.wait_2_seconds"
          ]
        }
      ]
    },
    {
      "mode": "managed",
      "type": "aws_iam_role",
      "name": "iam_EpRole129",
      "provider": "provider[\"registry.terraform.io/hashicorp/aws\"]",
      "instances": [
        {
          "schema_version": 0,
          "attributes": {
            "arn": "arn:aws:iam::455436446709:role/EpRole129",
            "assume_role_policy": "{\"Statement\":[{\"Action\":\"sts:AssumeRole\",\"Effect\":\"Allow\",\"Principal\":{\"Service\":\"ec2.amazonaws.com\"}}],\"Version\":\"2012-10-17\"}",
            "create_date": "2022-10-13T14:06:45Z",
            "description": "",
            "force_detach_policies": false,
            "id": "EpRole129",
            "inline_policy": [],
            "managed_policy_arns": [],
            "max_session_duration": 3600,
            "name": "EpRole129",
            "name_prefix": "",
            "path": "/",
            "permissions_boundary": "arn:aws:iam::455436446709:policy/EPPolicy13",
            "tags": {
              "Name": ""
            },
            "tags_all": {
              "Name": ""
            },
            "unique_id": "AROAWUCRAVP2WGNYRXKIH"
          },
          "sensitive_attributes": [],
          "private": "bnVsbA==",
          "dependencies": [
            "aws_iam_policy.EPPolicy13",
            "time_sleep.wait_2_seconds"
          ]
        }
      ]
    },
    {
      "mode": "managed",
      "type": "aws_iam_role",
      "name": "iam_EpRole13",
      "provider": "provider[\"registry.terraform.io/hashicorp/aws\"]",
      "instances": [
        {
          "schema_version": 0,
          "attributes": {
            "arn": "arn:aws:iam::455436446709:role/EpRole13",
            "assume_role_policy": "{\"Statement\":[{\"Action\":\"sts:AssumeRole\",\"Effect\":\"Allow\",\"Principal\":{\"Service\":\"ec2.amazonaws.com\"}}],\"Version\":\"2012-10-17\"}",
            "create_date": "2022-10-13T14:06:44Z",
            "description": "",
            "force_detach_policies": false,
            "id": "EpRole13",
            "inline_policy": [],
            "managed_policy_arns": [],
            "max_session_duration": 3600,
            "name": "EpRole13",
            "name_prefix": "",
            "path": "/",
            "permissions_boundary": "arn:aws:iam::455436446709:policy/EPPolicy14",
            "tags": {
              "Name": ""
            },
            "tags_all": {
              "Name": ""
            },
            "unique_id": "AROAWUCRAVP2QSQDU3NOX"
          },
          "sensitive_attributes": [],
          "private": "bnVsbA==",
          "dependencies": [
            "aws_iam_policy.EPPolicy14",
            "time_sleep.wait_2_seconds"
          ]
        }
      ]
    },
    {
      "mode": "managed",
      "type": "aws_iam_role",
      "name": "iam_EpRole130",
      "provider": "provider[\"registry.terraform.io/hashicorp/aws\"]",
      "instances": [
        {
          "schema_version": 0,
          "attributes": {
            "arn": "arn:aws:iam::455436446709:role/EpRole130",
            "assume_role_policy": "{\"Statement\":[{\"Action\":\"sts:AssumeRole\",\"Effect\":\"Allow\",\"Principal\":{\"Service\":\"ec2.amazonaws.com\"}}],\"Version\":\"2012-10-17\"}",
            "create_date": "2022-10-13T14:06:43Z",
            "description": "",
            "force_detach_policies": false,
            "id": "EpRole130",
            "inline_policy": [],
            "managed_policy_arns": [],
            "max_session_duration": 3600,
            "name": "EpRole130",
            "name_prefix": "",
            "path": "/",
            "permissions_boundary": "arn:aws:iam::455436446709:policy/EPPolicy14",
            "tags": {
              "Name": ""
            },
            "tags_all": {
              "Name": ""
            },
            "unique_id": "AROAWUCRAVP2WWCPXFWBX"
          },
          "sensitive_attributes": [],
          "private": "bnVsbA==",
          "dependencies": [
            "aws_iam_policy.EPPolicy14",
            "time_sleep.wait_2_seconds"
          ]
        }
      ]
    },
    {
      "mode": "managed",
      "type": "aws_iam_role",
      "name": "iam_EpRole131",
      "provider": "provider[\"registry.terraform.io/hashicorp/aws\"]",
      "instances": [
        {
          "schema_version": 0,
          "attributes": {
            "arn": "arn:aws:iam::455436446709:role/EpRole131",
            "assume_role_policy": "{\"Statement\":[{\"Action\":\"sts:AssumeRole\",\"Effect\":\"Allow\",\"Principal\":{\"Service\":\"ec2.amazonaws.com\"}}],\"Version\":\"2012-10-17\"}",
            "create_date": "2022-10-13T14:07:12Z",
            "description": "",
            "force_detach_policies": false,
            "id": "EpRole131",
            "inline_policy": [],
            "managed_policy_arns": [],
            "max_session_duration": 3600,
            "name": "EpRole131",
            "name_prefix": "",
            "path": "/",
            "permissions_boundary": "arn:aws:iam::455436446709:policy/EPPolicy15",
            "tags": {
              "Name": ""
            },
            "tags_all": {
              "Name": ""
            },
            "unique_id": "AROAWUCRAVP2UDDHZ7LS5"
          },
          "sensitive_attributes": [],
          "private": "bnVsbA==",
          "dependencies": [
            "aws_iam_policy.EPPolicy15",
            "time_sleep.wait_2_seconds"
          ]
        }
      ]
    },
    {
      "mode": "managed",
      "type": "aws_iam_role",
      "name": "iam_EpRole132",
      "provider": "provider[\"registry.terraform.io/hashicorp/aws\"]",
      "instances": [
        {
          "schema_version": 0,
          "attributes": {
            "arn": "arn:aws:iam::455436446709:role/EpRole132",
            "assume_role_policy": "{\"Statement\":[{\"Action\":\"sts:AssumeRole\",\"Effect\":\"Allow\",\"Principal\":{\"Service\":\"ec2.amazonaws.com\"}}],\"Version\":\"2012-10-17\"}",
            "create_date": "2022-10-13T14:07:05Z",
            "description": "",
            "force_detach_policies": false,
            "id": "EpRole132",
            "inline_policy": [],
            "managed_policy_arns": [],
            "max_session_duration": 3600,
            "name": "EpRole132",
            "name_prefix": "",
            "path": "/",
            "permissions_boundary": "arn:aws:iam::455436446709:policy/EPPolicy16",
            "tags": {
              "Name": ""
            },
            "tags_all": {
              "Name": ""
            },
            "unique_id": "AROAWUCRAVP2XHBRKKFA6"
          },
          "sensitive_attributes": [],
          "private": "bnVsbA==",
          "dependencies": [
            "aws_iam_policy.EPPolicy16",
            "time_sleep.wait_2_seconds"
          ]
        }
      ]
    },
    {
      "mode": "managed",
      "type": "aws_iam_role",
      "name": "iam_EpRole133",
      "provider": "provider[\"registry.terraform.io/hashicorp/aws\"]",
      "instances": [
        {
          "schema_version": 0,
          "attributes": {
            "arn": "arn:aws:iam::455436446709:role/EpRole133",
            "assume_role_policy": "{\"Statement\":[{\"Action\":\"sts:AssumeRole\",\"Effect\":\"Allow\",\"Principal\":{\"Service\":\"ec2.amazonaws.com\"}}],\"Version\":\"2012-10-17\"}",
            "create_date": "2022-10-13T14:06:48Z",
            "description": "",
            "force_detach_policies": false,
            "id": "EpRole133",
            "inline_policy": [],
            "managed_policy_arns": [],
            "max_session_duration": 3600,
            "name": "EpRole133",
            "name_prefix": "",
            "path": "/",
            "permissions_boundary": "arn:aws:iam::455436446709:policy/EPPolicy17",
            "tags": {
              "Name": ""
            },
            "tags_all": {
              "Name": ""
            },
            "unique_id": "AROAWUCRAVP22XIMBUCM5"
          },
          "sensitive_attributes": [],
          "private": "bnVsbA==",
          "dependencies": [
            "aws_iam_policy.EPPolicy17",
            "time_sleep.wait_2_seconds"
          ]
        }
      ]
    },
    {
      "mode": "managed",
      "type": "aws_iam_role",
      "name": "iam_EpRole134",
      "provider": "provider[\"registry.terraform.io/hashicorp/aws\"]",
      "instances": [
        {
          "schema_version": 0,
          "attributes": {
            "arn": "arn:aws:iam::455436446709:role/EpRole134",
            "assume_role_policy": "{\"Statement\":[{\"Action\":\"sts:AssumeRole\",\"Effect\":\"Allow\",\"Principal\":{\"Service\":\"ec2.amazonaws.com\"}}],\"Version\":\"2012-10-17\"}",
            "create_date": "2022-10-13T14:07:09Z",
            "description": "",
            "force_detach_policies": false,
            "id": "EpRole134",
            "inline_policy": [],
            "managed_policy_arns": [],
            "max_session_duration": 3600,
            "name": "EpRole134",
            "name_prefix": "",
            "path": "/",
            "permissions_boundary": "arn:aws:iam::455436446709:policy/EPPolicy18",
            "tags": {
              "Name": ""
            },
            "tags_all": {
              "Name": ""
            },
            "unique_id": "AROAWUCRAVP27MUAJJPST"
          },
          "sensitive_attributes": [],
          "private": "bnVsbA==",
          "dependencies": [
            "aws_iam_policy.EPPolicy18",
            "time_sleep.wait_2_seconds"
          ]
        }
      ]
    },
    {
      "mode": "managed",
      "type": "aws_iam_role",
      "name": "iam_EpRole135",
      "provider": "provider[\"registry.terraform.io/hashicorp/aws\"]",
      "instances": [
        {
          "schema_version": 0,
          "attributes": {
            "arn": "arn:aws:iam::455436446709:role/EpRole135",
            "assume_role_policy": "{\"Statement\":[{\"Action\":\"sts:AssumeRole\",\"Effect\":\"Allow\",\"Principal\":{\"Service\":\"ec2.amazonaws.com\"}}],\"Version\":\"2012-10-17\"}",
            "create_date": "2022-10-13T14:06:57Z",
            "description": "",
            "force_detach_policies": false,
            "id": "EpRole135",
            "inline_policy": [],
            "managed_policy_arns": [],
            "max_session_duration": 3600,
            "name": "EpRole135",
            "name_prefix": "",
            "path": "/",
            "permissions_boundary": "arn:aws:iam::455436446709:policy/EPPolicy19",
            "tags": {
              "Name": ""
            },
            "tags_all": {
              "Name": ""
            },
            "unique_id": "AROAWUCRAVP23CWIVMY5U"
          },
          "sensitive_attributes": [],
          "private": "bnVsbA==",
          "dependencies": [
            "aws_iam_policy.EPPolicy19",
            "time_sleep.wait_2_seconds"
          ]
        }
      ]
    },
    {
      "mode": "managed",
      "type": "aws_iam_role",
      "name": "iam_EpRole136",
      "provider": "provider[\"registry.terraform.io/hashicorp/aws\"]",
      "instances": [
        {
          "schema_version": 0,
          "attributes": {
            "arn": "arn:aws:iam::455436446709:role/EpRole136",
            "assume_role_policy": "{\"Statement\":[{\"Action\":\"sts:AssumeRole\",\"Effect\":\"Allow\",\"Principal\":{\"Service\":\"ec2.amazonaws.com\"}}],\"Version\":\"2012-10-17\"}",
            "create_date": "2022-10-13T14:07:02Z",
            "description": "",
            "force_detach_policies": false,
            "id": "EpRole136",
            "inline_policy": [],
            "managed_policy_arns": [],
            "max_session_duration": 3600,
            "name": "EpRole136",
            "name_prefix": "",
            "path": "/",
            "permissions_boundary": "arn:aws:iam::455436446709:policy/EPPolicy20",
            "tags": {
              "Name": ""
            },
            "tags_all": {
              "Name": ""
            },
            "unique_id": "AROAWUCRAVP276O7OABHB"
          },
          "sensitive_attributes": [],
          "private": "bnVsbA==",
          "dependencies": [
            "aws_iam_policy.EPPolicy20",
            "time_sleep.wait_2_seconds"
          ]
        }
      ]
    },
    {
      "mode": "managed",
      "type": "aws_iam_role",
      "name": "iam_EpRole137",
      "provider": "provider[\"registry.terraform.io/hashicorp/aws\"]",
      "instances": [
        {
          "schema_version": 0,
          "attributes": {
            "arn": "arn:aws:iam::455436446709:role/EpRole137",
            "assume_role_policy": "{\"Statement\":[{\"Action\":\"sts:AssumeRole\",\"Effect\":\"Allow\",\"Principal\":{\"Service\":\"ec2.amazonaws.com\"}}],\"Version\":\"2012-10-17\"}",
            "create_date": "2022-10-13T14:07:17Z",
            "description": "",
            "force_detach_policies": false,
            "id": "EpRole137",
            "inline_policy": [],
            "managed_policy_arns": [],
            "max_session_duration": 3600,
            "name": "EpRole137",
            "name_prefix": "",
            "path": "/",
            "permissions_boundary": "arn:aws:iam::455436446709:policy/EPPolicy21",
            "tags": {
              "Name": ""
            },
            "tags_all": {
              "Name": ""
            },
            "unique_id": "AROAWUCRAVP27RKA5EYDW"
          },
          "sensitive_attributes": [],
          "private": "bnVsbA==",
          "dependencies": [
            "aws_iam_policy.EPPolicy21",
            "time_sleep.wait_2_seconds"
          ]
        }
      ]
    },
    {
      "mode": "managed",
      "type": "aws_iam_role",
      "name": "iam_EpRole138",
      "provider": "provider[\"registry.terraform.io/hashicorp/aws\"]",
      "instances": [
        {
          "schema_version": 0,
          "attributes": {
            "arn": "arn:aws:iam::455436446709:role/EpRole138",
            "assume_role_policy": "{\"Statement\":[{\"Action\":\"sts:AssumeRole\",\"Effect\":\"Allow\",\"Principal\":{\"Service\":\"ec2.amazonaws.com\"}}],\"Version\":\"2012-10-17\"}",
            "create_date": "2022-10-13T14:06:50Z",
            "description": "",
            "force_detach_policies": false,
            "id": "EpRole138",
            "inline_policy": [],
            "managed_policy_arns": [],
            "max_session_duration": 3600,
            "name": "EpRole138",
            "name_prefix": "",
            "path": "/",
            "permissions_boundary": "arn:aws:iam::455436446709:policy/EPPolicy22",
            "tags": {
              "Name": ""
            },
            "tags_all": {
              "Name": ""
            },
            "unique_id": "AROAWUCRAVP22MEWICTAD"
          },
          "sensitive_attributes": [],
          "private": "bnVsbA==",
          "dependencies": [
            "aws_iam_policy.EPPolicy22",
            "time_sleep.wait_2_seconds"
          ]
        }
      ]
    },
    {
      "mode": "managed",
      "type": "aws_iam_role",
      "name": "iam_EpRole139",
      "provider": "provider[\"registry.terraform.io/hashicorp/aws\"]",
      "instances": [
        {
          "schema_version": 0,
          "attributes": {
            "arn": "arn:aws:iam::455436446709:role/EpRole139",
            "assume_role_policy": "{\"Statement\":[{\"Action\":\"sts:AssumeRole\",\"Effect\":\"Allow\",\"Principal\":{\"Service\":\"ec2.amazonaws.com\"}}],\"Version\":\"2012-10-17\"}",
            "create_date": "2022-10-13T14:07:19Z",
            "description": "",
            "force_detach_policies": false,
            "id": "EpRole139",
            "inline_policy": [],
            "managed_policy_arns": [],
            "max_session_duration": 3600,
            "name": "EpRole139",
            "name_prefix": "",
            "path": "/",
            "permissions_boundary": "arn:aws:iam::455436446709:policy/EPPolicy31",
            "tags": {
              "Name": ""
            },
            "tags_all": {
              "Name": ""
            },
            "unique_id": "AROAWUCRAVP2UNT2WTXAH"
          },
          "sensitive_attributes": [],
          "private": "bnVsbA==",
          "dependencies": [
            "aws_iam_policy.EPPolicy31",
            "time_sleep.wait_2_seconds"
          ]
        }
      ]
    },
    {
      "mode": "managed",
      "type": "aws_iam_role",
      "name": "iam_EpRole14",
      "provider": "provider[\"registry.terraform.io/hashicorp/aws\"]",
      "instances": [
        {
          "schema_version": 0,
          "attributes": {
            "arn": "arn:aws:iam::455436446709:role/EpRole14",
            "assume_role_policy": "{\"Statement\":[{\"Action\":\"sts:AssumeRole\",\"Effect\":\"Allow\",\"Principal\":{\"Service\":\"ec2.amazonaws.com\"}}],\"Version\":\"2012-10-17\"}",
            "create_date": "2022-10-13T14:07:12Z",
            "description": "",
            "force_detach_policies": false,
            "id": "EpRole14",
            "inline_policy": [],
            "managed_policy_arns": [],
            "max_session_duration": 3600,
            "name": "EpRole14",
            "name_prefix": "",
            "path": "/",
            "permissions_boundary": "arn:aws:iam::455436446709:policy/EPPolicy15",
            "tags": {
              "Name": ""
            },
            "tags_all": {
              "Name": ""
            },
            "unique_id": "AROAWUCRAVP22TYSAG46S"
          },
          "sensitive_attributes": [],
          "private": "bnVsbA==",
          "dependencies": [
            "aws_iam_policy.EPPolicy15",
            "time_sleep.wait_2_seconds"
          ]
        }
      ]
    },
    {
      "mode": "managed",
      "type": "aws_iam_role",
      "name": "iam_EpRole140",
      "provider": "provider[\"registry.terraform.io/hashicorp/aws\"]",
      "instances": [
        {
          "schema_version": 0,
          "attributes": {
            "arn": "arn:aws:iam::455436446709:role/EpRole140",
            "assume_role_policy": "{\"Statement\":[{\"Action\":\"sts:AssumeRole\",\"Effect\":\"Allow\",\"Principal\":{\"Service\":\"ec2.amazonaws.com\"}}],\"Version\":\"2012-10-17\"}",
            "create_date": "2022-10-13T14:06:55Z",
            "description": "",
            "force_detach_policies": false,
            "id": "EpRole140",
            "inline_policy": [],
            "managed_policy_arns": [],
            "max_session_duration": 3600,
            "name": "EpRole140",
            "name_prefix": "",
            "path": "/",
            "permissions_boundary": "arn:aws:iam::455436446709:policy/EPPolicy32",
            "tags": {
              "Name": ""
            },
            "tags_all": {
              "Name": ""
            },
            "unique_id": "AROAWUCRAVP26SNDDCDJ3"
          },
          "sensitive_attributes": [],
          "private": "bnVsbA==",
          "dependencies": [
            "aws_iam_policy.EPPolicy32",
            "time_sleep.wait_2_seconds"
          ]
        }
      ]
    },
    {
      "mode": "managed",
      "type": "aws_iam_role",
      "name": "iam_EpRole141",
      "provider": "provider[\"registry.terraform.io/hashicorp/aws\"]",
      "instances": [
        {
          "schema_version": 0,
          "attributes": {
            "arn": "arn:aws:iam::455436446709:role/EpRole141",
            "assume_role_policy": "{\"Statement\":[{\"Action\":\"sts:AssumeRole\",\"Effect\":\"Allow\",\"Principal\":{\"Service\":\"ec2.amazonaws.com\"}}],\"Version\":\"2012-10-17\"}",
            "create_date": "2022-10-13T14:07:10Z",
            "description": "",
            "force_detach_policies": false,
            "id": "EpRole141",
            "inline_policy": [],
            "managed_policy_arns": [],
            "max_session_duration": 3600,
            "name": "EpRole141",
            "name_prefix": "",
            "path": "/",
            "permissions_boundary": "arn:aws:iam::455436446709:policy/EPPolicy9",
            "tags": {
              "Name": ""
            },
            "tags_all": {
              "Name": ""
            },
            "unique_id": "AROAWUCRAVP2XPEZ3WQRE"
          },
          "sensitive_attributes": [],
          "private": "bnVsbA==",
          "dependencies": [
            "aws_iam_policy.EPPolicy9",
            "time_sleep.wait_2_seconds"
          ]
        }
      ]
    },
    {
      "mode": "managed",
      "type": "aws_iam_role",
      "name": "iam_EpRole142",
      "provider": "provider[\"registry.terraform.io/hashicorp/aws\"]",
      "instances": [
        {
          "schema_version": 0,
          "attributes": {
            "arn": "arn:aws:iam::455436446709:role/EpRole142",
            "assume_role_policy": "{\"Statement\":[{\"Action\":\"sts:AssumeRole\",\"Effect\":\"Allow\",\"Principal\":{\"Service\":\"ec2.amazonaws.com\"}}],\"Version\":\"2012-10-17\"}",
            "create_date": "2022-10-13T14:06:55Z",
            "description": "",
            "force_detach_policies": false,
            "id": "EpRole142",
            "inline_policy": [],
            "managed_policy_arns": [],
            "max_session_duration": 3600,
            "name": "EpRole142",
            "name_prefix": "",
            "path": "/",
            "permissions_boundary": "arn:aws:iam::455436446709:policy/EPPolicy10",
            "tags": {
              "Name": ""
            },
            "tags_all": {
              "Name": ""
            },
            "unique_id": "AROAWUCRAVP2ZUELOF2BR"
          },
          "sensitive_attributes": [],
          "private": "bnVsbA==",
          "dependencies": [
            "aws_iam_policy.EPPolicy10",
            "time_sleep.wait_2_seconds"
          ]
        }
      ]
    },
    {
      "mode": "managed",
      "type": "aws_iam_role",
      "name": "iam_EpRole143",
      "provider": "provider[\"registry.terraform.io/hashicorp/aws\"]",
      "instances": [
        {
          "schema_version": 0,
          "attributes": {
            "arn": "arn:aws:iam::455436446709:role/EpRole143",
            "assume_role_policy": "{\"Statement\":[{\"Action\":\"sts:AssumeRole\",\"Effect\":\"Allow\",\"Principal\":{\"Service\":\"ec2.amazonaws.com\"}}],\"Version\":\"2012-10-17\"}",
            "create_date": "2022-10-13T14:07:22Z",
            "description": "",
            "force_detach_policies": false,
            "id": "EpRole143",
            "inline_policy": [],
            "managed_policy_arns": [],
            "max_session_duration": 3600,
            "name": "EpRole143",
            "name_prefix": "",
            "path": "/",
            "permissions_boundary": "arn:aws:iam::455436446709:policy/EPPolicy11",
            "tags": {
              "Name": ""
            },
            "tags_all": {
              "Name": ""
            },
            "unique_id": "AROAWUCRAVP26DYWEFCFI"
          },
          "sensitive_attributes": [],
          "private": "bnVsbA==",
          "dependencies": [
            "aws_iam_policy.EPPolicy11",
            "time_sleep.wait_2_seconds"
          ]
        }
      ]
    },
    {
      "mode": "managed",
      "type": "aws_iam_role",
      "name": "iam_EpRole144",
      "provider": "provider[\"registry.terraform.io/hashicorp/aws\"]",
      "instances": [
        {
          "schema_version": 0,
          "attributes": {
            "arn": "arn:aws:iam::455436446709:role/EpRole144",
            "assume_role_policy": "{\"Statement\":[{\"Action\":\"sts:AssumeRole\",\"Effect\":\"Allow\",\"Principal\":{\"Service\":\"ec2.amazonaws.com\"}}],\"Version\":\"2012-10-17\"}",
            "create_date": "2022-10-13T14:07:02Z",
            "description": "",
            "force_detach_policies": false,
            "id": "EpRole144",
            "inline_policy": [],
            "managed_policy_arns": [],
            "max_session_duration": 3600,
            "name": "EpRole144",
            "name_prefix": "",
            "path": "/",
            "permissions_boundary": "arn:aws:iam::455436446709:policy/EPPolicy12",
            "tags": {
              "Name": ""
            },
            "tags_all": {
              "Name": ""
            },
            "unique_id": "AROAWUCRAVP2SWNTCGF7O"
          },
          "sensitive_attributes": [],
          "private": "bnVsbA==",
          "dependencies": [
            "aws_iam_policy.EPPolicy12",
            "time_sleep.wait_2_seconds"
          ]
        }
      ]
    },
    {
      "mode": "managed",
      "type": "aws_iam_role",
      "name": "iam_EpRole145",
      "provider": "provider[\"registry.terraform.io/hashicorp/aws\"]",
      "instances": [
        {
          "schema_version": 0,
          "attributes": {
            "arn": "arn:aws:iam::455436446709:role/EpRole145",
            "assume_role_policy": "{\"Statement\":[{\"Action\":\"sts:AssumeRole\",\"Effect\":\"Allow\",\"Principal\":{\"Service\":\"ec2.amazonaws.com\"}}],\"Version\":\"2012-10-17\"}",
            "create_date": "2022-10-13T14:06:45Z",
            "description": "",
            "force_detach_policies": false,
            "id": "EpRole145",
            "inline_policy": [],
            "managed_policy_arns": [],
            "max_session_duration": 3600,
            "name": "EpRole145",
            "name_prefix": "",
            "path": "/",
            "permissions_boundary": "arn:aws:iam::455436446709:policy/EPPolicy13",
            "tags": {
              "Name": ""
            },
            "tags_all": {
              "Name": ""
            },
            "unique_id": "AROAWUCRAVP27C2HORLDW"
          },
          "sensitive_attributes": [],
          "private": "bnVsbA==",
          "dependencies": [
            "aws_iam_policy.EPPolicy13",
            "time_sleep.wait_2_seconds"
          ]
        }
      ]
    },
    {
      "mode": "managed",
      "type": "aws_iam_role",
      "name": "iam_EpRole146",
      "provider": "provider[\"registry.terraform.io/hashicorp/aws\"]",
      "instances": [
        {
          "schema_version": 0,
          "attributes": {
            "arn": "arn:aws:iam::455436446709:role/EpRole146",
            "assume_role_policy": "{\"Statement\":[{\"Action\":\"sts:AssumeRole\",\"Effect\":\"Allow\",\"Principal\":{\"Service\":\"ec2.amazonaws.com\"}}],\"Version\":\"2012-10-17\"}",
            "create_date": "2022-10-13T14:06:44Z",
            "description": "",
            "force_detach_policies": false,
            "id": "EpRole146",
            "inline_policy": [],
            "managed_policy_arns": [],
            "max_session_duration": 3600,
            "name": "EpRole146",
            "name_prefix": "",
            "path": "/",
            "permissions_boundary": "arn:aws:iam::455436446709:policy/EPPolicy14",
            "tags": {
              "Name": ""
            },
            "tags_all": {
              "Name": ""
            },
            "unique_id": "AROAWUCRAVP25BWSCF2WL"
          },
          "sensitive_attributes": [],
          "private": "bnVsbA==",
          "dependencies": [
            "aws_iam_policy.EPPolicy14",
            "time_sleep.wait_2_seconds"
          ]
        }
      ]
    },
    {
      "mode": "managed",
      "type": "aws_iam_role",
      "name": "iam_EpRole147",
      "provider": "provider[\"registry.terraform.io/hashicorp/aws\"]",
      "instances": [
        {
          "schema_version": 0,
          "attributes": {
            "arn": "arn:aws:iam::455436446709:role/EpRole147",
            "assume_role_policy": "{\"Statement\":[{\"Action\":\"sts:AssumeRole\",\"Effect\":\"Allow\",\"Principal\":{\"Service\":\"ec2.amazonaws.com\"}}],\"Version\":\"2012-10-17\"}",
            "create_date": "2022-10-13T14:07:13Z",
            "description": "",
            "force_detach_policies": false,
            "id": "EpRole147",
            "inline_policy": [],
            "managed_policy_arns": [],
            "max_session_duration": 3600,
            "name": "EpRole147",
            "name_prefix": "",
            "path": "/",
            "permissions_boundary": "arn:aws:iam::455436446709:policy/EPPolicy15",
            "tags": {
              "Name": ""
            },
            "tags_all": {
              "Name": ""
            },
            "unique_id": "AROAWUCRAVP2U5RYMI3AM"
          },
          "sensitive_attributes": [],
          "private": "bnVsbA==",
          "dependencies": [
            "aws_iam_policy.EPPolicy15",
            "time_sleep.wait_2_seconds"
          ]
        }
      ]
    },
    {
      "mode": "managed",
      "type": "aws_iam_role",
      "name": "iam_EpRole148",
      "provider": "provider[\"registry.terraform.io/hashicorp/aws\"]",
      "instances": [
        {
          "schema_version": 0,
          "attributes": {
            "arn": "arn:aws:iam::455436446709:role/EpRole148",
            "assume_role_policy": "{\"Statement\":[{\"Action\":\"sts:AssumeRole\",\"Effect\":\"Allow\",\"Principal\":{\"Service\":\"ec2.amazonaws.com\"}}],\"Version\":\"2012-10-17\"}",
            "create_date": "2022-10-13T14:07:06Z",
            "description": "",
            "force_detach_policies": false,
            "id": "EpRole148",
            "inline_policy": [],
            "managed_policy_arns": [],
            "max_session_duration": 3600,
            "name": "EpRole148",
            "name_prefix": "",
            "path": "/",
            "permissions_boundary": "arn:aws:iam::455436446709:policy/EPPolicy16",
            "tags": {
              "Name": ""
            },
            "tags_all": {
              "Name": ""
            },
            "unique_id": "AROAWUCRAVP2S6QFRNHG5"
          },
          "sensitive_attributes": [],
          "private": "bnVsbA==",
          "dependencies": [
            "aws_iam_policy.EPPolicy16",
            "time_sleep.wait_2_seconds"
          ]
        }
      ]
    },
    {
      "mode": "managed",
      "type": "aws_iam_role",
      "name": "iam_EpRole149",
      "provider": "provider[\"registry.terraform.io/hashicorp/aws\"]",
      "instances": [
        {
          "schema_version": 0,
          "attributes": {
            "arn": "arn:aws:iam::455436446709:role/EpRole149",
            "assume_role_policy": "{\"Statement\":[{\"Action\":\"sts:AssumeRole\",\"Effect\":\"Allow\",\"Principal\":{\"Service\":\"ec2.amazonaws.com\"}}],\"Version\":\"2012-10-17\"}",
            "create_date": "2022-10-13T14:06:49Z",
            "description": "",
            "force_detach_policies": false,
            "id": "EpRole149",
            "inline_policy": [],
            "managed_policy_arns": [],
            "max_session_duration": 3600,
            "name": "EpRole149",
            "name_prefix": "",
            "path": "/",
            "permissions_boundary": "arn:aws:iam::455436446709:policy/EPPolicy17",
            "tags": {
              "Name": ""
            },
            "tags_all": {
              "Name": ""
            },
            "unique_id": "AROAWUCRAVP2XDVPK5G5A"
          },
          "sensitive_attributes": [],
          "private": "bnVsbA==",
          "dependencies": [
            "aws_iam_policy.EPPolicy17",
            "time_sleep.wait_2_seconds"
          ]
        }
      ]
    },
    {
      "mode": "managed",
      "type": "aws_iam_role",
      "name": "iam_EpRole15",
      "provider": "provider[\"registry.terraform.io/hashicorp/aws\"]",
      "instances": [
        {
          "schema_version": 0,
          "attributes": {
            "arn": "arn:aws:iam::455436446709:role/EpRole15",
            "assume_role_policy": "{\"Statement\":[{\"Action\":\"sts:AssumeRole\",\"Effect\":\"Allow\",\"Principal\":{\"Service\":\"ec2.amazonaws.com\"}}],\"Version\":\"2012-10-17\"}",
            "create_date": "2022-10-13T14:07:05Z",
            "description": "",
            "force_detach_policies": false,
            "id": "EpRole15",
            "inline_policy": [],
            "managed_policy_arns": [],
            "max_session_duration": 3600,
            "name": "EpRole15",
            "name_prefix": "",
            "path": "/",
            "permissions_boundary": "arn:aws:iam::455436446709:policy/EPPolicy16",
            "tags": {
              "Name": ""
            },
            "tags_all": {
              "Name": ""
            },
            "unique_id": "AROAWUCRAVP26DMKBFJGH"
          },
          "sensitive_attributes": [],
          "private": "bnVsbA==",
          "dependencies": [
            "aws_iam_policy.EPPolicy16",
            "time_sleep.wait_2_seconds"
          ]
        }
      ]
    },
    {
      "mode": "managed",
      "type": "aws_iam_role",
      "name": "iam_EpRole150",
      "provider": "provider[\"registry.terraform.io/hashicorp/aws\"]",
      "instances": [
        {
          "schema_version": 0,
          "attributes": {
            "arn": "arn:aws:iam::455436446709:role/EpRole150",
            "assume_role_policy": "{\"Statement\":[{\"Action\":\"sts:AssumeRole\",\"Effect\":\"Allow\",\"Principal\":{\"Service\":\"ec2.amazonaws.com\"}}],\"Version\":\"2012-10-17\"}",
            "create_date": "2022-10-13T14:07:08Z",
            "description": "",
            "force_detach_policies": false,
            "id": "EpRole150",
            "inline_policy": [],
            "managed_policy_arns": [],
            "max_session_duration": 3600,
            "name": "EpRole150",
            "name_prefix": "",
            "path": "/",
            "permissions_boundary": "arn:aws:iam::455436446709:policy/EPPolicy18",
            "tags": {
              "Name": ""
            },
            "tags_all": {
              "Name": ""
            },
            "unique_id": "AROAWUCRAVP2R3WF6MY3M"
          },
          "sensitive_attributes": [],
          "private": "bnVsbA==",
          "dependencies": [
            "aws_iam_policy.EPPolicy18",
            "time_sleep.wait_2_seconds"
          ]
        }
      ]
    },
    {
      "mode": "managed",
      "type": "aws_iam_role",
      "name": "iam_EpRole151",
      "provider": "provider[\"registry.terraform.io/hashicorp/aws\"]",
      "instances": [
        {
          "schema_version": 0,
          "attributes": {
            "arn": "arn:aws:iam::455436446709:role/EpRole151",
            "assume_role_policy": "{\"Statement\":[{\"Action\":\"sts:AssumeRole\",\"Effect\":\"Allow\",\"Principal\":{\"Service\":\"ec2.amazonaws.com\"}}],\"Version\":\"2012-10-17\"}",
            "create_date": "2022-10-13T14:06:58Z",
            "description": "",
            "force_detach_policies": false,
            "id": "EpRole151",
            "inline_policy": [],
            "managed_policy_arns": [],
            "max_session_duration": 3600,
            "name": "EpRole151",
            "name_prefix": "",
            "path": "/",
            "permissions_boundary": "arn:aws:iam::455436446709:policy/EPPolicy19",
            "tags": {
              "Name": ""
            },
            "tags_all": {
              "Name": ""
            },
            "unique_id": "AROAWUCRAVP2SHFA4PGM2"
          },
          "sensitive_attributes": [],
          "private": "bnVsbA==",
          "dependencies": [
            "aws_iam_policy.EPPolicy19",
            "time_sleep.wait_2_seconds"
          ]
        }
      ]
    },
    {
      "mode": "managed",
      "type": "aws_iam_role",
      "name": "iam_EpRole152",
      "provider": "provider[\"registry.terraform.io/hashicorp/aws\"]",
      "instances": [
        {
          "schema_version": 0,
          "attributes": {
            "arn": "arn:aws:iam::455436446709:role/EpRole152",
            "assume_role_policy": "{\"Statement\":[{\"Action\":\"sts:AssumeRole\",\"Effect\":\"Allow\",\"Principal\":{\"Service\":\"ec2.amazonaws.com\"}}],\"Version\":\"2012-10-17\"}",
            "create_date": "2022-10-13T14:07:00Z",
            "description": "",
            "force_detach_policies": false,
            "id": "EpRole152",
            "inline_policy": [],
            "managed_policy_arns": [],
            "max_session_duration": 3600,
            "name": "EpRole152",
            "name_prefix": "",
            "path": "/",
            "permissions_boundary": "arn:aws:iam::455436446709:policy/EPPolicy20",
            "tags": {
              "Name": ""
            },
            "tags_all": {
              "Name": ""
            },
            "unique_id": "AROAWUCRAVP22BTMG3F3W"
          },
          "sensitive_attributes": [],
          "private": "bnVsbA==",
          "dependencies": [
            "aws_iam_policy.EPPolicy20",
            "time_sleep.wait_2_seconds"
          ]
        }
      ]
    },
    {
      "mode": "managed",
      "type": "aws_iam_role",
      "name": "iam_EpRole153",
      "provider": "provider[\"registry.terraform.io/hashicorp/aws\"]",
      "instances": [
        {
          "schema_version": 0,
          "attributes": {
            "arn": "arn:aws:iam::455436446709:role/EpRole153",
            "assume_role_policy": "{\"Statement\":[{\"Action\":\"sts:AssumeRole\",\"Effect\":\"Allow\",\"Principal\":{\"Service\":\"ec2.amazonaws.com\"}}],\"Version\":\"2012-10-17\"}",
            "create_date": "2022-10-13T14:07:15Z",
            "description": "",
            "force_detach_policies": false,
            "id": "EpRole153",
            "inline_policy": [],
            "managed_policy_arns": [],
            "max_session_duration": 3600,
            "name": "EpRole153",
            "name_prefix": "",
            "path": "/",
            "permissions_boundary": "arn:aws:iam::455436446709:policy/EPPolicy21",
            "tags": {
              "Name": ""
            },
            "tags_all": {
              "Name": ""
            },
            "unique_id": "AROAWUCRAVP2364PXDPM3"
          },
          "sensitive_attributes": [],
          "private": "bnVsbA==",
          "dependencies": [
            "aws_iam_policy.EPPolicy21",
            "time_sleep.wait_2_seconds"
          ]
        }
      ]
    },
    {
      "mode": "managed",
      "type": "aws_iam_role",
      "name": "iam_EpRole154",
      "provider": "provider[\"registry.terraform.io/hashicorp/aws\"]",
      "instances": [
        {
          "schema_version": 0,
          "attributes": {
            "arn": "arn:aws:iam::455436446709:role/EpRole154",
            "assume_role_policy": "{\"Statement\":[{\"Action\":\"sts:AssumeRole\",\"Effect\":\"Allow\",\"Principal\":{\"Service\":\"ec2.amazonaws.com\"}}],\"Version\":\"2012-10-17\"}",
            "create_date": "2022-10-13T14:06:50Z",
            "description": "",
            "force_detach_policies": false,
            "id": "EpRole154",
            "inline_policy": [],
            "managed_policy_arns": [],
            "max_session_duration": 3600,
            "name": "EpRole154",
            "name_prefix": "",
            "path": "/",
            "permissions_boundary": "arn:aws:iam::455436446709:policy/EPPolicy22",
            "tags": {
              "Name": ""
            },
            "tags_all": {
              "Name": ""
            },
            "unique_id": "AROAWUCRAVP2S4KXWT377"
          },
          "sensitive_attributes": [],
          "private": "bnVsbA==",
          "dependencies": [
            "aws_iam_policy.EPPolicy22",
            "time_sleep.wait_2_seconds"
          ]
        }
      ]
    },
    {
      "mode": "managed",
      "type": "aws_iam_role",
      "name": "iam_EpRole155",
      "provider": "provider[\"registry.terraform.io/hashicorp/aws\"]",
      "instances": [
        {
          "schema_version": 0,
          "attributes": {
            "arn": "arn:aws:iam::455436446709:role/EpRole155",
            "assume_role_policy": "{\"Statement\":[{\"Action\":\"sts:AssumeRole\",\"Effect\":\"Allow\",\"Principal\":{\"Service\":\"ec2.amazonaws.com\"}}],\"Version\":\"2012-10-17\"}",
            "create_date": "2022-10-13T14:07:18Z",
            "description": "",
            "force_detach_policies": false,
            "id": "EpRole155",
            "inline_policy": [],
            "managed_policy_arns": [],
            "max_session_duration": 3600,
            "name": "EpRole155",
            "name_prefix": "",
            "path": "/",
            "permissions_boundary": "arn:aws:iam::455436446709:policy/EPPolicy31",
            "tags": {
              "Name": ""
            },
            "tags_all": {
              "Name": ""
            },
            "unique_id": "AROAWUCRAVP2QPBLWORGB"
          },
          "sensitive_attributes": [],
          "private": "bnVsbA==",
          "dependencies": [
            "aws_iam_policy.EPPolicy31",
            "time_sleep.wait_2_seconds"
          ]
        }
      ]
    },
    {
      "mode": "managed",
      "type": "aws_iam_role",
      "name": "iam_EpRole156",
      "provider": "provider[\"registry.terraform.io/hashicorp/aws\"]",
      "instances": [
        {
          "schema_version": 0,
          "attributes": {
            "arn": "arn:aws:iam::455436446709:role/EpRole156",
            "assume_role_policy": "{\"Statement\":[{\"Action\":\"sts:AssumeRole\",\"Effect\":\"Allow\",\"Principal\":{\"Service\":\"ec2.amazonaws.com\"}}],\"Version\":\"2012-10-17\"}",
            "create_date": "2022-10-13T14:06:52Z",
            "description": "",
            "force_detach_policies": false,
            "id": "EpRole156",
            "inline_policy": [],
            "managed_policy_arns": [],
            "max_session_duration": 3600,
            "name": "EpRole156",
            "name_prefix": "",
            "path": "/",
            "permissions_boundary": "arn:aws:iam::455436446709:policy/EPPolicy32",
            "tags": {
              "Name": ""
            },
            "tags_all": {
              "Name": ""
            },
            "unique_id": "AROAWUCRAVP23Z2X4ZXBY"
          },
          "sensitive_attributes": [],
          "private": "bnVsbA==",
          "dependencies": [
            "aws_iam_policy.EPPolicy32",
            "time_sleep.wait_2_seconds"
          ]
        }
      ]
    },
    {
      "mode": "managed",
      "type": "aws_iam_role",
      "name": "iam_EpRole157",
      "provider": "provider[\"registry.terraform.io/hashicorp/aws\"]",
      "instances": [
        {
          "schema_version": 0,
          "attributes": {
            "arn": "arn:aws:iam::455436446709:role/EpRole157",
            "assume_role_policy": "{\"Statement\":[{\"Action\":\"sts:AssumeRole\",\"Effect\":\"Allow\",\"Principal\":{\"Service\":\"ec2.amazonaws.com\"}}],\"Version\":\"2012-10-17\"}",
            "create_date": "2022-10-13T14:06:56Z",
            "description": "",
            "force_detach_policies": false,
            "id": "EpRole157",
            "inline_policy": [],
            "managed_policy_arns": [],
            "max_session_duration": 3600,
            "name": "EpRole157",
            "name_prefix": "",
            "path": "/",
            "permissions_boundary": "arn:aws:iam::455436446709:policy/EPPolicy10",
            "tags": {
              "Name": ""
            },
            "tags_all": {
              "Name": ""
            },
            "unique_id": "AROAWUCRAVP2TMNCZC7RQ"
          },
          "sensitive_attributes": [],
          "private": "bnVsbA==",
          "dependencies": [
            "aws_iam_policy.EPPolicy10",
            "time_sleep.wait_2_seconds"
          ]
        }
      ]
    },
    {
      "mode": "managed",
      "type": "aws_iam_role",
      "name": "iam_EpRole158",
      "provider": "provider[\"registry.terraform.io/hashicorp/aws\"]",
      "instances": [
        {
          "schema_version": 0,
          "attributes": {
            "arn": "arn:aws:iam::455436446709:role/EpRole158",
            "assume_role_policy": "{\"Statement\":[{\"Action\":\"sts:AssumeRole\",\"Effect\":\"Allow\",\"Principal\":{\"Service\":\"ec2.amazonaws.com\"}}],\"Version\":\"2012-10-17\"}",
            "create_date": "2022-10-13T14:07:21Z",
            "description": "",
            "force_detach_policies": false,
            "id": "EpRole158",
            "inline_policy": [],
            "managed_policy_arns": [],
            "max_session_duration": 3600,
            "name": "EpRole158",
            "name_prefix": "",
            "path": "/",
            "permissions_boundary": "arn:aws:iam::455436446709:policy/EPPolicy11",
            "tags": {
              "Name": ""
            },
            "tags_all": {
              "Name": ""
            },
            "unique_id": "AROAWUCRAVP2R27IOOYLO"
          },
          "sensitive_attributes": [],
          "private": "bnVsbA==",
          "dependencies": [
            "aws_iam_policy.EPPolicy11",
            "time_sleep.wait_2_seconds"
          ]
        }
      ]
    },
    {
      "mode": "managed",
      "type": "aws_iam_role",
      "name": "iam_EpRole159",
      "provider": "provider[\"registry.terraform.io/hashicorp/aws\"]",
      "instances": [
        {
          "schema_version": 0,
          "attributes": {
            "arn": "arn:aws:iam::455436446709:role/EpRole159",
            "assume_role_policy": "{\"Statement\":[{\"Action\":\"sts:AssumeRole\",\"Effect\":\"Allow\",\"Principal\":{\"Service\":\"ec2.amazonaws.com\"}}],\"Version\":\"2012-10-17\"}",
            "create_date": "2022-10-13T14:07:04Z",
            "description": "",
            "force_detach_policies": false,
            "id": "EpRole159",
            "inline_policy": [],
            "managed_policy_arns": [],
            "max_session_duration": 3600,
            "name": "EpRole159",
            "name_prefix": "",
            "path": "/",
            "permissions_boundary": "arn:aws:iam::455436446709:policy/EPPolicy12",
            "tags": {
              "Name": ""
            },
            "tags_all": {
              "Name": ""
            },
            "unique_id": "AROAWUCRAVP2UWRIV4UWF"
          },
          "sensitive_attributes": [],
          "private": "bnVsbA==",
          "dependencies": [
            "aws_iam_policy.EPPolicy12",
            "time_sleep.wait_2_seconds"
          ]
        }
      ]
    },
    {
      "mode": "managed",
      "type": "aws_iam_role",
      "name": "iam_EpRole16",
      "provider": "provider[\"registry.terraform.io/hashicorp/aws\"]",
      "instances": [
        {
          "schema_version": 0,
          "attributes": {
            "arn": "arn:aws:iam::455436446709:role/EpRole16",
            "assume_role_policy": "{\"Statement\":[{\"Action\":\"sts:AssumeRole\",\"Effect\":\"Allow\",\"Principal\":{\"Service\":\"ec2.amazonaws.com\"}}],\"Version\":\"2012-10-17\"}",
            "create_date": "2022-10-13T14:06:47Z",
            "description": "",
            "force_detach_policies": false,
            "id": "EpRole16",
            "inline_policy": [],
            "managed_policy_arns": [],
            "max_session_duration": 3600,
            "name": "EpRole16",
            "name_prefix": "",
            "path": "/",
            "permissions_boundary": "arn:aws:iam::455436446709:policy/EPPolicy17",
            "tags": {
              "Name": ""
            },
            "tags_all": {
              "Name": ""
            },
            "unique_id": "AROAWUCRAVP2YI56YBSRL"
          },
          "sensitive_attributes": [],
          "private": "bnVsbA==",
          "dependencies": [
            "aws_iam_policy.EPPolicy17",
            "time_sleep.wait_2_seconds"
          ]
        }
      ]
    },
    {
      "mode": "managed",
      "type": "aws_iam_role",
      "name": "iam_EpRole160",
      "provider": "provider[\"registry.terraform.io/hashicorp/aws\"]",
      "instances": [
        {
          "schema_version": 0,
          "attributes": {
            "arn": "arn:aws:iam::455436446709:role/EpRole160",
            "assume_role_policy": "{\"Statement\":[{\"Action\":\"sts:AssumeRole\",\"Effect\":\"Allow\",\"Principal\":{\"Service\":\"ec2.amazonaws.com\"}}],\"Version\":\"2012-10-17\"}",
            "create_date": "2022-10-13T14:06:44Z",
            "description": "",
            "force_detach_policies": false,
            "id": "EpRole160",
            "inline_policy": [],
            "managed_policy_arns": [],
            "max_session_duration": 3600,
            "name": "EpRole160",
            "name_prefix": "",
            "path": "/",
            "permissions_boundary": "arn:aws:iam::455436446709:policy/EPPolicy13",
            "tags": {
              "Name": ""
            },
            "tags_all": {
              "Name": ""
            },
            "unique_id": "AROAWUCRAVP2647OW2RUZ"
          },
          "sensitive_attributes": [],
          "private": "bnVsbA==",
          "dependencies": [
            "aws_iam_policy.EPPolicy13",
            "time_sleep.wait_2_seconds"
          ]
        }
      ]
    },
    {
      "mode": "managed",
      "type": "aws_iam_role",
      "name": "iam_EpRole161",
      "provider": "provider[\"registry.terraform.io/hashicorp/aws\"]",
      "instances": [
        {
          "schema_version": 0,
          "attributes": {
            "arn": "arn:aws:iam::455436446709:role/EpRole161",
            "assume_role_policy": "{\"Statement\":[{\"Action\":\"sts:AssumeRole\",\"Effect\":\"Allow\",\"Principal\":{\"Service\":\"ec2.amazonaws.com\"}}],\"Version\":\"2012-10-17\"}",
            "create_date": "2022-10-13T14:06:43Z",
            "description": "",
            "force_detach_policies": false,
            "id": "EpRole161",
            "inline_policy": [],
            "managed_policy_arns": [],
            "max_session_duration": 3600,
            "name": "EpRole161",
            "name_prefix": "",
            "path": "/",
            "permissions_boundary": "arn:aws:iam::455436446709:policy/EPPolicy14",
            "tags": {
              "Name": ""
            },
            "tags_all": {
              "Name": ""
            },
            "unique_id": "AROAWUCRAVP2WWEHQK5KG"
          },
          "sensitive_attributes": [],
          "private": "bnVsbA==",
          "dependencies": [
            "aws_iam_policy.EPPolicy14",
            "time_sleep.wait_2_seconds"
          ]
        }
      ]
    },
    {
      "mode": "managed",
      "type": "aws_iam_role",
      "name": "iam_EpRole162",
      "provider": "provider[\"registry.terraform.io/hashicorp/aws\"]",
      "instances": [
        {
          "schema_version": 0,
          "attributes": {
            "arn": "arn:aws:iam::455436446709:role/EpRole162",
            "assume_role_policy": "{\"Statement\":[{\"Action\":\"sts:AssumeRole\",\"Effect\":\"Allow\",\"Principal\":{\"Service\":\"ec2.amazonaws.com\"}}],\"Version\":\"2012-10-17\"}",
            "create_date": "2022-10-13T14:07:13Z",
            "description": "",
            "force_detach_policies": false,
            "id": "EpRole162",
            "inline_policy": [],
            "managed_policy_arns": [],
            "max_session_duration": 3600,
            "name": "EpRole162",
            "name_prefix": "",
            "path": "/",
            "permissions_boundary": "arn:aws:iam::455436446709:policy/EPPolicy15",
            "tags": {
              "Name": ""
            },
            "tags_all": {
              "Name": ""
            },
            "unique_id": "AROAWUCRAVP23JI4VWDCP"
          },
          "sensitive_attributes": [],
          "private": "bnVsbA==",
          "dependencies": [
            "aws_iam_policy.EPPolicy15",
            "time_sleep.wait_2_seconds"
          ]
        }
      ]
    },
    {
      "mode": "managed",
      "type": "aws_iam_role",
      "name": "iam_EpRole163",
      "provider": "provider[\"registry.terraform.io/hashicorp/aws\"]",
      "instances": [
        {
          "schema_version": 0,
          "attributes": {
            "arn": "arn:aws:iam::455436446709:role/EpRole163",
            "assume_role_policy": "{\"Statement\":[{\"Action\":\"sts:AssumeRole\",\"Effect\":\"Allow\",\"Principal\":{\"Service\":\"ec2.amazonaws.com\"}}],\"Version\":\"2012-10-17\"}",
            "create_date": "2022-10-13T14:07:05Z",
            "description": "",
            "force_detach_policies": false,
            "id": "EpRole163",
            "inline_policy": [],
            "managed_policy_arns": [],
            "max_session_duration": 3600,
            "name": "EpRole163",
            "name_prefix": "",
            "path": "/",
            "permissions_boundary": "arn:aws:iam::455436446709:policy/EPPolicy16",
            "tags": {
              "Name": ""
            },
            "tags_all": {
              "Name": ""
            },
            "unique_id": "AROAWUCRAVP2Z4WW2PRZR"
          },
          "sensitive_attributes": [],
          "private": "bnVsbA==",
          "dependencies": [
            "aws_iam_policy.EPPolicy16",
            "time_sleep.wait_2_seconds"
          ]
        }
      ]
    },
    {
      "mode": "managed",
      "type": "aws_iam_role",
      "name": "iam_EpRole164",
      "provider": "provider[\"registry.terraform.io/hashicorp/aws\"]",
      "instances": [
        {
          "schema_version": 0,
          "attributes": {
            "arn": "arn:aws:iam::455436446709:role/EpRole164",
            "assume_role_policy": "{\"Statement\":[{\"Action\":\"sts:AssumeRole\",\"Effect\":\"Allow\",\"Principal\":{\"Service\":\"ec2.amazonaws.com\"}}],\"Version\":\"2012-10-17\"}",
            "create_date": "2022-10-13T14:06:47Z",
            "description": "",
            "force_detach_policies": false,
            "id": "EpRole164",
            "inline_policy": [],
            "managed_policy_arns": [],
            "max_session_duration": 3600,
            "name": "EpRole164",
            "name_prefix": "",
            "path": "/",
            "permissions_boundary": "arn:aws:iam::455436446709:policy/EPPolicy17",
            "tags": {
              "Name": ""
            },
            "tags_all": {
              "Name": ""
            },
            "unique_id": "AROAWUCRAVP2RWRIDTQBN"
          },
          "sensitive_attributes": [],
          "private": "bnVsbA==",
          "dependencies": [
            "aws_iam_policy.EPPolicy17",
            "time_sleep.wait_2_seconds"
          ]
        }
      ]
    },
    {
      "mode": "managed",
      "type": "aws_iam_role",
      "name": "iam_EpRole165",
      "provider": "provider[\"registry.terraform.io/hashicorp/aws\"]",
      "instances": [
        {
          "schema_version": 0,
          "attributes": {
            "arn": "arn:aws:iam::455436446709:role/EpRole165",
            "assume_role_policy": "{\"Statement\":[{\"Action\":\"sts:AssumeRole\",\"Effect\":\"Allow\",\"Principal\":{\"Service\":\"ec2.amazonaws.com\"}}],\"Version\":\"2012-10-17\"}",
            "create_date": "2022-10-13T14:07:09Z",
            "description": "",
            "force_detach_policies": false,
            "id": "EpRole165",
            "inline_policy": [],
            "managed_policy_arns": [],
            "max_session_duration": 3600,
            "name": "EpRole165",
            "name_prefix": "",
            "path": "/",
            "permissions_boundary": "arn:aws:iam::455436446709:policy/EPPolicy18",
            "tags": {
              "Name": ""
            },
            "tags_all": {
              "Name": ""
            },
            "unique_id": "AROAWUCRAVP2WASTMAPN2"
          },
          "sensitive_attributes": [],
          "private": "bnVsbA==",
          "dependencies": [
            "aws_iam_policy.EPPolicy18",
            "time_sleep.wait_2_seconds"
          ]
        }
      ]
    },
    {
      "mode": "managed",
      "type": "aws_iam_role",
      "name": "iam_EpRole166",
      "provider": "provider[\"registry.terraform.io/hashicorp/aws\"]",
      "instances": [
        {
          "schema_version": 0,
          "attributes": {
            "arn": "arn:aws:iam::455436446709:role/EpRole166",
            "assume_role_policy": "{\"Statement\":[{\"Action\":\"sts:AssumeRole\",\"Effect\":\"Allow\",\"Principal\":{\"Service\":\"ec2.amazonaws.com\"}}],\"Version\":\"2012-10-17\"}",
            "create_date": "2022-10-13T14:06:56Z",
            "description": "",
            "force_detach_policies": false,
            "id": "EpRole166",
            "inline_policy": [],
            "managed_policy_arns": [],
            "max_session_duration": 3600,
            "name": "EpRole166",
            "name_prefix": "",
            "path": "/",
            "permissions_boundary": "arn:aws:iam::455436446709:policy/EPPolicy19",
            "tags": {
              "Name": ""
            },
            "tags_all": {
              "Name": ""
            },
            "unique_id": "AROAWUCRAVP2ZGCR5PYBB"
          },
          "sensitive_attributes": [],
          "private": "bnVsbA==",
          "dependencies": [
            "aws_iam_policy.EPPolicy19",
            "time_sleep.wait_2_seconds"
          ]
        }
      ]
    },
    {
      "mode": "managed",
      "type": "aws_iam_role",
      "name": "iam_EpRole167",
      "provider": "provider[\"registry.terraform.io/hashicorp/aws\"]",
      "instances": [
        {
          "schema_version": 0,
          "attributes": {
            "arn": "arn:aws:iam::455436446709:role/EpRole167",
            "assume_role_policy": "{\"Statement\":[{\"Action\":\"sts:AssumeRole\",\"Effect\":\"Allow\",\"Principal\":{\"Service\":\"ec2.amazonaws.com\"}}],\"Version\":\"2012-10-17\"}",
            "create_date": "2022-10-13T14:07:01Z",
            "description": "",
            "force_detach_policies": false,
            "id": "EpRole167",
            "inline_policy": [],
            "managed_policy_arns": [],
            "max_session_duration": 3600,
            "name": "EpRole167",
            "name_prefix": "",
            "path": "/",
            "permissions_boundary": "arn:aws:iam::455436446709:policy/EPPolicy20",
            "tags": {
              "Name": ""
            },
            "tags_all": {
              "Name": ""
            },
            "unique_id": "AROAWUCRAVP2TRWTM4KMT"
          },
          "sensitive_attributes": [],
          "private": "bnVsbA==",
          "dependencies": [
            "aws_iam_policy.EPPolicy20",
            "time_sleep.wait_2_seconds"
          ]
        }
      ]
    },
    {
      "mode": "managed",
      "type": "aws_iam_role",
      "name": "iam_EpRole168",
      "provider": "provider[\"registry.terraform.io/hashicorp/aws\"]",
      "instances": [
        {
          "schema_version": 0,
          "attributes": {
            "arn": "arn:aws:iam::455436446709:role/EpRole168",
            "assume_role_policy": "{\"Statement\":[{\"Action\":\"sts:AssumeRole\",\"Effect\":\"Allow\",\"Principal\":{\"Service\":\"ec2.amazonaws.com\"}}],\"Version\":\"2012-10-17\"}",
            "create_date": "2022-10-13T14:07:15Z",
            "description": "",
            "force_detach_policies": false,
            "id": "EpRole168",
            "inline_policy": [],
            "managed_policy_arns": [],
            "max_session_duration": 3600,
            "name": "EpRole168",
            "name_prefix": "",
            "path": "/",
            "permissions_boundary": "arn:aws:iam::455436446709:policy/EPPolicy21",
            "tags": {
              "Name": ""
            },
            "tags_all": {
              "Name": ""
            },
            "unique_id": "AROAWUCRAVP2TZUFIYXPL"
          },
          "sensitive_attributes": [],
          "private": "bnVsbA==",
          "dependencies": [
            "aws_iam_policy.EPPolicy21",
            "time_sleep.wait_2_seconds"
          ]
        }
      ]
    },
    {
      "mode": "managed",
      "type": "aws_iam_role",
      "name": "iam_EpRole169",
      "provider": "provider[\"registry.terraform.io/hashicorp/aws\"]",
      "instances": [
        {
          "schema_version": 0,
          "attributes": {
            "arn": "arn:aws:iam::455436446709:role/EpRole169",
            "assume_role_policy": "{\"Statement\":[{\"Action\":\"sts:AssumeRole\",\"Effect\":\"Allow\",\"Principal\":{\"Service\":\"ec2.amazonaws.com\"}}],\"Version\":\"2012-10-17\"}",
            "create_date": "2022-10-13T14:06:52Z",
            "description": "",
            "force_detach_policies": false,
            "id": "EpRole169",
            "inline_policy": [],
            "managed_policy_arns": [],
            "max_session_duration": 3600,
            "name": "EpRole169",
            "name_prefix": "",
            "path": "/",
            "permissions_boundary": "arn:aws:iam::455436446709:policy/EPPolicy22",
            "tags": {
              "Name": ""
            },
            "tags_all": {
              "Name": ""
            },
            "unique_id": "AROAWUCRAVP24KVOXLP2W"
          },
          "sensitive_attributes": [],
          "private": "bnVsbA==",
          "dependencies": [
            "aws_iam_policy.EPPolicy22",
            "time_sleep.wait_2_seconds"
          ]
        }
      ]
    },
    {
      "mode": "managed",
      "type": "aws_iam_role",
      "name": "iam_EpRole17",
      "provider": "provider[\"registry.terraform.io/hashicorp/aws\"]",
      "instances": [
        {
          "schema_version": 0,
          "attributes": {
            "arn": "arn:aws:iam::455436446709:role/EpRole17",
            "assume_role_policy": "{\"Statement\":[{\"Action\":\"sts:AssumeRole\",\"Effect\":\"Allow\",\"Principal\":{\"Service\":\"ec2.amazonaws.com\"}}],\"Version\":\"2012-10-17\"}",
            "create_date": "2022-10-13T14:07:07Z",
            "description": "",
            "force_detach_policies": false,
            "id": "EpRole17",
            "inline_policy": [],
            "managed_policy_arns": [],
            "max_session_duration": 3600,
            "name": "EpRole17",
            "name_prefix": "",
            "path": "/",
            "permissions_boundary": "arn:aws:iam::455436446709:policy/EPPolicy18",
            "tags": {
              "Name": ""
            },
            "tags_all": {
              "Name": ""
            },
            "unique_id": "AROAWUCRAVP25K7VUT2BM"
          },
          "sensitive_attributes": [],
          "private": "bnVsbA==",
          "dependencies": [
            "aws_iam_policy.EPPolicy18",
            "time_sleep.wait_2_seconds"
          ]
        }
      ]
    },
    {
      "mode": "managed",
      "type": "aws_iam_role",
      "name": "iam_EpRole170",
      "provider": "provider[\"registry.terraform.io/hashicorp/aws\"]",
      "instances": [
        {
          "schema_version": 0,
          "attributes": {
            "arn": "arn:aws:iam::455436446709:role/EpRole170",
            "assume_role_policy": "{\"Statement\":[{\"Action\":\"sts:AssumeRole\",\"Effect\":\"Allow\",\"Principal\":{\"Service\":\"ec2.amazonaws.com\"}}],\"Version\":\"2012-10-17\"}",
            "create_date": "2022-10-13T14:07:19Z",
            "description": "",
            "force_detach_policies": false,
            "id": "EpRole170",
            "inline_policy": [],
            "managed_policy_arns": [],
            "max_session_duration": 3600,
            "name": "EpRole170",
            "name_prefix": "",
            "path": "/",
            "permissions_boundary": "arn:aws:iam::455436446709:policy/EPPolicy31",
            "tags": {
              "Name": ""
            },
            "tags_all": {
              "Name": ""
            },
            "unique_id": "AROAWUCRAVP225ACOWVES"
          },
          "sensitive_attributes": [],
          "private": "bnVsbA==",
          "dependencies": [
            "aws_iam_policy.EPPolicy31",
            "time_sleep.wait_2_seconds"
          ]
        }
      ]
    },
    {
      "mode": "managed",
      "type": "aws_iam_role",
      "name": "iam_EpRole171",
      "provider": "provider[\"registry.terraform.io/hashicorp/aws\"]",
      "instances": [
        {
          "schema_version": 0,
          "attributes": {
            "arn": "arn:aws:iam::455436446709:role/EpRole171",
            "assume_role_policy": "{\"Statement\":[{\"Action\":\"sts:AssumeRole\",\"Effect\":\"Allow\",\"Principal\":{\"Service\":\"ec2.amazonaws.com\"}}],\"Version\":\"2012-10-17\"}",
            "create_date": "2022-10-13T14:06:53Z",
            "description": "",
            "force_detach_policies": false,
            "id": "EpRole171",
            "inline_policy": [],
            "managed_policy_arns": [],
            "max_session_duration": 3600,
            "name": "EpRole171",
            "name_prefix": "",
            "path": "/",
            "permissions_boundary": "arn:aws:iam::455436446709:policy/EPPolicy32",
            "tags": {
              "Name": ""
            },
            "tags_all": {
              "Name": ""
            },
            "unique_id": "AROAWUCRAVP2UXKONH3A5"
          },
          "sensitive_attributes": [],
          "private": "bnVsbA==",
          "dependencies": [
            "aws_iam_policy.EPPolicy32",
            "time_sleep.wait_2_seconds"
          ]
        }
      ]
    },
    {
      "mode": "managed",
      "type": "aws_iam_role",
      "name": "iam_EpRole172",
      "provider": "provider[\"registry.terraform.io/hashicorp/aws\"]",
      "instances": [
        {
          "schema_version": 0,
          "attributes": {
            "arn": "arn:aws:iam::455436446709:role/EpRole172",
            "assume_role_policy": "{\"Statement\":[{\"Action\":\"sts:AssumeRole\",\"Effect\":\"Allow\",\"Principal\":{\"Service\":\"ec2.amazonaws.com\"}}],\"Version\":\"2012-10-17\"}",
            "create_date": "2022-10-13T14:07:22Z",
            "description": "",
            "force_detach_policies": false,
            "id": "EpRole172",
            "inline_policy": [],
            "managed_policy_arns": [],
            "max_session_duration": 3600,
            "name": "EpRole172",
            "name_prefix": "",
            "path": "/",
            "permissions_boundary": "arn:aws:iam::455436446709:policy/EPPolicy11",
            "tags": {
              "Name": ""
            },
            "tags_all": {
              "Name": ""
            },
            "unique_id": "AROAWUCRAVP26Y3FZSSRY"
          },
          "sensitive_attributes": [],
          "private": "bnVsbA==",
          "dependencies": [
            "aws_iam_policy.EPPolicy11",
            "time_sleep.wait_2_seconds"
          ]
        }
      ]
    },
    {
      "mode": "managed",
      "type": "aws_iam_role",
      "name": "iam_EpRole173",
      "provider": "provider[\"registry.terraform.io/hashicorp/aws\"]",
      "instances": [
        {
          "schema_version": 0,
          "attributes": {
            "arn": "arn:aws:iam::455436446709:role/EpRole173",
            "assume_role_policy": "{\"Statement\":[{\"Action\":\"sts:AssumeRole\",\"Effect\":\"Allow\",\"Principal\":{\"Service\":\"ec2.amazonaws.com\"}}],\"Version\":\"2012-10-17\"}",
            "create_date": "2022-10-13T14:07:04Z",
            "description": "",
            "force_detach_policies": false,
            "id": "EpRole173",
            "inline_policy": [],
            "managed_policy_arns": [],
            "max_session_duration": 3600,
            "name": "EpRole173",
            "name_prefix": "",
            "path": "/",
            "permissions_boundary": "arn:aws:iam::455436446709:policy/EPPolicy12",
            "tags": {
              "Name": ""
            },
            "tags_all": {
              "Name": ""
            },
            "unique_id": "AROAWUCRAVP2TDEZQI3EG"
          },
          "sensitive_attributes": [],
          "private": "bnVsbA==",
          "dependencies": [
            "aws_iam_policy.EPPolicy12",
            "time_sleep.wait_2_seconds"
          ]
        }
      ]
    },
    {
      "mode": "managed",
      "type": "aws_iam_role",
      "name": "iam_EpRole174",
      "provider": "provider[\"registry.terraform.io/hashicorp/aws\"]",
      "instances": [
        {
          "schema_version": 0,
          "attributes": {
            "arn": "arn:aws:iam::455436446709:role/EpRole174",
            "assume_role_policy": "{\"Statement\":[{\"Action\":\"sts:AssumeRole\",\"Effect\":\"Allow\",\"Principal\":{\"Service\":\"ec2.amazonaws.com\"}}],\"Version\":\"2012-10-17\"}",
            "create_date": "2022-10-13T14:06:46Z",
            "description": "",
            "force_detach_policies": false,
            "id": "EpRole174",
            "inline_policy": [],
            "managed_policy_arns": [],
            "max_session_duration": 3600,
            "name": "EpRole174",
            "name_prefix": "",
            "path": "/",
            "permissions_boundary": "arn:aws:iam::455436446709:policy/EPPolicy13",
            "tags": {
              "Name": ""
            },
            "tags_all": {
              "Name": ""
            },
            "unique_id": "AROAWUCRAVP2QU44CA6NB"
          },
          "sensitive_attributes": [],
          "private": "bnVsbA==",
          "dependencies": [
            "aws_iam_policy.EPPolicy13",
            "time_sleep.wait_2_seconds"
          ]
        }
      ]
    },
    {
      "mode": "managed",
      "type": "aws_iam_role",
      "name": "iam_EpRole175",
      "provider": "provider[\"registry.terraform.io/hashicorp/aws\"]",
      "instances": [
        {
          "schema_version": 0,
          "attributes": {
            "arn": "arn:aws:iam::455436446709:role/EpRole175",
            "assume_role_policy": "{\"Statement\":[{\"Action\":\"sts:AssumeRole\",\"Effect\":\"Allow\",\"Principal\":{\"Service\":\"ec2.amazonaws.com\"}}],\"Version\":\"2012-10-17\"}",
            "create_date": "2022-10-13T14:06:43Z",
            "description": "",
            "force_detach_policies": false,
            "id": "EpRole175",
            "inline_policy": [],
            "managed_policy_arns": [],
            "max_session_duration": 3600,
            "name": "EpRole175",
            "name_prefix": "",
            "path": "/",
            "permissions_boundary": "arn:aws:iam::455436446709:policy/EPPolicy14",
            "tags": {
              "Name": ""
            },
            "tags_all": {
              "Name": ""
            },
            "unique_id": "AROAWUCRAVP2TKKXO25T3"
          },
          "sensitive_attributes": [],
          "private": "bnVsbA==",
          "dependencies": [
            "aws_iam_policy.EPPolicy14",
            "time_sleep.wait_2_seconds"
          ]
        }
      ]
    },
    {
      "mode": "managed",
      "type": "aws_iam_role",
      "name": "iam_EpRole176",
      "provider": "provider[\"registry.terraform.io/hashicorp/aws\"]",
      "instances": [
        {
          "schema_version": 0,
          "attributes": {
            "arn": "arn:aws:iam::455436446709:role/EpRole176",
            "assume_role_policy": "{\"Statement\":[{\"Action\":\"sts:AssumeRole\",\"Effect\":\"Allow\",\"Principal\":{\"Service\":\"ec2.amazonaws.com\"}}],\"Version\":\"2012-10-17\"}",
            "create_date": "2022-10-13T14:07:13Z",
            "description": "",
            "force_detach_policies": false,
            "id": "EpRole176",
            "inline_policy": [],
            "managed_policy_arns": [],
            "max_session_duration": 3600,
            "name": "EpRole176",
            "name_prefix": "",
            "path": "/",
            "permissions_boundary": "arn:aws:iam::455436446709:policy/EPPolicy15",
            "tags": {
              "Name": ""
            },
            "tags_all": {
              "Name": ""
            },
            "unique_id": "AROAWUCRAVP2TGQKNTURE"
          },
          "sensitive_attributes": [],
          "private": "bnVsbA==",
          "dependencies": [
            "aws_iam_policy.EPPolicy15",
            "time_sleep.wait_2_seconds"
          ]
        }
      ]
    },
    {
      "mode": "managed",
      "type": "aws_iam_role",
      "name": "iam_EpRole177",
      "provider": "provider[\"registry.terraform.io/hashicorp/aws\"]",
      "instances": [
        {
          "schema_version": 0,
          "attributes": {
            "arn": "arn:aws:iam::455436446709:role/EpRole177",
            "assume_role_policy": "{\"Statement\":[{\"Action\":\"sts:AssumeRole\",\"Effect\":\"Allow\",\"Principal\":{\"Service\":\"ec2.amazonaws.com\"}}],\"Version\":\"2012-10-17\"}",
            "create_date": "2022-10-13T14:07:05Z",
            "description": "",
            "force_detach_policies": false,
            "id": "EpRole177",
            "inline_policy": [],
            "managed_policy_arns": [],
            "max_session_duration": 3600,
            "name": "EpRole177",
            "name_prefix": "",
            "path": "/",
            "permissions_boundary": "arn:aws:iam::455436446709:policy/EPPolicy16",
            "tags": {
              "Name": ""
            },
            "tags_all": {
              "Name": ""
            },
            "unique_id": "AROAWUCRAVP2SVFHDOSXO"
          },
          "sensitive_attributes": [],
          "private": "bnVsbA==",
          "dependencies": [
            "aws_iam_policy.EPPolicy16",
            "time_sleep.wait_2_seconds"
          ]
        }
      ]
    },
    {
      "mode": "managed",
      "type": "aws_iam_role",
      "name": "iam_EpRole178",
      "provider": "provider[\"registry.terraform.io/hashicorp/aws\"]",
      "instances": [
        {
          "schema_version": 0,
          "attributes": {
            "arn": "arn:aws:iam::455436446709:role/EpRole178",
            "assume_role_policy": "{\"Statement\":[{\"Action\":\"sts:AssumeRole\",\"Effect\":\"Allow\",\"Principal\":{\"Service\":\"ec2.amazonaws.com\"}}],\"Version\":\"2012-10-17\"}",
            "create_date": "2022-10-13T14:06:47Z",
            "description": "",
            "force_detach_policies": false,
            "id": "EpRole178",
            "inline_policy": [],
            "managed_policy_arns": [],
            "max_session_duration": 3600,
            "name": "EpRole178",
            "name_prefix": "",
            "path": "/",
            "permissions_boundary": "arn:aws:iam::455436446709:policy/EPPolicy17",
            "tags": {
              "Name": ""
            },
            "tags_all": {
              "Name": ""
            },
            "unique_id": "AROAWUCRAVP2ZO43BB7YX"
          },
          "sensitive_attributes": [],
          "private": "bnVsbA==",
          "dependencies": [
            "aws_iam_policy.EPPolicy17",
            "time_sleep.wait_2_seconds"
          ]
        }
      ]
    },
    {
      "mode": "managed",
      "type": "aws_iam_role",
      "name": "iam_EpRole179",
      "provider": "provider[\"registry.terraform.io/hashicorp/aws\"]",
      "instances": [
        {
          "schema_version": 0,
          "attributes": {
            "arn": "arn:aws:iam::455436446709:role/EpRole179",
            "assume_role_policy": "{\"Statement\":[{\"Action\":\"sts:AssumeRole\",\"Effect\":\"Allow\",\"Principal\":{\"Service\":\"ec2.amazonaws.com\"}}],\"Version\":\"2012-10-17\"}",
            "create_date": "2022-10-13T14:07:08Z",
            "description": "",
            "force_detach_policies": false,
            "id": "EpRole179",
            "inline_policy": [],
            "managed_policy_arns": [],
            "max_session_duration": 3600,
            "name": "EpRole179",
            "name_prefix": "",
            "path": "/",
            "permissions_boundary": "arn:aws:iam::455436446709:policy/EPPolicy18",
            "tags": {
              "Name": ""
            },
            "tags_all": {
              "Name": ""
            },
            "unique_id": "AROAWUCRAVP23EOILHVUC"
          },
          "sensitive_attributes": [],
          "private": "bnVsbA==",
          "dependencies": [
            "aws_iam_policy.EPPolicy18",
            "time_sleep.wait_2_seconds"
          ]
        }
      ]
    },
    {
      "mode": "managed",
      "type": "aws_iam_role",
      "name": "iam_EpRole18",
      "provider": "provider[\"registry.terraform.io/hashicorp/aws\"]",
      "instances": [
        {
          "schema_version": 0,
          "attributes": {
            "arn": "arn:aws:iam::455436446709:role/EpRole18",
            "assume_role_policy": "{\"Statement\":[{\"Action\":\"sts:AssumeRole\",\"Effect\":\"Allow\",\"Principal\":{\"Service\":\"ec2.amazonaws.com\"}}],\"Version\":\"2012-10-17\"}",
            "create_date": "2022-10-13T14:06:57Z",
            "description": "",
            "force_detach_policies": false,
            "id": "EpRole18",
            "inline_policy": [],
            "managed_policy_arns": [],
            "max_session_duration": 3600,
            "name": "EpRole18",
            "name_prefix": "",
            "path": "/",
            "permissions_boundary": "arn:aws:iam::455436446709:policy/EPPolicy19",
            "tags": {
              "Name": ""
            },
            "tags_all": {
              "Name": ""
            },
            "unique_id": "AROAWUCRAVP2SOU5QDZCR"
          },
          "sensitive_attributes": [],
          "private": "bnVsbA==",
          "dependencies": [
            "aws_iam_policy.EPPolicy19",
            "time_sleep.wait_2_seconds"
          ]
        }
      ]
    },
    {
      "mode": "managed",
      "type": "aws_iam_role",
      "name": "iam_EpRole180",
      "provider": "provider[\"registry.terraform.io/hashicorp/aws\"]",
      "instances": [
        {
          "schema_version": 0,
          "attributes": {
            "arn": "arn:aws:iam::455436446709:role/EpRole180",
            "assume_role_policy": "{\"Statement\":[{\"Action\":\"sts:AssumeRole\",\"Effect\":\"Allow\",\"Principal\":{\"Service\":\"ec2.amazonaws.com\"}}],\"Version\":\"2012-10-17\"}",
            "create_date": "2022-10-13T14:06:58Z",
            "description": "",
            "force_detach_policies": false,
            "id": "EpRole180",
            "inline_policy": [],
            "managed_policy_arns": [],
            "max_session_duration": 3600,
            "name": "EpRole180",
            "name_prefix": "",
            "path": "/",
            "permissions_boundary": "arn:aws:iam::455436446709:policy/EPPolicy19",
            "tags": {
              "Name": ""
            },
            "tags_all": {
              "Name": ""
            },
            "unique_id": "AROAWUCRAVP2RXBDNZWEH"
          },
          "sensitive_attributes": [],
          "private": "bnVsbA==",
          "dependencies": [
            "aws_iam_policy.EPPolicy19",
            "time_sleep.wait_2_seconds"
          ]
        }
      ]
    },
    {
      "mode": "managed",
      "type": "aws_iam_role",
      "name": "iam_EpRole181",
      "provider": "provider[\"registry.terraform.io/hashicorp/aws\"]",
      "instances": [
        {
          "schema_version": 0,
          "attributes": {
            "arn": "arn:aws:iam::455436446709:role/EpRole181",
            "assume_role_policy": "{\"Statement\":[{\"Action\":\"sts:AssumeRole\",\"Effect\":\"Allow\",\"Principal\":{\"Service\":\"ec2.amazonaws.com\"}}],\"Version\":\"2012-10-17\"}",
            "create_date": "2022-10-13T14:07:01Z",
            "description": "",
            "force_detach_policies": false,
            "id": "EpRole181",
            "inline_policy": [],
            "managed_policy_arns": [],
            "max_session_duration": 3600,
            "name": "EpRole181",
            "name_prefix": "",
            "path": "/",
            "permissions_boundary": "arn:aws:iam::455436446709:policy/EPPolicy20",
            "tags": {
              "Name": ""
            },
            "tags_all": {
              "Name": ""
            },
            "unique_id": "AROAWUCRAVP245CMNKARU"
          },
          "sensitive_attributes": [],
          "private": "bnVsbA==",
          "dependencies": [
            "aws_iam_policy.EPPolicy20",
            "time_sleep.wait_2_seconds"
          ]
        }
      ]
    },
    {
      "mode": "managed",
      "type": "aws_iam_role",
      "name": "iam_EpRole182",
      "provider": "provider[\"registry.terraform.io/hashicorp/aws\"]",
      "instances": [
        {
          "schema_version": 0,
          "attributes": {
            "arn": "arn:aws:iam::455436446709:role/EpRole182",
            "assume_role_policy": "{\"Statement\":[{\"Action\":\"sts:AssumeRole\",\"Effect\":\"Allow\",\"Principal\":{\"Service\":\"ec2.amazonaws.com\"}}],\"Version\":\"2012-10-17\"}",
            "create_date": "2022-10-13T14:07:14Z",
            "description": "",
            "force_detach_policies": false,
            "id": "EpRole182",
            "inline_policy": [],
            "managed_policy_arns": [],
            "max_session_duration": 3600,
            "name": "EpRole182",
            "name_prefix": "",
            "path": "/",
            "permissions_boundary": "arn:aws:iam::455436446709:policy/EPPolicy21",
            "tags": {
              "Name": ""
            },
            "tags_all": {
              "Name": ""
            },
            "unique_id": "AROAWUCRAVP2U4XLZFU4Y"
          },
          "sensitive_attributes": [],
          "private": "bnVsbA==",
          "dependencies": [
            "aws_iam_policy.EPPolicy21",
            "time_sleep.wait_2_seconds"
          ]
        }
      ]
    },
    {
      "mode": "managed",
      "type": "aws_iam_role",
      "name": "iam_EpRole183",
      "provider": "provider[\"registry.terraform.io/hashicorp/aws\"]",
      "instances": [
        {
          "schema_version": 0,
          "attributes": {
            "arn": "arn:aws:iam::455436446709:role/EpRole183",
            "assume_role_policy": "{\"Statement\":[{\"Action\":\"sts:AssumeRole\",\"Effect\":\"Allow\",\"Principal\":{\"Service\":\"ec2.amazonaws.com\"}}],\"Version\":\"2012-10-17\"}",
            "create_date": "2022-10-13T14:06:51Z",
            "description": "",
            "force_detach_policies": false,
            "id": "EpRole183",
            "inline_policy": [],
            "managed_policy_arns": [],
            "max_session_duration": 3600,
            "name": "EpRole183",
            "name_prefix": "",
            "path": "/",
            "permissions_boundary": "arn:aws:iam::455436446709:policy/EPPolicy22",
            "tags": {
              "Name": ""
            },
            "tags_all": {
              "Name": ""
            },
            "unique_id": "AROAWUCRAVP2W7PZVDTOP"
          },
          "sensitive_attributes": [],
          "private": "bnVsbA==",
          "dependencies": [
            "aws_iam_policy.EPPolicy22",
            "time_sleep.wait_2_seconds"
          ]
        }
      ]
    },
    {
      "mode": "managed",
      "type": "aws_iam_role",
      "name": "iam_EpRole184",
      "provider": "provider[\"registry.terraform.io/hashicorp/aws\"]",
      "instances": [
        {
          "schema_version": 0,
          "attributes": {
            "arn": "arn:aws:iam::455436446709:role/EpRole184",
            "assume_role_policy": "{\"Statement\":[{\"Action\":\"sts:AssumeRole\",\"Effect\":\"Allow\",\"Principal\":{\"Service\":\"ec2.amazonaws.com\"}}],\"Version\":\"2012-10-17\"}",
            "create_date": "2022-10-13T14:07:18Z",
            "description": "",
            "force_detach_policies": false,
            "id": "EpRole184",
            "inline_policy": [],
            "managed_policy_arns": [],
            "max_session_duration": 3600,
            "name": "EpRole184",
            "name_prefix": "",
            "path": "/",
            "permissions_boundary": "arn:aws:iam::455436446709:policy/EPPolicy31",
            "tags": {
              "Name": ""
            },
            "tags_all": {
              "Name": ""
            },
            "unique_id": "AROAWUCRAVP2WFQJ7U2EQ"
          },
          "sensitive_attributes": [],
          "private": "bnVsbA==",
          "dependencies": [
            "aws_iam_policy.EPPolicy31",
            "time_sleep.wait_2_seconds"
          ]
        }
      ]
    },
    {
      "mode": "managed",
      "type": "aws_iam_role",
      "name": "iam_EpRole185",
      "provider": "provider[\"registry.terraform.io/hashicorp/aws\"]",
      "instances": [
        {
          "schema_version": 0,
          "attributes": {
            "arn": "arn:aws:iam::455436446709:role/EpRole185",
            "assume_role_policy": "{\"Statement\":[{\"Action\":\"sts:AssumeRole\",\"Effect\":\"Allow\",\"Principal\":{\"Service\":\"ec2.amazonaws.com\"}}],\"Version\":\"2012-10-17\"}",
            "create_date": "2022-10-13T14:06:53Z",
            "description": "",
            "force_detach_policies": false,
            "id": "EpRole185",
            "inline_policy": [],
            "managed_policy_arns": [],
            "max_session_duration": 3600,
            "name": "EpRole185",
            "name_prefix": "",
            "path": "/",
            "permissions_boundary": "arn:aws:iam::455436446709:policy/EPPolicy32",
            "tags": {
              "Name": ""
            },
            "tags_all": {
              "Name": ""
            },
            "unique_id": "AROAWUCRAVP2YJFJ4P7D3"
          },
          "sensitive_attributes": [],
          "private": "bnVsbA==",
          "dependencies": [
            "aws_iam_policy.EPPolicy32",
            "time_sleep.wait_2_seconds"
          ]
        }
      ]
    },
    {
      "mode": "managed",
      "type": "aws_iam_role",
      "name": "iam_EpRole186",
      "provider": "provider[\"registry.terraform.io/hashicorp/aws\"]",
      "instances": [
        {
          "schema_version": 0,
          "attributes": {
            "arn": "arn:aws:iam::455436446709:role/EpRole186",
            "assume_role_policy": "{\"Statement\":[{\"Action\":\"sts:AssumeRole\",\"Effect\":\"Allow\",\"Principal\":{\"Service\":\"ec2.amazonaws.com\"}}],\"Version\":\"2012-10-17\"}",
            "create_date": "2022-10-13T14:07:04Z",
            "description": "",
            "force_detach_policies": false,
            "id": "EpRole186",
            "inline_policy": [],
            "managed_policy_arns": [],
            "max_session_duration": 3600,
            "name": "EpRole186",
            "name_prefix": "",
            "path": "/",
            "permissions_boundary": "arn:aws:iam::455436446709:policy/EPPolicy12",
            "tags": {
              "Name": ""
            },
            "tags_all": {
              "Name": ""
            },
            "unique_id": "AROAWUCRAVP2ZSYNKEKFG"
          },
          "sensitive_attributes": [],
          "private": "bnVsbA==",
          "dependencies": [
            "aws_iam_policy.EPPolicy12",
            "time_sleep.wait_2_seconds"
          ]
        }
      ]
    },
    {
      "mode": "managed",
      "type": "aws_iam_role",
      "name": "iam_EpRole187",
      "provider": "provider[\"registry.terraform.io/hashicorp/aws\"]",
      "instances": [
        {
          "schema_version": 0,
          "attributes": {
            "arn": "arn:aws:iam::455436446709:role/EpRole187",
            "assume_role_policy": "{\"Statement\":[{\"Action\":\"sts:AssumeRole\",\"Effect\":\"Allow\",\"Principal\":{\"Service\":\"ec2.amazonaws.com\"}}],\"Version\":\"2012-10-17\"}",
            "create_date": "2022-10-13T14:06:46Z",
            "description": "",
            "force_detach_policies": false,
            "id": "EpRole187",
            "inline_policy": [],
            "managed_policy_arns": [],
            "max_session_duration": 3600,
            "name": "EpRole187",
            "name_prefix": "",
            "path": "/",
            "permissions_boundary": "arn:aws:iam::455436446709:policy/EPPolicy13",
            "tags": {
              "Name": ""
            },
            "tags_all": {
              "Name": ""
            },
            "unique_id": "AROAWUCRAVP25BTCMOGRL"
          },
          "sensitive_attributes": [],
          "private": "bnVsbA==",
          "dependencies": [
            "aws_iam_policy.EPPolicy13",
            "time_sleep.wait_2_seconds"
          ]
        }
      ]
    },
    {
      "mode": "managed",
      "type": "aws_iam_role",
      "name": "iam_EpRole188",
      "provider": "provider[\"registry.terraform.io/hashicorp/aws\"]",
      "instances": [
        {
          "schema_version": 0,
          "attributes": {
            "arn": "arn:aws:iam::455436446709:role/EpRole188",
            "assume_role_policy": "{\"Statement\":[{\"Action\":\"sts:AssumeRole\",\"Effect\":\"Allow\",\"Principal\":{\"Service\":\"ec2.amazonaws.com\"}}],\"Version\":\"2012-10-17\"}",
            "create_date": "2022-10-13T14:06:44Z",
            "description": "",
            "force_detach_policies": false,
            "id": "EpRole188",
            "inline_policy": [],
            "managed_policy_arns": [],
            "max_session_duration": 3600,
            "name": "EpRole188",
            "name_prefix": "",
            "path": "/",
            "permissions_boundary": "arn:aws:iam::455436446709:policy/EPPolicy14",
            "tags": {
              "Name": ""
            },
            "tags_all": {
              "Name": ""
            },
            "unique_id": "AROAWUCRAVP27N7MQ4SKP"
          },
          "sensitive_attributes": [],
          "private": "bnVsbA==",
          "dependencies": [
            "aws_iam_policy.EPPolicy14",
            "time_sleep.wait_2_seconds"
          ]
        }
      ]
    },
    {
      "mode": "managed",
      "type": "aws_iam_role",
      "name": "iam_EpRole189",
      "provider": "provider[\"registry.terraform.io/hashicorp/aws\"]",
      "instances": [
        {
          "schema_version": 0,
          "attributes": {
            "arn": "arn:aws:iam::455436446709:role/EpRole189",
            "assume_role_policy": "{\"Statement\":[{\"Action\":\"sts:AssumeRole\",\"Effect\":\"Allow\",\"Principal\":{\"Service\":\"ec2.amazonaws.com\"}}],\"Version\":\"2012-10-17\"}",
            "create_date": "2022-10-13T14:07:12Z",
            "description": "",
            "force_detach_policies": false,
            "id": "EpRole189",
            "inline_policy": [],
            "managed_policy_arns": [],
            "max_session_duration": 3600,
            "name": "EpRole189",
            "name_prefix": "",
            "path": "/",
            "permissions_boundary": "arn:aws:iam::455436446709:policy/EPPolicy15",
            "tags": {
              "Name": ""
            },
            "tags_all": {
              "Name": ""
            },
            "unique_id": "AROAWUCRAVP2ZO5P342BK"
          },
          "sensitive_attributes": [],
          "private": "bnVsbA==",
          "dependencies": [
            "aws_iam_policy.EPPolicy15",
            "time_sleep.wait_2_seconds"
          ]
        }
      ]
    },
    {
      "mode": "managed",
      "type": "aws_iam_role",
      "name": "iam_EpRole19",
      "provider": "provider[\"registry.terraform.io/hashicorp/aws\"]",
      "instances": [
        {
          "schema_version": 0,
          "attributes": {
            "arn": "arn:aws:iam::455436446709:role/EpRole19",
            "assume_role_policy": "{\"Statement\":[{\"Action\":\"sts:AssumeRole\",\"Effect\":\"Allow\",\"Principal\":{\"Service\":\"ec2.amazonaws.com\"}}],\"Version\":\"2012-10-17\"}",
            "create_date": "2022-10-13T14:07:01Z",
            "description": "",
            "force_detach_policies": false,
            "id": "EpRole19",
            "inline_policy": [],
            "managed_policy_arns": [],
            "max_session_duration": 3600,
            "name": "EpRole19",
            "name_prefix": "",
            "path": "/",
            "permissions_boundary": "arn:aws:iam::455436446709:policy/EPPolicy20",
            "tags": {
              "Name": ""
            },
            "tags_all": {
              "Name": ""
            },
            "unique_id": "AROAWUCRAVP2RDEYIZNO4"
          },
          "sensitive_attributes": [],
          "private": "bnVsbA==",
          "dependencies": [
            "aws_iam_policy.EPPolicy20",
            "time_sleep.wait_2_seconds"
          ]
        }
      ]
    },
    {
      "mode": "managed",
      "type": "aws_iam_role",
      "name": "iam_EpRole190",
      "provider": "provider[\"registry.terraform.io/hashicorp/aws\"]",
      "instances": [
        {
          "schema_version": 0,
          "attributes": {
            "arn": "arn:aws:iam::455436446709:role/EpRole190",
            "assume_role_policy": "{\"Statement\":[{\"Action\":\"sts:AssumeRole\",\"Effect\":\"Allow\",\"Principal\":{\"Service\":\"ec2.amazonaws.com\"}}],\"Version\":\"2012-10-17\"}",
            "create_date": "2022-10-13T14:07:04Z",
            "description": "",
            "force_detach_policies": false,
            "id": "EpRole190",
            "inline_policy": [],
            "managed_policy_arns": [],
            "max_session_duration": 3600,
            "name": "EpRole190",
            "name_prefix": "",
            "path": "/",
            "permissions_boundary": "arn:aws:iam::455436446709:policy/EPPolicy16",
            "tags": {
              "Name": ""
            },
            "tags_all": {
              "Name": ""
            },
            "unique_id": "AROAWUCRAVP24KD4INNG3"
          },
          "sensitive_attributes": [],
          "private": "bnVsbA==",
          "dependencies": [
            "aws_iam_policy.EPPolicy16",
            "time_sleep.wait_2_seconds"
          ]
        }
      ]
    },
    {
      "mode": "managed",
      "type": "aws_iam_role",
      "name": "iam_EpRole191",
      "provider": "provider[\"registry.terraform.io/hashicorp/aws\"]",
      "instances": [
        {
          "schema_version": 0,
          "attributes": {
            "arn": "arn:aws:iam::455436446709:role/EpRole191",
            "assume_role_policy": "{\"Statement\":[{\"Action\":\"sts:AssumeRole\",\"Effect\":\"Allow\",\"Principal\":{\"Service\":\"ec2.amazonaws.com\"}}],\"Version\":\"2012-10-17\"}",
            "create_date": "2022-10-13T14:06:48Z",
            "description": "",
            "force_detach_policies": false,
            "id": "EpRole191",
            "inline_policy": [],
            "managed_policy_arns": [],
            "max_session_duration": 3600,
            "name": "EpRole191",
            "name_prefix": "",
            "path": "/",
            "permissions_boundary": "arn:aws:iam::455436446709:policy/EPPolicy17",
            "tags": {
              "Name": ""
            },
            "tags_all": {
              "Name": ""
            },
            "unique_id": "AROAWUCRAVP2WORDDXZUX"
          },
          "sensitive_attributes": [],
          "private": "bnVsbA==",
          "dependencies": [
            "aws_iam_policy.EPPolicy17",
            "time_sleep.wait_2_seconds"
          ]
        }
      ]
    },
    {
      "mode": "managed",
      "type": "aws_iam_role",
      "name": "iam_EpRole192",
      "provider": "provider[\"registry.terraform.io/hashicorp/aws\"]",
      "instances": [
        {
          "schema_version": 0,
          "attributes": {
            "arn": "arn:aws:iam::455436446709:role/EpRole192",
            "assume_role_policy": "{\"Statement\":[{\"Action\":\"sts:AssumeRole\",\"Effect\":\"Allow\",\"Principal\":{\"Service\":\"ec2.amazonaws.com\"}}],\"Version\":\"2012-10-17\"}",
            "create_date": "2022-10-13T14:07:07Z",
            "description": "",
            "force_detach_policies": false,
            "id": "EpRole192",
            "inline_policy": [],
            "managed_policy_arns": [],
            "max_session_duration": 3600,
            "name": "EpRole192",
            "name_prefix": "",
            "path": "/",
            "permissions_boundary": "arn:aws:iam::455436446709:policy/EPPolicy18",
            "tags": {
              "Name": ""
            },
            "tags_all": {
              "Name": ""
            },
            "unique_id": "AROAWUCRAVP22FQNUQH35"
          },
          "sensitive_attributes": [],
          "private": "bnVsbA==",
          "dependencies": [
            "aws_iam_policy.EPPolicy18",
            "time_sleep.wait_2_seconds"
          ]
        }
      ]
    },
    {
      "mode": "managed",
      "type": "aws_iam_role",
      "name": "iam_EpRole193",
      "provider": "provider[\"registry.terraform.io/hashicorp/aws\"]",
      "instances": [
        {
          "schema_version": 0,
          "attributes": {
            "arn": "arn:aws:iam::455436446709:role/EpRole193",
            "assume_role_policy": "{\"Statement\":[{\"Action\":\"sts:AssumeRole\",\"Effect\":\"Allow\",\"Principal\":{\"Service\":\"ec2.amazonaws.com\"}}],\"Version\":\"2012-10-17\"}",
            "create_date": "2022-10-13T14:06:57Z",
            "description": "",
            "force_detach_policies": false,
            "id": "EpRole193",
            "inline_policy": [],
            "managed_policy_arns": [],
            "max_session_duration": 3600,
            "name": "EpRole193",
            "name_prefix": "",
            "path": "/",
            "permissions_boundary": "arn:aws:iam::455436446709:policy/EPPolicy19",
            "tags": {
              "Name": ""
            },
            "tags_all": {
              "Name": ""
            },
            "unique_id": "AROAWUCRAVP27HZXHF4W7"
          },
          "sensitive_attributes": [],
          "private": "bnVsbA==",
          "dependencies": [
            "aws_iam_policy.EPPolicy19",
            "time_sleep.wait_2_seconds"
          ]
        }
      ]
    },
    {
      "mode": "managed",
      "type": "aws_iam_role",
      "name": "iam_EpRole194",
      "provider": "provider[\"registry.terraform.io/hashicorp/aws\"]",
      "instances": [
        {
          "schema_version": 0,
          "attributes": {
            "arn": "arn:aws:iam::455436446709:role/EpRole194",
            "assume_role_policy": "{\"Statement\":[{\"Action\":\"sts:AssumeRole\",\"Effect\":\"Allow\",\"Principal\":{\"Service\":\"ec2.amazonaws.com\"}}],\"Version\":\"2012-10-17\"}",
            "create_date": "2022-10-13T14:07:01Z",
            "description": "",
            "force_detach_policies": false,
            "id": "EpRole194",
            "inline_policy": [],
            "managed_policy_arns": [],
            "max_session_duration": 3600,
            "name": "EpRole194",
            "name_prefix": "",
            "path": "/",
            "permissions_boundary": "arn:aws:iam::455436446709:policy/EPPolicy20",
            "tags": {
              "Name": ""
            },
            "tags_all": {
              "Name": ""
            },
            "unique_id": "AROAWUCRAVP2Q4TKIBGEF"
          },
          "sensitive_attributes": [],
          "private": "bnVsbA==",
          "dependencies": [
            "aws_iam_policy.EPPolicy20",
            "time_sleep.wait_2_seconds"
          ]
        }
      ]
    },
    {
      "mode": "managed",
      "type": "aws_iam_role",
      "name": "iam_EpRole195",
      "provider": "provider[\"registry.terraform.io/hashicorp/aws\"]",
      "instances": [
        {
          "schema_version": 0,
          "attributes": {
            "arn": "arn:aws:iam::455436446709:role/EpRole195",
            "assume_role_policy": "{\"Statement\":[{\"Action\":\"sts:AssumeRole\",\"Effect\":\"Allow\",\"Principal\":{\"Service\":\"ec2.amazonaws.com\"}}],\"Version\":\"2012-10-17\"}",
            "create_date": "2022-10-13T14:07:15Z",
            "description": "",
            "force_detach_policies": false,
            "id": "EpRole195",
            "inline_policy": [],
            "managed_policy_arns": [],
            "max_session_duration": 3600,
            "name": "EpRole195",
            "name_prefix": "",
            "path": "/",
            "permissions_boundary": "arn:aws:iam::455436446709:policy/EPPolicy21",
            "tags": {
              "Name": ""
            },
            "tags_all": {
              "Name": ""
            },
            "unique_id": "AROAWUCRAVP2T4YS65BQ6"
          },
          "sensitive_attributes": [],
          "private": "bnVsbA==",
          "dependencies": [
            "aws_iam_policy.EPPolicy21",
            "time_sleep.wait_2_seconds"
          ]
        }
      ]
    },
    {
      "mode": "managed",
      "type": "aws_iam_role",
      "name": "iam_EpRole196",
      "provider": "provider[\"registry.terraform.io/hashicorp/aws\"]",
      "instances": [
        {
          "schema_version": 0,
          "attributes": {
            "arn": "arn:aws:iam::455436446709:role/EpRole196",
            "assume_role_policy": "{\"Statement\":[{\"Action\":\"sts:AssumeRole\",\"Effect\":\"Allow\",\"Principal\":{\"Service\":\"ec2.amazonaws.com\"}}],\"Version\":\"2012-10-17\"}",
            "create_date": "2022-10-13T14:06:51Z",
            "description": "",
            "force_detach_policies": false,
            "id": "EpRole196",
            "inline_policy": [],
            "managed_policy_arns": [],
            "max_session_duration": 3600,
            "name": "EpRole196",
            "name_prefix": "",
            "path": "/",
            "permissions_boundary": "arn:aws:iam::455436446709:policy/EPPolicy22",
            "tags": {
              "Name": ""
            },
            "tags_all": {
              "Name": ""
            },
            "unique_id": "AROAWUCRAVP2UNPO43OFP"
          },
          "sensitive_attributes": [],
          "private": "bnVsbA==",
          "dependencies": [
            "aws_iam_policy.EPPolicy22",
            "time_sleep.wait_2_seconds"
          ]
        }
      ]
    },
    {
      "mode": "managed",
      "type": "aws_iam_role",
      "name": "iam_EpRole197",
      "provider": "provider[\"registry.terraform.io/hashicorp/aws\"]",
      "instances": [
        {
          "schema_version": 0,
          "attributes": {
            "arn": "arn:aws:iam::455436446709:role/EpRole197",
            "assume_role_policy": "{\"Statement\":[{\"Action\":\"sts:AssumeRole\",\"Effect\":\"Allow\",\"Principal\":{\"Service\":\"ec2.amazonaws.com\"}}],\"Version\":\"2012-10-17\"}",
            "create_date": "2022-10-13T14:07:18Z",
            "description": "",
            "force_detach_policies": false,
            "id": "EpRole197",
            "inline_policy": [],
            "managed_policy_arns": [],
            "max_session_duration": 3600,
            "name": "EpRole197",
            "name_prefix": "",
            "path": "/",
            "permissions_boundary": "arn:aws:iam::455436446709:policy/EPPolicy31",
            "tags": {
              "Name": ""
            },
            "tags_all": {
              "Name": ""
            },
            "unique_id": "AROAWUCRAVP23QVLTAYRM"
          },
          "sensitive_attributes": [],
          "private": "bnVsbA==",
          "dependencies": [
            "aws_iam_policy.EPPolicy31",
            "time_sleep.wait_2_seconds"
          ]
        }
      ]
    },
    {
      "mode": "managed",
      "type": "aws_iam_role",
      "name": "iam_EpRole198",
      "provider": "provider[\"registry.terraform.io/hashicorp/aws\"]",
      "instances": [
        {
          "schema_version": 0,
          "attributes": {
            "arn": "arn:aws:iam::455436446709:role/EpRole198",
            "assume_role_policy": "{\"Statement\":[{\"Action\":\"sts:AssumeRole\",\"Effect\":\"Allow\",\"Principal\":{\"Service\":\"ec2.amazonaws.com\"}}],\"Version\":\"2012-10-17\"}",
            "create_date": "2022-10-13T14:06:53Z",
            "description": "",
            "force_detach_policies": false,
            "id": "EpRole198",
            "inline_policy": [],
            "managed_policy_arns": [],
            "max_session_duration": 3600,
            "name": "EpRole198",
            "name_prefix": "",
            "path": "/",
            "permissions_boundary": "arn:aws:iam::455436446709:policy/EPPolicy32",
            "tags": {
              "Name": ""
            },
            "tags_all": {
              "Name": ""
            },
            "unique_id": "AROAWUCRAVP24QY5NXYRT"
          },
          "sensitive_attributes": [],
          "private": "bnVsbA==",
          "dependencies": [
            "aws_iam_policy.EPPolicy32",
            "time_sleep.wait_2_seconds"
          ]
        }
      ]
    },
    {
      "mode": "managed",
      "type": "aws_iam_role",
      "name": "iam_EpRole199",
      "provider": "provider[\"registry.terraform.io/hashicorp/aws\"]",
      "instances": [
        {
          "schema_version": 0,
          "attributes": {
            "arn": "arn:aws:iam::455436446709:role/EpRole199",
            "assume_role_policy": "{\"Statement\":[{\"Action\":\"sts:AssumeRole\",\"Effect\":\"Allow\",\"Principal\":{\"Service\":\"ec2.amazonaws.com\"}}],\"Version\":\"2012-10-17\"}",
            "create_date": "2022-10-13T14:06:46Z",
            "description": "",
            "force_detach_policies": false,
            "id": "EpRole199",
            "inline_policy": [],
            "managed_policy_arns": [],
            "max_session_duration": 3600,
            "name": "EpRole199",
            "name_prefix": "",
            "path": "/",
            "permissions_boundary": "arn:aws:iam::455436446709:policy/EPPolicy13",
            "tags": {
              "Name": ""
            },
            "tags_all": {
              "Name": ""
            },
            "unique_id": "AROAWUCRAVP2SW2M6XL5J"
          },
          "sensitive_attributes": [],
          "private": "bnVsbA==",
          "dependencies": [
            "aws_iam_policy.EPPolicy13",
            "time_sleep.wait_2_seconds"
          ]
        }
      ]
    },
    {
      "mode": "managed",
      "type": "aws_iam_role",
      "name": "iam_EpRole2",
      "provider": "provider[\"registry.terraform.io/hashicorp/aws\"]",
      "instances": [
        {
          "schema_version": 0,
          "attributes": {
            "arn": "arn:aws:iam::455436446709:role/EpRole2",
            "assume_role_policy": "{\"Statement\":[{\"Action\":\"sts:AssumeRole\",\"Effect\":\"Allow\",\"Principal\":{\"Service\":\"ec2.amazonaws.com\"}}],\"Version\":\"2012-10-17\"}",
            "create_date": "2022-10-13T14:07:02Z",
            "description": "",
            "force_detach_policies": false,
            "id": "EpRole2",
            "inline_policy": [],
            "managed_policy_arns": [],
            "max_session_duration": 3600,
            "name": "EpRole2",
            "name_prefix": "",
            "path": "/",
            "permissions_boundary": "arn:aws:iam::455436446709:policy/EPPolicy3",
            "tags": {
              "Name": ""
            },
            "tags_all": {
              "Name": ""
            },
            "unique_id": "AROAWUCRAVP2UQSSITOAJ"
          },
          "sensitive_attributes": [],
          "private": "bnVsbA==",
          "dependencies": [
            "aws_iam_policy.EPPolicy3",
            "time_sleep.wait_2_seconds"
          ]
        }
      ]
    },
    {
      "mode": "managed",
      "type": "aws_iam_role",
      "name": "iam_EpRole20",
      "provider": "provider[\"registry.terraform.io/hashicorp/aws\"]",
      "instances": [
        {
          "schema_version": 0,
          "attributes": {
            "arn": "arn:aws:iam::455436446709:role/EpRole20",
            "assume_role_policy": "{\"Statement\":[{\"Action\":\"sts:AssumeRole\",\"Effect\":\"Allow\",\"Principal\":{\"Service\":\"ec2.amazonaws.com\"}}],\"Version\":\"2012-10-17\"}",
            "create_date": "2022-10-13T14:07:16Z",
            "description": "",
            "force_detach_policies": false,
            "id": "EpRole20",
            "inline_policy": [],
            "managed_policy_arns": [],
            "max_session_duration": 3600,
            "name": "EpRole20",
            "name_prefix": "",
            "path": "/",
            "permissions_boundary": "arn:aws:iam::455436446709:policy/EPPolicy21",
            "tags": {
              "Name": ""
            },
            "tags_all": {
              "Name": ""
            },
            "unique_id": "AROAWUCRAVP224PPI2DRA"
          },
          "sensitive_attributes": [],
          "private": "bnVsbA==",
          "dependencies": [
            "aws_iam_policy.EPPolicy21",
            "time_sleep.wait_2_seconds"
          ]
        }
      ]
    },
    {
      "mode": "managed",
      "type": "aws_iam_role",
      "name": "iam_EpRole200",
      "provider": "provider[\"registry.terraform.io/hashicorp/aws\"]",
      "instances": [
        {
          "schema_version": 0,
          "attributes": {
            "arn": "arn:aws:iam::455436446709:role/EpRole200",
            "assume_role_policy": "{\"Statement\":[{\"Action\":\"sts:AssumeRole\",\"Effect\":\"Allow\",\"Principal\":{\"Service\":\"ec2.amazonaws.com\"}}],\"Version\":\"2012-10-17\"}",
            "create_date": "2022-10-13T14:06:44Z",
            "description": "",
            "force_detach_policies": false,
            "id": "EpRole200",
            "inline_policy": [],
            "managed_policy_arns": [],
            "max_session_duration": 3600,
            "name": "EpRole200",
            "name_prefix": "",
            "path": "/",
            "permissions_boundary": "arn:aws:iam::455436446709:policy/EPPolicy14",
            "tags": {
              "Name": ""
            },
            "tags_all": {
              "Name": ""
            },
            "unique_id": "AROAWUCRAVP2WZGVZYM7G"
          },
          "sensitive_attributes": [],
          "private": "bnVsbA==",
          "dependencies": [
            "aws_iam_policy.EPPolicy14",
            "time_sleep.wait_2_seconds"
          ]
        }
      ]
    },
    {
      "mode": "managed",
      "type": "aws_iam_role",
      "name": "iam_EpRole201",
      "provider": "provider[\"registry.terraform.io/hashicorp/aws\"]",
      "instances": [
        {
          "schema_version": 0,
          "attributes": {
            "arn": "arn:aws:iam::455436446709:role/EpRole201",
            "assume_role_policy": "{\"Statement\":[{\"Action\":\"sts:AssumeRole\",\"Effect\":\"Allow\",\"Principal\":{\"Service\":\"ec2.amazonaws.com\"}}],\"Version\":\"2012-10-17\"}",
            "create_date": "2022-10-13T14:07:13Z",
            "description": "",
            "force_detach_policies": false,
            "id": "EpRole201",
            "inline_policy": [],
            "managed_policy_arns": [],
            "max_session_duration": 3600,
            "name": "EpRole201",
            "name_prefix": "",
            "path": "/",
            "permissions_boundary": "arn:aws:iam::455436446709:policy/EPPolicy15",
            "tags": {
              "Name": ""
            },
            "tags_all": {
              "Name": ""
            },
            "unique_id": "AROAWUCRAVP23FUMG3553"
          },
          "sensitive_attributes": [],
          "private": "bnVsbA==",
          "dependencies": [
            "aws_iam_policy.EPPolicy15",
            "time_sleep.wait_2_seconds"
          ]
        }
      ]
    },
    {
      "mode": "managed",
      "type": "aws_iam_role",
      "name": "iam_EpRole202",
      "provider": "provider[\"registry.terraform.io/hashicorp/aws\"]",
      "instances": [
        {
          "schema_version": 0,
          "attributes": {
            "arn": "arn:aws:iam::455436446709:role/EpRole202",
            "assume_role_policy": "{\"Statement\":[{\"Action\":\"sts:AssumeRole\",\"Effect\":\"Allow\",\"Principal\":{\"Service\":\"ec2.amazonaws.com\"}}],\"Version\":\"2012-10-17\"}",
            "create_date": "2022-10-13T14:07:05Z",
            "description": "",
            "force_detach_policies": false,
            "id": "EpRole202",
            "inline_policy": [],
            "managed_policy_arns": [],
            "max_session_duration": 3600,
            "name": "EpRole202",
            "name_prefix": "",
            "path": "/",
            "permissions_boundary": "arn:aws:iam::455436446709:policy/EPPolicy16",
            "tags": {
              "Name": ""
            },
            "tags_all": {
              "Name": ""
            },
            "unique_id": "AROAWUCRAVP23Z5Y5CQGQ"
          },
          "sensitive_attributes": [],
          "private": "bnVsbA==",
          "dependencies": [
            "aws_iam_policy.EPPolicy16",
            "time_sleep.wait_2_seconds"
          ]
        }
      ]
    },
    {
      "mode": "managed",
      "type": "aws_iam_role",
      "name": "iam_EpRole203",
      "provider": "provider[\"registry.terraform.io/hashicorp/aws\"]",
      "instances": [
        {
          "schema_version": 0,
          "attributes": {
            "arn": "arn:aws:iam::455436446709:role/EpRole203",
            "assume_role_policy": "{\"Statement\":[{\"Action\":\"sts:AssumeRole\",\"Effect\":\"Allow\",\"Principal\":{\"Service\":\"ec2.amazonaws.com\"}}],\"Version\":\"2012-10-17\"}",
            "create_date": "2022-10-13T14:06:47Z",
            "description": "",
            "force_detach_policies": false,
            "id": "EpRole203",
            "inline_policy": [],
            "managed_policy_arns": [],
            "max_session_duration": 3600,
            "name": "EpRole203",
            "name_prefix": "",
            "path": "/",
            "permissions_boundary": "arn:aws:iam::455436446709:policy/EPPolicy17",
            "tags": {
              "Name": ""
            },
            "tags_all": {
              "Name": ""
            },
            "unique_id": "AROAWUCRAVP27VGUNFXTK"
          },
          "sensitive_attributes": [],
          "private": "bnVsbA==",
          "dependencies": [
            "aws_iam_policy.EPPolicy17",
            "time_sleep.wait_2_seconds"
          ]
        }
      ]
    },
    {
      "mode": "managed",
      "type": "aws_iam_role",
      "name": "iam_EpRole204",
      "provider": "provider[\"registry.terraform.io/hashicorp/aws\"]",
      "instances": [
        {
          "schema_version": 0,
          "attributes": {
            "arn": "arn:aws:iam::455436446709:role/EpRole204",
            "assume_role_policy": "{\"Statement\":[{\"Action\":\"sts:AssumeRole\",\"Effect\":\"Allow\",\"Principal\":{\"Service\":\"ec2.amazonaws.com\"}}],\"Version\":\"2012-10-17\"}",
            "create_date": "2022-10-13T14:07:09Z",
            "description": "",
            "force_detach_policies": false,
            "id": "EpRole204",
            "inline_policy": [],
            "managed_policy_arns": [],
            "max_session_duration": 3600,
            "name": "EpRole204",
            "name_prefix": "",
            "path": "/",
            "permissions_boundary": "arn:aws:iam::455436446709:policy/EPPolicy18",
            "tags": {
              "Name": ""
            },
            "tags_all": {
              "Name": ""
            },
            "unique_id": "AROAWUCRAVP2V4LLC2JGL"
          },
          "sensitive_attributes": [],
          "private": "bnVsbA==",
          "dependencies": [
            "aws_iam_policy.EPPolicy18",
            "time_sleep.wait_2_seconds"
          ]
        }
      ]
    },
    {
      "mode": "managed",
      "type": "aws_iam_role",
      "name": "iam_EpRole205",
      "provider": "provider[\"registry.terraform.io/hashicorp/aws\"]",
      "instances": [
        {
          "schema_version": 0,
          "attributes": {
            "arn": "arn:aws:iam::455436446709:role/EpRole205",
            "assume_role_policy": "{\"Statement\":[{\"Action\":\"sts:AssumeRole\",\"Effect\":\"Allow\",\"Principal\":{\"Service\":\"ec2.amazonaws.com\"}}],\"Version\":\"2012-10-17\"}",
            "create_date": "2022-10-13T14:06:58Z",
            "description": "",
            "force_detach_policies": false,
            "id": "EpRole205",
            "inline_policy": [],
            "managed_policy_arns": [],
            "max_session_duration": 3600,
            "name": "EpRole205",
            "name_prefix": "",
            "path": "/",
            "permissions_boundary": "arn:aws:iam::455436446709:policy/EPPolicy19",
            "tags": {
              "Name": ""
            },
            "tags_all": {
              "Name": ""
            },
            "unique_id": "AROAWUCRAVP2QNGACPUT7"
          },
          "sensitive_attributes": [],
          "private": "bnVsbA==",
          "dependencies": [
            "aws_iam_policy.EPPolicy19",
            "time_sleep.wait_2_seconds"
          ]
        }
      ]
    },
    {
      "mode": "managed",
      "type": "aws_iam_role",
      "name": "iam_EpRole206",
      "provider": "provider[\"registry.terraform.io/hashicorp/aws\"]",
      "instances": [
        {
          "schema_version": 0,
          "attributes": {
            "arn": "arn:aws:iam::455436446709:role/EpRole206",
            "assume_role_policy": "{\"Statement\":[{\"Action\":\"sts:AssumeRole\",\"Effect\":\"Allow\",\"Principal\":{\"Service\":\"ec2.amazonaws.com\"}}],\"Version\":\"2012-10-17\"}",
            "create_date": "2022-10-13T14:07:01Z",
            "description": "",
            "force_detach_policies": false,
            "id": "EpRole206",
            "inline_policy": [],
            "managed_policy_arns": [],
            "max_session_duration": 3600,
            "name": "EpRole206",
            "name_prefix": "",
            "path": "/",
            "permissions_boundary": "arn:aws:iam::455436446709:policy/EPPolicy20",
            "tags": {
              "Name": ""
            },
            "tags_all": {
              "Name": ""
            },
            "unique_id": "AROAWUCRAVP2QY7AZDUBT"
          },
          "sensitive_attributes": [],
          "private": "bnVsbA==",
          "dependencies": [
            "aws_iam_policy.EPPolicy20",
            "time_sleep.wait_2_seconds"
          ]
        }
      ]
    },
    {
      "mode": "managed",
      "type": "aws_iam_role",
      "name": "iam_EpRole207",
      "provider": "provider[\"registry.terraform.io/hashicorp/aws\"]",
      "instances": [
        {
          "schema_version": 0,
          "attributes": {
            "arn": "arn:aws:iam::455436446709:role/EpRole207",
            "assume_role_policy": "{\"Statement\":[{\"Action\":\"sts:AssumeRole\",\"Effect\":\"Allow\",\"Principal\":{\"Service\":\"ec2.amazonaws.com\"}}],\"Version\":\"2012-10-17\"}",
            "create_date": "2022-10-13T14:07:16Z",
            "description": "",
            "force_detach_policies": false,
            "id": "EpRole207",
            "inline_policy": [],
            "managed_policy_arns": [],
            "max_session_duration": 3600,
            "name": "EpRole207",
            "name_prefix": "",
            "path": "/",
            "permissions_boundary": "arn:aws:iam::455436446709:policy/EPPolicy21",
            "tags": {
              "Name": ""
            },
            "tags_all": {
              "Name": ""
            },
            "unique_id": "AROAWUCRAVP2TCKFRK34Q"
          },
          "sensitive_attributes": [],
          "private": "bnVsbA==",
          "dependencies": [
            "aws_iam_policy.EPPolicy21",
            "time_sleep.wait_2_seconds"
          ]
        }
      ]
    },
    {
      "mode": "managed",
      "type": "aws_iam_role",
      "name": "iam_EpRole208",
      "provider": "provider[\"registry.terraform.io/hashicorp/aws\"]",
      "instances": [
        {
          "schema_version": 0,
          "attributes": {
            "arn": "arn:aws:iam::455436446709:role/EpRole208",
            "assume_role_policy": "{\"Statement\":[{\"Action\":\"sts:AssumeRole\",\"Effect\":\"Allow\",\"Principal\":{\"Service\":\"ec2.amazonaws.com\"}}],\"Version\":\"2012-10-17\"}",
            "create_date": "2022-10-13T14:06:51Z",
            "description": "",
            "force_detach_policies": false,
            "id": "EpRole208",
            "inline_policy": [],
            "managed_policy_arns": [],
            "max_session_duration": 3600,
            "name": "EpRole208",
            "name_prefix": "",
            "path": "/",
            "permissions_boundary": "arn:aws:iam::455436446709:policy/EPPolicy22",
            "tags": {
              "Name": ""
            },
            "tags_all": {
              "Name": ""
            },
            "unique_id": "AROAWUCRAVP2VTV76STJX"
          },
          "sensitive_attributes": [],
          "private": "bnVsbA==",
          "dependencies": [
            "aws_iam_policy.EPPolicy22",
            "time_sleep.wait_2_seconds"
          ]
        }
      ]
    },
    {
      "mode": "managed",
      "type": "aws_iam_role",
      "name": "iam_EpRole209",
      "provider": "provider[\"registry.terraform.io/hashicorp/aws\"]",
      "instances": [
        {
          "schema_version": 0,
          "attributes": {
            "arn": "arn:aws:iam::455436446709:role/EpRole209",
            "assume_role_policy": "{\"Statement\":[{\"Action\":\"sts:AssumeRole\",\"Effect\":\"Allow\",\"Principal\":{\"Service\":\"ec2.amazonaws.com\"}}],\"Version\":\"2012-10-17\"}",
            "create_date": "2022-10-13T14:07:18Z",
            "description": "",
            "force_detach_policies": false,
            "id": "EpRole209",
            "inline_policy": [],
            "managed_policy_arns": [],
            "max_session_duration": 3600,
            "name": "EpRole209",
            "name_prefix": "",
            "path": "/",
            "permissions_boundary": "arn:aws:iam::455436446709:policy/EPPolicy31",
            "tags": {
              "Name": ""
            },
            "tags_all": {
              "Name": ""
            },
            "unique_id": "AROAWUCRAVP2XBF5VN7GZ"
          },
          "sensitive_attributes": [],
          "private": "bnVsbA==",
          "dependencies": [
            "aws_iam_policy.EPPolicy31",
            "time_sleep.wait_2_seconds"
          ]
        }
      ]
    },
    {
      "mode": "managed",
      "type": "aws_iam_role",
      "name": "iam_EpRole21",
      "provider": "provider[\"registry.terraform.io/hashicorp/aws\"]",
      "instances": [
        {
          "schema_version": 0,
          "attributes": {
            "arn": "arn:aws:iam::455436446709:role/EpRole21",
            "assume_role_policy": "{\"Statement\":[{\"Action\":\"sts:AssumeRole\",\"Effect\":\"Allow\",\"Principal\":{\"Service\":\"ec2.amazonaws.com\"}}],\"Version\":\"2012-10-17\"}",
            "create_date": "2022-10-13T14:06:49Z",
            "description": "",
            "force_detach_policies": false,
            "id": "EpRole21",
            "inline_policy": [],
            "managed_policy_arns": [],
            "max_session_duration": 3600,
            "name": "EpRole21",
            "name_prefix": "",
            "path": "/",
            "permissions_boundary": "arn:aws:iam::455436446709:policy/EPPolicy22",
            "tags": {
              "Name": ""
            },
            "tags_all": {
              "Name": ""
            },
            "unique_id": "AROAWUCRAVP254PEJXDWF"
          },
          "sensitive_attributes": [],
          "private": "bnVsbA==",
          "dependencies": [
            "aws_iam_policy.EPPolicy22",
            "time_sleep.wait_2_seconds"
          ]
        }
      ]
    },
    {
      "mode": "managed",
      "type": "aws_iam_role",
      "name": "iam_EpRole210",
      "provider": "provider[\"registry.terraform.io/hashicorp/aws\"]",
      "instances": [
        {
          "schema_version": 0,
          "attributes": {
            "arn": "arn:aws:iam::455436446709:role/EpRole210",
            "assume_role_policy": "{\"Statement\":[{\"Action\":\"sts:AssumeRole\",\"Effect\":\"Allow\",\"Principal\":{\"Service\":\"ec2.amazonaws.com\"}}],\"Version\":\"2012-10-17\"}",
            "create_date": "2022-10-13T14:06:53Z",
            "description": "",
            "force_detach_policies": false,
            "id": "EpRole210",
            "inline_policy": [],
            "managed_policy_arns": [],
            "max_session_duration": 3600,
            "name": "EpRole210",
            "name_prefix": "",
            "path": "/",
            "permissions_boundary": "arn:aws:iam::455436446709:policy/EPPolicy32",
            "tags": {
              "Name": ""
            },
            "tags_all": {
              "Name": ""
            },
            "unique_id": "AROAWUCRAVP2TB4E74PCP"
          },
          "sensitive_attributes": [],
          "private": "bnVsbA==",
          "dependencies": [
            "aws_iam_policy.EPPolicy32",
            "time_sleep.wait_2_seconds"
          ]
        }
      ]
    },
    {
      "mode": "managed",
      "type": "aws_iam_role",
      "name": "iam_EpRole211",
      "provider": "provider[\"registry.terraform.io/hashicorp/aws\"]",
      "instances": [
        {
          "schema_version": 0,
          "attributes": {
            "arn": "arn:aws:iam::455436446709:role/EpRole211",
            "assume_role_policy": "{\"Statement\":[{\"Action\":\"sts:AssumeRole\",\"Effect\":\"Allow\",\"Principal\":{\"Service\":\"ec2.amazonaws.com\"}}],\"Version\":\"2012-10-17\"}",
            "create_date": "2022-10-13T14:06:44Z",
            "description": "",
            "force_detach_policies": false,
            "id": "EpRole211",
            "inline_policy": [],
            "managed_policy_arns": [],
            "max_session_duration": 3600,
            "name": "EpRole211",
            "name_prefix": "",
            "path": "/",
            "permissions_boundary": "arn:aws:iam::455436446709:policy/EPPolicy14",
            "tags": {
              "Name": ""
            },
            "tags_all": {
              "Name": ""
            },
            "unique_id": "AROAWUCRAVP26NBNUVEQY"
          },
          "sensitive_attributes": [],
          "private": "bnVsbA==",
          "dependencies": [
            "aws_iam_policy.EPPolicy14",
            "time_sleep.wait_2_seconds"
          ]
        }
      ]
    },
    {
      "mode": "managed",
      "type": "aws_iam_role",
      "name": "iam_EpRole212",
      "provider": "provider[\"registry.terraform.io/hashicorp/aws\"]",
      "instances": [
        {
          "schema_version": 0,
          "attributes": {
            "arn": "arn:aws:iam::455436446709:role/EpRole212",
            "assume_role_policy": "{\"Statement\":[{\"Action\":\"sts:AssumeRole\",\"Effect\":\"Allow\",\"Principal\":{\"Service\":\"ec2.amazonaws.com\"}}],\"Version\":\"2012-10-17\"}",
            "create_date": "2022-10-13T14:07:13Z",
            "description": "",
            "force_detach_policies": false,
            "id": "EpRole212",
            "inline_policy": [],
            "managed_policy_arns": [],
            "max_session_duration": 3600,
            "name": "EpRole212",
            "name_prefix": "",
            "path": "/",
            "permissions_boundary": "arn:aws:iam::455436446709:policy/EPPolicy15",
            "tags": {
              "Name": ""
            },
            "tags_all": {
              "Name": ""
            },
            "unique_id": "AROAWUCRAVP2U22UQXV7W"
          },
          "sensitive_attributes": [],
          "private": "bnVsbA==",
          "dependencies": [
            "aws_iam_policy.EPPolicy15",
            "time_sleep.wait_2_seconds"
          ]
        }
      ]
    },
    {
      "mode": "managed",
      "type": "aws_iam_role",
      "name": "iam_EpRole213",
      "provider": "provider[\"registry.terraform.io/hashicorp/aws\"]",
      "instances": [
        {
          "schema_version": 0,
          "attributes": {
            "arn": "arn:aws:iam::455436446709:role/EpRole213",
            "assume_role_policy": "{\"Statement\":[{\"Action\":\"sts:AssumeRole\",\"Effect\":\"Allow\",\"Principal\":{\"Service\":\"ec2.amazonaws.com\"}}],\"Version\":\"2012-10-17\"}",
            "create_date": "2022-10-13T14:07:04Z",
            "description": "",
            "force_detach_policies": false,
            "id": "EpRole213",
            "inline_policy": [],
            "managed_policy_arns": [],
            "max_session_duration": 3600,
            "name": "EpRole213",
            "name_prefix": "",
            "path": "/",
            "permissions_boundary": "arn:aws:iam::455436446709:policy/EPPolicy16",
            "tags": {
              "Name": ""
            },
            "tags_all": {
              "Name": ""
            },
            "unique_id": "AROAWUCRAVP2SQSOUMJ3R"
          },
          "sensitive_attributes": [],
          "private": "bnVsbA==",
          "dependencies": [
            "aws_iam_policy.EPPolicy16",
            "time_sleep.wait_2_seconds"
          ]
        }
      ]
    },
    {
      "mode": "managed",
      "type": "aws_iam_role",
      "name": "iam_EpRole214",
      "provider": "provider[\"registry.terraform.io/hashicorp/aws\"]",
      "instances": [
        {
          "schema_version": 0,
          "attributes": {
            "arn": "arn:aws:iam::455436446709:role/EpRole214",
            "assume_role_policy": "{\"Statement\":[{\"Action\":\"sts:AssumeRole\",\"Effect\":\"Allow\",\"Principal\":{\"Service\":\"ec2.amazonaws.com\"}}],\"Version\":\"2012-10-17\"}",
            "create_date": "2022-10-13T14:06:49Z",
            "description": "",
            "force_detach_policies": false,
            "id": "EpRole214",
            "inline_policy": [],
            "managed_policy_arns": [],
            "max_session_duration": 3600,
            "name": "EpRole214",
            "name_prefix": "",
            "path": "/",
            "permissions_boundary": "arn:aws:iam::455436446709:policy/EPPolicy17",
            "tags": {
              "Name": ""
            },
            "tags_all": {
              "Name": ""
            },
            "unique_id": "AROAWUCRAVP2XJX76V26A"
          },
          "sensitive_attributes": [],
          "private": "bnVsbA==",
          "dependencies": [
            "aws_iam_policy.EPPolicy17",
            "time_sleep.wait_2_seconds"
          ]
        }
      ]
    },
    {
      "mode": "managed",
      "type": "aws_iam_role",
      "name": "iam_EpRole215",
      "provider": "provider[\"registry.terraform.io/hashicorp/aws\"]",
      "instances": [
        {
          "schema_version": 0,
          "attributes": {
            "arn": "arn:aws:iam::455436446709:role/EpRole215",
            "assume_role_policy": "{\"Statement\":[{\"Action\":\"sts:AssumeRole\",\"Effect\":\"Allow\",\"Principal\":{\"Service\":\"ec2.amazonaws.com\"}}],\"Version\":\"2012-10-17\"}",
            "create_date": "2022-10-13T14:07:09Z",
            "description": "",
            "force_detach_policies": false,
            "id": "EpRole215",
            "inline_policy": [],
            "managed_policy_arns": [],
            "max_session_duration": 3600,
            "name": "EpRole215",
            "name_prefix": "",
            "path": "/",
            "permissions_boundary": "arn:aws:iam::455436446709:policy/EPPolicy18",
            "tags": {
              "Name": ""
            },
            "tags_all": {
              "Name": ""
            },
            "unique_id": "AROAWUCRAVP23LOXO323C"
          },
          "sensitive_attributes": [],
          "private": "bnVsbA==",
          "dependencies": [
            "aws_iam_policy.EPPolicy18",
            "time_sleep.wait_2_seconds"
          ]
        }
      ]
    },
    {
      "mode": "managed",
      "type": "aws_iam_role",
      "name": "iam_EpRole216",
      "provider": "provider[\"registry.terraform.io/hashicorp/aws\"]",
      "instances": [
        {
          "schema_version": 0,
          "attributes": {
            "arn": "arn:aws:iam::455436446709:role/EpRole216",
            "assume_role_policy": "{\"Statement\":[{\"Action\":\"sts:AssumeRole\",\"Effect\":\"Allow\",\"Principal\":{\"Service\":\"ec2.amazonaws.com\"}}],\"Version\":\"2012-10-17\"}",
            "create_date": "2022-10-13T14:06:58Z",
            "description": "",
            "force_detach_policies": false,
            "id": "EpRole216",
            "inline_policy": [],
            "managed_policy_arns": [],
            "max_session_duration": 3600,
            "name": "EpRole216",
            "name_prefix": "",
            "path": "/",
            "permissions_boundary": "arn:aws:iam::455436446709:policy/EPPolicy19",
            "tags": {
              "Name": ""
            },
            "tags_all": {
              "Name": ""
            },
            "unique_id": "AROAWUCRAVP2YJKKBO5FV"
          },
          "sensitive_attributes": [],
          "private": "bnVsbA==",
          "dependencies": [
            "aws_iam_policy.EPPolicy19",
            "time_sleep.wait_2_seconds"
          ]
        }
      ]
    },
    {
      "mode": "managed",
      "type": "aws_iam_role",
      "name": "iam_EpRole217",
      "provider": "provider[\"registry.terraform.io/hashicorp/aws\"]",
      "instances": [
        {
          "schema_version": 0,
          "attributes": {
            "arn": "arn:aws:iam::455436446709:role/EpRole217",
            "assume_role_policy": "{\"Statement\":[{\"Action\":\"sts:AssumeRole\",\"Effect\":\"Allow\",\"Principal\":{\"Service\":\"ec2.amazonaws.com\"}}],\"Version\":\"2012-10-17\"}",
            "create_date": "2022-10-13T14:07:01Z",
            "description": "",
            "force_detach_policies": false,
            "id": "EpRole217",
            "inline_policy": [],
            "managed_policy_arns": [],
            "max_session_duration": 3600,
            "name": "EpRole217",
            "name_prefix": "",
            "path": "/",
            "permissions_boundary": "arn:aws:iam::455436446709:policy/EPPolicy20",
            "tags": {
              "Name": ""
            },
            "tags_all": {
              "Name": ""
            },
            "unique_id": "AROAWUCRAVP26LMNEUANG"
          },
          "sensitive_attributes": [],
          "private": "bnVsbA==",
          "dependencies": [
            "aws_iam_policy.EPPolicy20",
            "time_sleep.wait_2_seconds"
          ]
        }
      ]
    },
    {
      "mode": "managed",
      "type": "aws_iam_role",
      "name": "iam_EpRole218",
      "provider": "provider[\"registry.terraform.io/hashicorp/aws\"]",
      "instances": [
        {
          "schema_version": 0,
          "attributes": {
            "arn": "arn:aws:iam::455436446709:role/EpRole218",
            "assume_role_policy": "{\"Statement\":[{\"Action\":\"sts:AssumeRole\",\"Effect\":\"Allow\",\"Principal\":{\"Service\":\"ec2.amazonaws.com\"}}],\"Version\":\"2012-10-17\"}",
            "create_date": "2022-10-13T14:07:15Z",
            "description": "",
            "force_detach_policies": false,
            "id": "EpRole218",
            "inline_policy": [],
            "managed_policy_arns": [],
            "max_session_duration": 3600,
            "name": "EpRole218",
            "name_prefix": "",
            "path": "/",
            "permissions_boundary": "arn:aws:iam::455436446709:policy/EPPolicy21",
            "tags": {
              "Name": ""
            },
            "tags_all": {
              "Name": ""
            },
            "unique_id": "AROAWUCRAVP22XGDXB4WY"
          },
          "sensitive_attributes": [],
          "private": "bnVsbA==",
          "dependencies": [
            "aws_iam_policy.EPPolicy21",
            "time_sleep.wait_2_seconds"
          ]
        }
      ]
    },
    {
      "mode": "managed",
      "type": "aws_iam_role",
      "name": "iam_EpRole219",
      "provider": "provider[\"registry.terraform.io/hashicorp/aws\"]",
      "instances": [
        {
          "schema_version": 0,
          "attributes": {
            "arn": "arn:aws:iam::455436446709:role/EpRole219",
            "assume_role_policy": "{\"Statement\":[{\"Action\":\"sts:AssumeRole\",\"Effect\":\"Allow\",\"Principal\":{\"Service\":\"ec2.amazonaws.com\"}}],\"Version\":\"2012-10-17\"}",
            "create_date": "2022-10-13T14:06:50Z",
            "description": "",
            "force_detach_policies": false,
            "id": "EpRole219",
            "inline_policy": [],
            "managed_policy_arns": [],
            "max_session_duration": 3600,
            "name": "EpRole219",
            "name_prefix": "",
            "path": "/",
            "permissions_boundary": "arn:aws:iam::455436446709:policy/EPPolicy22",
            "tags": {
              "Name": ""
            },
            "tags_all": {
              "Name": ""
            },
            "unique_id": "AROAWUCRAVP2UUDINXBFI"
          },
          "sensitive_attributes": [],
          "private": "bnVsbA==",
          "dependencies": [
            "aws_iam_policy.EPPolicy22",
            "time_sleep.wait_2_seconds"
          ]
        }
      ]
    },
    {
      "mode": "managed",
      "type": "aws_iam_role",
      "name": "iam_EpRole22",
      "provider": "provider[\"registry.terraform.io/hashicorp/aws\"]",
      "instances": [
        {
          "schema_version": 0,
          "attributes": {
            "arn": "arn:aws:iam::455436446709:role/EpRole22",
            "assume_role_policy": "{\"Statement\":[{\"Action\":\"sts:AssumeRole\",\"Effect\":\"Allow\",\"Principal\":{\"Service\":\"ec2.amazonaws.com\"}}],\"Version\":\"2012-10-17\"}",
            "create_date": "2022-10-13T14:07:17Z",
            "description": "",
            "force_detach_policies": false,
            "id": "EpRole22",
            "inline_policy": [],
            "managed_policy_arns": [],
            "max_session_duration": 3600,
            "name": "EpRole22",
            "name_prefix": "",
            "path": "/",
            "permissions_boundary": "arn:aws:iam::455436446709:policy/EPPolicy31",
            "tags": {
              "Name": ""
            },
            "tags_all": {
              "Name": ""
            },
            "unique_id": "AROAWUCRAVP23B6YGEA4F"
          },
          "sensitive_attributes": [],
          "private": "bnVsbA==",
          "dependencies": [
            "aws_iam_policy.EPPolicy31",
            "time_sleep.wait_2_seconds"
          ]
        }
      ]
    },
    {
      "mode": "managed",
      "type": "aws_iam_role",
      "name": "iam_EpRole220",
      "provider": "provider[\"registry.terraform.io/hashicorp/aws\"]",
      "instances": [
        {
          "schema_version": 0,
          "attributes": {
            "arn": "arn:aws:iam::455436446709:role/EpRole220",
            "assume_role_policy": "{\"Statement\":[{\"Action\":\"sts:AssumeRole\",\"Effect\":\"Allow\",\"Principal\":{\"Service\":\"ec2.amazonaws.com\"}}],\"Version\":\"2012-10-17\"}",
            "create_date": "2022-10-13T14:07:17Z",
            "description": "",
            "force_detach_policies": false,
            "id": "EpRole220",
            "inline_policy": [],
            "managed_policy_arns": [],
            "max_session_duration": 3600,
            "name": "EpRole220",
            "name_prefix": "",
            "path": "/",
            "permissions_boundary": "arn:aws:iam::455436446709:policy/EPPolicy31",
            "tags": {
              "Name": ""
            },
            "tags_all": {
              "Name": ""
            },
            "unique_id": "AROAWUCRAVP263D2HGPVL"
          },
          "sensitive_attributes": [],
          "private": "bnVsbA==",
          "dependencies": [
            "aws_iam_policy.EPPolicy31",
            "time_sleep.wait_2_seconds"
          ]
        }
      ]
    },
    {
      "mode": "managed",
      "type": "aws_iam_role",
      "name": "iam_EpRole221",
      "provider": "provider[\"registry.terraform.io/hashicorp/aws\"]",
      "instances": [
        {
          "schema_version": 0,
          "attributes": {
            "arn": "arn:aws:iam::455436446709:role/EpRole221",
            "assume_role_policy": "{\"Statement\":[{\"Action\":\"sts:AssumeRole\",\"Effect\":\"Allow\",\"Principal\":{\"Service\":\"ec2.amazonaws.com\"}}],\"Version\":\"2012-10-17\"}",
            "create_date": "2022-10-13T14:06:53Z",
            "description": "",
            "force_detach_policies": false,
            "id": "EpRole221",
            "inline_policy": [],
            "managed_policy_arns": [],
            "max_session_duration": 3600,
            "name": "EpRole221",
            "name_prefix": "",
            "path": "/",
            "permissions_boundary": "arn:aws:iam::455436446709:policy/EPPolicy32",
            "tags": {
              "Name": ""
            },
            "tags_all": {
              "Name": ""
            },
            "unique_id": "AROAWUCRAVP2WQP5QUNEX"
          },
          "sensitive_attributes": [],
          "private": "bnVsbA==",
          "dependencies": [
            "aws_iam_policy.EPPolicy32",
            "time_sleep.wait_2_seconds"
          ]
        }
      ]
    },
    {
      "mode": "managed",
      "type": "aws_iam_role",
      "name": "iam_EpRole222",
      "provider": "provider[\"registry.terraform.io/hashicorp/aws\"]",
      "instances": [
        {
          "schema_version": 0,
          "attributes": {
            "arn": "arn:aws:iam::455436446709:role/EpRole222",
            "assume_role_policy": "{\"Statement\":[{\"Action\":\"sts:AssumeRole\",\"Effect\":\"Allow\",\"Principal\":{\"Service\":\"ec2.amazonaws.com\"}}],\"Version\":\"2012-10-17\"}",
            "create_date": "2022-10-13T14:07:12Z",
            "description": "",
            "force_detach_policies": false,
            "id": "EpRole222",
            "inline_policy": [],
            "managed_policy_arns": [],
            "max_session_duration": 3600,
            "name": "EpRole222",
            "name_prefix": "",
            "path": "/",
            "permissions_boundary": "arn:aws:iam::455436446709:policy/EPPolicy15",
            "tags": {
              "Name": ""
            },
            "tags_all": {
              "Name": ""
            },
            "unique_id": "AROAWUCRAVP2ZYMIZVHB5"
          },
          "sensitive_attributes": [],
          "private": "bnVsbA==",
          "dependencies": [
            "aws_iam_policy.EPPolicy15",
            "time_sleep.wait_2_seconds"
          ]
        }
      ]
    },
    {
      "mode": "managed",
      "type": "aws_iam_role",
      "name": "iam_EpRole223",
      "provider": "provider[\"registry.terraform.io/hashicorp/aws\"]",
      "instances": [
        {
          "schema_version": 0,
          "attributes": {
            "arn": "arn:aws:iam::455436446709:role/EpRole223",
            "assume_role_policy": "{\"Statement\":[{\"Action\":\"sts:AssumeRole\",\"Effect\":\"Allow\",\"Principal\":{\"Service\":\"ec2.amazonaws.com\"}}],\"Version\":\"2012-10-17\"}",
            "create_date": "2022-10-13T14:07:05Z",
            "description": "",
            "force_detach_policies": false,
            "id": "EpRole223",
            "inline_policy": [],
            "managed_policy_arns": [],
            "max_session_duration": 3600,
            "name": "EpRole223",
            "name_prefix": "",
            "path": "/",
            "permissions_boundary": "arn:aws:iam::455436446709:policy/EPPolicy16",
            "tags": {
              "Name": ""
            },
            "tags_all": {
              "Name": ""
            },
            "unique_id": "AROAWUCRAVP2SOTD2HGHQ"
          },
          "sensitive_attributes": [],
          "private": "bnVsbA==",
          "dependencies": [
            "aws_iam_policy.EPPolicy16",
            "time_sleep.wait_2_seconds"
          ]
        }
      ]
    },
    {
      "mode": "managed",
      "type": "aws_iam_role",
      "name": "iam_EpRole224",
      "provider": "provider[\"registry.terraform.io/hashicorp/aws\"]",
      "instances": [
        {
          "schema_version": 0,
          "attributes": {
            "arn": "arn:aws:iam::455436446709:role/EpRole224",
            "assume_role_policy": "{\"Statement\":[{\"Action\":\"sts:AssumeRole\",\"Effect\":\"Allow\",\"Principal\":{\"Service\":\"ec2.amazonaws.com\"}}],\"Version\":\"2012-10-17\"}",
            "create_date": "2022-10-13T14:06:47Z",
            "description": "",
            "force_detach_policies": false,
            "id": "EpRole224",
            "inline_policy": [],
            "managed_policy_arns": [],
            "max_session_duration": 3600,
            "name": "EpRole224",
            "name_prefix": "",
            "path": "/",
            "permissions_boundary": "arn:aws:iam::455436446709:policy/EPPolicy17",
            "tags": {
              "Name": ""
            },
            "tags_all": {
              "Name": ""
            },
            "unique_id": "AROAWUCRAVP262Y7TSIAY"
          },
          "sensitive_attributes": [],
          "private": "bnVsbA==",
          "dependencies": [
            "aws_iam_policy.EPPolicy17",
            "time_sleep.wait_2_seconds"
          ]
        }
      ]
    },
    {
      "mode": "managed",
      "type": "aws_iam_role",
      "name": "iam_EpRole225",
      "provider": "provider[\"registry.terraform.io/hashicorp/aws\"]",
      "instances": [
        {
          "schema_version": 0,
          "attributes": {
            "arn": "arn:aws:iam::455436446709:role/EpRole225",
            "assume_role_policy": "{\"Statement\":[{\"Action\":\"sts:AssumeRole\",\"Effect\":\"Allow\",\"Principal\":{\"Service\":\"ec2.amazonaws.com\"}}],\"Version\":\"2012-10-17\"}",
            "create_date": "2022-10-13T14:07:08Z",
            "description": "",
            "force_detach_policies": false,
            "id": "EpRole225",
            "inline_policy": [],
            "managed_policy_arns": [],
            "max_session_duration": 3600,
            "name": "EpRole225",
            "name_prefix": "",
            "path": "/",
            "permissions_boundary": "arn:aws:iam::455436446709:policy/EPPolicy18",
            "tags": {
              "Name": ""
            },
            "tags_all": {
              "Name": ""
            },
            "unique_id": "AROAWUCRAVP2QD7XUZZMB"
          },
          "sensitive_attributes": [],
          "private": "bnVsbA==",
          "dependencies": [
            "aws_iam_policy.EPPolicy18",
            "time_sleep.wait_2_seconds"
          ]
        }
      ]
    },
    {
      "mode": "managed",
      "type": "aws_iam_role",
      "name": "iam_EpRole226",
      "provider": "provider[\"registry.terraform.io/hashicorp/aws\"]",
      "instances": [
        {
          "schema_version": 0,
          "attributes": {
            "arn": "arn:aws:iam::455436446709:role/EpRole226",
            "assume_role_policy": "{\"Statement\":[{\"Action\":\"sts:AssumeRole\",\"Effect\":\"Allow\",\"Principal\":{\"Service\":\"ec2.amazonaws.com\"}}],\"Version\":\"2012-10-17\"}",
            "create_date": "2022-10-13T14:06:58Z",
            "description": "",
            "force_detach_policies": false,
            "id": "EpRole226",
            "inline_policy": [],
            "managed_policy_arns": [],
            "max_session_duration": 3600,
            "name": "EpRole226",
            "name_prefix": "",
            "path": "/",
            "permissions_boundary": "arn:aws:iam::455436446709:policy/EPPolicy19",
            "tags": {
              "Name": ""
            },
            "tags_all": {
              "Name": ""
            },
            "unique_id": "AROAWUCRAVP2WJP2W5NFH"
          },
          "sensitive_attributes": [],
          "private": "bnVsbA==",
          "dependencies": [
            "aws_iam_policy.EPPolicy19",
            "time_sleep.wait_2_seconds"
          ]
        }
      ]
    },
    {
      "mode": "managed",
      "type": "aws_iam_role",
      "name": "iam_EpRole227",
      "provider": "provider[\"registry.terraform.io/hashicorp/aws\"]",
      "instances": [
        {
          "schema_version": 0,
          "attributes": {
            "arn": "arn:aws:iam::455436446709:role/EpRole227",
            "assume_role_policy": "{\"Statement\":[{\"Action\":\"sts:AssumeRole\",\"Effect\":\"Allow\",\"Principal\":{\"Service\":\"ec2.amazonaws.com\"}}],\"Version\":\"2012-10-17\"}",
            "create_date": "2022-10-13T14:06:59Z",
            "description": "",
            "force_detach_policies": false,
            "id": "EpRole227",
            "inline_policy": [],
            "managed_policy_arns": [],
            "max_session_duration": 3600,
            "name": "EpRole227",
            "name_prefix": "",
            "path": "/",
            "permissions_boundary": "arn:aws:iam::455436446709:policy/EPPolicy20",
            "tags": {
              "Name": ""
            },
            "tags_all": {
              "Name": ""
            },
            "unique_id": "AROAWUCRAVP2XUNHLOEBK"
          },
          "sensitive_attributes": [],
          "private": "bnVsbA==",
          "dependencies": [
            "aws_iam_policy.EPPolicy20",
            "time_sleep.wait_2_seconds"
          ]
        }
      ]
    },
    {
      "mode": "managed",
      "type": "aws_iam_role",
      "name": "iam_EpRole228",
      "provider": "provider[\"registry.terraform.io/hashicorp/aws\"]",
      "instances": [
        {
          "schema_version": 0,
          "attributes": {
            "arn": "arn:aws:iam::455436446709:role/EpRole228",
            "assume_role_policy": "{\"Statement\":[{\"Action\":\"sts:AssumeRole\",\"Effect\":\"Allow\",\"Principal\":{\"Service\":\"ec2.amazonaws.com\"}}],\"Version\":\"2012-10-17\"}",
            "create_date": "2022-10-13T14:07:15Z",
            "description": "",
            "force_detach_policies": false,
            "id": "EpRole228",
            "inline_policy": [],
            "managed_policy_arns": [],
            "max_session_duration": 3600,
            "name": "EpRole228",
            "name_prefix": "",
            "path": "/",
            "permissions_boundary": "arn:aws:iam::455436446709:policy/EPPolicy21",
            "tags": {
              "Name": ""
            },
            "tags_all": {
              "Name": ""
            },
            "unique_id": "AROAWUCRAVP26DDNHIQZT"
          },
          "sensitive_attributes": [],
          "private": "bnVsbA==",
          "dependencies": [
            "aws_iam_policy.EPPolicy21",
            "time_sleep.wait_2_seconds"
          ]
        }
      ]
    },
    {
      "mode": "managed",
      "type": "aws_iam_role",
      "name": "iam_EpRole229",
      "provider": "provider[\"registry.terraform.io/hashicorp/aws\"]",
      "instances": [
        {
          "schema_version": 0,
          "attributes": {
            "arn": "arn:aws:iam::455436446709:role/EpRole229",
            "assume_role_policy": "{\"Statement\":[{\"Action\":\"sts:AssumeRole\",\"Effect\":\"Allow\",\"Principal\":{\"Service\":\"ec2.amazonaws.com\"}}],\"Version\":\"2012-10-17\"}",
            "create_date": "2022-10-13T14:06:51Z",
            "description": "",
            "force_detach_policies": false,
            "id": "EpRole229",
            "inline_policy": [],
            "managed_policy_arns": [],
            "max_session_duration": 3600,
            "name": "EpRole229",
            "name_prefix": "",
            "path": "/",
            "permissions_boundary": "arn:aws:iam::455436446709:policy/EPPolicy22",
            "tags": {
              "Name": ""
            },
            "tags_all": {
              "Name": ""
            },
            "unique_id": "AROAWUCRAVP26YQGO6LDV"
          },
          "sensitive_attributes": [],
          "private": "bnVsbA==",
          "dependencies": [
            "aws_iam_policy.EPPolicy22",
            "time_sleep.wait_2_seconds"
          ]
        }
      ]
    },
    {
      "mode": "managed",
      "type": "aws_iam_role",
      "name": "iam_EpRole23",
      "provider": "provider[\"registry.terraform.io/hashicorp/aws\"]",
      "instances": [
        {
          "schema_version": 0,
          "attributes": {
            "arn": "arn:aws:iam::455436446709:role/EpRole23",
            "assume_role_policy": "{\"Statement\":[{\"Action\":\"sts:AssumeRole\",\"Effect\":\"Allow\",\"Principal\":{\"Service\":\"ec2.amazonaws.com\"}}],\"Version\":\"2012-10-17\"}",
            "create_date": "2022-10-13T14:06:53Z",
            "description": "",
            "force_detach_policies": false,
            "id": "EpRole23",
            "inline_policy": [],
            "managed_policy_arns": [],
            "max_session_duration": 3600,
            "name": "EpRole23",
            "name_prefix": "",
            "path": "/",
            "permissions_boundary": "arn:aws:iam::455436446709:policy/EPPolicy32",
            "tags": {
              "Name": ""
            },
            "tags_all": {
              "Name": ""
            },
            "unique_id": "AROAWUCRAVP2QMDSTTLAP"
          },
          "sensitive_attributes": [],
          "private": "bnVsbA==",
          "dependencies": [
            "aws_iam_policy.EPPolicy32",
            "time_sleep.wait_2_seconds"
          ]
        }
      ]
    },
    {
      "mode": "managed",
      "type": "aws_iam_role",
      "name": "iam_EpRole230",
      "provider": "provider[\"registry.terraform.io/hashicorp/aws\"]",
      "instances": [
        {
          "schema_version": 0,
          "attributes": {
            "arn": "arn:aws:iam::455436446709:role/EpRole230",
            "assume_role_policy": "{\"Statement\":[{\"Action\":\"sts:AssumeRole\",\"Effect\":\"Allow\",\"Principal\":{\"Service\":\"ec2.amazonaws.com\"}}],\"Version\":\"2012-10-17\"}",
            "create_date": "2022-10-13T14:07:19Z",
            "description": "",
            "force_detach_policies": false,
            "id": "EpRole230",
            "inline_policy": [],
            "managed_policy_arns": [],
            "max_session_duration": 3600,
            "name": "EpRole230",
            "name_prefix": "",
            "path": "/",
            "permissions_boundary": "arn:aws:iam::455436446709:policy/EPPolicy31",
            "tags": {
              "Name": ""
            },
            "tags_all": {
              "Name": ""
            },
            "unique_id": "AROAWUCRAVP2V6APGUBLY"
          },
          "sensitive_attributes": [],
          "private": "bnVsbA==",
          "dependencies": [
            "aws_iam_policy.EPPolicy31",
            "time_sleep.wait_2_seconds"
          ]
        }
      ]
    },
    {
      "mode": "managed",
      "type": "aws_iam_role",
      "name": "iam_EpRole231",
      "provider": "provider[\"registry.terraform.io/hashicorp/aws\"]",
      "instances": [
        {
          "schema_version": 0,
          "attributes": {
            "arn": "arn:aws:iam::455436446709:role/EpRole231",
            "assume_role_policy": "{\"Statement\":[{\"Action\":\"sts:AssumeRole\",\"Effect\":\"Allow\",\"Principal\":{\"Service\":\"ec2.amazonaws.com\"}}],\"Version\":\"2012-10-17\"}",
            "create_date": "2022-10-13T14:06:52Z",
            "description": "",
            "force_detach_policies": false,
            "id": "EpRole231",
            "inline_policy": [],
            "managed_policy_arns": [],
            "max_session_duration": 3600,
            "name": "EpRole231",
            "name_prefix": "",
            "path": "/",
            "permissions_boundary": "arn:aws:iam::455436446709:policy/EPPolicy32",
            "tags": {
              "Name": ""
            },
            "tags_all": {
              "Name": ""
            },
            "unique_id": "AROAWUCRAVP2YMVMFAGUO"
          },
          "sensitive_attributes": [],
          "private": "bnVsbA==",
          "dependencies": [
            "aws_iam_policy.EPPolicy32",
            "time_sleep.wait_2_seconds"
          ]
        }
      ]
    },
    {
      "mode": "managed",
      "type": "aws_iam_role",
      "name": "iam_EpRole232",
      "provider": "provider[\"registry.terraform.io/hashicorp/aws\"]",
      "instances": [
        {
          "schema_version": 0,
          "attributes": {
            "arn": "arn:aws:iam::455436446709:role/EpRole232",
            "assume_role_policy": "{\"Statement\":[{\"Action\":\"sts:AssumeRole\",\"Effect\":\"Allow\",\"Principal\":{\"Service\":\"ec2.amazonaws.com\"}}],\"Version\":\"2012-10-17\"}",
            "create_date": "2022-10-13T14:07:06Z",
            "description": "",
            "force_detach_policies": false,
            "id": "EpRole232",
            "inline_policy": [],
            "managed_policy_arns": [],
            "max_session_duration": 3600,
            "name": "EpRole232",
            "name_prefix": "",
            "path": "/",
            "permissions_boundary": "arn:aws:iam::455436446709:policy/EPPolicy16",
            "tags": {
              "Name": ""
            },
            "tags_all": {
              "Name": ""
            },
            "unique_id": "AROAWUCRAVP2QVQWJYDFE"
          },
          "sensitive_attributes": [],
          "private": "bnVsbA==",
          "dependencies": [
            "aws_iam_policy.EPPolicy16",
            "time_sleep.wait_2_seconds"
          ]
        }
      ]
    },
    {
      "mode": "managed",
      "type": "aws_iam_role",
      "name": "iam_EpRole233",
      "provider": "provider[\"registry.terraform.io/hashicorp/aws\"]",
      "instances": [
        {
          "schema_version": 0,
          "attributes": {
            "arn": "arn:aws:iam::455436446709:role/EpRole233",
            "assume_role_policy": "{\"Statement\":[{\"Action\":\"sts:AssumeRole\",\"Effect\":\"Allow\",\"Principal\":{\"Service\":\"ec2.amazonaws.com\"}}],\"Version\":\"2012-10-17\"}",
            "create_date": "2022-10-13T14:06:46Z",
            "description": "",
            "force_detach_policies": false,
            "id": "EpRole233",
            "inline_policy": [],
            "managed_policy_arns": [],
            "max_session_duration": 3600,
            "name": "EpRole233",
            "name_prefix": "",
            "path": "/",
            "permissions_boundary": "arn:aws:iam::455436446709:policy/EPPolicy17",
            "tags": {
              "Name": ""
            },
            "tags_all": {
              "Name": ""
            },
            "unique_id": "AROAWUCRAVP2XRXDS25QA"
          },
          "sensitive_attributes": [],
          "private": "bnVsbA==",
          "dependencies": [
            "aws_iam_policy.EPPolicy17",
            "time_sleep.wait_2_seconds"
          ]
        }
      ]
    },
    {
      "mode": "managed",
      "type": "aws_iam_role",
      "name": "iam_EpRole234",
      "provider": "provider[\"registry.terraform.io/hashicorp/aws\"]",
      "instances": [
        {
          "schema_version": 0,
          "attributes": {
            "arn": "arn:aws:iam::455436446709:role/EpRole234",
            "assume_role_policy": "{\"Statement\":[{\"Action\":\"sts:AssumeRole\",\"Effect\":\"Allow\",\"Principal\":{\"Service\":\"ec2.amazonaws.com\"}}],\"Version\":\"2012-10-17\"}",
            "create_date": "2022-10-13T14:07:07Z",
            "description": "",
            "force_detach_policies": false,
            "id": "EpRole234",
            "inline_policy": [],
            "managed_policy_arns": [],
            "max_session_duration": 3600,
            "name": "EpRole234",
            "name_prefix": "",
            "path": "/",
            "permissions_boundary": "arn:aws:iam::455436446709:policy/EPPolicy18",
            "tags": {
              "Name": ""
            },
            "tags_all": {
              "Name": ""
            },
            "unique_id": "AROAWUCRAVP23UUUNKFXQ"
          },
          "sensitive_attributes": [],
          "private": "bnVsbA==",
          "dependencies": [
            "aws_iam_policy.EPPolicy18",
            "time_sleep.wait_2_seconds"
          ]
        }
      ]
    },
    {
      "mode": "managed",
      "type": "aws_iam_role",
      "name": "iam_EpRole235",
      "provider": "provider[\"registry.terraform.io/hashicorp/aws\"]",
      "instances": [
        {
          "schema_version": 0,
          "attributes": {
            "arn": "arn:aws:iam::455436446709:role/EpRole235",
            "assume_role_policy": "{\"Statement\":[{\"Action\":\"sts:AssumeRole\",\"Effect\":\"Allow\",\"Principal\":{\"Service\":\"ec2.amazonaws.com\"}}],\"Version\":\"2012-10-17\"}",
            "create_date": "2022-10-13T14:06:58Z",
            "description": "",
            "force_detach_policies": false,
            "id": "EpRole235",
            "inline_policy": [],
            "managed_policy_arns": [],
            "max_session_duration": 3600,
            "name": "EpRole235",
            "name_prefix": "",
            "path": "/",
            "permissions_boundary": "arn:aws:iam::455436446709:policy/EPPolicy19",
            "tags": {
              "Name": ""
            },
            "tags_all": {
              "Name": ""
            },
            "unique_id": "AROAWUCRAVP2Q34K6D563"
          },
          "sensitive_attributes": [],
          "private": "bnVsbA==",
          "dependencies": [
            "aws_iam_policy.EPPolicy19",
            "time_sleep.wait_2_seconds"
          ]
        }
      ]
    },
    {
      "mode": "managed",
      "type": "aws_iam_role",
      "name": "iam_EpRole236",
      "provider": "provider[\"registry.terraform.io/hashicorp/aws\"]",
      "instances": [
        {
          "schema_version": 0,
          "attributes": {
            "arn": "arn:aws:iam::455436446709:role/EpRole236",
            "assume_role_policy": "{\"Statement\":[{\"Action\":\"sts:AssumeRole\",\"Effect\":\"Allow\",\"Principal\":{\"Service\":\"ec2.amazonaws.com\"}}],\"Version\":\"2012-10-17\"}",
            "create_date": "2022-10-13T14:07:00Z",
            "description": "",
            "force_detach_policies": false,
            "id": "EpRole236",
            "inline_policy": [],
            "managed_policy_arns": [],
            "max_session_duration": 3600,
            "name": "EpRole236",
            "name_prefix": "",
            "path": "/",
            "permissions_boundary": "arn:aws:iam::455436446709:policy/EPPolicy20",
            "tags": {
              "Name": ""
            },
            "tags_all": {
              "Name": ""
            },
            "unique_id": "AROAWUCRAVP2355XEJ57M"
          },
          "sensitive_attributes": [],
          "private": "bnVsbA==",
          "dependencies": [
            "aws_iam_policy.EPPolicy20",
            "time_sleep.wait_2_seconds"
          ]
        }
      ]
    },
    {
      "mode": "managed",
      "type": "aws_iam_role",
      "name": "iam_EpRole237",
      "provider": "provider[\"registry.terraform.io/hashicorp/aws\"]",
      "instances": [
        {
          "schema_version": 0,
          "attributes": {
            "arn": "arn:aws:iam::455436446709:role/EpRole237",
            "assume_role_policy": "{\"Statement\":[{\"Action\":\"sts:AssumeRole\",\"Effect\":\"Allow\",\"Principal\":{\"Service\":\"ec2.amazonaws.com\"}}],\"Version\":\"2012-10-17\"}",
            "create_date": "2022-10-13T14:07:16Z",
            "description": "",
            "force_detach_policies": false,
            "id": "EpRole237",
            "inline_policy": [],
            "managed_policy_arns": [],
            "max_session_duration": 3600,
            "name": "EpRole237",
            "name_prefix": "",
            "path": "/",
            "permissions_boundary": "arn:aws:iam::455436446709:policy/EPPolicy21",
            "tags": {
              "Name": ""
            },
            "tags_all": {
              "Name": ""
            },
            "unique_id": "AROAWUCRAVP2TOMRXJ5C3"
          },
          "sensitive_attributes": [],
          "private": "bnVsbA==",
          "dependencies": [
            "aws_iam_policy.EPPolicy21",
            "time_sleep.wait_2_seconds"
          ]
        }
      ]
    },
    {
      "mode": "managed",
      "type": "aws_iam_role",
      "name": "iam_EpRole238",
      "provider": "provider[\"registry.terraform.io/hashicorp/aws\"]",
      "instances": [
        {
          "schema_version": 0,
          "attributes": {
            "arn": "arn:aws:iam::455436446709:role/EpRole238",
            "assume_role_policy": "{\"Statement\":[{\"Action\":\"sts:AssumeRole\",\"Effect\":\"Allow\",\"Principal\":{\"Service\":\"ec2.amazonaws.com\"}}],\"Version\":\"2012-10-17\"}",
            "create_date": "2022-10-13T14:06:50Z",
            "description": "",
            "force_detach_policies": false,
            "id": "EpRole238",
            "inline_policy": [],
            "managed_policy_arns": [],
            "max_session_duration": 3600,
            "name": "EpRole238",
            "name_prefix": "",
            "path": "/",
            "permissions_boundary": "arn:aws:iam::455436446709:policy/EPPolicy22",
            "tags": {
              "Name": ""
            },
            "tags_all": {
              "Name": ""
            },
            "unique_id": "AROAWUCRAVP2VIEZXLQHU"
          },
          "sensitive_attributes": [],
          "private": "bnVsbA==",
          "dependencies": [
            "aws_iam_policy.EPPolicy22",
            "time_sleep.wait_2_seconds"
          ]
        }
      ]
    },
    {
      "mode": "managed",
      "type": "aws_iam_role",
      "name": "iam_EpRole239",
      "provider": "provider[\"registry.terraform.io/hashicorp/aws\"]",
      "instances": [
        {
          "schema_version": 0,
          "attributes": {
            "arn": "arn:aws:iam::455436446709:role/EpRole239",
            "assume_role_policy": "{\"Statement\":[{\"Action\":\"sts:AssumeRole\",\"Effect\":\"Allow\",\"Principal\":{\"Service\":\"ec2.amazonaws.com\"}}],\"Version\":\"2012-10-17\"}",
            "create_date": "2022-10-13T14:07:19Z",
            "description": "",
            "force_detach_policies": false,
            "id": "EpRole239",
            "inline_policy": [],
            "managed_policy_arns": [],
            "max_session_duration": 3600,
            "name": "EpRole239",
            "name_prefix": "",
            "path": "/",
            "permissions_boundary": "arn:aws:iam::455436446709:policy/EPPolicy31",
            "tags": {
              "Name": ""
            },
            "tags_all": {
              "Name": ""
            },
            "unique_id": "AROAWUCRAVP2QSVOWOA7J"
          },
          "sensitive_attributes": [],
          "private": "bnVsbA==",
          "dependencies": [
            "aws_iam_policy.EPPolicy31",
            "time_sleep.wait_2_seconds"
          ]
        }
      ]
    },
    {
      "mode": "managed",
      "type": "aws_iam_role",
      "name": "iam_EpRole24",
      "provider": "provider[\"registry.terraform.io/hashicorp/aws\"]",
      "instances": [
        {
          "schema_version": 0,
          "attributes": {
            "arn": "arn:aws:iam::455436446709:role/EpRole24",
            "assume_role_policy": "{\"Statement\":[{\"Action\":\"sts:AssumeRole\",\"Effect\":\"Allow\",\"Principal\":{\"Service\":\"ec2.amazonaws.com\"}}],\"Version\":\"2012-10-17\"}",
            "create_date": "2022-10-13T14:07:02Z",
            "description": "",
            "force_detach_policies": false,
            "id": "EpRole24",
            "inline_policy": [],
            "managed_policy_arns": [],
            "max_session_duration": 3600,
            "name": "EpRole24",
            "name_prefix": "",
            "path": "/",
            "permissions_boundary": "arn:aws:iam::455436446709:policy/EPPolicy3",
            "tags": {
              "Name": ""
            },
            "tags_all": {
              "Name": ""
            },
            "unique_id": "AROAWUCRAVP2QUR5V6EBK"
          },
          "sensitive_attributes": [],
          "private": "bnVsbA==",
          "dependencies": [
            "aws_iam_policy.EPPolicy3",
            "time_sleep.wait_2_seconds"
          ]
        }
      ]
    },
    {
      "mode": "managed",
      "type": "aws_iam_role",
      "name": "iam_EpRole240",
      "provider": "provider[\"registry.terraform.io/hashicorp/aws\"]",
      "instances": [
        {
          "schema_version": 0,
          "attributes": {
            "arn": "arn:aws:iam::455436446709:role/EpRole240",
            "assume_role_policy": "{\"Statement\":[{\"Action\":\"sts:AssumeRole\",\"Effect\":\"Allow\",\"Principal\":{\"Service\":\"ec2.amazonaws.com\"}}],\"Version\":\"2012-10-17\"}",
            "create_date": "2022-10-13T14:06:52Z",
            "description": "",
            "force_detach_policies": false,
            "id": "EpRole240",
            "inline_policy": [],
            "managed_policy_arns": [],
            "max_session_duration": 3600,
            "name": "EpRole240",
            "name_prefix": "",
            "path": "/",
            "permissions_boundary": "arn:aws:iam::455436446709:policy/EPPolicy32",
            "tags": {
              "Name": ""
            },
            "tags_all": {
              "Name": ""
            },
            "unique_id": "AROAWUCRAVP2TRDJJZZ75"
          },
          "sensitive_attributes": [],
          "private": "bnVsbA==",
          "dependencies": [
            "aws_iam_policy.EPPolicy32",
            "time_sleep.wait_2_seconds"
          ]
        }
      ]
    },
    {
      "mode": "managed",
      "type": "aws_iam_role",
      "name": "iam_EpRole241",
      "provider": "provider[\"registry.terraform.io/hashicorp/aws\"]",
      "instances": [
        {
          "schema_version": 0,
          "attributes": {
            "arn": "arn:aws:iam::455436446709:role/EpRole241",
            "assume_role_policy": "{\"Statement\":[{\"Action\":\"sts:AssumeRole\",\"Effect\":\"Allow\",\"Principal\":{\"Service\":\"ec2.amazonaws.com\"}}],\"Version\":\"2012-10-17\"}",
            "create_date": "2022-10-13T14:06:47Z",
            "description": "",
            "force_detach_policies": false,
            "id": "EpRole241",
            "inline_policy": [],
            "managed_policy_arns": [],
            "max_session_duration": 3600,
            "name": "EpRole241",
            "name_prefix": "",
            "path": "/",
            "permissions_boundary": "arn:aws:iam::455436446709:policy/EPPolicy17",
            "tags": {
              "Name": ""
            },
            "tags_all": {
              "Name": ""
            },
            "unique_id": "AROAWUCRAVP2XALRPRBMS"
          },
          "sensitive_attributes": [],
          "private": "bnVsbA==",
          "dependencies": [
            "aws_iam_policy.EPPolicy17",
            "time_sleep.wait_2_seconds"
          ]
        }
      ]
    },
    {
      "mode": "managed",
      "type": "aws_iam_role",
      "name": "iam_EpRole242",
      "provider": "provider[\"registry.terraform.io/hashicorp/aws\"]",
      "instances": [
        {
          "schema_version": 0,
          "attributes": {
            "arn": "arn:aws:iam::455436446709:role/EpRole242",
            "assume_role_policy": "{\"Statement\":[{\"Action\":\"sts:AssumeRole\",\"Effect\":\"Allow\",\"Principal\":{\"Service\":\"ec2.amazonaws.com\"}}],\"Version\":\"2012-10-17\"}",
            "create_date": "2022-10-13T14:07:08Z",
            "description": "",
            "force_detach_policies": false,
            "id": "EpRole242",
            "inline_policy": [],
            "managed_policy_arns": [],
            "max_session_duration": 3600,
            "name": "EpRole242",
            "name_prefix": "",
            "path": "/",
            "permissions_boundary": "arn:aws:iam::455436446709:policy/EPPolicy18",
            "tags": {
              "Name": ""
            },
            "tags_all": {
              "Name": ""
            },
            "unique_id": "AROAWUCRAVP2S3FGOGSGG"
          },
          "sensitive_attributes": [],
          "private": "bnVsbA==",
          "dependencies": [
            "aws_iam_policy.EPPolicy18",
            "time_sleep.wait_2_seconds"
          ]
        }
      ]
    },
    {
      "mode": "managed",
      "type": "aws_iam_role",
      "name": "iam_EpRole243",
      "provider": "provider[\"registry.terraform.io/hashicorp/aws\"]",
      "instances": [
        {
          "schema_version": 0,
          "attributes": {
            "arn": "arn:aws:iam::455436446709:role/EpRole243",
            "assume_role_policy": "{\"Statement\":[{\"Action\":\"sts:AssumeRole\",\"Effect\":\"Allow\",\"Principal\":{\"Service\":\"ec2.amazonaws.com\"}}],\"Version\":\"2012-10-17\"}",
            "create_date": "2022-10-13T14:06:58Z",
            "description": "",
            "force_detach_policies": false,
            "id": "EpRole243",
            "inline_policy": [],
            "managed_policy_arns": [],
            "max_session_duration": 3600,
            "name": "EpRole243",
            "name_prefix": "",
            "path": "/",
            "permissions_boundary": "arn:aws:iam::455436446709:policy/EPPolicy19",
            "tags": {
              "Name": ""
            },
            "tags_all": {
              "Name": ""
            },
            "unique_id": "AROAWUCRAVP2YY6DB2GXH"
          },
          "sensitive_attributes": [],
          "private": "bnVsbA==",
          "dependencies": [
            "aws_iam_policy.EPPolicy19",
            "time_sleep.wait_2_seconds"
          ]
        }
      ]
    },
    {
      "mode": "managed",
      "type": "aws_iam_role",
      "name": "iam_EpRole244",
      "provider": "provider[\"registry.terraform.io/hashicorp/aws\"]",
      "instances": [
        {
          "schema_version": 0,
          "attributes": {
            "arn": "arn:aws:iam::455436446709:role/EpRole244",
            "assume_role_policy": "{\"Statement\":[{\"Action\":\"sts:AssumeRole\",\"Effect\":\"Allow\",\"Principal\":{\"Service\":\"ec2.amazonaws.com\"}}],\"Version\":\"2012-10-17\"}",
            "create_date": "2022-10-13T14:06:59Z",
            "description": "",
            "force_detach_policies": false,
            "id": "EpRole244",
            "inline_policy": [],
            "managed_policy_arns": [],
            "max_session_duration": 3600,
            "name": "EpRole244",
            "name_prefix": "",
            "path": "/",
            "permissions_boundary": "arn:aws:iam::455436446709:policy/EPPolicy20",
            "tags": {
              "Name": ""
            },
            "tags_all": {
              "Name": ""
            },
            "unique_id": "AROAWUCRAVP22GX4IJPX6"
          },
          "sensitive_attributes": [],
          "private": "bnVsbA==",
          "dependencies": [
            "aws_iam_policy.EPPolicy20",
            "time_sleep.wait_2_seconds"
          ]
        }
      ]
    },
    {
      "mode": "managed",
      "type": "aws_iam_role",
      "name": "iam_EpRole245",
      "provider": "provider[\"registry.terraform.io/hashicorp/aws\"]",
      "instances": [
        {
          "schema_version": 0,
          "attributes": {
            "arn": "arn:aws:iam::455436446709:role/EpRole245",
            "assume_role_policy": "{\"Statement\":[{\"Action\":\"sts:AssumeRole\",\"Effect\":\"Allow\",\"Principal\":{\"Service\":\"ec2.amazonaws.com\"}}],\"Version\":\"2012-10-17\"}",
            "create_date": "2022-10-13T14:07:16Z",
            "description": "",
            "force_detach_policies": false,
            "id": "EpRole245",
            "inline_policy": [],
            "managed_policy_arns": [],
            "max_session_duration": 3600,
            "name": "EpRole245",
            "name_prefix": "",
            "path": "/",
            "permissions_boundary": "arn:aws:iam::455436446709:policy/EPPolicy21",
            "tags": {
              "Name": ""
            },
            "tags_all": {
              "Name": ""
            },
            "unique_id": "AROAWUCRAVP2WWMSKTG4Y"
          },
          "sensitive_attributes": [],
          "private": "bnVsbA==",
          "dependencies": [
            "aws_iam_policy.EPPolicy21",
            "time_sleep.wait_2_seconds"
          ]
        }
      ]
    },
    {
      "mode": "managed",
      "type": "aws_iam_role",
      "name": "iam_EpRole246",
      "provider": "provider[\"registry.terraform.io/hashicorp/aws\"]",
      "instances": [
        {
          "schema_version": 0,
          "attributes": {
            "arn": "arn:aws:iam::455436446709:role/EpRole246",
            "assume_role_policy": "{\"Statement\":[{\"Action\":\"sts:AssumeRole\",\"Effect\":\"Allow\",\"Principal\":{\"Service\":\"ec2.amazonaws.com\"}}],\"Version\":\"2012-10-17\"}",
            "create_date": "2022-10-13T14:06:50Z",
            "description": "",
            "force_detach_policies": false,
            "id": "EpRole246",
            "inline_policy": [],
            "managed_policy_arns": [],
            "max_session_duration": 3600,
            "name": "EpRole246",
            "name_prefix": "",
            "path": "/",
            "permissions_boundary": "arn:aws:iam::455436446709:policy/EPPolicy22",
            "tags": {
              "Name": ""
            },
            "tags_all": {
              "Name": ""
            },
            "unique_id": "AROAWUCRAVP25CCKNZBZ4"
          },
          "sensitive_attributes": [],
          "private": "bnVsbA==",
          "dependencies": [
            "aws_iam_policy.EPPolicy22",
            "time_sleep.wait_2_seconds"
          ]
        }
      ]
    },
    {
      "mode": "managed",
      "type": "aws_iam_role",
      "name": "iam_EpRole247",
      "provider": "provider[\"registry.terraform.io/hashicorp/aws\"]",
      "instances": [
        {
          "schema_version": 0,
          "attributes": {
            "arn": "arn:aws:iam::455436446709:role/EpRole247",
            "assume_role_policy": "{\"Statement\":[{\"Action\":\"sts:AssumeRole\",\"Effect\":\"Allow\",\"Principal\":{\"Service\":\"ec2.amazonaws.com\"}}],\"Version\":\"2012-10-17\"}",
            "create_date": "2022-10-13T14:07:19Z",
            "description": "",
            "force_detach_policies": false,
            "id": "EpRole247",
            "inline_policy": [],
            "managed_policy_arns": [],
            "max_session_duration": 3600,
            "name": "EpRole247",
            "name_prefix": "",
            "path": "/",
            "permissions_boundary": "arn:aws:iam::455436446709:policy/EPPolicy31",
            "tags": {
              "Name": ""
            },
            "tags_all": {
              "Name": ""
            },
            "unique_id": "AROAWUCRAVP2WAAMYEOTS"
          },
          "sensitive_attributes": [],
          "private": "bnVsbA==",
          "dependencies": [
            "aws_iam_policy.EPPolicy31",
            "time_sleep.wait_2_seconds"
          ]
        }
      ]
    },
    {
      "mode": "managed",
      "type": "aws_iam_role",
      "name": "iam_EpRole248",
      "provider": "provider[\"registry.terraform.io/hashicorp/aws\"]",
      "instances": [
        {
          "schema_version": 0,
          "attributes": {
            "arn": "arn:aws:iam::455436446709:role/EpRole248",
            "assume_role_policy": "{\"Statement\":[{\"Action\":\"sts:AssumeRole\",\"Effect\":\"Allow\",\"Principal\":{\"Service\":\"ec2.amazonaws.com\"}}],\"Version\":\"2012-10-17\"}",
            "create_date": "2022-10-13T14:06:54Z",
            "description": "",
            "force_detach_policies": false,
            "id": "EpRole248",
            "inline_policy": [],
            "managed_policy_arns": [],
            "max_session_duration": 3600,
            "name": "EpRole248",
            "name_prefix": "",
            "path": "/",
            "permissions_boundary": "arn:aws:iam::455436446709:policy/EPPolicy32",
            "tags": {
              "Name": ""
            },
            "tags_all": {
              "Name": ""
            },
            "unique_id": "AROAWUCRAVP276D7LVSQJ"
          },
          "sensitive_attributes": [],
          "private": "bnVsbA==",
          "dependencies": [
            "aws_iam_policy.EPPolicy32",
            "time_sleep.wait_2_seconds"
          ]
        }
      ]
    },
    {
      "mode": "managed",
      "type": "aws_iam_role",
      "name": "iam_EpRole249",
      "provider": "provider[\"registry.terraform.io/hashicorp/aws\"]",
      "instances": [
        {
          "schema_version": 0,
          "attributes": {
            "arn": "arn:aws:iam::455436446709:role/EpRole249",
            "assume_role_policy": "{\"Statement\":[{\"Action\":\"sts:AssumeRole\",\"Effect\":\"Allow\",\"Principal\":{\"Service\":\"ec2.amazonaws.com\"}}],\"Version\":\"2012-10-17\"}",
            "create_date": "2022-10-13T14:07:07Z",
            "description": "",
            "force_detach_policies": false,
            "id": "EpRole249",
            "inline_policy": [],
            "managed_policy_arns": [],
            "max_session_duration": 3600,
            "name": "EpRole249",
            "name_prefix": "",
            "path": "/",
            "permissions_boundary": "arn:aws:iam::455436446709:policy/EPPolicy18",
            "tags": {
              "Name": ""
            },
            "tags_all": {
              "Name": ""
            },
            "unique_id": "AROAWUCRAVP245J7OUVMF"
          },
          "sensitive_attributes": [],
          "private": "bnVsbA==",
          "dependencies": [
            "aws_iam_policy.EPPolicy18",
            "time_sleep.wait_2_seconds"
          ]
        }
      ]
    },
    {
      "mode": "managed",
      "type": "aws_iam_role",
      "name": "iam_EpRole25",
      "provider": "provider[\"registry.terraform.io/hashicorp/aws\"]",
      "instances": [
        {
          "schema_version": 0,
          "attributes": {
            "arn": "arn:aws:iam::455436446709:role/EpRole25",
            "assume_role_policy": "{\"Statement\":[{\"Action\":\"sts:AssumeRole\",\"Effect\":\"Allow\",\"Principal\":{\"Service\":\"ec2.amazonaws.com\"}}],\"Version\":\"2012-10-17\"}",
            "create_date": "2022-10-13T14:07:23Z",
            "description": "",
            "force_detach_policies": false,
            "id": "EpRole25",
            "inline_policy": [],
            "managed_policy_arns": [],
            "max_session_duration": 3600,
            "name": "EpRole25",
            "name_prefix": "",
            "path": "/",
            "permissions_boundary": "arn:aws:iam::455436446709:policy/EPPolicy4",
            "tags": {
              "Name": ""
            },
            "tags_all": {
              "Name": ""
            },
            "unique_id": "AROAWUCRAVP2UIK3CRNKN"
          },
          "sensitive_attributes": [],
          "private": "bnVsbA==",
          "dependencies": [
            "aws_iam_policy.EPPolicy4",
            "time_sleep.wait_2_seconds"
          ]
        }
      ]
    },
    {
      "mode": "managed",
      "type": "aws_iam_role",
      "name": "iam_EpRole250",
      "provider": "provider[\"registry.terraform.io/hashicorp/aws\"]",
      "instances": [
        {
          "schema_version": 0,
          "attributes": {
            "arn": "arn:aws:iam::455436446709:role/EpRole250",
            "assume_role_policy": "{\"Statement\":[{\"Action\":\"sts:AssumeRole\",\"Effect\":\"Allow\",\"Principal\":{\"Service\":\"ec2.amazonaws.com\"}}],\"Version\":\"2012-10-17\"}",
            "create_date": "2022-10-13T14:06:59Z",
            "description": "",
            "force_detach_policies": false,
            "id": "EpRole250",
            "inline_policy": [],
            "managed_policy_arns": [],
            "max_session_duration": 3600,
            "name": "EpRole250",
            "name_prefix": "",
            "path": "/",
            "permissions_boundary": "arn:aws:iam::455436446709:policy/EPPolicy19",
            "tags": {
              "Name": ""
            },
            "tags_all": {
              "Name": ""
            },
            "unique_id": "AROAWUCRAVP2UBQY3FNGC"
          },
          "sensitive_attributes": [],
          "private": "bnVsbA==",
          "dependencies": [
            "aws_iam_policy.EPPolicy19",
            "time_sleep.wait_2_seconds"
          ]
        }
      ]
    },
    {
      "mode": "managed",
      "type": "aws_iam_role",
      "name": "iam_EpRole251",
      "provider": "provider[\"registry.terraform.io/hashicorp/aws\"]",
      "instances": [
        {
          "schema_version": 0,
          "attributes": {
            "arn": "arn:aws:iam::455436446709:role/EpRole251",
            "assume_role_policy": "{\"Statement\":[{\"Action\":\"sts:AssumeRole\",\"Effect\":\"Allow\",\"Principal\":{\"Service\":\"ec2.amazonaws.com\"}}],\"Version\":\"2012-10-17\"}",
            "create_date": "2022-10-13T14:06:59Z",
            "description": "",
            "force_detach_policies": false,
            "id": "EpRole251",
            "inline_policy": [],
            "managed_policy_arns": [],
            "max_session_duration": 3600,
            "name": "EpRole251",
            "name_prefix": "",
            "path": "/",
            "permissions_boundary": "arn:aws:iam::455436446709:policy/EPPolicy20",
            "tags": {
              "Name": ""
            },
            "tags_all": {
              "Name": ""
            },
            "unique_id": "AROAWUCRAVP2ZL465KZYC"
          },
          "sensitive_attributes": [],
          "private": "bnVsbA==",
          "dependencies": [
            "aws_iam_policy.EPPolicy20",
            "time_sleep.wait_2_seconds"
          ]
        }
      ]
    },
    {
      "mode": "managed",
      "type": "aws_iam_role",
      "name": "iam_EpRole252",
      "provider": "provider[\"registry.terraform.io/hashicorp/aws\"]",
      "instances": [
        {
          "schema_version": 0,
          "attributes": {
            "arn": "arn:aws:iam::455436446709:role/EpRole252",
            "assume_role_policy": "{\"Statement\":[{\"Action\":\"sts:AssumeRole\",\"Effect\":\"Allow\",\"Principal\":{\"Service\":\"ec2.amazonaws.com\"}}],\"Version\":\"2012-10-17\"}",
            "create_date": "2022-10-13T14:07:14Z",
            "description": "",
            "force_detach_policies": false,
            "id": "EpRole252",
            "inline_policy": [],
            "managed_policy_arns": [],
            "max_session_duration": 3600,
            "name": "EpRole252",
            "name_prefix": "",
            "path": "/",
            "permissions_boundary": "arn:aws:iam::455436446709:policy/EPPolicy21",
            "tags": {
              "Name": ""
            },
            "tags_all": {
              "Name": ""
            },
            "unique_id": "AROAWUCRAVP2XDYT2FQLN"
          },
          "sensitive_attributes": [],
          "private": "bnVsbA==",
          "dependencies": [
            "aws_iam_policy.EPPolicy21",
            "time_sleep.wait_2_seconds"
          ]
        }
      ]
    },
    {
      "mode": "managed",
      "type": "aws_iam_role",
      "name": "iam_EpRole253",
      "provider": "provider[\"registry.terraform.io/hashicorp/aws\"]",
      "instances": [
        {
          "schema_version": 0,
          "attributes": {
            "arn": "arn:aws:iam::455436446709:role/EpRole253",
            "assume_role_policy": "{\"Statement\":[{\"Action\":\"sts:AssumeRole\",\"Effect\":\"Allow\",\"Principal\":{\"Service\":\"ec2.amazonaws.com\"}}],\"Version\":\"2012-10-17\"}",
            "create_date": "2022-10-13T14:06:50Z",
            "description": "",
            "force_detach_policies": false,
            "id": "EpRole253",
            "inline_policy": [],
            "managed_policy_arns": [],
            "max_session_duration": 3600,
            "name": "EpRole253",
            "name_prefix": "",
            "path": "/",
            "permissions_boundary": "arn:aws:iam::455436446709:policy/EPPolicy22",
            "tags": {
              "Name": ""
            },
            "tags_all": {
              "Name": ""
            },
            "unique_id": "AROAWUCRAVP2VZPMKN7YM"
          },
          "sensitive_attributes": [],
          "private": "bnVsbA==",
          "dependencies": [
            "aws_iam_policy.EPPolicy22",
            "time_sleep.wait_2_seconds"
          ]
        }
      ]
    },
    {
      "mode": "managed",
      "type": "aws_iam_role",
      "name": "iam_EpRole254",
      "provider": "provider[\"registry.terraform.io/hashicorp/aws\"]",
      "instances": [
        {
          "schema_version": 0,
          "attributes": {
            "arn": "arn:aws:iam::455436446709:role/EpRole254",
            "assume_role_policy": "{\"Statement\":[{\"Action\":\"sts:AssumeRole\",\"Effect\":\"Allow\",\"Principal\":{\"Service\":\"ec2.amazonaws.com\"}}],\"Version\":\"2012-10-17\"}",
            "create_date": "2022-10-13T14:07:18Z",
            "description": "",
            "force_detach_policies": false,
            "id": "EpRole254",
            "inline_policy": [],
            "managed_policy_arns": [],
            "max_session_duration": 3600,
            "name": "EpRole254",
            "name_prefix": "",
            "path": "/",
            "permissions_boundary": "arn:aws:iam::455436446709:policy/EPPolicy31",
            "tags": {
              "Name": ""
            },
            "tags_all": {
              "Name": ""
            },
            "unique_id": "AROAWUCRAVP2SC3RID4NI"
          },
          "sensitive_attributes": [],
          "private": "bnVsbA==",
          "dependencies": [
            "aws_iam_policy.EPPolicy31",
            "time_sleep.wait_2_seconds"
          ]
        }
      ]
    },
    {
      "mode": "managed",
      "type": "aws_iam_role",
      "name": "iam_EpRole255",
      "provider": "provider[\"registry.terraform.io/hashicorp/aws\"]",
      "instances": [
        {
          "schema_version": 0,
          "attributes": {
            "arn": "arn:aws:iam::455436446709:role/EpRole255",
            "assume_role_policy": "{\"Statement\":[{\"Action\":\"sts:AssumeRole\",\"Effect\":\"Allow\",\"Principal\":{\"Service\":\"ec2.amazonaws.com\"}}],\"Version\":\"2012-10-17\"}",
            "create_date": "2022-10-13T14:06:55Z",
            "description": "",
            "force_detach_policies": false,
            "id": "EpRole255",
            "inline_policy": [],
            "managed_policy_arns": [],
            "max_session_duration": 3600,
            "name": "EpRole255",
            "name_prefix": "",
            "path": "/",
            "permissions_boundary": "arn:aws:iam::455436446709:policy/EPPolicy32",
            "tags": {
              "Name": ""
            },
            "tags_all": {
              "Name": ""
            },
            "unique_id": "AROAWUCRAVP2UFHJKHLEO"
          },
          "sensitive_attributes": [],
          "private": "bnVsbA==",
          "dependencies": [
            "aws_iam_policy.EPPolicy32",
            "time_sleep.wait_2_seconds"
          ]
        }
      ]
    },
    {
      "mode": "managed",
      "type": "aws_iam_role",
      "name": "iam_EpRole256",
      "provider": "provider[\"registry.terraform.io/hashicorp/aws\"]",
      "instances": [
        {
          "schema_version": 0,
          "attributes": {
            "arn": "arn:aws:iam::455436446709:role/EpRole256",
            "assume_role_policy": "{\"Statement\":[{\"Action\":\"sts:AssumeRole\",\"Effect\":\"Allow\",\"Principal\":{\"Service\":\"ec2.amazonaws.com\"}}],\"Version\":\"2012-10-17\"}",
            "create_date": "2022-10-13T14:06:56Z",
            "description": "",
            "force_detach_policies": false,
            "id": "EpRole256",
            "inline_policy": [],
            "managed_policy_arns": [],
            "max_session_duration": 3600,
            "name": "EpRole256",
            "name_prefix": "",
            "path": "/",
            "permissions_boundary": "arn:aws:iam::455436446709:policy/EPPolicy19",
            "tags": {
              "Name": ""
            },
            "tags_all": {
              "Name": ""
            },
            "unique_id": "AROAWUCRAVP22TXGCCNVH"
          },
          "sensitive_attributes": [],
          "private": "bnVsbA==",
          "dependencies": [
            "aws_iam_policy.EPPolicy19",
            "time_sleep.wait_2_seconds"
          ]
        }
      ]
    },
    {
      "mode": "managed",
      "type": "aws_iam_role",
      "name": "iam_EpRole257",
      "provider": "provider[\"registry.terraform.io/hashicorp/aws\"]",
      "instances": [
        {
          "schema_version": 0,
          "attributes": {
            "arn": "arn:aws:iam::455436446709:role/EpRole257",
            "assume_role_policy": "{\"Statement\":[{\"Action\":\"sts:AssumeRole\",\"Effect\":\"Allow\",\"Principal\":{\"Service\":\"ec2.amazonaws.com\"}}],\"Version\":\"2012-10-17\"}",
            "create_date": "2022-10-13T14:06:59Z",
            "description": "",
            "force_detach_policies": false,
            "id": "EpRole257",
            "inline_policy": [],
            "managed_policy_arns": [],
            "max_session_duration": 3600,
            "name": "EpRole257",
            "name_prefix": "",
            "path": "/",
            "permissions_boundary": "arn:aws:iam::455436446709:policy/EPPolicy20",
            "tags": {
              "Name": ""
            },
            "tags_all": {
              "Name": ""
            },
            "unique_id": "AROAWUCRAVP24VIDWBE4E"
          },
          "sensitive_attributes": [],
          "private": "bnVsbA==",
          "dependencies": [
            "aws_iam_policy.EPPolicy20",
            "time_sleep.wait_2_seconds"
          ]
        }
      ]
    },
    {
      "mode": "managed",
      "type": "aws_iam_role",
      "name": "iam_EpRole258",
      "provider": "provider[\"registry.terraform.io/hashicorp/aws\"]",
      "instances": [
        {
          "schema_version": 0,
          "attributes": {
            "arn": "arn:aws:iam::455436446709:role/EpRole258",
            "assume_role_policy": "{\"Statement\":[{\"Action\":\"sts:AssumeRole\",\"Effect\":\"Allow\",\"Principal\":{\"Service\":\"ec2.amazonaws.com\"}}],\"Version\":\"2012-10-17\"}",
            "create_date": "2022-10-13T14:07:14Z",
            "description": "",
            "force_detach_policies": false,
            "id": "EpRole258",
            "inline_policy": [],
            "managed_policy_arns": [],
            "max_session_duration": 3600,
            "name": "EpRole258",
            "name_prefix": "",
            "path": "/",
            "permissions_boundary": "arn:aws:iam::455436446709:policy/EPPolicy21",
            "tags": {
              "Name": ""
            },
            "tags_all": {
              "Name": ""
            },
            "unique_id": "AROAWUCRAVP2RFT4IECGU"
          },
          "sensitive_attributes": [],
          "private": "bnVsbA==",
          "dependencies": [
            "aws_iam_policy.EPPolicy21",
            "time_sleep.wait_2_seconds"
          ]
        }
      ]
    },
    {
      "mode": "managed",
      "type": "aws_iam_role",
      "name": "iam_EpRole259",
      "provider": "provider[\"registry.terraform.io/hashicorp/aws\"]",
      "instances": [
        {
          "schema_version": 0,
          "attributes": {
            "arn": "arn:aws:iam::455436446709:role/EpRole259",
            "assume_role_policy": "{\"Statement\":[{\"Action\":\"sts:AssumeRole\",\"Effect\":\"Allow\",\"Principal\":{\"Service\":\"ec2.amazonaws.com\"}}],\"Version\":\"2012-10-17\"}",
            "create_date": "2022-10-13T14:06:50Z",
            "description": "",
            "force_detach_policies": false,
            "id": "EpRole259",
            "inline_policy": [],
            "managed_policy_arns": [],
            "max_session_duration": 3600,
            "name": "EpRole259",
            "name_prefix": "",
            "path": "/",
            "permissions_boundary": "arn:aws:iam::455436446709:policy/EPPolicy22",
            "tags": {
              "Name": ""
            },
            "tags_all": {
              "Name": ""
            },
            "unique_id": "AROAWUCRAVP22QPCQMXBS"
          },
          "sensitive_attributes": [],
          "private": "bnVsbA==",
          "dependencies": [
            "aws_iam_policy.EPPolicy22",
            "time_sleep.wait_2_seconds"
          ]
        }
      ]
    },
    {
      "mode": "managed",
      "type": "aws_iam_role",
      "name": "iam_EpRole26",
      "provider": "provider[\"registry.terraform.io/hashicorp/aws\"]",
      "instances": [
        {
          "schema_version": 0,
          "attributes": {
            "arn": "arn:aws:iam::455436446709:role/EpRole26",
            "assume_role_policy": "{\"Statement\":[{\"Action\":\"sts:AssumeRole\",\"Effect\":\"Allow\",\"Principal\":{\"Service\":\"ec2.amazonaws.com\"}}],\"Version\":\"2012-10-17\"}",
            "create_date": "2022-10-13T14:07:07Z",
            "description": "",
            "force_detach_policies": false,
            "id": "EpRole26",
            "inline_policy": [],
            "managed_policy_arns": [],
            "max_session_duration": 3600,
            "name": "EpRole26",
            "name_prefix": "",
            "path": "/",
            "permissions_boundary": "arn:aws:iam::455436446709:policy/EPPolicy5",
            "tags": {
              "Name": ""
            },
            "tags_all": {
              "Name": ""
            },
            "unique_id": "AROAWUCRAVP24W6VDUYAL"
          },
          "sensitive_attributes": [],
          "private": "bnVsbA==",
          "dependencies": [
            "aws_iam_policy.EPPolicy5",
            "time_sleep.wait_2_seconds"
          ]
        }
      ]
    },
    {
      "mode": "managed",
      "type": "aws_iam_role",
      "name": "iam_EpRole260",
      "provider": "provider[\"registry.terraform.io/hashicorp/aws\"]",
      "instances": [
        {
          "schema_version": 0,
          "attributes": {
            "arn": "arn:aws:iam::455436446709:role/EpRole260",
            "assume_role_policy": "{\"Statement\":[{\"Action\":\"sts:AssumeRole\",\"Effect\":\"Allow\",\"Principal\":{\"Service\":\"ec2.amazonaws.com\"}}],\"Version\":\"2012-10-17\"}",
            "create_date": "2022-10-13T14:07:18Z",
            "description": "",
            "force_detach_policies": false,
            "id": "EpRole260",
            "inline_policy": [],
            "managed_policy_arns": [],
            "max_session_duration": 3600,
            "name": "EpRole260",
            "name_prefix": "",
            "path": "/",
            "permissions_boundary": "arn:aws:iam::455436446709:policy/EPPolicy31",
            "tags": {
              "Name": ""
            },
            "tags_all": {
              "Name": ""
            },
            "unique_id": "AROAWUCRAVP2WTEPHYZEJ"
          },
          "sensitive_attributes": [],
          "private": "bnVsbA==",
          "dependencies": [
            "aws_iam_policy.EPPolicy31",
            "time_sleep.wait_2_seconds"
          ]
        }
      ]
    },
    {
      "mode": "managed",
      "type": "aws_iam_role",
      "name": "iam_EpRole261",
      "provider": "provider[\"registry.terraform.io/hashicorp/aws\"]",
      "instances": [
        {
          "schema_version": 0,
          "attributes": {
            "arn": "arn:aws:iam::455436446709:role/EpRole261",
            "assume_role_policy": "{\"Statement\":[{\"Action\":\"sts:AssumeRole\",\"Effect\":\"Allow\",\"Principal\":{\"Service\":\"ec2.amazonaws.com\"}}],\"Version\":\"2012-10-17\"}",
            "create_date": "2022-10-13T14:06:54Z",
            "description": "",
            "force_detach_policies": false,
            "id": "EpRole261",
            "inline_policy": [],
            "managed_policy_arns": [],
            "max_session_duration": 3600,
            "name": "EpRole261",
            "name_prefix": "",
            "path": "/",
            "permissions_boundary": "arn:aws:iam::455436446709:policy/EPPolicy32",
            "tags": {
              "Name": ""
            },
            "tags_all": {
              "Name": ""
            },
            "unique_id": "AROAWUCRAVP2RAIXDBY5D"
          },
          "sensitive_attributes": [],
          "private": "bnVsbA==",
          "dependencies": [
            "aws_iam_policy.EPPolicy32",
            "time_sleep.wait_2_seconds"
          ]
        }
      ]
    },
    {
      "mode": "managed",
      "type": "aws_iam_role",
      "name": "iam_EpRole262",
      "provider": "provider[\"registry.terraform.io/hashicorp/aws\"]",
      "instances": [
        {
          "schema_version": 0,
          "attributes": {
            "arn": "arn:aws:iam::455436446709:role/EpRole262",
            "assume_role_policy": "{\"Statement\":[{\"Action\":\"sts:AssumeRole\",\"Effect\":\"Allow\",\"Principal\":{\"Service\":\"ec2.amazonaws.com\"}}],\"Version\":\"2012-10-17\"}",
            "create_date": "2022-10-13T14:07:01Z",
            "description": "",
            "force_detach_policies": false,
            "id": "EpRole262",
            "inline_policy": [],
            "managed_policy_arns": [],
            "max_session_duration": 3600,
            "name": "EpRole262",
            "name_prefix": "",
            "path": "/",
            "permissions_boundary": "arn:aws:iam::455436446709:policy/EPPolicy20",
            "tags": {
              "Name": ""
            },
            "tags_all": {
              "Name": ""
            },
            "unique_id": "AROAWUCRAVP2XX6A6WRWC"
          },
          "sensitive_attributes": [],
          "private": "bnVsbA==",
          "dependencies": [
            "aws_iam_policy.EPPolicy20",
            "time_sleep.wait_2_seconds"
          ]
        }
      ]
    },
    {
      "mode": "managed",
      "type": "aws_iam_role",
      "name": "iam_EpRole263",
      "provider": "provider[\"registry.terraform.io/hashicorp/aws\"]",
      "instances": [
        {
          "schema_version": 0,
          "attributes": {
            "arn": "arn:aws:iam::455436446709:role/EpRole263",
            "assume_role_policy": "{\"Statement\":[{\"Action\":\"sts:AssumeRole\",\"Effect\":\"Allow\",\"Principal\":{\"Service\":\"ec2.amazonaws.com\"}}],\"Version\":\"2012-10-17\"}",
            "create_date": "2022-10-13T14:07:16Z",
            "description": "",
            "force_detach_policies": false,
            "id": "EpRole263",
            "inline_policy": [],
            "managed_policy_arns": [],
            "max_session_duration": 3600,
            "name": "EpRole263",
            "name_prefix": "",
            "path": "/",
            "permissions_boundary": "arn:aws:iam::455436446709:policy/EPPolicy21",
            "tags": {
              "Name": ""
            },
            "tags_all": {
              "Name": ""
            },
            "unique_id": "AROAWUCRAVP26KYDZNS7Q"
          },
          "sensitive_attributes": [],
          "private": "bnVsbA==",
          "dependencies": [
            "aws_iam_policy.EPPolicy21",
            "time_sleep.wait_2_seconds"
          ]
        }
      ]
    },
    {
      "mode": "managed",
      "type": "aws_iam_role",
      "name": "iam_EpRole264",
      "provider": "provider[\"registry.terraform.io/hashicorp/aws\"]",
      "instances": [
        {
          "schema_version": 0,
          "attributes": {
            "arn": "arn:aws:iam::455436446709:role/EpRole264",
            "assume_role_policy": "{\"Statement\":[{\"Action\":\"sts:AssumeRole\",\"Effect\":\"Allow\",\"Principal\":{\"Service\":\"ec2.amazonaws.com\"}}],\"Version\":\"2012-10-17\"}",
            "create_date": "2022-10-13T14:06:52Z",
            "description": "",
            "force_detach_policies": false,
            "id": "EpRole264",
            "inline_policy": [],
            "managed_policy_arns": [],
            "max_session_duration": 3600,
            "name": "EpRole264",
            "name_prefix": "",
            "path": "/",
            "permissions_boundary": "arn:aws:iam::455436446709:policy/EPPolicy22",
            "tags": {
              "Name": ""
            },
            "tags_all": {
              "Name": ""
            },
            "unique_id": "AROAWUCRAVP2VOXNI2KB7"
          },
          "sensitive_attributes": [],
          "private": "bnVsbA==",
          "dependencies": [
            "aws_iam_policy.EPPolicy22",
            "time_sleep.wait_2_seconds"
          ]
        }
      ]
    },
    {
      "mode": "managed",
      "type": "aws_iam_role",
      "name": "iam_EpRole265",
      "provider": "provider[\"registry.terraform.io/hashicorp/aws\"]",
      "instances": [
        {
          "schema_version": 0,
          "attributes": {
            "arn": "arn:aws:iam::455436446709:role/EpRole265",
            "assume_role_policy": "{\"Statement\":[{\"Action\":\"sts:AssumeRole\",\"Effect\":\"Allow\",\"Principal\":{\"Service\":\"ec2.amazonaws.com\"}}],\"Version\":\"2012-10-17\"}",
            "create_date": "2022-10-13T14:07:18Z",
            "description": "",
            "force_detach_policies": false,
            "id": "EpRole265",
            "inline_policy": [],
            "managed_policy_arns": [],
            "max_session_duration": 3600,
            "name": "EpRole265",
            "name_prefix": "",
            "path": "/",
            "permissions_boundary": "arn:aws:iam::455436446709:policy/EPPolicy31",
            "tags": {
              "Name": ""
            },
            "tags_all": {
              "Name": ""
            },
            "unique_id": "AROAWUCRAVP2YWOCFBSLU"
          },
          "sensitive_attributes": [],
          "private": "bnVsbA==",
          "dependencies": [
            "aws_iam_policy.EPPolicy31",
            "time_sleep.wait_2_seconds"
          ]
        }
      ]
    },
    {
      "mode": "managed",
      "type": "aws_iam_role",
      "name": "iam_EpRole266",
      "provider": "provider[\"registry.terraform.io/hashicorp/aws\"]",
      "instances": [
        {
          "schema_version": 0,
          "attributes": {
            "arn": "arn:aws:iam::455436446709:role/EpRole266",
            "assume_role_policy": "{\"Statement\":[{\"Action\":\"sts:AssumeRole\",\"Effect\":\"Allow\",\"Principal\":{\"Service\":\"ec2.amazonaws.com\"}}],\"Version\":\"2012-10-17\"}",
            "create_date": "2022-10-13T14:06:53Z",
            "description": "",
            "force_detach_policies": false,
            "id": "EpRole266",
            "inline_policy": [],
            "managed_policy_arns": [],
            "max_session_duration": 3600,
            "name": "EpRole266",
            "name_prefix": "",
            "path": "/",
            "permissions_boundary": "arn:aws:iam::455436446709:policy/EPPolicy32",
            "tags": {
              "Name": ""
            },
            "tags_all": {
              "Name": ""
            },
            "unique_id": "AROAWUCRAVP2QZ6OSQMND"
          },
          "sensitive_attributes": [],
          "private": "bnVsbA==",
          "dependencies": [
            "aws_iam_policy.EPPolicy32",
            "time_sleep.wait_2_seconds"
          ]
        }
      ]
    },
    {
      "mode": "managed",
      "type": "aws_iam_role",
      "name": "iam_EpRole267",
      "provider": "provider[\"registry.terraform.io/hashicorp/aws\"]",
      "instances": [
        {
          "schema_version": 0,
          "attributes": {
            "arn": "arn:aws:iam::455436446709:role/EpRole267",
            "assume_role_policy": "{\"Statement\":[{\"Action\":\"sts:AssumeRole\",\"Effect\":\"Allow\",\"Principal\":{\"Service\":\"ec2.amazonaws.com\"}}],\"Version\":\"2012-10-17\"}",
            "create_date": "2022-10-13T14:07:15Z",
            "description": "",
            "force_detach_policies": false,
            "id": "EpRole267",
            "inline_policy": [],
            "managed_policy_arns": [],
            "max_session_duration": 3600,
            "name": "EpRole267",
            "name_prefix": "",
            "path": "/",
            "permissions_boundary": "arn:aws:iam::455436446709:policy/EPPolicy21",
            "tags": {
              "Name": ""
            },
            "tags_all": {
              "Name": ""
            },
            "unique_id": "AROAWUCRAVP2UFGORVCZ7"
          },
          "sensitive_attributes": [],
          "private": "bnVsbA==",
          "dependencies": [
            "aws_iam_policy.EPPolicy21",
            "time_sleep.wait_2_seconds"
          ]
        }
      ]
    },
    {
      "mode": "managed",
      "type": "aws_iam_role",
      "name": "iam_EpRole268",
      "provider": "provider[\"registry.terraform.io/hashicorp/aws\"]",
      "instances": [
        {
          "schema_version": 0,
          "attributes": {
            "arn": "arn:aws:iam::455436446709:role/EpRole268",
            "assume_role_policy": "{\"Statement\":[{\"Action\":\"sts:AssumeRole\",\"Effect\":\"Allow\",\"Principal\":{\"Service\":\"ec2.amazonaws.com\"}}],\"Version\":\"2012-10-17\"}",
            "create_date": "2022-10-13T14:06:49Z",
            "description": "",
            "force_detach_policies": false,
            "id": "EpRole268",
            "inline_policy": [],
            "managed_policy_arns": [],
            "max_session_duration": 3600,
            "name": "EpRole268",
            "name_prefix": "",
            "path": "/",
            "permissions_boundary": "arn:aws:iam::455436446709:policy/EPPolicy22",
            "tags": {
              "Name": ""
            },
            "tags_all": {
              "Name": ""
            },
            "unique_id": "AROAWUCRAVP25MXNXWSSB"
          },
          "sensitive_attributes": [],
          "private": "bnVsbA==",
          "dependencies": [
            "aws_iam_policy.EPPolicy22",
            "time_sleep.wait_2_seconds"
          ]
        }
      ]
    },
    {
      "mode": "managed",
      "type": "aws_iam_role",
      "name": "iam_EpRole269",
      "provider": "provider[\"registry.terraform.io/hashicorp/aws\"]",
      "instances": [
        {
          "schema_version": 0,
          "attributes": {
            "arn": "arn:aws:iam::455436446709:role/EpRole269",
            "assume_role_policy": "{\"Statement\":[{\"Action\":\"sts:AssumeRole\",\"Effect\":\"Allow\",\"Principal\":{\"Service\":\"ec2.amazonaws.com\"}}],\"Version\":\"2012-10-17\"}",
            "create_date": "2022-10-13T14:07:17Z",
            "description": "",
            "force_detach_policies": false,
            "id": "EpRole269",
            "inline_policy": [],
            "managed_policy_arns": [],
            "max_session_duration": 3600,
            "name": "EpRole269",
            "name_prefix": "",
            "path": "/",
            "permissions_boundary": "arn:aws:iam::455436446709:policy/EPPolicy31",
            "tags": {
              "Name": ""
            },
            "tags_all": {
              "Name": ""
            },
            "unique_id": "AROAWUCRAVP2XFCDLTUV2"
          },
          "sensitive_attributes": [],
          "private": "bnVsbA==",
          "dependencies": [
            "aws_iam_policy.EPPolicy31",
            "time_sleep.wait_2_seconds"
          ]
        }
      ]
    },
    {
      "mode": "managed",
      "type": "aws_iam_role",
      "name": "iam_EpRole27",
      "provider": "provider[\"registry.terraform.io/hashicorp/aws\"]",
      "instances": [
        {
          "schema_version": 0,
          "attributes": {
            "arn": "arn:aws:iam::455436446709:role/EpRole27",
            "assume_role_policy": "{\"Statement\":[{\"Action\":\"sts:AssumeRole\",\"Effect\":\"Allow\",\"Principal\":{\"Service\":\"ec2.amazonaws.com\"}}],\"Version\":\"2012-10-17\"}",
            "create_date": "2022-10-13T14:07:23Z",
            "description": "",
            "force_detach_policies": false,
            "id": "EpRole27",
            "inline_policy": [],
            "managed_policy_arns": [],
            "max_session_duration": 3600,
            "name": "EpRole27",
            "name_prefix": "",
            "path": "/",
            "permissions_boundary": "arn:aws:iam::455436446709:policy/EPPolicy6",
            "tags": {
              "Name": ""
            },
            "tags_all": {
              "Name": ""
            },
            "unique_id": "AROAWUCRAVP2QMEKRAGU5"
          },
          "sensitive_attributes": [],
          "private": "bnVsbA==",
          "dependencies": [
            "aws_iam_policy.EPPolicy6",
            "time_sleep.wait_2_seconds"
          ]
        }
      ]
    },
    {
      "mode": "managed",
      "type": "aws_iam_role",
      "name": "iam_EpRole270",
      "provider": "provider[\"registry.terraform.io/hashicorp/aws\"]",
      "instances": [
        {
          "schema_version": 0,
          "attributes": {
            "arn": "arn:aws:iam::455436446709:role/EpRole270",
            "assume_role_policy": "{\"Statement\":[{\"Action\":\"sts:AssumeRole\",\"Effect\":\"Allow\",\"Principal\":{\"Service\":\"ec2.amazonaws.com\"}}],\"Version\":\"2012-10-17\"}",
            "create_date": "2022-10-13T14:06:53Z",
            "description": "",
            "force_detach_policies": false,
            "id": "EpRole270",
            "inline_policy": [],
            "managed_policy_arns": [],
            "max_session_duration": 3600,
            "name": "EpRole270",
            "name_prefix": "",
            "path": "/",
            "permissions_boundary": "arn:aws:iam::455436446709:policy/EPPolicy32",
            "tags": {
              "Name": ""
            },
            "tags_all": {
              "Name": ""
            },
            "unique_id": "AROAWUCRAVP2T7VCVOG2P"
          },
          "sensitive_attributes": [],
          "private": "bnVsbA==",
          "dependencies": [
            "aws_iam_policy.EPPolicy32",
            "time_sleep.wait_2_seconds"
          ]
        }
      ]
    },
    {
      "mode": "managed",
      "type": "aws_iam_role",
      "name": "iam_EpRole271",
      "provider": "provider[\"registry.terraform.io/hashicorp/aws\"]",
      "instances": [
        {
          "schema_version": 0,
          "attributes": {
            "arn": "arn:aws:iam::455436446709:role/EpRole271",
            "assume_role_policy": "{\"Statement\":[{\"Action\":\"sts:AssumeRole\",\"Effect\":\"Allow\",\"Principal\":{\"Service\":\"ec2.amazonaws.com\"}}],\"Version\":\"2012-10-17\"}",
            "create_date": "2022-10-13T14:06:49Z",
            "description": "",
            "force_detach_policies": false,
            "id": "EpRole271",
            "inline_policy": [],
            "managed_policy_arns": [],
            "max_session_duration": 3600,
            "name": "EpRole271",
            "name_prefix": "",
            "path": "/",
            "permissions_boundary": "arn:aws:iam::455436446709:policy/EPPolicy22",
            "tags": {
              "Name": ""
            },
            "tags_all": {
              "Name": ""
            },
            "unique_id": "AROAWUCRAVP24EIDZSEYA"
          },
          "sensitive_attributes": [],
          "private": "bnVsbA==",
          "dependencies": [
            "aws_iam_policy.EPPolicy22",
            "time_sleep.wait_2_seconds"
          ]
        }
      ]
    },
    {
      "mode": "managed",
      "type": "aws_iam_role",
      "name": "iam_EpRole272",
      "provider": "provider[\"registry.terraform.io/hashicorp/aws\"]",
      "instances": [
        {
          "schema_version": 0,
          "attributes": {
            "arn": "arn:aws:iam::455436446709:role/EpRole272",
            "assume_role_policy": "{\"Statement\":[{\"Action\":\"sts:AssumeRole\",\"Effect\":\"Allow\",\"Principal\":{\"Service\":\"ec2.amazonaws.com\"}}],\"Version\":\"2012-10-17\"}",
            "create_date": "2022-10-13T14:07:17Z",
            "description": "",
            "force_detach_policies": false,
            "id": "EpRole272",
            "inline_policy": [],
            "managed_policy_arns": [],
            "max_session_duration": 3600,
            "name": "EpRole272",
            "name_prefix": "",
            "path": "/",
            "permissions_boundary": "arn:aws:iam::455436446709:policy/EPPolicy31",
            "tags": {
              "Name": ""
            },
            "tags_all": {
              "Name": ""
            },
            "unique_id": "AROAWUCRAVP24OKGEIPID"
          },
          "sensitive_attributes": [],
          "private": "bnVsbA==",
          "dependencies": [
            "aws_iam_policy.EPPolicy31",
            "time_sleep.wait_2_seconds"
          ]
        }
      ]
    },
    {
      "mode": "managed",
      "type": "aws_iam_role",
      "name": "iam_EpRole273",
      "provider": "provider[\"registry.terraform.io/hashicorp/aws\"]",
      "instances": [
        {
          "schema_version": 0,
          "attributes": {
            "arn": "arn:aws:iam::455436446709:role/EpRole273",
            "assume_role_policy": "{\"Statement\":[{\"Action\":\"sts:AssumeRole\",\"Effect\":\"Allow\",\"Principal\":{\"Service\":\"ec2.amazonaws.com\"}}],\"Version\":\"2012-10-17\"}",
            "create_date": "2022-10-13T14:06:53Z",
            "description": "",
            "force_detach_policies": false,
            "id": "EpRole273",
            "inline_policy": [],
            "managed_policy_arns": [],
            "max_session_duration": 3600,
            "name": "EpRole273",
            "name_prefix": "",
            "path": "/",
            "permissions_boundary": "arn:aws:iam::455436446709:policy/EPPolicy32",
            "tags": {
              "Name": ""
            },
            "tags_all": {
              "Name": ""
            },
            "unique_id": "AROAWUCRAVP2QU3OTEPSP"
          },
          "sensitive_attributes": [],
          "private": "bnVsbA==",
          "dependencies": [
            "aws_iam_policy.EPPolicy32",
            "time_sleep.wait_2_seconds"
          ]
        }
      ]
    },
    {
      "mode": "managed",
      "type": "aws_iam_role",
      "name": "iam_EpRole274",
      "provider": "provider[\"registry.terraform.io/hashicorp/aws\"]",
      "instances": [
        {
          "schema_version": 0,
          "attributes": {
            "arn": "arn:aws:iam::455436446709:role/EpRole274",
            "assume_role_policy": "{\"Statement\":[{\"Action\":\"sts:AssumeRole\",\"Effect\":\"Allow\",\"Principal\":{\"Service\":\"ec2.amazonaws.com\"}}],\"Version\":\"2012-10-17\"}",
            "create_date": "2022-10-13T14:07:18Z",
            "description": "",
            "force_detach_policies": false,
            "id": "EpRole274",
            "inline_policy": [],
            "managed_policy_arns": [],
            "max_session_duration": 3600,
            "name": "EpRole274",
            "name_prefix": "",
            "path": "/",
            "permissions_boundary": "arn:aws:iam::455436446709:policy/EPPolicy31",
            "tags": {
              "Name": ""
            },
            "tags_all": {
              "Name": ""
            },
            "unique_id": "AROAWUCRAVP2532PY4GD3"
          },
          "sensitive_attributes": [],
          "private": "bnVsbA==",
          "dependencies": [
            "aws_iam_policy.EPPolicy31",
            "time_sleep.wait_2_seconds"
          ]
        }
      ]
    },
    {
      "mode": "managed",
      "type": "aws_iam_role",
      "name": "iam_EpRole275",
      "provider": "provider[\"registry.terraform.io/hashicorp/aws\"]",
      "instances": [
        {
          "schema_version": 0,
          "attributes": {
            "arn": "arn:aws:iam::455436446709:role/EpRole275",
            "assume_role_policy": "{\"Statement\":[{\"Action\":\"sts:AssumeRole\",\"Effect\":\"Allow\",\"Principal\":{\"Service\":\"ec2.amazonaws.com\"}}],\"Version\":\"2012-10-17\"}",
            "create_date": "2022-10-13T14:06:53Z",
            "description": "",
            "force_detach_policies": false,
            "id": "EpRole275",
            "inline_policy": [],
            "managed_policy_arns": [],
            "max_session_duration": 3600,
            "name": "EpRole275",
            "name_prefix": "",
            "path": "/",
            "permissions_boundary": "arn:aws:iam::455436446709:policy/EPPolicy32",
            "tags": {
              "Name": ""
            },
            "tags_all": {
              "Name": ""
            },
            "unique_id": "AROAWUCRAVP2TXBTTP33T"
          },
          "sensitive_attributes": [],
          "private": "bnVsbA==",
          "dependencies": [
            "aws_iam_policy.EPPolicy32",
            "time_sleep.wait_2_seconds"
          ]
        }
      ]
    },
    {
      "mode": "managed",
      "type": "aws_iam_role",
      "name": "iam_EpRole276",
      "provider": "provider[\"registry.terraform.io/hashicorp/aws\"]",
      "instances": [
        {
          "schema_version": 0,
          "attributes": {
            "arn": "arn:aws:iam::455436446709:role/EpRole276",
            "assume_role_policy": "{\"Statement\":[{\"Action\":\"sts:AssumeRole\",\"Effect\":\"Allow\",\"Principal\":{\"Service\":\"ec2.amazonaws.com\"}}],\"Version\":\"2012-10-17\"}",
            "create_date": "2022-10-13T14:06:55Z",
            "description": "",
            "force_detach_policies": false,
            "id": "EpRole276",
            "inline_policy": [],
            "managed_policy_arns": [],
            "max_session_duration": 3600,
            "name": "EpRole276",
            "name_prefix": "",
            "path": "/",
            "permissions_boundary": "arn:aws:iam::455436446709:policy/EPPolicy32",
            "tags": {
              "Name": ""
            },
            "tags_all": {
              "Name": ""
            },
            "unique_id": "AROAWUCRAVP26BNI75AST"
          },
          "sensitive_attributes": [],
          "private": "bnVsbA==",
          "dependencies": [
            "aws_iam_policy.EPPolicy32",
            "time_sleep.wait_2_seconds"
          ]
        }
      ]
    },
    {
      "mode": "managed",
      "type": "aws_iam_role",
      "name": "iam_EpRole28",
      "provider": "provider[\"registry.terraform.io/hashicorp/aws\"]",
      "instances": [
        {
          "schema_version": 0,
          "attributes": {
            "arn": "arn:aws:iam::455436446709:role/EpRole28",
            "assume_role_policy": "{\"Statement\":[{\"Action\":\"sts:AssumeRole\",\"Effect\":\"Allow\",\"Principal\":{\"Service\":\"ec2.amazonaws.com\"}}],\"Version\":\"2012-10-17\"}",
            "create_date": "2022-10-13T14:07:20Z",
            "description": "",
            "force_detach_policies": false,
            "id": "EpRole28",
            "inline_policy": [],
            "managed_policy_arns": [],
            "max_session_duration": 3600,
            "name": "EpRole28",
            "name_prefix": "",
            "path": "/",
            "permissions_boundary": "arn:aws:iam::455436446709:policy/EPPolicy7",
            "tags": {
              "Name": ""
            },
            "tags_all": {
              "Name": ""
            },
            "unique_id": "AROAWUCRAVP254N3Y2UG4"
          },
          "sensitive_attributes": [],
          "private": "bnVsbA==",
          "dependencies": [
            "aws_iam_policy.EPPolicy7",
            "time_sleep.wait_2_seconds"
          ]
        }
      ]
    },
    {
      "mode": "managed",
      "type": "aws_iam_role",
      "name": "iam_EpRole29",
      "provider": "provider[\"registry.terraform.io/hashicorp/aws\"]",
      "instances": [
        {
          "schema_version": 0,
          "attributes": {
            "arn": "arn:aws:iam::455436446709:role/EpRole29",
            "assume_role_policy": "{\"Statement\":[{\"Action\":\"sts:AssumeRole\",\"Effect\":\"Allow\",\"Principal\":{\"Service\":\"ec2.amazonaws.com\"}}],\"Version\":\"2012-10-17\"}",
            "create_date": "2022-10-13T14:07:11Z",
            "description": "",
            "force_detach_policies": false,
            "id": "EpRole29",
            "inline_policy": [],
            "managed_policy_arns": [],
            "max_session_duration": 3600,
            "name": "EpRole29",
            "name_prefix": "",
            "path": "/",
            "permissions_boundary": "arn:aws:iam::455436446709:policy/EPPolicy8",
            "tags": {
              "Name": ""
            },
            "tags_all": {
              "Name": ""
            },
            "unique_id": "AROAWUCRAVP2QR27AUDAG"
          },
          "sensitive_attributes": [],
          "private": "bnVsbA==",
          "dependencies": [
            "aws_iam_policy.EPPolicy8",
            "time_sleep.wait_2_seconds"
          ]
        }
      ]
    },
    {
      "mode": "managed",
      "type": "aws_iam_role",
      "name": "iam_EpRole3",
      "provider": "provider[\"registry.terraform.io/hashicorp/aws\"]",
      "instances": [
        {
          "schema_version": 0,
          "attributes": {
            "arn": "arn:aws:iam::455436446709:role/EpRole3",
            "assume_role_policy": "{\"Statement\":[{\"Action\":\"sts:AssumeRole\",\"Effect\":\"Allow\",\"Principal\":{\"Service\":\"ec2.amazonaws.com\"}}],\"Version\":\"2012-10-17\"}",
            "create_date": "2022-10-13T14:07:23Z",
            "description": "",
            "force_detach_policies": false,
            "id": "EpRole3",
            "inline_policy": [],
            "managed_policy_arns": [],
            "max_session_duration": 3600,
            "name": "EpRole3",
            "name_prefix": "",
            "path": "/",
            "permissions_boundary": "arn:aws:iam::455436446709:policy/EPPolicy4",
            "tags": {
              "Name": ""
            },
            "tags_all": {
              "Name": ""
            },
            "unique_id": "AROAWUCRAVP2WGD5LSFU3"
          },
          "sensitive_attributes": [],
          "private": "bnVsbA==",
          "dependencies": [
            "aws_iam_policy.EPPolicy4",
            "time_sleep.wait_2_seconds"
          ]
        }
      ]
    },
    {
      "mode": "managed",
      "type": "aws_iam_role",
      "name": "iam_EpRole30",
      "provider": "provider[\"registry.terraform.io/hashicorp/aws\"]",
      "instances": [
        {
          "schema_version": 0,
          "attributes": {
            "arn": "arn:aws:iam::455436446709:role/EpRole30",
            "assume_role_policy": "{\"Statement\":[{\"Action\":\"sts:AssumeRole\",\"Effect\":\"Allow\",\"Principal\":{\"Service\":\"ec2.amazonaws.com\"}}],\"Version\":\"2012-10-17\"}",
            "create_date": "2022-10-13T14:07:10Z",
            "description": "",
            "force_detach_policies": false,
            "id": "EpRole30",
            "inline_policy": [],
            "managed_policy_arns": [],
            "max_session_duration": 3600,
            "name": "EpRole30",
            "name_prefix": "",
            "path": "/",
            "permissions_boundary": "arn:aws:iam::455436446709:policy/EPPolicy9",
            "tags": {
              "Name": ""
            },
            "tags_all": {
              "Name": ""
            },
            "unique_id": "AROAWUCRAVP2QBJBRZJPY"
          },
          "sensitive_attributes": [],
          "private": "bnVsbA==",
          "dependencies": [
            "aws_iam_policy.EPPolicy9",
            "time_sleep.wait_2_seconds"
          ]
        }
      ]
    },
    {
      "mode": "managed",
      "type": "aws_iam_role",
      "name": "iam_EpRole31",
      "provider": "provider[\"registry.terraform.io/hashicorp/aws\"]",
      "instances": [
        {
          "schema_version": 0,
          "attributes": {
            "arn": "arn:aws:iam::455436446709:role/EpRole31",
            "assume_role_policy": "{\"Statement\":[{\"Action\":\"sts:AssumeRole\",\"Effect\":\"Allow\",\"Principal\":{\"Service\":\"ec2.amazonaws.com\"}}],\"Version\":\"2012-10-17\"}",
            "create_date": "2022-10-13T14:06:56Z",
            "description": "",
            "force_detach_policies": false,
            "id": "EpRole31",
            "inline_policy": [],
            "managed_policy_arns": [],
            "max_session_duration": 3600,
            "name": "EpRole31",
            "name_prefix": "",
            "path": "/",
            "permissions_boundary": "arn:aws:iam::455436446709:policy/EPPolicy10",
            "tags": {
              "Name": ""
            },
            "tags_all": {
              "Name": ""
            },
            "unique_id": "AROAWUCRAVP2ZTF727H45"
          },
          "sensitive_attributes": [],
          "private": "bnVsbA==",
          "dependencies": [
            "aws_iam_policy.EPPolicy10",
            "time_sleep.wait_2_seconds"
          ]
        }
      ]
    },
    {
      "mode": "managed",
      "type": "aws_iam_role",
      "name": "iam_EpRole32",
      "provider": "provider[\"registry.terraform.io/hashicorp/aws\"]",
      "instances": [
        {
          "schema_version": 0,
          "attributes": {
            "arn": "arn:aws:iam::455436446709:role/EpRole32",
            "assume_role_policy": "{\"Statement\":[{\"Action\":\"sts:AssumeRole\",\"Effect\":\"Allow\",\"Principal\":{\"Service\":\"ec2.amazonaws.com\"}}],\"Version\":\"2012-10-17\"}",
            "create_date": "2022-10-13T14:07:22Z",
            "description": "",
            "force_detach_policies": false,
            "id": "EpRole32",
            "inline_policy": [],
            "managed_policy_arns": [],
            "max_session_duration": 3600,
            "name": "EpRole32",
            "name_prefix": "",
            "path": "/",
            "permissions_boundary": "arn:aws:iam::455436446709:policy/EPPolicy11",
            "tags": {
              "Name": ""
            },
            "tags_all": {
              "Name": ""
            },
            "unique_id": "AROAWUCRAVP2YSSBAKCB6"
          },
          "sensitive_attributes": [],
          "private": "bnVsbA==",
          "dependencies": [
            "aws_iam_policy.EPPolicy11",
            "time_sleep.wait_2_seconds"
          ]
        }
      ]
    },
    {
      "mode": "managed",
      "type": "aws_iam_role",
      "name": "iam_EpRole33",
      "provider": "provider[\"registry.terraform.io/hashicorp/aws\"]",
      "instances": [
        {
          "schema_version": 0,
          "attributes": {
            "arn": "arn:aws:iam::455436446709:role/EpRole33",
            "assume_role_policy": "{\"Statement\":[{\"Action\":\"sts:AssumeRole\",\"Effect\":\"Allow\",\"Principal\":{\"Service\":\"ec2.amazonaws.com\"}}],\"Version\":\"2012-10-17\"}",
            "create_date": "2022-10-13T14:07:04Z",
            "description": "",
            "force_detach_policies": false,
            "id": "EpRole33",
            "inline_policy": [],
            "managed_policy_arns": [],
            "max_session_duration": 3600,
            "name": "EpRole33",
            "name_prefix": "",
            "path": "/",
            "permissions_boundary": "arn:aws:iam::455436446709:policy/EPPolicy12",
            "tags": {
              "Name": ""
            },
            "tags_all": {
              "Name": ""
            },
            "unique_id": "AROAWUCRAVP275KJDMS7Y"
          },
          "sensitive_attributes": [],
          "private": "bnVsbA==",
          "dependencies": [
            "aws_iam_policy.EPPolicy12",
            "time_sleep.wait_2_seconds"
          ]
        }
      ]
    },
    {
      "mode": "managed",
      "type": "aws_iam_role",
      "name": "iam_EpRole34",
      "provider": "provider[\"registry.terraform.io/hashicorp/aws\"]",
      "instances": [
        {
          "schema_version": 0,
          "attributes": {
            "arn": "arn:aws:iam::455436446709:role/EpRole34",
            "assume_role_policy": "{\"Statement\":[{\"Action\":\"sts:AssumeRole\",\"Effect\":\"Allow\",\"Principal\":{\"Service\":\"ec2.amazonaws.com\"}}],\"Version\":\"2012-10-17\"}",
            "create_date": "2022-10-13T14:06:44Z",
            "description": "",
            "force_detach_policies": false,
            "id": "EpRole34",
            "inline_policy": [],
            "managed_policy_arns": [],
            "max_session_duration": 3600,
            "name": "EpRole34",
            "name_prefix": "",
            "path": "/",
            "permissions_boundary": "arn:aws:iam::455436446709:policy/EPPolicy13",
            "tags": {
              "Name": ""
            },
            "tags_all": {
              "Name": ""
            },
            "unique_id": "AROAWUCRAVP2TKX46CQTI"
          },
          "sensitive_attributes": [],
          "private": "bnVsbA==",
          "dependencies": [
            "aws_iam_policy.EPPolicy13",
            "time_sleep.wait_2_seconds"
          ]
        }
      ]
    },
    {
      "mode": "managed",
      "type": "aws_iam_role",
      "name": "iam_EpRole35",
      "provider": "provider[\"registry.terraform.io/hashicorp/aws\"]",
      "instances": [
        {
          "schema_version": 0,
          "attributes": {
            "arn": "arn:aws:iam::455436446709:role/EpRole35",
            "assume_role_policy": "{\"Statement\":[{\"Action\":\"sts:AssumeRole\",\"Effect\":\"Allow\",\"Principal\":{\"Service\":\"ec2.amazonaws.com\"}}],\"Version\":\"2012-10-17\"}",
            "create_date": "2022-10-13T14:06:43Z",
            "description": "",
            "force_detach_policies": false,
            "id": "EpRole35",
            "inline_policy": [],
            "managed_policy_arns": [],
            "max_session_duration": 3600,
            "name": "EpRole35",
            "name_prefix": "",
            "path": "/",
            "permissions_boundary": "arn:aws:iam::455436446709:policy/EPPolicy14",
            "tags": {
              "Name": ""
            },
            "tags_all": {
              "Name": ""
            },
            "unique_id": "AROAWUCRAVP2W65ZQIE6D"
          },
          "sensitive_attributes": [],
          "private": "bnVsbA==",
          "dependencies": [
            "aws_iam_policy.EPPolicy14",
            "time_sleep.wait_2_seconds"
          ]
        }
      ]
    },
    {
      "mode": "managed",
      "type": "aws_iam_role",
      "name": "iam_EpRole36",
      "provider": "provider[\"registry.terraform.io/hashicorp/aws\"]",
      "instances": [
        {
          "schema_version": 0,
          "attributes": {
            "arn": "arn:aws:iam::455436446709:role/EpRole36",
            "assume_role_policy": "{\"Statement\":[{\"Action\":\"sts:AssumeRole\",\"Effect\":\"Allow\",\"Principal\":{\"Service\":\"ec2.amazonaws.com\"}}],\"Version\":\"2012-10-17\"}",
            "create_date": "2022-10-13T14:07:13Z",
            "description": "",
            "force_detach_policies": false,
            "id": "EpRole36",
            "inline_policy": [],
            "managed_policy_arns": [],
            "max_session_duration": 3600,
            "name": "EpRole36",
            "name_prefix": "",
            "path": "/",
            "permissions_boundary": "arn:aws:iam::455436446709:policy/EPPolicy15",
            "tags": {
              "Name": ""
            },
            "tags_all": {
              "Name": ""
            },
            "unique_id": "AROAWUCRAVP27B5YC5MLT"
          },
          "sensitive_attributes": [],
          "private": "bnVsbA==",
          "dependencies": [
            "aws_iam_policy.EPPolicy15",
            "time_sleep.wait_2_seconds"
          ]
        }
      ]
    },
    {
      "mode": "managed",
      "type": "aws_iam_role",
      "name": "iam_EpRole37",
      "provider": "provider[\"registry.terraform.io/hashicorp/aws\"]",
      "instances": [
        {
          "schema_version": 0,
          "attributes": {
            "arn": "arn:aws:iam::455436446709:role/EpRole37",
            "assume_role_policy": "{\"Statement\":[{\"Action\":\"sts:AssumeRole\",\"Effect\":\"Allow\",\"Principal\":{\"Service\":\"ec2.amazonaws.com\"}}],\"Version\":\"2012-10-17\"}",
            "create_date": "2022-10-13T14:07:04Z",
            "description": "",
            "force_detach_policies": false,
            "id": "EpRole37",
            "inline_policy": [],
            "managed_policy_arns": [],
            "max_session_duration": 3600,
            "name": "EpRole37",
            "name_prefix": "",
            "path": "/",
            "permissions_boundary": "arn:aws:iam::455436446709:policy/EPPolicy16",
            "tags": {
              "Name": ""
            },
            "tags_all": {
              "Name": ""
            },
            "unique_id": "AROAWUCRAVP2TYZDMQYZT"
          },
          "sensitive_attributes": [],
          "private": "bnVsbA==",
          "dependencies": [
            "aws_iam_policy.EPPolicy16",
            "time_sleep.wait_2_seconds"
          ]
        }
      ]
    },
    {
      "mode": "managed",
      "type": "aws_iam_role",
      "name": "iam_EpRole38",
      "provider": "provider[\"registry.terraform.io/hashicorp/aws\"]",
      "instances": [
        {
          "schema_version": 0,
          "attributes": {
            "arn": "arn:aws:iam::455436446709:role/EpRole38",
            "assume_role_policy": "{\"Statement\":[{\"Action\":\"sts:AssumeRole\",\"Effect\":\"Allow\",\"Principal\":{\"Service\":\"ec2.amazonaws.com\"}}],\"Version\":\"2012-10-17\"}",
            "create_date": "2022-10-13T14:06:47Z",
            "description": "",
            "force_detach_policies": false,
            "id": "EpRole38",
            "inline_policy": [],
            "managed_policy_arns": [],
            "max_session_duration": 3600,
            "name": "EpRole38",
            "name_prefix": "",
            "path": "/",
            "permissions_boundary": "arn:aws:iam::455436446709:policy/EPPolicy17",
            "tags": {
              "Name": ""
            },
            "tags_all": {
              "Name": ""
            },
            "unique_id": "AROAWUCRAVP2ZVOUMJYMX"
          },
          "sensitive_attributes": [],
          "private": "bnVsbA==",
          "dependencies": [
            "aws_iam_policy.EPPolicy17",
            "time_sleep.wait_2_seconds"
          ]
        }
      ]
    },
    {
      "mode": "managed",
      "type": "aws_iam_role",
      "name": "iam_EpRole39",
      "provider": "provider[\"registry.terraform.io/hashicorp/aws\"]",
      "instances": [
        {
          "schema_version": 0,
          "attributes": {
            "arn": "arn:aws:iam::455436446709:role/EpRole39",
            "assume_role_policy": "{\"Statement\":[{\"Action\":\"sts:AssumeRole\",\"Effect\":\"Allow\",\"Principal\":{\"Service\":\"ec2.amazonaws.com\"}}],\"Version\":\"2012-10-17\"}",
            "create_date": "2022-10-13T14:07:08Z",
            "description": "",
            "force_detach_policies": false,
            "id": "EpRole39",
            "inline_policy": [],
            "managed_policy_arns": [],
            "max_session_duration": 3600,
            "name": "EpRole39",
            "name_prefix": "",
            "path": "/",
            "permissions_boundary": "arn:aws:iam::455436446709:policy/EPPolicy18",
            "tags": {
              "Name": ""
            },
            "tags_all": {
              "Name": ""
            },
            "unique_id": "AROAWUCRAVP2XSRRJWIXT"
          },
          "sensitive_attributes": [],
          "private": "bnVsbA==",
          "dependencies": [
            "aws_iam_policy.EPPolicy18",
            "time_sleep.wait_2_seconds"
          ]
        }
      ]
    },
    {
      "mode": "managed",
      "type": "aws_iam_role",
      "name": "iam_EpRole4",
      "provider": "provider[\"registry.terraform.io/hashicorp/aws\"]",
      "instances": [
        {
          "schema_version": 0,
          "attributes": {
            "arn": "arn:aws:iam::455436446709:role/EpRole4",
            "assume_role_policy": "{\"Statement\":[{\"Action\":\"sts:AssumeRole\",\"Effect\":\"Allow\",\"Principal\":{\"Service\":\"ec2.amazonaws.com\"}}],\"Version\":\"2012-10-17\"}",
            "create_date": "2022-10-13T14:07:07Z",
            "description": "",
            "force_detach_policies": false,
            "id": "EpRole4",
            "inline_policy": [],
            "managed_policy_arns": [],
            "max_session_duration": 3600,
            "name": "EpRole4",
            "name_prefix": "",
            "path": "/",
            "permissions_boundary": "arn:aws:iam::455436446709:policy/EPPolicy5",
            "tags": {
              "Name": ""
            },
            "tags_all": {
              "Name": ""
            },
            "unique_id": "AROAWUCRAVP22XWTPW3ME"
          },
          "sensitive_attributes": [],
          "private": "bnVsbA==",
          "dependencies": [
            "aws_iam_policy.EPPolicy5",
            "time_sleep.wait_2_seconds"
          ]
        }
      ]
    },
    {
      "mode": "managed",
      "type": "aws_iam_role",
      "name": "iam_EpRole40",
      "provider": "provider[\"registry.terraform.io/hashicorp/aws\"]",
      "instances": [
        {
          "schema_version": 0,
          "attributes": {
            "arn": "arn:aws:iam::455436446709:role/EpRole40",
            "assume_role_policy": "{\"Statement\":[{\"Action\":\"sts:AssumeRole\",\"Effect\":\"Allow\",\"Principal\":{\"Service\":\"ec2.amazonaws.com\"}}],\"Version\":\"2012-10-17\"}",
            "create_date": "2022-10-13T14:06:59Z",
            "description": "",
            "force_detach_policies": false,
            "id": "EpRole40",
            "inline_policy": [],
            "managed_policy_arns": [],
            "max_session_duration": 3600,
            "name": "EpRole40",
            "name_prefix": "",
            "path": "/",
            "permissions_boundary": "arn:aws:iam::455436446709:policy/EPPolicy19",
            "tags": {
              "Name": ""
            },
            "tags_all": {
              "Name": ""
            },
            "unique_id": "AROAWUCRAVP2WCQMEMQZK"
          },
          "sensitive_attributes": [],
          "private": "bnVsbA==",
          "dependencies": [
            "aws_iam_policy.EPPolicy19",
            "time_sleep.wait_2_seconds"
          ]
        }
      ]
    },
    {
      "mode": "managed",
      "type": "aws_iam_role",
      "name": "iam_EpRole41",
      "provider": "provider[\"registry.terraform.io/hashicorp/aws\"]",
      "instances": [
        {
          "schema_version": 0,
          "attributes": {
            "arn": "arn:aws:iam::455436446709:role/EpRole41",
            "assume_role_policy": "{\"Statement\":[{\"Action\":\"sts:AssumeRole\",\"Effect\":\"Allow\",\"Principal\":{\"Service\":\"ec2.amazonaws.com\"}}],\"Version\":\"2012-10-17\"}",
            "create_date": "2022-10-13T14:07:01Z",
            "description": "",
            "force_detach_policies": false,
            "id": "EpRole41",
            "inline_policy": [],
            "managed_policy_arns": [],
            "max_session_duration": 3600,
            "name": "EpRole41",
            "name_prefix": "",
            "path": "/",
            "permissions_boundary": "arn:aws:iam::455436446709:policy/EPPolicy20",
            "tags": {
              "Name": ""
            },
            "tags_all": {
              "Name": ""
            },
            "unique_id": "AROAWUCRAVP2YA2A7GQW4"
          },
          "sensitive_attributes": [],
          "private": "bnVsbA==",
          "dependencies": [
            "aws_iam_policy.EPPolicy20",
            "time_sleep.wait_2_seconds"
          ]
        }
      ]
    },
    {
      "mode": "managed",
      "type": "aws_iam_role",
      "name": "iam_EpRole42",
      "provider": "provider[\"registry.terraform.io/hashicorp/aws\"]",
      "instances": [
        {
          "schema_version": 0,
          "attributes": {
            "arn": "arn:aws:iam::455436446709:role/EpRole42",
            "assume_role_policy": "{\"Statement\":[{\"Action\":\"sts:AssumeRole\",\"Effect\":\"Allow\",\"Principal\":{\"Service\":\"ec2.amazonaws.com\"}}],\"Version\":\"2012-10-17\"}",
            "create_date": "2022-10-13T14:07:15Z",
            "description": "",
            "force_detach_policies": false,
            "id": "EpRole42",
            "inline_policy": [],
            "managed_policy_arns": [],
            "max_session_duration": 3600,
            "name": "EpRole42",
            "name_prefix": "",
            "path": "/",
            "permissions_boundary": "arn:aws:iam::455436446709:policy/EPPolicy21",
            "tags": {
              "Name": ""
            },
            "tags_all": {
              "Name": ""
            },
            "unique_id": "AROAWUCRAVP24CVTX2SGO"
          },
          "sensitive_attributes": [],
          "private": "bnVsbA==",
          "dependencies": [
            "aws_iam_policy.EPPolicy21",
            "time_sleep.wait_2_seconds"
          ]
        }
      ]
    },
    {
      "mode": "managed",
      "type": "aws_iam_role",
      "name": "iam_EpRole43",
      "provider": "provider[\"registry.terraform.io/hashicorp/aws\"]",
      "instances": [
        {
          "schema_version": 0,
          "attributes": {
            "arn": "arn:aws:iam::455436446709:role/EpRole43",
            "assume_role_policy": "{\"Statement\":[{\"Action\":\"sts:AssumeRole\",\"Effect\":\"Allow\",\"Principal\":{\"Service\":\"ec2.amazonaws.com\"}}],\"Version\":\"2012-10-17\"}",
            "create_date": "2022-10-13T14:06:52Z",
            "description": "",
            "force_detach_policies": false,
            "id": "EpRole43",
            "inline_policy": [],
            "managed_policy_arns": [],
            "max_session_duration": 3600,
            "name": "EpRole43",
            "name_prefix": "",
            "path": "/",
            "permissions_boundary": "arn:aws:iam::455436446709:policy/EPPolicy22",
            "tags": {
              "Name": ""
            },
            "tags_all": {
              "Name": ""
            },
            "unique_id": "AROAWUCRAVP2QRMBHDVMN"
          },
          "sensitive_attributes": [],
          "private": "bnVsbA==",
          "dependencies": [
            "aws_iam_policy.EPPolicy22",
            "time_sleep.wait_2_seconds"
          ]
        }
      ]
    },
    {
      "mode": "managed",
      "type": "aws_iam_role",
      "name": "iam_EpRole44",
      "provider": "provider[\"registry.terraform.io/hashicorp/aws\"]",
      "instances": [
        {
          "schema_version": 0,
          "attributes": {
            "arn": "arn:aws:iam::455436446709:role/EpRole44",
            "assume_role_policy": "{\"Statement\":[{\"Action\":\"sts:AssumeRole\",\"Effect\":\"Allow\",\"Principal\":{\"Service\":\"ec2.amazonaws.com\"}}],\"Version\":\"2012-10-17\"}",
            "create_date": "2022-10-13T14:07:20Z",
            "description": "",
            "force_detach_policies": false,
            "id": "EpRole44",
            "inline_policy": [],
            "managed_policy_arns": [],
            "max_session_duration": 3600,
            "name": "EpRole44",
            "name_prefix": "",
            "path": "/",
            "permissions_boundary": "arn:aws:iam::455436446709:policy/EPPolicy31",
            "tags": {
              "Name": ""
            },
            "tags_all": {
              "Name": ""
            },
            "unique_id": "AROAWUCRAVP2TPCYLUVCV"
          },
          "sensitive_attributes": [],
          "private": "bnVsbA==",
          "dependencies": [
            "aws_iam_policy.EPPolicy31",
            "time_sleep.wait_2_seconds"
          ]
        }
      ]
    },
    {
      "mode": "managed",
      "type": "aws_iam_role",
      "name": "iam_EpRole45",
      "provider": "provider[\"registry.terraform.io/hashicorp/aws\"]",
      "instances": [
        {
          "schema_version": 0,
          "attributes": {
            "arn": "arn:aws:iam::455436446709:role/EpRole45",
            "assume_role_policy": "{\"Statement\":[{\"Action\":\"sts:AssumeRole\",\"Effect\":\"Allow\",\"Principal\":{\"Service\":\"ec2.amazonaws.com\"}}],\"Version\":\"2012-10-17\"}",
            "create_date": "2022-10-13T14:06:54Z",
            "description": "",
            "force_detach_policies": false,
            "id": "EpRole45",
            "inline_policy": [],
            "managed_policy_arns": [],
            "max_session_duration": 3600,
            "name": "EpRole45",
            "name_prefix": "",
            "path": "/",
            "permissions_boundary": "arn:aws:iam::455436446709:policy/EPPolicy32",
            "tags": {
              "Name": ""
            },
            "tags_all": {
              "Name": ""
            },
            "unique_id": "AROAWUCRAVP27J7KWKGJW"
          },
          "sensitive_attributes": [],
          "private": "bnVsbA==",
          "dependencies": [
            "aws_iam_policy.EPPolicy32",
            "time_sleep.wait_2_seconds"
          ]
        }
      ]
    },
    {
      "mode": "managed",
      "type": "aws_iam_role",
      "name": "iam_EpRole46",
      "provider": "provider[\"registry.terraform.io/hashicorp/aws\"]",
      "instances": [
        {
          "schema_version": 0,
          "attributes": {
            "arn": "arn:aws:iam::455436446709:role/EpRole46",
            "assume_role_policy": "{\"Statement\":[{\"Action\":\"sts:AssumeRole\",\"Effect\":\"Allow\",\"Principal\":{\"Service\":\"ec2.amazonaws.com\"}}],\"Version\":\"2012-10-17\"}",
            "create_date": "2022-10-13T14:07:23Z",
            "description": "",
            "force_detach_policies": false,
            "id": "EpRole46",
            "inline_policy": [],
            "managed_policy_arns": [],
            "max_session_duration": 3600,
            "name": "EpRole46",
            "name_prefix": "",
            "path": "/",
            "permissions_boundary": "arn:aws:iam::455436446709:policy/EPPolicy4",
            "tags": {
              "Name": ""
            },
            "tags_all": {
              "Name": ""
            },
            "unique_id": "AROAWUCRAVP2RQF3RWUHQ"
          },
          "sensitive_attributes": [],
          "private": "bnVsbA==",
          "dependencies": [
            "aws_iam_policy.EPPolicy4",
            "time_sleep.wait_2_seconds"
          ]
        }
      ]
    },
    {
      "mode": "managed",
      "type": "aws_iam_role",
      "name": "iam_EpRole47",
      "provider": "provider[\"registry.terraform.io/hashicorp/aws\"]",
      "instances": [
        {
          "schema_version": 0,
          "attributes": {
            "arn": "arn:aws:iam::455436446709:role/EpRole47",
            "assume_role_policy": "{\"Statement\":[{\"Action\":\"sts:AssumeRole\",\"Effect\":\"Allow\",\"Principal\":{\"Service\":\"ec2.amazonaws.com\"}}],\"Version\":\"2012-10-17\"}",
            "create_date": "2022-10-13T14:07:07Z",
            "description": "",
            "force_detach_policies": false,
            "id": "EpRole47",
            "inline_policy": [],
            "managed_policy_arns": [],
            "max_session_duration": 3600,
            "name": "EpRole47",
            "name_prefix": "",
            "path": "/",
            "permissions_boundary": "arn:aws:iam::455436446709:policy/EPPolicy5",
            "tags": {
              "Name": ""
            },
            "tags_all": {
              "Name": ""
            },
            "unique_id": "AROAWUCRAVP26RZHFLCDZ"
          },
          "sensitive_attributes": [],
          "private": "bnVsbA==",
          "dependencies": [
            "aws_iam_policy.EPPolicy5",
            "time_sleep.wait_2_seconds"
          ]
        }
      ]
    },
    {
      "mode": "managed",
      "type": "aws_iam_role",
      "name": "iam_EpRole48",
      "provider": "provider[\"registry.terraform.io/hashicorp/aws\"]",
      "instances": [
        {
          "schema_version": 0,
          "attributes": {
            "arn": "arn:aws:iam::455436446709:role/EpRole48",
            "assume_role_policy": "{\"Statement\":[{\"Action\":\"sts:AssumeRole\",\"Effect\":\"Allow\",\"Principal\":{\"Service\":\"ec2.amazonaws.com\"}}],\"Version\":\"2012-10-17\"}",
            "create_date": "2022-10-13T14:07:23Z",
            "description": "",
            "force_detach_policies": false,
            "id": "EpRole48",
            "inline_policy": [],
            "managed_policy_arns": [],
            "max_session_duration": 3600,
            "name": "EpRole48",
            "name_prefix": "",
            "path": "/",
            "permissions_boundary": "arn:aws:iam::455436446709:policy/EPPolicy6",
            "tags": {
              "Name": ""
            },
            "tags_all": {
              "Name": ""
            },
            "unique_id": "AROAWUCRAVP2SW6LPAHSY"
          },
          "sensitive_attributes": [],
          "private": "bnVsbA==",
          "dependencies": [
            "aws_iam_policy.EPPolicy6",
            "time_sleep.wait_2_seconds"
          ]
        }
      ]
    },
    {
      "mode": "managed",
      "type": "aws_iam_role",
      "name": "iam_EpRole49",
      "provider": "provider[\"registry.terraform.io/hashicorp/aws\"]",
      "instances": [
        {
          "schema_version": 0,
          "attributes": {
            "arn": "arn:aws:iam::455436446709:role/EpRole49",
            "assume_role_policy": "{\"Statement\":[{\"Action\":\"sts:AssumeRole\",\"Effect\":\"Allow\",\"Principal\":{\"Service\":\"ec2.amazonaws.com\"}}],\"Version\":\"2012-10-17\"}",
            "create_date": "2022-10-13T14:07:21Z",
            "description": "",
            "force_detach_policies": false,
            "id": "EpRole49",
            "inline_policy": [],
            "managed_policy_arns": [],
            "max_session_duration": 3600,
            "name": "EpRole49",
            "name_prefix": "",
            "path": "/",
            "permissions_boundary": "arn:aws:iam::455436446709:policy/EPPolicy7",
            "tags": {
              "Name": ""
            },
            "tags_all": {
              "Name": ""
            },
            "unique_id": "AROAWUCRAVP2SXFKZNQXO"
          },
          "sensitive_attributes": [],
          "private": "bnVsbA==",
          "dependencies": [
            "aws_iam_policy.EPPolicy7",
            "time_sleep.wait_2_seconds"
          ]
        }
      ]
    },
    {
      "mode": "managed",
      "type": "aws_iam_role",
      "name": "iam_EpRole5",
      "provider": "provider[\"registry.terraform.io/hashicorp/aws\"]",
      "instances": [
        {
          "schema_version": 0,
          "attributes": {
            "arn": "arn:aws:iam::455436446709:role/EpRole5",
            "assume_role_policy": "{\"Statement\":[{\"Action\":\"sts:AssumeRole\",\"Effect\":\"Allow\",\"Principal\":{\"Service\":\"ec2.amazonaws.com\"}}],\"Version\":\"2012-10-17\"}",
            "create_date": "2022-10-13T14:07:23Z",
            "description": "",
            "force_detach_policies": false,
            "id": "EpRole5",
            "inline_policy": [],
            "managed_policy_arns": [],
            "max_session_duration": 3600,
            "name": "EpRole5",
            "name_prefix": "",
            "path": "/",
            "permissions_boundary": "arn:aws:iam::455436446709:policy/EPPolicy6",
            "tags": {
              "Name": ""
            },
            "tags_all": {
              "Name": ""
            },
            "unique_id": "AROAWUCRAVP2WDLBKRRPR"
          },
          "sensitive_attributes": [],
          "private": "bnVsbA==",
          "dependencies": [
            "aws_iam_policy.EPPolicy6",
            "time_sleep.wait_2_seconds"
          ]
        }
      ]
    },
    {
      "mode": "managed",
      "type": "aws_iam_role",
      "name": "iam_EpRole50",
      "provider": "provider[\"registry.terraform.io/hashicorp/aws\"]",
      "instances": [
        {
          "schema_version": 0,
          "attributes": {
            "arn": "arn:aws:iam::455436446709:role/EpRole50",
            "assume_role_policy": "{\"Statement\":[{\"Action\":\"sts:AssumeRole\",\"Effect\":\"Allow\",\"Principal\":{\"Service\":\"ec2.amazonaws.com\"}}],\"Version\":\"2012-10-17\"}",
            "create_date": "2022-10-13T14:07:11Z",
            "description": "",
            "force_detach_policies": false,
            "id": "EpRole50",
            "inline_policy": [],
            "managed_policy_arns": [],
            "max_session_duration": 3600,
            "name": "EpRole50",
            "name_prefix": "",
            "path": "/",
            "permissions_boundary": "arn:aws:iam::455436446709:policy/EPPolicy8",
            "tags": {
              "Name": ""
            },
            "tags_all": {
              "Name": ""
            },
            "unique_id": "AROAWUCRAVP24MT7WUDEF"
          },
          "sensitive_attributes": [],
          "private": "bnVsbA==",
          "dependencies": [
            "aws_iam_policy.EPPolicy8",
            "time_sleep.wait_2_seconds"
          ]
        }
      ]
    },
    {
      "mode": "managed",
      "type": "aws_iam_role",
      "name": "iam_EpRole51",
      "provider": "provider[\"registry.terraform.io/hashicorp/aws\"]",
      "instances": [
        {
          "schema_version": 0,
          "attributes": {
            "arn": "arn:aws:iam::455436446709:role/EpRole51",
            "assume_role_policy": "{\"Statement\":[{\"Action\":\"sts:AssumeRole\",\"Effect\":\"Allow\",\"Principal\":{\"Service\":\"ec2.amazonaws.com\"}}],\"Version\":\"2012-10-17\"}",
            "create_date": "2022-10-13T14:07:10Z",
            "description": "",
            "force_detach_policies": false,
            "id": "EpRole51",
            "inline_policy": [],
            "managed_policy_arns": [],
            "max_session_duration": 3600,
            "name": "EpRole51",
            "name_prefix": "",
            "path": "/",
            "permissions_boundary": "arn:aws:iam::455436446709:policy/EPPolicy9",
            "tags": {
              "Name": ""
            },
            "tags_all": {
              "Name": ""
            },
            "unique_id": "AROAWUCRAVP22JHKN7SSG"
          },
          "sensitive_attributes": [],
          "private": "bnVsbA==",
          "dependencies": [
            "aws_iam_policy.EPPolicy9",
            "time_sleep.wait_2_seconds"
          ]
        }
      ]
    },
    {
      "mode": "managed",
      "type": "aws_iam_role",
      "name": "iam_EpRole52",
      "provider": "provider[\"registry.terraform.io/hashicorp/aws\"]",
      "instances": [
        {
          "schema_version": 0,
          "attributes": {
            "arn": "arn:aws:iam::455436446709:role/EpRole52",
            "assume_role_policy": "{\"Statement\":[{\"Action\":\"sts:AssumeRole\",\"Effect\":\"Allow\",\"Principal\":{\"Service\":\"ec2.amazonaws.com\"}}],\"Version\":\"2012-10-17\"}",
            "create_date": "2022-10-13T14:06:56Z",
            "description": "",
            "force_detach_policies": false,
            "id": "EpRole52",
            "inline_policy": [],
            "managed_policy_arns": [],
            "max_session_duration": 3600,
            "name": "EpRole52",
            "name_prefix": "",
            "path": "/",
            "permissions_boundary": "arn:aws:iam::455436446709:policy/EPPolicy10",
            "tags": {
              "Name": ""
            },
            "tags_all": {
              "Name": ""
            },
            "unique_id": "AROAWUCRAVP2QNDEZX2OW"
          },
          "sensitive_attributes": [],
          "private": "bnVsbA==",
          "dependencies": [
            "aws_iam_policy.EPPolicy10",
            "time_sleep.wait_2_seconds"
          ]
        }
      ]
    },
    {
      "mode": "managed",
      "type": "aws_iam_role",
      "name": "iam_EpRole53",
      "provider": "provider[\"registry.terraform.io/hashicorp/aws\"]",
      "instances": [
        {
          "schema_version": 0,
          "attributes": {
            "arn": "arn:aws:iam::455436446709:role/EpRole53",
            "assume_role_policy": "{\"Statement\":[{\"Action\":\"sts:AssumeRole\",\"Effect\":\"Allow\",\"Principal\":{\"Service\":\"ec2.amazonaws.com\"}}],\"Version\":\"2012-10-17\"}",
            "create_date": "2022-10-13T14:07:22Z",
            "description": "",
            "force_detach_policies": false,
            "id": "EpRole53",
            "inline_policy": [],
            "managed_policy_arns": [],
            "max_session_duration": 3600,
            "name": "EpRole53",
            "name_prefix": "",
            "path": "/",
            "permissions_boundary": "arn:aws:iam::455436446709:policy/EPPolicy11",
            "tags": {
              "Name": ""
            },
            "tags_all": {
              "Name": ""
            },
            "unique_id": "AROAWUCRAVP2TKR5XNVPH"
          },
          "sensitive_attributes": [],
          "private": "bnVsbA==",
          "dependencies": [
            "aws_iam_policy.EPPolicy11",
            "time_sleep.wait_2_seconds"
          ]
        }
      ]
    },
    {
      "mode": "managed",
      "type": "aws_iam_role",
      "name": "iam_EpRole54",
      "provider": "provider[\"registry.terraform.io/hashicorp/aws\"]",
      "instances": [
        {
          "schema_version": 0,
          "attributes": {
            "arn": "arn:aws:iam::455436446709:role/EpRole54",
            "assume_role_policy": "{\"Statement\":[{\"Action\":\"sts:AssumeRole\",\"Effect\":\"Allow\",\"Principal\":{\"Service\":\"ec2.amazonaws.com\"}}],\"Version\":\"2012-10-17\"}",
            "create_date": "2022-10-13T14:07:03Z",
            "description": "",
            "force_detach_policies": false,
            "id": "EpRole54",
            "inline_policy": [],
            "managed_policy_arns": [],
            "max_session_duration": 3600,
            "name": "EpRole54",
            "name_prefix": "",
            "path": "/",
            "permissions_boundary": "arn:aws:iam::455436446709:policy/EPPolicy12",
            "tags": {
              "Name": ""
            },
            "tags_all": {
              "Name": ""
            },
            "unique_id": "AROAWUCRAVP27IPN6YKZU"
          },
          "sensitive_attributes": [],
          "private": "bnVsbA==",
          "dependencies": [
            "aws_iam_policy.EPPolicy12",
            "time_sleep.wait_2_seconds"
          ]
        }
      ]
    },
    {
      "mode": "managed",
      "type": "aws_iam_role",
      "name": "iam_EpRole55",
      "provider": "provider[\"registry.terraform.io/hashicorp/aws\"]",
      "instances": [
        {
          "schema_version": 0,
          "attributes": {
            "arn": "arn:aws:iam::455436446709:role/EpRole55",
            "assume_role_policy": "{\"Statement\":[{\"Action\":\"sts:AssumeRole\",\"Effect\":\"Allow\",\"Principal\":{\"Service\":\"ec2.amazonaws.com\"}}],\"Version\":\"2012-10-17\"}",
            "create_date": "2022-10-13T14:06:44Z",
            "description": "",
            "force_detach_policies": false,
            "id": "EpRole55",
            "inline_policy": [],
            "managed_policy_arns": [],
            "max_session_duration": 3600,
            "name": "EpRole55",
            "name_prefix": "",
            "path": "/",
            "permissions_boundary": "arn:aws:iam::455436446709:policy/EPPolicy13",
            "tags": {
              "Name": ""
            },
            "tags_all": {
              "Name": ""
            },
            "unique_id": "AROAWUCRAVP2SWQKVQYKL"
          },
          "sensitive_attributes": [],
          "private": "bnVsbA==",
          "dependencies": [
            "aws_iam_policy.EPPolicy13",
            "time_sleep.wait_2_seconds"
          ]
        }
      ]
    },
    {
      "mode": "managed",
      "type": "aws_iam_role",
      "name": "iam_EpRole56",
      "provider": "provider[\"registry.terraform.io/hashicorp/aws\"]",
      "instances": [
        {
          "schema_version": 0,
          "attributes": {
            "arn": "arn:aws:iam::455436446709:role/EpRole56",
            "assume_role_policy": "{\"Statement\":[{\"Action\":\"sts:AssumeRole\",\"Effect\":\"Allow\",\"Principal\":{\"Service\":\"ec2.amazonaws.com\"}}],\"Version\":\"2012-10-17\"}",
            "create_date": "2022-10-13T14:06:44Z",
            "description": "",
            "force_detach_policies": false,
            "id": "EpRole56",
            "inline_policy": [],
            "managed_policy_arns": [],
            "max_session_duration": 3600,
            "name": "EpRole56",
            "name_prefix": "",
            "path": "/",
            "permissions_boundary": "arn:aws:iam::455436446709:policy/EPPolicy14",
            "tags": {
              "Name": ""
            },
            "tags_all": {
              "Name": ""
            },
            "unique_id": "AROAWUCRAVP2Y572P5AWG"
          },
          "sensitive_attributes": [],
          "private": "bnVsbA==",
          "dependencies": [
            "aws_iam_policy.EPPolicy14",
            "time_sleep.wait_2_seconds"
          ]
        }
      ]
    },
    {
      "mode": "managed",
      "type": "aws_iam_role",
      "name": "iam_EpRole57",
      "provider": "provider[\"registry.terraform.io/hashicorp/aws\"]",
      "instances": [
        {
          "schema_version": 0,
          "attributes": {
            "arn": "arn:aws:iam::455436446709:role/EpRole57",
            "assume_role_policy": "{\"Statement\":[{\"Action\":\"sts:AssumeRole\",\"Effect\":\"Allow\",\"Principal\":{\"Service\":\"ec2.amazonaws.com\"}}],\"Version\":\"2012-10-17\"}",
            "create_date": "2022-10-13T14:07:12Z",
            "description": "",
            "force_detach_policies": false,
            "id": "EpRole57",
            "inline_policy": [],
            "managed_policy_arns": [],
            "max_session_duration": 3600,
            "name": "EpRole57",
            "name_prefix": "",
            "path": "/",
            "permissions_boundary": "arn:aws:iam::455436446709:policy/EPPolicy15",
            "tags": {
              "Name": ""
            },
            "tags_all": {
              "Name": ""
            },
            "unique_id": "AROAWUCRAVP2XJFUDQXLV"
          },
          "sensitive_attributes": [],
          "private": "bnVsbA==",
          "dependencies": [
            "aws_iam_policy.EPPolicy15",
            "time_sleep.wait_2_seconds"
          ]
        }
      ]
    },
    {
      "mode": "managed",
      "type": "aws_iam_role",
      "name": "iam_EpRole58",
      "provider": "provider[\"registry.terraform.io/hashicorp/aws\"]",
      "instances": [
        {
          "schema_version": 0,
          "attributes": {
            "arn": "arn:aws:iam::455436446709:role/EpRole58",
            "assume_role_policy": "{\"Statement\":[{\"Action\":\"sts:AssumeRole\",\"Effect\":\"Allow\",\"Principal\":{\"Service\":\"ec2.amazonaws.com\"}}],\"Version\":\"2012-10-17\"}",
            "create_date": "2022-10-13T14:07:06Z",
            "description": "",
            "force_detach_policies": false,
            "id": "EpRole58",
            "inline_policy": [],
            "managed_policy_arns": [],
            "max_session_duration": 3600,
            "name": "EpRole58",
            "name_prefix": "",
            "path": "/",
            "permissions_boundary": "arn:aws:iam::455436446709:policy/EPPolicy16",
            "tags": {
              "Name": ""
            },
            "tags_all": {
              "Name": ""
            },
            "unique_id": "AROAWUCRAVP25HF5XZLHU"
          },
          "sensitive_attributes": [],
          "private": "bnVsbA==",
          "dependencies": [
            "aws_iam_policy.EPPolicy16",
            "time_sleep.wait_2_seconds"
          ]
        }
      ]
    },
    {
      "mode": "managed",
      "type": "aws_iam_role",
      "name": "iam_EpRole59",
      "provider": "provider[\"registry.terraform.io/hashicorp/aws\"]",
      "instances": [
        {
          "schema_version": 0,
          "attributes": {
            "arn": "arn:aws:iam::455436446709:role/EpRole59",
            "assume_role_policy": "{\"Statement\":[{\"Action\":\"sts:AssumeRole\",\"Effect\":\"Allow\",\"Principal\":{\"Service\":\"ec2.amazonaws.com\"}}],\"Version\":\"2012-10-17\"}",
            "create_date": "2022-10-13T14:06:48Z",
            "description": "",
            "force_detach_policies": false,
            "id": "EpRole59",
            "inline_policy": [],
            "managed_policy_arns": [],
            "max_session_duration": 3600,
            "name": "EpRole59",
            "name_prefix": "",
            "path": "/",
            "permissions_boundary": "arn:aws:iam::455436446709:policy/EPPolicy17",
            "tags": {
              "Name": ""
            },
            "tags_all": {
              "Name": ""
            },
            "unique_id": "AROAWUCRAVP2QMTKKAPN6"
          },
          "sensitive_attributes": [],
          "private": "bnVsbA==",
          "dependencies": [
            "aws_iam_policy.EPPolicy17",
            "time_sleep.wait_2_seconds"
          ]
        }
      ]
    },
    {
      "mode": "managed",
      "type": "aws_iam_role",
      "name": "iam_EpRole6",
      "provider": "provider[\"registry.terraform.io/hashicorp/aws\"]",
      "instances": [
        {
          "schema_version": 0,
          "attributes": {
            "arn": "arn:aws:iam::455436446709:role/EpRole6",
            "assume_role_policy": "{\"Statement\":[{\"Action\":\"sts:AssumeRole\",\"Effect\":\"Allow\",\"Principal\":{\"Service\":\"ec2.amazonaws.com\"}}],\"Version\":\"2012-10-17\"}",
            "create_date": "2022-10-13T14:07:21Z",
            "description": "",
            "force_detach_policies": false,
            "id": "EpRole6",
            "inline_policy": [],
            "managed_policy_arns": [],
            "max_session_duration": 3600,
            "name": "EpRole6",
            "name_prefix": "",
            "path": "/",
            "permissions_boundary": "arn:aws:iam::455436446709:policy/EPPolicy7",
            "tags": {
              "Name": ""
            },
            "tags_all": {
              "Name": ""
            },
            "unique_id": "AROAWUCRAVP2U6FB4ZKO2"
          },
          "sensitive_attributes": [],
          "private": "bnVsbA==",
          "dependencies": [
            "aws_iam_policy.EPPolicy7",
            "time_sleep.wait_2_seconds"
          ]
        }
      ]
    },
    {
      "mode": "managed",
      "type": "aws_iam_role",
      "name": "iam_EpRole60",
      "provider": "provider[\"registry.terraform.io/hashicorp/aws\"]",
      "instances": [
        {
          "schema_version": 0,
          "attributes": {
            "arn": "arn:aws:iam::455436446709:role/EpRole60",
            "assume_role_policy": "{\"Statement\":[{\"Action\":\"sts:AssumeRole\",\"Effect\":\"Allow\",\"Principal\":{\"Service\":\"ec2.amazonaws.com\"}}],\"Version\":\"2012-10-17\"}",
            "create_date": "2022-10-13T14:07:07Z",
            "description": "",
            "force_detach_policies": false,
            "id": "EpRole60",
            "inline_policy": [],
            "managed_policy_arns": [],
            "max_session_duration": 3600,
            "name": "EpRole60",
            "name_prefix": "",
            "path": "/",
            "permissions_boundary": "arn:aws:iam::455436446709:policy/EPPolicy18",
            "tags": {
              "Name": ""
            },
            "tags_all": {
              "Name": ""
            },
            "unique_id": "AROAWUCRAVP22CDSMLLG4"
          },
          "sensitive_attributes": [],
          "private": "bnVsbA==",
          "dependencies": [
            "aws_iam_policy.EPPolicy18",
            "time_sleep.wait_2_seconds"
          ]
        }
      ]
    },
    {
      "mode": "managed",
      "type": "aws_iam_role",
      "name": "iam_EpRole61",
      "provider": "provider[\"registry.terraform.io/hashicorp/aws\"]",
      "instances": [
        {
          "schema_version": 0,
          "attributes": {
            "arn": "arn:aws:iam::455436446709:role/EpRole61",
            "assume_role_policy": "{\"Statement\":[{\"Action\":\"sts:AssumeRole\",\"Effect\":\"Allow\",\"Principal\":{\"Service\":\"ec2.amazonaws.com\"}}],\"Version\":\"2012-10-17\"}",
            "create_date": "2022-10-13T14:06:58Z",
            "description": "",
            "force_detach_policies": false,
            "id": "EpRole61",
            "inline_policy": [],
            "managed_policy_arns": [],
            "max_session_duration": 3600,
            "name": "EpRole61",
            "name_prefix": "",
            "path": "/",
            "permissions_boundary": "arn:aws:iam::455436446709:policy/EPPolicy19",
            "tags": {
              "Name": ""
            },
            "tags_all": {
              "Name": ""
            },
            "unique_id": "AROAWUCRAVP24XLZ4VNBU"
          },
          "sensitive_attributes": [],
          "private": "bnVsbA==",
          "dependencies": [
            "aws_iam_policy.EPPolicy19",
            "time_sleep.wait_2_seconds"
          ]
        }
      ]
    },
    {
      "mode": "managed",
      "type": "aws_iam_role",
      "name": "iam_EpRole62",
      "provider": "provider[\"registry.terraform.io/hashicorp/aws\"]",
      "instances": [
        {
          "schema_version": 0,
          "attributes": {
            "arn": "arn:aws:iam::455436446709:role/EpRole62",
            "assume_role_policy": "{\"Statement\":[{\"Action\":\"sts:AssumeRole\",\"Effect\":\"Allow\",\"Principal\":{\"Service\":\"ec2.amazonaws.com\"}}],\"Version\":\"2012-10-17\"}",
            "create_date": "2022-10-13T14:07:01Z",
            "description": "",
            "force_detach_policies": false,
            "id": "EpRole62",
            "inline_policy": [],
            "managed_policy_arns": [],
            "max_session_duration": 3600,
            "name": "EpRole62",
            "name_prefix": "",
            "path": "/",
            "permissions_boundary": "arn:aws:iam::455436446709:policy/EPPolicy20",
            "tags": {
              "Name": ""
            },
            "tags_all": {
              "Name": ""
            },
            "unique_id": "AROAWUCRAVP2VF3J6VUVM"
          },
          "sensitive_attributes": [],
          "private": "bnVsbA==",
          "dependencies": [
            "aws_iam_policy.EPPolicy20",
            "time_sleep.wait_2_seconds"
          ]
        }
      ]
    },
    {
      "mode": "managed",
      "type": "aws_iam_role",
      "name": "iam_EpRole63",
      "provider": "provider[\"registry.terraform.io/hashicorp/aws\"]",
      "instances": [
        {
          "schema_version": 0,
          "attributes": {
            "arn": "arn:aws:iam::455436446709:role/EpRole63",
            "assume_role_policy": "{\"Statement\":[{\"Action\":\"sts:AssumeRole\",\"Effect\":\"Allow\",\"Principal\":{\"Service\":\"ec2.amazonaws.com\"}}],\"Version\":\"2012-10-17\"}",
            "create_date": "2022-10-13T14:07:16Z",
            "description": "",
            "force_detach_policies": false,
            "id": "EpRole63",
            "inline_policy": [],
            "managed_policy_arns": [],
            "max_session_duration": 3600,
            "name": "EpRole63",
            "name_prefix": "",
            "path": "/",
            "permissions_boundary": "arn:aws:iam::455436446709:policy/EPPolicy21",
            "tags": {
              "Name": ""
            },
            "tags_all": {
              "Name": ""
            },
            "unique_id": "AROAWUCRAVP2624BVZEE5"
          },
          "sensitive_attributes": [],
          "private": "bnVsbA==",
          "dependencies": [
            "aws_iam_policy.EPPolicy21",
            "time_sleep.wait_2_seconds"
          ]
        }
      ]
    },
    {
      "mode": "managed",
      "type": "aws_iam_role",
      "name": "iam_EpRole64",
      "provider": "provider[\"registry.terraform.io/hashicorp/aws\"]",
      "instances": [
        {
          "schema_version": 0,
          "attributes": {
            "arn": "arn:aws:iam::455436446709:role/EpRole64",
            "assume_role_policy": "{\"Statement\":[{\"Action\":\"sts:AssumeRole\",\"Effect\":\"Allow\",\"Principal\":{\"Service\":\"ec2.amazonaws.com\"}}],\"Version\":\"2012-10-17\"}",
            "create_date": "2022-10-13T14:06:51Z",
            "description": "",
            "force_detach_policies": false,
            "id": "EpRole64",
            "inline_policy": [],
            "managed_policy_arns": [],
            "max_session_duration": 3600,
            "name": "EpRole64",
            "name_prefix": "",
            "path": "/",
            "permissions_boundary": "arn:aws:iam::455436446709:policy/EPPolicy22",
            "tags": {
              "Name": ""
            },
            "tags_all": {
              "Name": ""
            },
            "unique_id": "AROAWUCRAVP26KZO5KYVR"
          },
          "sensitive_attributes": [],
          "private": "bnVsbA==",
          "dependencies": [
            "aws_iam_policy.EPPolicy22",
            "time_sleep.wait_2_seconds"
          ]
        }
      ]
    },
    {
      "mode": "managed",
      "type": "aws_iam_role",
      "name": "iam_EpRole65",
      "provider": "provider[\"registry.terraform.io/hashicorp/aws\"]",
      "instances": [
        {
          "schema_version": 0,
          "attributes": {
            "arn": "arn:aws:iam::455436446709:role/EpRole65",
            "assume_role_policy": "{\"Statement\":[{\"Action\":\"sts:AssumeRole\",\"Effect\":\"Allow\",\"Principal\":{\"Service\":\"ec2.amazonaws.com\"}}],\"Version\":\"2012-10-17\"}",
            "create_date": "2022-10-13T14:07:17Z",
            "description": "",
            "force_detach_policies": false,
            "id": "EpRole65",
            "inline_policy": [],
            "managed_policy_arns": [],
            "max_session_duration": 3600,
            "name": "EpRole65",
            "name_prefix": "",
            "path": "/",
            "permissions_boundary": "arn:aws:iam::455436446709:policy/EPPolicy31",
            "tags": {
              "Name": ""
            },
            "tags_all": {
              "Name": ""
            },
            "unique_id": "AROAWUCRAVP2ZXFPJO2RX"
          },
          "sensitive_attributes": [],
          "private": "bnVsbA==",
          "dependencies": [
            "aws_iam_policy.EPPolicy31",
            "time_sleep.wait_2_seconds"
          ]
        }
      ]
    },
    {
      "mode": "managed",
      "type": "aws_iam_role",
      "name": "iam_EpRole66",
      "provider": "provider[\"registry.terraform.io/hashicorp/aws\"]",
      "instances": [
        {
          "schema_version": 0,
          "attributes": {
            "arn": "arn:aws:iam::455436446709:role/EpRole66",
            "assume_role_policy": "{\"Statement\":[{\"Action\":\"sts:AssumeRole\",\"Effect\":\"Allow\",\"Principal\":{\"Service\":\"ec2.amazonaws.com\"}}],\"Version\":\"2012-10-17\"}",
            "create_date": "2022-10-13T14:06:55Z",
            "description": "",
            "force_detach_policies": false,
            "id": "EpRole66",
            "inline_policy": [],
            "managed_policy_arns": [],
            "max_session_duration": 3600,
            "name": "EpRole66",
            "name_prefix": "",
            "path": "/",
            "permissions_boundary": "arn:aws:iam::455436446709:policy/EPPolicy32",
            "tags": {
              "Name": ""
            },
            "tags_all": {
              "Name": ""
            },
            "unique_id": "AROAWUCRAVP24ZXXRZTBW"
          },
          "sensitive_attributes": [],
          "private": "bnVsbA==",
          "dependencies": [
            "aws_iam_policy.EPPolicy32",
            "time_sleep.wait_2_seconds"
          ]
        }
      ]
    },
    {
      "mode": "managed",
      "type": "aws_iam_role",
      "name": "iam_EpRole67",
      "provider": "provider[\"registry.terraform.io/hashicorp/aws\"]",
      "instances": [
        {
          "schema_version": 0,
          "attributes": {
            "arn": "arn:aws:iam::455436446709:role/EpRole67",
            "assume_role_policy": "{\"Statement\":[{\"Action\":\"sts:AssumeRole\",\"Effect\":\"Allow\",\"Principal\":{\"Service\":\"ec2.amazonaws.com\"}}],\"Version\":\"2012-10-17\"}",
            "create_date": "2022-10-13T14:07:07Z",
            "description": "",
            "force_detach_policies": false,
            "id": "EpRole67",
            "inline_policy": [],
            "managed_policy_arns": [],
            "max_session_duration": 3600,
            "name": "EpRole67",
            "name_prefix": "",
            "path": "/",
            "permissions_boundary": "arn:aws:iam::455436446709:policy/EPPolicy5",
            "tags": {
              "Name": ""
            },
            "tags_all": {
              "Name": ""
            },
            "unique_id": "AROAWUCRAVP2RBYA2ZJIN"
          },
          "sensitive_attributes": [],
          "private": "bnVsbA==",
          "dependencies": [
            "aws_iam_policy.EPPolicy5",
            "time_sleep.wait_2_seconds"
          ]
        }
      ]
    },
    {
      "mode": "managed",
      "type": "aws_iam_role",
      "name": "iam_EpRole68",
      "provider": "provider[\"registry.terraform.io/hashicorp/aws\"]",
      "instances": [
        {
          "schema_version": 0,
          "attributes": {
            "arn": "arn:aws:iam::455436446709:role/EpRole68",
            "assume_role_policy": "{\"Statement\":[{\"Action\":\"sts:AssumeRole\",\"Effect\":\"Allow\",\"Principal\":{\"Service\":\"ec2.amazonaws.com\"}}],\"Version\":\"2012-10-17\"}",
            "create_date": "2022-10-13T14:07:22Z",
            "description": "",
            "force_detach_policies": false,
            "id": "EpRole68",
            "inline_policy": [],
            "managed_policy_arns": [],
            "max_session_duration": 3600,
            "name": "EpRole68",
            "name_prefix": "",
            "path": "/",
            "permissions_boundary": "arn:aws:iam::455436446709:policy/EPPolicy6",
            "tags": {
              "Name": ""
            },
            "tags_all": {
              "Name": ""
            },
            "unique_id": "AROAWUCRAVP26RMGPM6MV"
          },
          "sensitive_attributes": [],
          "private": "bnVsbA==",
          "dependencies": [
            "aws_iam_policy.EPPolicy6",
            "time_sleep.wait_2_seconds"
          ]
        }
      ]
    },
    {
      "mode": "managed",
      "type": "aws_iam_role",
      "name": "iam_EpRole69",
      "provider": "provider[\"registry.terraform.io/hashicorp/aws\"]",
      "instances": [
        {
          "schema_version": 0,
          "attributes": {
            "arn": "arn:aws:iam::455436446709:role/EpRole69",
            "assume_role_policy": "{\"Statement\":[{\"Action\":\"sts:AssumeRole\",\"Effect\":\"Allow\",\"Principal\":{\"Service\":\"ec2.amazonaws.com\"}}],\"Version\":\"2012-10-17\"}",
            "create_date": "2022-10-13T14:07:20Z",
            "description": "",
            "force_detach_policies": false,
            "id": "EpRole69",
            "inline_policy": [],
            "managed_policy_arns": [],
            "max_session_duration": 3600,
            "name": "EpRole69",
            "name_prefix": "",
            "path": "/",
            "permissions_boundary": "arn:aws:iam::455436446709:policy/EPPolicy7",
            "tags": {
              "Name": ""
            },
            "tags_all": {
              "Name": ""
            },
            "unique_id": "AROAWUCRAVP22CANRH4HE"
          },
          "sensitive_attributes": [],
          "private": "bnVsbA==",
          "dependencies": [
            "aws_iam_policy.EPPolicy7",
            "time_sleep.wait_2_seconds"
          ]
        }
      ]
    },
    {
      "mode": "managed",
      "type": "aws_iam_role",
      "name": "iam_EpRole7",
      "provider": "provider[\"registry.terraform.io/hashicorp/aws\"]",
      "instances": [
        {
          "schema_version": 0,
          "attributes": {
            "arn": "arn:aws:iam::455436446709:role/EpRole7",
            "assume_role_policy": "{\"Statement\":[{\"Action\":\"sts:AssumeRole\",\"Effect\":\"Allow\",\"Principal\":{\"Service\":\"ec2.amazonaws.com\"}}],\"Version\":\"2012-10-17\"}",
            "create_date": "2022-10-13T14:07:11Z",
            "description": "",
            "force_detach_policies": false,
            "id": "EpRole7",
            "inline_policy": [],
            "managed_policy_arns": [],
            "max_session_duration": 3600,
            "name": "EpRole7",
            "name_prefix": "",
            "path": "/",
            "permissions_boundary": "arn:aws:iam::455436446709:policy/EPPolicy8",
            "tags": {
              "Name": ""
            },
            "tags_all": {
              "Name": ""
            },
            "unique_id": "AROAWUCRAVP2ZNVMBRWGZ"
          },
          "sensitive_attributes": [],
          "private": "bnVsbA==",
          "dependencies": [
            "aws_iam_policy.EPPolicy8",
            "time_sleep.wait_2_seconds"
          ]
        }
      ]
    },
    {
      "mode": "managed",
      "type": "aws_iam_role",
      "name": "iam_EpRole70",
      "provider": "provider[\"registry.terraform.io/hashicorp/aws\"]",
      "instances": [
        {
          "schema_version": 0,
          "attributes": {
            "arn": "arn:aws:iam::455436446709:role/EpRole70",
            "assume_role_policy": "{\"Statement\":[{\"Action\":\"sts:AssumeRole\",\"Effect\":\"Allow\",\"Principal\":{\"Service\":\"ec2.amazonaws.com\"}}],\"Version\":\"2012-10-17\"}",
            "create_date": "2022-10-13T14:07:11Z",
            "description": "",
            "force_detach_policies": false,
            "id": "EpRole70",
            "inline_policy": [],
            "managed_policy_arns": [],
            "max_session_duration": 3600,
            "name": "EpRole70",
            "name_prefix": "",
            "path": "/",
            "permissions_boundary": "arn:aws:iam::455436446709:policy/EPPolicy8",
            "tags": {
              "Name": ""
            },
            "tags_all": {
              "Name": ""
            },
            "unique_id": "AROAWUCRAVP2XQ5T5YUTS"
          },
          "sensitive_attributes": [],
          "private": "bnVsbA==",
          "dependencies": [
            "aws_iam_policy.EPPolicy8",
            "time_sleep.wait_2_seconds"
          ]
        }
      ]
    },
    {
      "mode": "managed",
      "type": "aws_iam_role",
      "name": "iam_EpRole71",
      "provider": "provider[\"registry.terraform.io/hashicorp/aws\"]",
      "instances": [
        {
          "schema_version": 0,
          "attributes": {
            "arn": "arn:aws:iam::455436446709:role/EpRole71",
            "assume_role_policy": "{\"Statement\":[{\"Action\":\"sts:AssumeRole\",\"Effect\":\"Allow\",\"Principal\":{\"Service\":\"ec2.amazonaws.com\"}}],\"Version\":\"2012-10-17\"}",
            "create_date": "2022-10-13T14:07:10Z",
            "description": "",
            "force_detach_policies": false,
            "id": "EpRole71",
            "inline_policy": [],
            "managed_policy_arns": [],
            "max_session_duration": 3600,
            "name": "EpRole71",
            "name_prefix": "",
            "path": "/",
            "permissions_boundary": "arn:aws:iam::455436446709:policy/EPPolicy9",
            "tags": {
              "Name": ""
            },
            "tags_all": {
              "Name": ""
            },
            "unique_id": "AROAWUCRAVP2ZCFODHDLL"
          },
          "sensitive_attributes": [],
          "private": "bnVsbA==",
          "dependencies": [
            "aws_iam_policy.EPPolicy9",
            "time_sleep.wait_2_seconds"
          ]
        }
      ]
    },
    {
      "mode": "managed",
      "type": "aws_iam_role",
      "name": "iam_EpRole72",
      "provider": "provider[\"registry.terraform.io/hashicorp/aws\"]",
      "instances": [
        {
          "schema_version": 0,
          "attributes": {
            "arn": "arn:aws:iam::455436446709:role/EpRole72",
            "assume_role_policy": "{\"Statement\":[{\"Action\":\"sts:AssumeRole\",\"Effect\":\"Allow\",\"Principal\":{\"Service\":\"ec2.amazonaws.com\"}}],\"Version\":\"2012-10-17\"}",
            "create_date": "2022-10-13T14:06:56Z",
            "description": "",
            "force_detach_policies": false,
            "id": "EpRole72",
            "inline_policy": [],
            "managed_policy_arns": [],
            "max_session_duration": 3600,
            "name": "EpRole72",
            "name_prefix": "",
            "path": "/",
            "permissions_boundary": "arn:aws:iam::455436446709:policy/EPPolicy10",
            "tags": {
              "Name": ""
            },
            "tags_all": {
              "Name": ""
            },
            "unique_id": "AROAWUCRAVP2YRHNHPOGT"
          },
          "sensitive_attributes": [],
          "private": "bnVsbA==",
          "dependencies": [
            "aws_iam_policy.EPPolicy10",
            "time_sleep.wait_2_seconds"
          ]
        }
      ]
    },
    {
      "mode": "managed",
      "type": "aws_iam_role",
      "name": "iam_EpRole73",
      "provider": "provider[\"registry.terraform.io/hashicorp/aws\"]",
      "instances": [
        {
          "schema_version": 0,
          "attributes": {
            "arn": "arn:aws:iam::455436446709:role/EpRole73",
            "assume_role_policy": "{\"Statement\":[{\"Action\":\"sts:AssumeRole\",\"Effect\":\"Allow\",\"Principal\":{\"Service\":\"ec2.amazonaws.com\"}}],\"Version\":\"2012-10-17\"}",
            "create_date": "2022-10-13T14:07:22Z",
            "description": "",
            "force_detach_policies": false,
            "id": "EpRole73",
            "inline_policy": [],
            "managed_policy_arns": [],
            "max_session_duration": 3600,
            "name": "EpRole73",
            "name_prefix": "",
            "path": "/",
            "permissions_boundary": "arn:aws:iam::455436446709:policy/EPPolicy11",
            "tags": {
              "Name": ""
            },
            "tags_all": {
              "Name": ""
            },
            "unique_id": "AROAWUCRAVP23HSGSH4LN"
          },
          "sensitive_attributes": [],
          "private": "bnVsbA==",
          "dependencies": [
            "aws_iam_policy.EPPolicy11",
            "time_sleep.wait_2_seconds"
          ]
        }
      ]
    },
    {
      "mode": "managed",
      "type": "aws_iam_role",
      "name": "iam_EpRole74",
      "provider": "provider[\"registry.terraform.io/hashicorp/aws\"]",
      "instances": [
        {
          "schema_version": 0,
          "attributes": {
            "arn": "arn:aws:iam::455436446709:role/EpRole74",
            "assume_role_policy": "{\"Statement\":[{\"Action\":\"sts:AssumeRole\",\"Effect\":\"Allow\",\"Principal\":{\"Service\":\"ec2.amazonaws.com\"}}],\"Version\":\"2012-10-17\"}",
            "create_date": "2022-10-13T14:07:03Z",
            "description": "",
            "force_detach_policies": false,
            "id": "EpRole74",
            "inline_policy": [],
            "managed_policy_arns": [],
            "max_session_duration": 3600,
            "name": "EpRole74",
            "name_prefix": "",
            "path": "/",
            "permissions_boundary": "arn:aws:iam::455436446709:policy/EPPolicy12",
            "tags": {
              "Name": ""
            },
            "tags_all": {
              "Name": ""
            },
            "unique_id": "AROAWUCRAVP2YKAZIKORJ"
          },
          "sensitive_attributes": [],
          "private": "bnVsbA==",
          "dependencies": [
            "aws_iam_policy.EPPolicy12",
            "time_sleep.wait_2_seconds"
          ]
        }
      ]
    },
    {
      "mode": "managed",
      "type": "aws_iam_role",
      "name": "iam_EpRole75",
      "provider": "provider[\"registry.terraform.io/hashicorp/aws\"]",
      "instances": [
        {
          "schema_version": 0,
          "attributes": {
            "arn": "arn:aws:iam::455436446709:role/EpRole75",
            "assume_role_policy": "{\"Statement\":[{\"Action\":\"sts:AssumeRole\",\"Effect\":\"Allow\",\"Principal\":{\"Service\":\"ec2.amazonaws.com\"}}],\"Version\":\"2012-10-17\"}",
            "create_date": "2022-10-13T14:06:46Z",
            "description": "",
            "force_detach_policies": false,
            "id": "EpRole75",
            "inline_policy": [],
            "managed_policy_arns": [],
            "max_session_duration": 3600,
            "name": "EpRole75",
            "name_prefix": "",
            "path": "/",
            "permissions_boundary": "arn:aws:iam::455436446709:policy/EPPolicy13",
            "tags": {
              "Name": ""
            },
            "tags_all": {
              "Name": ""
            },
            "unique_id": "AROAWUCRAVP224ZQ5SRRB"
          },
          "sensitive_attributes": [],
          "private": "bnVsbA==",
          "dependencies": [
            "aws_iam_policy.EPPolicy13",
            "time_sleep.wait_2_seconds"
          ]
        }
      ]
    },
    {
      "mode": "managed",
      "type": "aws_iam_role",
      "name": "iam_EpRole76",
      "provider": "provider[\"registry.terraform.io/hashicorp/aws\"]",
      "instances": [
        {
          "schema_version": 0,
          "attributes": {
            "arn": "arn:aws:iam::455436446709:role/EpRole76",
            "assume_role_policy": "{\"Statement\":[{\"Action\":\"sts:AssumeRole\",\"Effect\":\"Allow\",\"Principal\":{\"Service\":\"ec2.amazonaws.com\"}}],\"Version\":\"2012-10-17\"}",
            "create_date": "2022-10-13T14:06:44Z",
            "description": "",
            "force_detach_policies": false,
            "id": "EpRole76",
            "inline_policy": [],
            "managed_policy_arns": [],
            "max_session_duration": 3600,
            "name": "EpRole76",
            "name_prefix": "",
            "path": "/",
            "permissions_boundary": "arn:aws:iam::455436446709:policy/EPPolicy14",
            "tags": {
              "Name": ""
            },
            "tags_all": {
              "Name": ""
            },
            "unique_id": "AROAWUCRAVP22JBSNV3R5"
          },
          "sensitive_attributes": [],
          "private": "bnVsbA==",
          "dependencies": [
            "aws_iam_policy.EPPolicy14",
            "time_sleep.wait_2_seconds"
          ]
        }
      ]
    },
    {
      "mode": "managed",
      "type": "aws_iam_role",
      "name": "iam_EpRole77",
      "provider": "provider[\"registry.terraform.io/hashicorp/aws\"]",
      "instances": [
        {
          "schema_version": 0,
          "attributes": {
            "arn": "arn:aws:iam::455436446709:role/EpRole77",
            "assume_role_policy": "{\"Statement\":[{\"Action\":\"sts:AssumeRole\",\"Effect\":\"Allow\",\"Principal\":{\"Service\":\"ec2.amazonaws.com\"}}],\"Version\":\"2012-10-17\"}",
            "create_date": "2022-10-13T14:07:14Z",
            "description": "",
            "force_detach_policies": false,
            "id": "EpRole77",
            "inline_policy": [],
            "managed_policy_arns": [],
            "max_session_duration": 3600,
            "name": "EpRole77",
            "name_prefix": "",
            "path": "/",
            "permissions_boundary": "arn:aws:iam::455436446709:policy/EPPolicy15",
            "tags": {
              "Name": ""
            },
            "tags_all": {
              "Name": ""
            },
            "unique_id": "AROAWUCRAVP24VMFULZHG"
          },
          "sensitive_attributes": [],
          "private": "bnVsbA==",
          "dependencies": [
            "aws_iam_policy.EPPolicy15",
            "time_sleep.wait_2_seconds"
          ]
        }
      ]
    },
    {
      "mode": "managed",
      "type": "aws_iam_role",
      "name": "iam_EpRole78",
      "provider": "provider[\"registry.terraform.io/hashicorp/aws\"]",
      "instances": [
        {
          "schema_version": 0,
          "attributes": {
            "arn": "arn:aws:iam::455436446709:role/EpRole78",
            "assume_role_policy": "{\"Statement\":[{\"Action\":\"sts:AssumeRole\",\"Effect\":\"Allow\",\"Principal\":{\"Service\":\"ec2.amazonaws.com\"}}],\"Version\":\"2012-10-17\"}",
            "create_date": "2022-10-13T14:07:04Z",
            "description": "",
            "force_detach_policies": false,
            "id": "EpRole78",
            "inline_policy": [],
            "managed_policy_arns": [],
            "max_session_duration": 3600,
            "name": "EpRole78",
            "name_prefix": "",
            "path": "/",
            "permissions_boundary": "arn:aws:iam::455436446709:policy/EPPolicy16",
            "tags": {
              "Name": ""
            },
            "tags_all": {
              "Name": ""
            },
            "unique_id": "AROAWUCRAVP2ZKESSVK36"
          },
          "sensitive_attributes": [],
          "private": "bnVsbA==",
          "dependencies": [
            "aws_iam_policy.EPPolicy16",
            "time_sleep.wait_2_seconds"
          ]
        }
      ]
    },
    {
      "mode": "managed",
      "type": "aws_iam_role",
      "name": "iam_EpRole79",
      "provider": "provider[\"registry.terraform.io/hashicorp/aws\"]",
      "instances": [
        {
          "schema_version": 0,
          "attributes": {
            "arn": "arn:aws:iam::455436446709:role/EpRole79",
            "assume_role_policy": "{\"Statement\":[{\"Action\":\"sts:AssumeRole\",\"Effect\":\"Allow\",\"Principal\":{\"Service\":\"ec2.amazonaws.com\"}}],\"Version\":\"2012-10-17\"}",
            "create_date": "2022-10-13T14:06:47Z",
            "description": "",
            "force_detach_policies": false,
            "id": "EpRole79",
            "inline_policy": [],
            "managed_policy_arns": [],
            "max_session_duration": 3600,
            "name": "EpRole79",
            "name_prefix": "",
            "path": "/",
            "permissions_boundary": "arn:aws:iam::455436446709:policy/EPPolicy17",
            "tags": {
              "Name": ""
            },
            "tags_all": {
              "Name": ""
            },
            "unique_id": "AROAWUCRAVP25UOQBSJKA"
          },
          "sensitive_attributes": [],
          "private": "bnVsbA==",
          "dependencies": [
            "aws_iam_policy.EPPolicy17",
            "time_sleep.wait_2_seconds"
          ]
        }
      ]
    },
    {
      "mode": "managed",
      "type": "aws_iam_role",
      "name": "iam_EpRole8",
      "provider": "provider[\"registry.terraform.io/hashicorp/aws\"]",
      "instances": [
        {
          "schema_version": 0,
          "attributes": {
            "arn": "arn:aws:iam::455436446709:role/EpRole8",
            "assume_role_policy": "{\"Statement\":[{\"Action\":\"sts:AssumeRole\",\"Effect\":\"Allow\",\"Principal\":{\"Service\":\"ec2.amazonaws.com\"}}],\"Version\":\"2012-10-17\"}",
            "create_date": "2022-10-13T14:07:10Z",
            "description": "",
            "force_detach_policies": false,
            "id": "EpRole8",
            "inline_policy": [],
            "managed_policy_arns": [],
            "max_session_duration": 3600,
            "name": "EpRole8",
            "name_prefix": "",
            "path": "/",
            "permissions_boundary": "arn:aws:iam::455436446709:policy/EPPolicy9",
            "tags": {
              "Name": ""
            },
            "tags_all": {
              "Name": ""
            },
            "unique_id": "AROAWUCRAVP2XCR6ILLEE"
          },
          "sensitive_attributes": [],
          "private": "bnVsbA==",
          "dependencies": [
            "aws_iam_policy.EPPolicy9",
            "time_sleep.wait_2_seconds"
          ]
        }
      ]
    },
    {
      "mode": "managed",
      "type": "aws_iam_role",
      "name": "iam_EpRole80",
      "provider": "provider[\"registry.terraform.io/hashicorp/aws\"]",
      "instances": [
        {
          "schema_version": 0,
          "attributes": {
            "arn": "arn:aws:iam::455436446709:role/EpRole80",
            "assume_role_policy": "{\"Statement\":[{\"Action\":\"sts:AssumeRole\",\"Effect\":\"Allow\",\"Principal\":{\"Service\":\"ec2.amazonaws.com\"}}],\"Version\":\"2012-10-17\"}",
            "create_date": "2022-10-13T14:07:08Z",
            "description": "",
            "force_detach_policies": false,
            "id": "EpRole80",
            "inline_policy": [],
            "managed_policy_arns": [],
            "max_session_duration": 3600,
            "name": "EpRole80",
            "name_prefix": "",
            "path": "/",
            "permissions_boundary": "arn:aws:iam::455436446709:policy/EPPolicy18",
            "tags": {
              "Name": ""
            },
            "tags_all": {
              "Name": ""
            },
            "unique_id": "AROAWUCRAVP27RAXPC6QA"
          },
          "sensitive_attributes": [],
          "private": "bnVsbA==",
          "dependencies": [
            "aws_iam_policy.EPPolicy18",
            "time_sleep.wait_2_seconds"
          ]
        }
      ]
    },
    {
      "mode": "managed",
      "type": "aws_iam_role",
      "name": "iam_EpRole81",
      "provider": "provider[\"registry.terraform.io/hashicorp/aws\"]",
      "instances": [
        {
          "schema_version": 0,
          "attributes": {
            "arn": "arn:aws:iam::455436446709:role/EpRole81",
            "assume_role_policy": "{\"Statement\":[{\"Action\":\"sts:AssumeRole\",\"Effect\":\"Allow\",\"Principal\":{\"Service\":\"ec2.amazonaws.com\"}}],\"Version\":\"2012-10-17\"}",
            "create_date": "2022-10-13T14:06:59Z",
            "description": "",
            "force_detach_policies": false,
            "id": "EpRole81",
            "inline_policy": [],
            "managed_policy_arns": [],
            "max_session_duration": 3600,
            "name": "EpRole81",
            "name_prefix": "",
            "path": "/",
            "permissions_boundary": "arn:aws:iam::455436446709:policy/EPPolicy19",
            "tags": {
              "Name": ""
            },
            "tags_all": {
              "Name": ""
            },
            "unique_id": "AROAWUCRAVP2W4YRBDC65"
          },
          "sensitive_attributes": [],
          "private": "bnVsbA==",
          "dependencies": [
            "aws_iam_policy.EPPolicy19",
            "time_sleep.wait_2_seconds"
          ]
        }
      ]
    },
    {
      "mode": "managed",
      "type": "aws_iam_role",
      "name": "iam_EpRole82",
      "provider": "provider[\"registry.terraform.io/hashicorp/aws\"]",
      "instances": [
        {
          "schema_version": 0,
          "attributes": {
            "arn": "arn:aws:iam::455436446709:role/EpRole82",
            "assume_role_policy": "{\"Statement\":[{\"Action\":\"sts:AssumeRole\",\"Effect\":\"Allow\",\"Principal\":{\"Service\":\"ec2.amazonaws.com\"}}],\"Version\":\"2012-10-17\"}",
            "create_date": "2022-10-13T14:07:02Z",
            "description": "",
            "force_detach_policies": false,
            "id": "EpRole82",
            "inline_policy": [],
            "managed_policy_arns": [],
            "max_session_duration": 3600,
            "name": "EpRole82",
            "name_prefix": "",
            "path": "/",
            "permissions_boundary": "arn:aws:iam::455436446709:policy/EPPolicy20",
            "tags": {
              "Name": ""
            },
            "tags_all": {
              "Name": ""
            },
            "unique_id": "AROAWUCRAVP2YPF65ZLIX"
          },
          "sensitive_attributes": [],
          "private": "bnVsbA==",
          "dependencies": [
            "aws_iam_policy.EPPolicy20",
            "time_sleep.wait_2_seconds"
          ]
        }
      ]
    },
    {
      "mode": "managed",
      "type": "aws_iam_role",
      "name": "iam_EpRole83",
      "provider": "provider[\"registry.terraform.io/hashicorp/aws\"]",
      "instances": [
        {
          "schema_version": 0,
          "attributes": {
            "arn": "arn:aws:iam::455436446709:role/EpRole83",
            "assume_role_policy": "{\"Statement\":[{\"Action\":\"sts:AssumeRole\",\"Effect\":\"Allow\",\"Principal\":{\"Service\":\"ec2.amazonaws.com\"}}],\"Version\":\"2012-10-17\"}",
            "create_date": "2022-10-13T14:07:14Z",
            "description": "",
            "force_detach_policies": false,
            "id": "EpRole83",
            "inline_policy": [],
            "managed_policy_arns": [],
            "max_session_duration": 3600,
            "name": "EpRole83",
            "name_prefix": "",
            "path": "/",
            "permissions_boundary": "arn:aws:iam::455436446709:policy/EPPolicy21",
            "tags": {
              "Name": ""
            },
            "tags_all": {
              "Name": ""
            },
            "unique_id": "AROAWUCRAVP2XUDF4RHCV"
          },
          "sensitive_attributes": [],
          "private": "bnVsbA==",
          "dependencies": [
            "aws_iam_policy.EPPolicy21",
            "time_sleep.wait_2_seconds"
          ]
        }
      ]
    },
    {
      "mode": "managed",
      "type": "aws_iam_role",
      "name": "iam_EpRole84",
      "provider": "provider[\"registry.terraform.io/hashicorp/aws\"]",
      "instances": [
        {
          "schema_version": 0,
          "attributes": {
            "arn": "arn:aws:iam::455436446709:role/EpRole84",
            "assume_role_policy": "{\"Statement\":[{\"Action\":\"sts:AssumeRole\",\"Effect\":\"Allow\",\"Principal\":{\"Service\":\"ec2.amazonaws.com\"}}],\"Version\":\"2012-10-17\"}",
            "create_date": "2022-10-13T14:06:49Z",
            "description": "",
            "force_detach_policies": false,
            "id": "EpRole84",
            "inline_policy": [],
            "managed_policy_arns": [],
            "max_session_duration": 3600,
            "name": "EpRole84",
            "name_prefix": "",
            "path": "/",
            "permissions_boundary": "arn:aws:iam::455436446709:policy/EPPolicy22",
            "tags": {
              "Name": ""
            },
            "tags_all": {
              "Name": ""
            },
            "unique_id": "AROAWUCRAVP2ZZIEM3GXW"
          },
          "sensitive_attributes": [],
          "private": "bnVsbA==",
          "dependencies": [
            "aws_iam_policy.EPPolicy22",
            "time_sleep.wait_2_seconds"
          ]
        }
      ]
    },
    {
      "mode": "managed",
      "type": "aws_iam_role",
      "name": "iam_EpRole85",
      "provider": "provider[\"registry.terraform.io/hashicorp/aws\"]",
      "instances": [
        {
          "schema_version": 0,
          "attributes": {
            "arn": "arn:aws:iam::455436446709:role/EpRole85",
            "assume_role_policy": "{\"Statement\":[{\"Action\":\"sts:AssumeRole\",\"Effect\":\"Allow\",\"Principal\":{\"Service\":\"ec2.amazonaws.com\"}}],\"Version\":\"2012-10-17\"}",
            "create_date": "2022-10-13T14:07:20Z",
            "description": "",
            "force_detach_policies": false,
            "id": "EpRole85",
            "inline_policy": [],
            "managed_policy_arns": [],
            "max_session_duration": 3600,
            "name": "EpRole85",
            "name_prefix": "",
            "path": "/",
            "permissions_boundary": "arn:aws:iam::455436446709:policy/EPPolicy31",
            "tags": {
              "Name": ""
            },
            "tags_all": {
              "Name": ""
            },
            "unique_id": "AROAWUCRAVP2YWZY7FOSV"
          },
          "sensitive_attributes": [],
          "private": "bnVsbA==",
          "dependencies": [
            "aws_iam_policy.EPPolicy31",
            "time_sleep.wait_2_seconds"
          ]
        }
      ]
    },
    {
      "mode": "managed",
      "type": "aws_iam_role",
      "name": "iam_EpRole86",
      "provider": "provider[\"registry.terraform.io/hashicorp/aws\"]",
      "instances": [
        {
          "schema_version": 0,
          "attributes": {
            "arn": "arn:aws:iam::455436446709:role/EpRole86",
            "assume_role_policy": "{\"Statement\":[{\"Action\":\"sts:AssumeRole\",\"Effect\":\"Allow\",\"Principal\":{\"Service\":\"ec2.amazonaws.com\"}}],\"Version\":\"2012-10-17\"}",
            "create_date": "2022-10-13T14:06:55Z",
            "description": "",
            "force_detach_policies": false,
            "id": "EpRole86",
            "inline_policy": [],
            "managed_policy_arns": [],
            "max_session_duration": 3600,
            "name": "EpRole86",
            "name_prefix": "",
            "path": "/",
            "permissions_boundary": "arn:aws:iam::455436446709:policy/EPPolicy32",
            "tags": {
              "Name": ""
            },
            "tags_all": {
              "Name": ""
            },
            "unique_id": "AROAWUCRAVP234MC7RUKZ"
          },
          "sensitive_attributes": [],
          "private": "bnVsbA==",
          "dependencies": [
            "aws_iam_policy.EPPolicy32",
            "time_sleep.wait_2_seconds"
          ]
        }
      ]
    },
    {
      "mode": "managed",
      "type": "aws_iam_role",
      "name": "iam_EpRole87",
      "provider": "provider[\"registry.terraform.io/hashicorp/aws\"]",
      "instances": [
        {
          "schema_version": 0,
          "attributes": {
            "arn": "arn:aws:iam::455436446709:role/EpRole87",
            "assume_role_policy": "{\"Statement\":[{\"Action\":\"sts:AssumeRole\",\"Effect\":\"Allow\",\"Principal\":{\"Service\":\"ec2.amazonaws.com\"}}],\"Version\":\"2012-10-17\"}",
            "create_date": "2022-10-13T14:07:23Z",
            "description": "",
            "force_detach_policies": false,
            "id": "EpRole87",
            "inline_policy": [],
            "managed_policy_arns": [],
            "max_session_duration": 3600,
            "name": "EpRole87",
            "name_prefix": "",
            "path": "/",
            "permissions_boundary": "arn:aws:iam::455436446709:policy/EPPolicy6",
            "tags": {
              "Name": ""
            },
            "tags_all": {
              "Name": ""
            },
            "unique_id": "AROAWUCRAVP2TZNVM2DXS"
          },
          "sensitive_attributes": [],
          "private": "bnVsbA==",
          "dependencies": [
            "aws_iam_policy.EPPolicy6",
            "time_sleep.wait_2_seconds"
          ]
        }
      ]
    },
    {
      "mode": "managed",
      "type": "aws_iam_role",
      "name": "iam_EpRole88",
      "provider": "provider[\"registry.terraform.io/hashicorp/aws\"]",
      "instances": [
        {
          "schema_version": 0,
          "attributes": {
            "arn": "arn:aws:iam::455436446709:role/EpRole88",
            "assume_role_policy": "{\"Statement\":[{\"Action\":\"sts:AssumeRole\",\"Effect\":\"Allow\",\"Principal\":{\"Service\":\"ec2.amazonaws.com\"}}],\"Version\":\"2012-10-17\"}",
            "create_date": "2022-10-13T14:07:20Z",
            "description": "",
            "force_detach_policies": false,
            "id": "EpRole88",
            "inline_policy": [],
            "managed_policy_arns": [],
            "max_session_duration": 3600,
            "name": "EpRole88",
            "name_prefix": "",
            "path": "/",
            "permissions_boundary": "arn:aws:iam::455436446709:policy/EPPolicy7",
            "tags": {
              "Name": ""
            },
            "tags_all": {
              "Name": ""
            },
            "unique_id": "AROAWUCRAVP2SPAAXGEDP"
          },
          "sensitive_attributes": [],
          "private": "bnVsbA==",
          "dependencies": [
            "aws_iam_policy.EPPolicy7",
            "time_sleep.wait_2_seconds"
          ]
        }
      ]
    },
    {
      "mode": "managed",
      "type": "aws_iam_role",
      "name": "iam_EpRole89",
      "provider": "provider[\"registry.terraform.io/hashicorp/aws\"]",
      "instances": [
        {
          "schema_version": 0,
          "attributes": {
            "arn": "arn:aws:iam::455436446709:role/EpRole89",
            "assume_role_policy": "{\"Statement\":[{\"Action\":\"sts:AssumeRole\",\"Effect\":\"Allow\",\"Principal\":{\"Service\":\"ec2.amazonaws.com\"}}],\"Version\":\"2012-10-17\"}",
            "create_date": "2022-10-13T14:07:11Z",
            "description": "",
            "force_detach_policies": false,
            "id": "EpRole89",
            "inline_policy": [],
            "managed_policy_arns": [],
            "max_session_duration": 3600,
            "name": "EpRole89",
            "name_prefix": "",
            "path": "/",
            "permissions_boundary": "arn:aws:iam::455436446709:policy/EPPolicy8",
            "tags": {
              "Name": ""
            },
            "tags_all": {
              "Name": ""
            },
            "unique_id": "AROAWUCRAVP2YR6ZG7YXW"
          },
          "sensitive_attributes": [],
          "private": "bnVsbA==",
          "dependencies": [
            "aws_iam_policy.EPPolicy8",
            "time_sleep.wait_2_seconds"
          ]
        }
      ]
    },
    {
      "mode": "managed",
      "type": "aws_iam_role",
      "name": "iam_EpRole9",
      "provider": "provider[\"registry.terraform.io/hashicorp/aws\"]",
      "instances": [
        {
          "schema_version": 0,
          "attributes": {
            "arn": "arn:aws:iam::455436446709:role/EpRole9",
            "assume_role_policy": "{\"Statement\":[{\"Action\":\"sts:AssumeRole\",\"Effect\":\"Allow\",\"Principal\":{\"Service\":\"ec2.amazonaws.com\"}}],\"Version\":\"2012-10-17\"}",
            "create_date": "2022-10-13T14:06:56Z",
            "description": "",
            "force_detach_policies": false,
            "id": "EpRole9",
            "inline_policy": [],
            "managed_policy_arns": [],
            "max_session_duration": 3600,
            "name": "EpRole9",
            "name_prefix": "",
            "path": "/",
            "permissions_boundary": "arn:aws:iam::455436446709:policy/EPPolicy10",
            "tags": {
              "Name": ""
            },
            "tags_all": {
              "Name": ""
            },
            "unique_id": "AROAWUCRAVP2UXJLN7VOS"
          },
          "sensitive_attributes": [],
          "private": "bnVsbA==",
          "dependencies": [
            "aws_iam_policy.EPPolicy10",
            "time_sleep.wait_2_seconds"
          ]
        }
      ]
    },
    {
      "mode": "managed",
      "type": "aws_iam_role",
      "name": "iam_EpRole90",
      "provider": "provider[\"registry.terraform.io/hashicorp/aws\"]",
      "instances": [
        {
          "schema_version": 0,
          "attributes": {
            "arn": "arn:aws:iam::455436446709:role/EpRole90",
            "assume_role_policy": "{\"Statement\":[{\"Action\":\"sts:AssumeRole\",\"Effect\":\"Allow\",\"Principal\":{\"Service\":\"ec2.amazonaws.com\"}}],\"Version\":\"2012-10-17\"}",
            "create_date": "2022-10-13T14:07:10Z",
            "description": "",
            "force_detach_policies": false,
            "id": "EpRole90",
            "inline_policy": [],
            "managed_policy_arns": [],
            "max_session_duration": 3600,
            "name": "EpRole90",
            "name_prefix": "",
            "path": "/",
            "permissions_boundary": "arn:aws:iam::455436446709:policy/EPPolicy9",
            "tags": {
              "Name": ""
            },
            "tags_all": {
              "Name": ""
            },
            "unique_id": "AROAWUCRAVP2VDUSAJMKS"
          },
          "sensitive_attributes": [],
          "private": "bnVsbA==",
          "dependencies": [
            "aws_iam_policy.EPPolicy9",
            "time_sleep.wait_2_seconds"
          ]
        }
      ]
    },
    {
      "mode": "managed",
      "type": "aws_iam_role",
      "name": "iam_EpRole91",
      "provider": "provider[\"registry.terraform.io/hashicorp/aws\"]",
      "instances": [
        {
          "schema_version": 0,
          "attributes": {
            "arn": "arn:aws:iam::455436446709:role/EpRole91",
            "assume_role_policy": "{\"Statement\":[{\"Action\":\"sts:AssumeRole\",\"Effect\":\"Allow\",\"Principal\":{\"Service\":\"ec2.amazonaws.com\"}}],\"Version\":\"2012-10-17\"}",
            "create_date": "2022-10-13T14:06:56Z",
            "description": "",
            "force_detach_policies": false,
            "id": "EpRole91",
            "inline_policy": [],
            "managed_policy_arns": [],
            "max_session_duration": 3600,
            "name": "EpRole91",
            "name_prefix": "",
            "path": "/",
            "permissions_boundary": "arn:aws:iam::455436446709:policy/EPPolicy10",
            "tags": {
              "Name": ""
            },
            "tags_all": {
              "Name": ""
            },
            "unique_id": "AROAWUCRAVP2225KOBSTU"
          },
          "sensitive_attributes": [],
          "private": "bnVsbA==",
          "dependencies": [
            "aws_iam_policy.EPPolicy10",
            "time_sleep.wait_2_seconds"
          ]
        }
      ]
    },
    {
      "mode": "managed",
      "type": "aws_iam_role",
      "name": "iam_EpRole92",
      "provider": "provider[\"registry.terraform.io/hashicorp/aws\"]",
      "instances": [
        {
          "schema_version": 0,
          "attributes": {
            "arn": "arn:aws:iam::455436446709:role/EpRole92",
            "assume_role_policy": "{\"Statement\":[{\"Action\":\"sts:AssumeRole\",\"Effect\":\"Allow\",\"Principal\":{\"Service\":\"ec2.amazonaws.com\"}}],\"Version\":\"2012-10-17\"}",
            "create_date": "2022-10-13T14:07:21Z",
            "description": "",
            "force_detach_policies": false,
            "id": "EpRole92",
            "inline_policy": [],
            "managed_policy_arns": [],
            "max_session_duration": 3600,
            "name": "EpRole92",
            "name_prefix": "",
            "path": "/",
            "permissions_boundary": "arn:aws:iam::455436446709:policy/EPPolicy11",
            "tags": {
              "Name": ""
            },
            "tags_all": {
              "Name": ""
            },
            "unique_id": "AROAWUCRAVP23P7GQR5Y3"
          },
          "sensitive_attributes": [],
          "private": "bnVsbA==",
          "dependencies": [
            "aws_iam_policy.EPPolicy11",
            "time_sleep.wait_2_seconds"
          ]
        }
      ]
    },
    {
      "mode": "managed",
      "type": "aws_iam_role",
      "name": "iam_EpRole93",
      "provider": "provider[\"registry.terraform.io/hashicorp/aws\"]",
      "instances": [
        {
          "schema_version": 0,
          "attributes": {
            "arn": "arn:aws:iam::455436446709:role/EpRole93",
            "assume_role_policy": "{\"Statement\":[{\"Action\":\"sts:AssumeRole\",\"Effect\":\"Allow\",\"Principal\":{\"Service\":\"ec2.amazonaws.com\"}}],\"Version\":\"2012-10-17\"}",
            "create_date": "2022-10-13T14:07:02Z",
            "description": "",
            "force_detach_policies": false,
            "id": "EpRole93",
            "inline_policy": [],
            "managed_policy_arns": [],
            "max_session_duration": 3600,
            "name": "EpRole93",
            "name_prefix": "",
            "path": "/",
            "permissions_boundary": "arn:aws:iam::455436446709:policy/EPPolicy12",
            "tags": {
              "Name": ""
            },
            "tags_all": {
              "Name": ""
            },
            "unique_id": "AROAWUCRAVP24MEY6RIKM"
          },
          "sensitive_attributes": [],
          "private": "bnVsbA==",
          "dependencies": [
            "aws_iam_policy.EPPolicy12",
            "time_sleep.wait_2_seconds"
          ]
        }
      ]
    },
    {
      "mode": "managed",
      "type": "aws_iam_role",
      "name": "iam_EpRole94",
      "provider": "provider[\"registry.terraform.io/hashicorp/aws\"]",
      "instances": [
        {
          "schema_version": 0,
          "attributes": {
            "arn": "arn:aws:iam::455436446709:role/EpRole94",
            "assume_role_policy": "{\"Statement\":[{\"Action\":\"sts:AssumeRole\",\"Effect\":\"Allow\",\"Principal\":{\"Service\":\"ec2.amazonaws.com\"}}],\"Version\":\"2012-10-17\"}",
            "create_date": "2022-10-13T14:06:46Z",
            "description": "",
            "force_detach_policies": false,
            "id": "EpRole94",
            "inline_policy": [],
            "managed_policy_arns": [],
            "max_session_duration": 3600,
            "name": "EpRole94",
            "name_prefix": "",
            "path": "/",
            "permissions_boundary": "arn:aws:iam::455436446709:policy/EPPolicy13",
            "tags": {
              "Name": ""
            },
            "tags_all": {
              "Name": ""
            },
            "unique_id": "AROAWUCRAVP2XLW4UGVIJ"
          },
          "sensitive_attributes": [],
          "private": "bnVsbA==",
          "dependencies": [
            "aws_iam_policy.EPPolicy13",
            "time_sleep.wait_2_seconds"
          ]
        }
      ]
    },
    {
      "mode": "managed",
      "type": "aws_iam_role",
      "name": "iam_EpRole95",
      "provider": "provider[\"registry.terraform.io/hashicorp/aws\"]",
      "instances": [
        {
          "schema_version": 0,
          "attributes": {
            "arn": "arn:aws:iam::455436446709:role/EpRole95",
            "assume_role_policy": "{\"Statement\":[{\"Action\":\"sts:AssumeRole\",\"Effect\":\"Allow\",\"Principal\":{\"Service\":\"ec2.amazonaws.com\"}}],\"Version\":\"2012-10-17\"}",
            "create_date": "2022-10-13T14:06:43Z",
            "description": "",
            "force_detach_policies": false,
            "id": "EpRole95",
            "inline_policy": [],
            "managed_policy_arns": [],
            "max_session_duration": 3600,
            "name": "EpRole95",
            "name_prefix": "",
            "path": "/",
            "permissions_boundary": "arn:aws:iam::455436446709:policy/EPPolicy14",
            "tags": {
              "Name": ""
            },
            "tags_all": {
              "Name": ""
            },
            "unique_id": "AROAWUCRAVP2UMG4WLF5K"
          },
          "sensitive_attributes": [],
          "private": "bnVsbA==",
          "dependencies": [
            "aws_iam_policy.EPPolicy14",
            "time_sleep.wait_2_seconds"
          ]
        }
      ]
    },
    {
      "mode": "managed",
      "type": "aws_iam_role",
      "name": "iam_EpRole96",
      "provider": "provider[\"registry.terraform.io/hashicorp/aws\"]",
      "instances": [
        {
          "schema_version": 0,
          "attributes": {
            "arn": "arn:aws:iam::455436446709:role/EpRole96",
            "assume_role_policy": "{\"Statement\":[{\"Action\":\"sts:AssumeRole\",\"Effect\":\"Allow\",\"Principal\":{\"Service\":\"ec2.amazonaws.com\"}}],\"Version\":\"2012-10-17\"}",
            "create_date": "2022-10-13T14:07:13Z",
            "description": "",
            "force_detach_policies": false,
            "id": "EpRole96",
            "inline_policy": [],
            "managed_policy_arns": [],
            "max_session_duration": 3600,
            "name": "EpRole96",
            "name_prefix": "",
            "path": "/",
            "permissions_boundary": "arn:aws:iam::455436446709:policy/EPPolicy15",
            "tags": {
              "Name": ""
            },
            "tags_all": {
              "Name": ""
            },
            "unique_id": "AROAWUCRAVP22JW7OPJS4"
          },
          "sensitive_attributes": [],
          "private": "bnVsbA==",
          "dependencies": [
            "aws_iam_policy.EPPolicy15",
            "time_sleep.wait_2_seconds"
          ]
        }
      ]
    },
    {
      "mode": "managed",
      "type": "aws_iam_role",
      "name": "iam_EpRole97",
      "provider": "provider[\"registry.terraform.io/hashicorp/aws\"]",
      "instances": [
        {
          "schema_version": 0,
          "attributes": {
            "arn": "arn:aws:iam::455436446709:role/EpRole97",
            "assume_role_policy": "{\"Statement\":[{\"Action\":\"sts:AssumeRole\",\"Effect\":\"Allow\",\"Principal\":{\"Service\":\"ec2.amazonaws.com\"}}],\"Version\":\"2012-10-17\"}",
            "create_date": "2022-10-13T14:07:05Z",
            "description": "",
            "force_detach_policies": false,
            "id": "EpRole97",
            "inline_policy": [],
            "managed_policy_arns": [],
            "max_session_duration": 3600,
            "name": "EpRole97",
            "name_prefix": "",
            "path": "/",
            "permissions_boundary": "arn:aws:iam::455436446709:policy/EPPolicy16",
            "tags": {
              "Name": ""
            },
            "tags_all": {
              "Name": ""
            },
            "unique_id": "AROAWUCRAVP25NYWYXZVB"
          },
          "sensitive_attributes": [],
          "private": "bnVsbA==",
          "dependencies": [
            "aws_iam_policy.EPPolicy16",
            "time_sleep.wait_2_seconds"
          ]
        }
      ]
    },
    {
      "mode": "managed",
      "type": "aws_iam_role",
      "name": "iam_EpRole98",
      "provider": "provider[\"registry.terraform.io/hashicorp/aws\"]",
      "instances": [
        {
          "schema_version": 0,
          "attributes": {
            "arn": "arn:aws:iam::455436446709:role/EpRole98",
            "assume_role_policy": "{\"Statement\":[{\"Action\":\"sts:AssumeRole\",\"Effect\":\"Allow\",\"Principal\":{\"Service\":\"ec2.amazonaws.com\"}}],\"Version\":\"2012-10-17\"}",
            "create_date": "2022-10-13T14:06:47Z",
            "description": "",
            "force_detach_policies": false,
            "id": "EpRole98",
            "inline_policy": [],
            "managed_policy_arns": [],
            "max_session_duration": 3600,
            "name": "EpRole98",
            "name_prefix": "",
            "path": "/",
            "permissions_boundary": "arn:aws:iam::455436446709:policy/EPPolicy17",
            "tags": {
              "Name": ""
            },
            "tags_all": {
              "Name": ""
            },
            "unique_id": "AROAWUCRAVP24ZFJE6WSA"
          },
          "sensitive_attributes": [],
          "private": "bnVsbA==",
          "dependencies": [
            "aws_iam_policy.EPPolicy17",
            "time_sleep.wait_2_seconds"
          ]
        }
      ]
    },
    {
      "mode": "managed",
      "type": "aws_iam_role",
      "name": "iam_EpRole99",
      "provider": "provider[\"registry.terraform.io/hashicorp/aws\"]",
      "instances": [
        {
          "schema_version": 0,
          "attributes": {
            "arn": "arn:aws:iam::455436446709:role/EpRole99",
            "assume_role_policy": "{\"Statement\":[{\"Action\":\"sts:AssumeRole\",\"Effect\":\"Allow\",\"Principal\":{\"Service\":\"ec2.amazonaws.com\"}}],\"Version\":\"2012-10-17\"}",
            "create_date": "2022-10-13T14:07:08Z",
            "description": "",
            "force_detach_policies": false,
            "id": "EpRole99",
            "inline_policy": [],
            "managed_policy_arns": [],
            "max_session_duration": 3600,
            "name": "EpRole99",
            "name_prefix": "",
            "path": "/",
            "permissions_boundary": "arn:aws:iam::455436446709:policy/EPPolicy18",
            "tags": {
              "Name": ""
            },
            "tags_all": {
              "Name": ""
            },
            "unique_id": "AROAWUCRAVP2QPMP2LEIT"
          },
          "sensitive_attributes": [],
          "private": "bnVsbA==",
          "dependencies": [
            "aws_iam_policy.EPPolicy18",
            "time_sleep.wait_2_seconds"
          ]
        }
      ]
    },
    {
      "mode": "managed",
      "type": "aws_iam_role_policy_attachment",
      "name": "iam_attach_EpRole1",
      "provider": "provider[\"registry.terraform.io/hashicorp/aws\"]",
      "instances": [
        {
          "schema_version": 0,
          "attributes": {
            "id": "EpRole1-202210131407396377000000ba",
            "policy_arn": "arn:aws:iam::455436446709:policy/EPPolicy1",
            "role": "EpRole1"
          },
          "sensitive_attributes": [],
          "private": "bnVsbA==",
          "dependencies": [
            "aws_iam_policy.EPPolicy1",
            "aws_iam_policy.EPPolicy2",
            "aws_iam_role.iam_EpRole1",
            "time_sleep.wait_2_seconds"
          ]
        }
      ]
    },
    {
      "mode": "managed",
      "type": "aws_iam_role_policy_attachment",
      "name": "iam_attach_EpRole10",
      "provider": "provider[\"registry.terraform.io/hashicorp/aws\"]",
      "instances": [
        {
          "schema_version": 0,
          "attributes": {
            "id": "EpRole10-20221013140746000000000103",
            "policy_arn": "arn:aws:iam::455436446709:policy/EPPolicy1",
            "role": "EpRole10"
          },
          "sensitive_attributes": [],
          "private": "bnVsbA==",
          "dependencies": [
            "aws_iam_policy.EPPolicy1",
            "aws_iam_policy.EPPolicy11",
            "aws_iam_role.iam_EpRole10",
            "time_sleep.wait_2_seconds"
          ]
        }
      ]
    },
    {
      "mode": "managed",
      "type": "aws_iam_role_policy_attachment",
      "name": "iam_attach_EpRole100",
      "provider": "provider[\"registry.terraform.io/hashicorp/aws\"]",
      "instances": [
        {
          "schema_version": 0,
          "attributes": {
            "id": "EpRole100-20221013140731997600000064",
            "policy_arn": "arn:aws:iam::455436446709:policy/EPPolicy5",
            "role": "EpRole100"
          },
          "sensitive_attributes": [],
          "private": "bnVsbA==",
          "dependencies": [
            "aws_iam_policy.EPPolicy19",
            "aws_iam_policy.EPPolicy5",
            "aws_iam_role.iam_EpRole100",
            "time_sleep.wait_2_seconds"
          ]
        }
      ]
    },
    {
      "mode": "managed",
      "type": "aws_iam_role_policy_attachment",
      "name": "iam_attach_EpRole101",
      "provider": "provider[\"registry.terraform.io/hashicorp/aws\"]",
      "instances": [
        {
          "schema_version": 0,
          "attributes": {
            "id": "EpRole101-20221013140733293500000078",
            "policy_arn": "arn:aws:iam::455436446709:policy/EPPolicy5",
            "role": "EpRole101"
          },
          "sensitive_attributes": [],
          "private": "bnVsbA==",
          "dependencies": [
            "aws_iam_policy.EPPolicy20",
            "aws_iam_policy.EPPolicy5",
            "aws_iam_role.iam_EpRole101",
            "time_sleep.wait_2_seconds"
          ]
        }
      ]
    },
    {
      "mode": "managed",
      "type": "aws_iam_role_policy_attachment",
      "name": "iam_attach_EpRole102",
      "provider": "provider[\"registry.terraform.io/hashicorp/aws\"]",
      "instances": [
        {
          "schema_version": 0,
          "attributes": {
            "id": "EpRole102-202210131407420074000000d5",
            "policy_arn": "arn:aws:iam::455436446709:policy/EPPolicy5",
            "role": "EpRole102"
          },
          "sensitive_attributes": [],
          "private": "bnVsbA==",
          "dependencies": [
            "aws_iam_policy.EPPolicy21",
            "aws_iam_policy.EPPolicy5",
            "aws_iam_role.iam_EpRole102",
            "time_sleep.wait_2_seconds"
          ]
        }
      ]
    },
    {
      "mode": "managed",
      "type": "aws_iam_role_policy_attachment",
      "name": "iam_attach_EpRole103",
      "provider": "provider[\"registry.terraform.io/hashicorp/aws\"]",
      "instances": [
        {
          "schema_version": 0,
          "attributes": {
            "id": "EpRole103-2022101314072723870000002c",
            "policy_arn": "arn:aws:iam::455436446709:policy/EPPolicy5",
            "role": "EpRole103"
          },
          "sensitive_attributes": [],
          "private": "bnVsbA==",
          "dependencies": [
            "aws_iam_policy.EPPolicy22",
            "aws_iam_policy.EPPolicy5",
            "aws_iam_role.iam_EpRole103",
            "time_sleep.wait_2_seconds"
          ]
        }
      ]
    },
    {
      "mode": "managed",
      "type": "aws_iam_role_policy_attachment",
      "name": "iam_attach_EpRole104",
      "provider": "provider[\"registry.terraform.io/hashicorp/aws\"]",
      "instances": [
        {
          "schema_version": 0,
          "attributes": {
            "id": "EpRole104-202210131407435884000000e8",
            "policy_arn": "arn:aws:iam::455436446709:policy/EPPolicy5",
            "role": "EpRole104"
          },
          "sensitive_attributes": [],
          "private": "bnVsbA==",
          "dependencies": [
            "aws_iam_policy.EPPolicy31",
            "aws_iam_policy.EPPolicy5",
            "aws_iam_role.iam_EpRole104",
            "time_sleep.wait_2_seconds"
          ]
        }
      ]
    },
    {
      "mode": "managed",
      "type": "aws_iam_role_policy_attachment",
      "name": "iam_attach_EpRole105",
      "provider": "provider[\"registry.terraform.io/hashicorp/aws\"]",
      "instances": [
        {
          "schema_version": 0,
          "attributes": {
            "id": "EpRole105-20221013140730071400000048",
            "policy_arn": "arn:aws:iam::455436446709:policy/EPPolicy5",
            "role": "EpRole105"
          },
          "sensitive_attributes": [],
          "private": "bnVsbA==",
          "dependencies": [
            "aws_iam_policy.EPPolicy32",
            "aws_iam_policy.EPPolicy5",
            "aws_iam_role.iam_EpRole105",
            "time_sleep.wait_2_seconds"
          ]
        }
      ]
    },
    {
      "mode": "managed",
      "type": "aws_iam_role_policy_attachment",
      "name": "iam_attach_EpRole106",
      "provider": "provider[\"registry.terraform.io/hashicorp/aws\"]",
      "instances": [
        {
          "schema_version": 0,
          "attributes": {
            "id": "EpRole106-202210131407454364000000fc",
            "policy_arn": "arn:aws:iam::455436446709:policy/EPPolicy6",
            "role": "EpRole106"
          },
          "sensitive_attributes": [],
          "private": "bnVsbA==",
          "dependencies": [
            "aws_iam_policy.EPPolicy6",
            "aws_iam_policy.EPPolicy7",
            "aws_iam_role.iam_EpRole106",
            "time_sleep.wait_2_seconds"
          ]
        }
      ]
    },
    {
      "mode": "managed",
      "type": "aws_iam_role_policy_attachment",
      "name": "iam_attach_EpRole107",
      "provider": "provider[\"registry.terraform.io/hashicorp/aws\"]",
      "instances": [
        {
          "schema_version": 0,
          "attributes": {
            "id": "EpRole107-202210131407403033000000c0",
            "policy_arn": "arn:aws:iam::455436446709:policy/EPPolicy6",
            "role": "EpRole107"
          },
          "sensitive_attributes": [],
          "private": "bnVsbA==",
          "dependencies": [
            "aws_iam_policy.EPPolicy6",
            "aws_iam_policy.EPPolicy8",
            "aws_iam_role.iam_EpRole107",
            "time_sleep.wait_2_seconds"
          ]
        }
      ]
    },
    {
      "mode": "managed",
      "type": "aws_iam_role_policy_attachment",
      "name": "iam_attach_EpRole108",
      "provider": "provider[\"registry.terraform.io/hashicorp/aws\"]",
      "instances": [
        {
          "schema_version": 0,
          "attributes": {
            "id": "EpRole108-202210131407387822000000b1",
            "policy_arn": "arn:aws:iam::455436446709:policy/EPPolicy6",
            "role": "EpRole108"
          },
          "sensitive_attributes": [],
          "private": "bnVsbA==",
          "dependencies": [
            "aws_iam_policy.EPPolicy6",
            "aws_iam_policy.EPPolicy9",
            "aws_iam_role.iam_EpRole108",
            "time_sleep.wait_2_seconds"
          ]
        }
      ]
    },
    {
      "mode": "managed",
      "type": "aws_iam_role_policy_attachment",
      "name": "iam_attach_EpRole109",
      "provider": "provider[\"registry.terraform.io/hashicorp/aws\"]",
      "instances": [
        {
          "schema_version": 0,
          "attributes": {
            "id": "EpRole109-2022101314073139040000005c",
            "policy_arn": "arn:aws:iam::455436446709:policy/EPPolicy6",
            "role": "EpRole109"
          },
          "sensitive_attributes": [],
          "private": "bnVsbA==",
          "dependencies": [
            "aws_iam_policy.EPPolicy10",
            "aws_iam_policy.EPPolicy6",
            "aws_iam_role.iam_EpRole109",
            "time_sleep.wait_2_seconds"
          ]
        }
      ]
    },
    {
      "mode": "managed",
      "type": "aws_iam_role_policy_attachment",
      "name": "iam_attach_EpRole11",
      "provider": "provider[\"registry.terraform.io/hashicorp/aws\"]",
      "instances": [
        {
          "schema_version": 0,
          "attributes": {
            "id": "EpRole11-20221013140734369700000084",
            "policy_arn": "arn:aws:iam::455436446709:policy/EPPolicy1",
            "role": "EpRole11"
          },
          "sensitive_attributes": [],
          "private": "bnVsbA==",
          "dependencies": [
            "aws_iam_policy.EPPolicy1",
            "aws_iam_policy.EPPolicy12",
            "aws_iam_role.iam_EpRole11",
            "time_sleep.wait_2_seconds"
          ]
        }
      ]
    },
    {
      "mode": "managed",
      "type": "aws_iam_role_policy_attachment",
      "name": "iam_attach_EpRole110",
      "provider": "provider[\"registry.terraform.io/hashicorp/aws\"]",
      "instances": [
        {
          "schema_version": 0,
          "attributes": {
            "id": "EpRole110-20221013140746463800000107",
            "policy_arn": "arn:aws:iam::455436446709:policy/EPPolicy6",
            "role": "EpRole110"
          },
          "sensitive_attributes": [],
          "private": "bnVsbA==",
          "dependencies": [
            "aws_iam_policy.EPPolicy11",
            "aws_iam_policy.EPPolicy6",
            "aws_iam_role.iam_EpRole110",
            "time_sleep.wait_2_seconds"
          ]
        }
      ]
    },
    {
      "mode": "managed",
      "type": "aws_iam_role_policy_attachment",
      "name": "iam_attach_EpRole111",
      "provider": "provider[\"registry.terraform.io/hashicorp/aws\"]",
      "instances": [
        {
          "schema_version": 0,
          "attributes": {
            "id": "EpRole111-20221013140734184000000080",
            "policy_arn": "arn:aws:iam::455436446709:policy/EPPolicy6",
            "role": "EpRole111"
          },
          "sensitive_attributes": [],
          "private": "bnVsbA==",
          "dependencies": [
            "aws_iam_policy.EPPolicy12",
            "aws_iam_policy.EPPolicy6",
            "aws_iam_role.iam_EpRole111",
            "time_sleep.wait_2_seconds"
          ]
        }
      ]
    },
    {
      "mode": "managed",
      "type": "aws_iam_role_policy_attachment",
      "name": "iam_attach_EpRole112",
      "provider": "provider[\"registry.terraform.io/hashicorp/aws\"]",
      "instances": [
        {
          "schema_version": 0,
          "attributes": {
            "id": "EpRole112-20221013140725828300000015",
            "policy_arn": "arn:aws:iam::455436446709:policy/EPPolicy6",
            "role": "EpRole112"
          },
          "sensitive_attributes": [],
          "private": "bnVsbA==",
          "dependencies": [
            "aws_iam_policy.EPPolicy13",
            "aws_iam_policy.EPPolicy6",
            "aws_iam_role.iam_EpRole112",
            "time_sleep.wait_2_seconds"
          ]
        }
      ]
    },
    {
      "mode": "managed",
      "type": "aws_iam_role_policy_attachment",
      "name": "iam_attach_EpRole113",
      "provider": "provider[\"registry.terraform.io/hashicorp/aws\"]",
      "instances": [
        {
          "schema_version": 0,
          "attributes": {
            "id": "EpRole113-20221013140724871500000005",
            "policy_arn": "arn:aws:iam::455436446709:policy/EPPolicy6",
            "role": "EpRole113"
          },
          "sensitive_attributes": [],
          "private": "bnVsbA==",
          "dependencies": [
            "aws_iam_policy.EPPolicy14",
            "aws_iam_policy.EPPolicy6",
            "aws_iam_role.iam_EpRole113",
            "time_sleep.wait_2_seconds"
          ]
        }
      ]
    },
    {
      "mode": "managed",
      "type": "aws_iam_role_policy_attachment",
      "name": "iam_attach_EpRole114",
      "provider": "provider[\"registry.terraform.io/hashicorp/aws\"]",
      "instances": [
        {
          "schema_version": 0,
          "attributes": {
            "id": "EpRole114-202210131407419291000000d4",
            "policy_arn": "arn:aws:iam::455436446709:policy/EPPolicy6",
            "role": "EpRole114"
          },
          "sensitive_attributes": [],
          "private": "bnVsbA==",
          "dependencies": [
            "aws_iam_policy.EPPolicy15",
            "aws_iam_policy.EPPolicy6",
            "aws_iam_role.iam_EpRole114",
            "time_sleep.wait_2_seconds"
          ]
        }
      ]
    },
    {
      "mode": "managed",
      "type": "aws_iam_role_policy_attachment",
      "name": "iam_attach_EpRole115",
      "provider": "provider[\"registry.terraform.io/hashicorp/aws\"]",
      "instances": [
        {
          "schema_version": 0,
          "attributes": {
            "id": "EpRole115-20221013140736343700000094",
            "policy_arn": "arn:aws:iam::455436446709:policy/EPPolicy6",
            "role": "EpRole115"
          },
          "sensitive_attributes": [],
          "private": "bnVsbA==",
          "dependencies": [
            "aws_iam_policy.EPPolicy16",
            "aws_iam_policy.EPPolicy6",
            "aws_iam_role.iam_EpRole115",
            "time_sleep.wait_2_seconds"
          ]
        }
      ]
    },
    {
      "mode": "managed",
      "type": "aws_iam_role_policy_attachment",
      "name": "iam_attach_EpRole116",
      "provider": "provider[\"registry.terraform.io/hashicorp/aws\"]",
      "instances": [
        {
          "schema_version": 0,
          "attributes": {
            "id": "EpRole116-20221013140726685700000024",
            "policy_arn": "arn:aws:iam::455436446709:policy/EPPolicy6",
            "role": "EpRole116"
          },
          "sensitive_attributes": [],
          "private": "bnVsbA==",
          "dependencies": [
            "aws_iam_policy.EPPolicy17",
            "aws_iam_policy.EPPolicy6",
            "aws_iam_role.iam_EpRole116",
            "time_sleep.wait_2_seconds"
          ]
        }
      ]
    },
    {
      "mode": "managed",
      "type": "aws_iam_role_policy_attachment",
      "name": "iam_attach_EpRole117",
      "provider": "provider[\"registry.terraform.io/hashicorp/aws\"]",
      "instances": [
        {
          "schema_version": 0,
          "attributes": {
            "id": "EpRole117-202210131407371681000000a1",
            "policy_arn": "arn:aws:iam::455436446709:policy/EPPolicy6",
            "role": "EpRole117"
          },
          "sensitive_attributes": [],
          "private": "bnVsbA==",
          "dependencies": [
            "aws_iam_policy.EPPolicy18",
            "aws_iam_policy.EPPolicy6",
            "aws_iam_role.iam_EpRole117",
            "time_sleep.wait_2_seconds"
          ]
        }
      ]
    },
    {
      "mode": "managed",
      "type": "aws_iam_role_policy_attachment",
      "name": "iam_attach_EpRole118",
      "provider": "provider[\"registry.terraform.io/hashicorp/aws\"]",
      "instances": [
        {
          "schema_version": 0,
          "attributes": {
            "id": "EpRole118-20221013140732276100000068",
            "policy_arn": "arn:aws:iam::455436446709:policy/EPPolicy6",
            "role": "EpRole118"
          },
          "sensitive_attributes": [],
          "private": "bnVsbA==",
          "dependencies": [
            "aws_iam_policy.EPPolicy19",
            "aws_iam_policy.EPPolicy6",
            "aws_iam_role.iam_EpRole118",
            "time_sleep.wait_2_seconds"
          ]
        }
      ]
    },
    {
      "mode": "managed",
      "type": "aws_iam_role_policy_attachment",
      "name": "iam_attach_EpRole119",
      "provider": "provider[\"registry.terraform.io/hashicorp/aws\"]",
      "instances": [
        {
          "schema_version": 0,
          "attributes": {
            "id": "EpRole119-20221013140732994400000074",
            "policy_arn": "arn:aws:iam::455436446709:policy/EPPolicy6",
            "role": "EpRole119"
          },
          "sensitive_attributes": [],
          "private": "bnVsbA==",
          "dependencies": [
            "aws_iam_policy.EPPolicy20",
            "aws_iam_policy.EPPolicy6",
            "aws_iam_role.iam_EpRole119",
            "time_sleep.wait_2_seconds"
          ]
        }
      ]
    },
    {
      "mode": "managed",
      "type": "aws_iam_role_policy_attachment",
      "name": "iam_attach_EpRole12",
      "provider": "provider[\"registry.terraform.io/hashicorp/aws\"]",
      "instances": [
        {
          "schema_version": 0,
          "attributes": {
            "id": "EpRole12-20221013140725805300000013",
            "policy_arn": "arn:aws:iam::455436446709:policy/EPPolicy1",
            "role": "EpRole12"
          },
          "sensitive_attributes": [],
          "private": "bnVsbA==",
          "dependencies": [
            "aws_iam_policy.EPPolicy1",
            "aws_iam_policy.EPPolicy13",
            "aws_iam_role.iam_EpRole12",
            "time_sleep.wait_2_seconds"
          ]
        }
      ]
    },
    {
      "mode": "managed",
      "type": "aws_iam_role_policy_attachment",
      "name": "iam_attach_EpRole120",
      "provider": "provider[\"registry.terraform.io/hashicorp/aws\"]",
      "instances": [
        {
          "schema_version": 0,
          "attributes": {
            "id": "EpRole120-202210131407429967000000e2",
            "policy_arn": "arn:aws:iam::455436446709:policy/EPPolicy6",
            "role": "EpRole120"
          },
          "sensitive_attributes": [],
          "private": "bnVsbA==",
          "dependencies": [
            "aws_iam_policy.EPPolicy21",
            "aws_iam_policy.EPPolicy6",
            "aws_iam_role.iam_EpRole120",
            "time_sleep.wait_2_seconds"
          ]
        }
      ]
    },
    {
      "mode": "managed",
      "type": "aws_iam_role_policy_attachment",
      "name": "iam_attach_EpRole121",
      "provider": "provider[\"registry.terraform.io/hashicorp/aws\"]",
      "instances": [
        {
          "schema_version": 0,
          "attributes": {
            "id": "EpRole121-20221013140727631600000035",
            "policy_arn": "arn:aws:iam::455436446709:policy/EPPolicy6",
            "role": "EpRole121"
          },
          "sensitive_attributes": [],
          "private": "bnVsbA==",
          "dependencies": [
            "aws_iam_policy.EPPolicy22",
            "aws_iam_policy.EPPolicy6",
            "aws_iam_role.iam_EpRole121",
            "time_sleep.wait_2_seconds"
          ]
        }
      ]
    },
    {
      "mode": "managed",
      "type": "aws_iam_role_policy_attachment",
      "name": "iam_attach_EpRole122",
      "provider": "provider[\"registry.terraform.io/hashicorp/aws\"]",
      "instances": [
        {
          "schema_version": 0,
          "attributes": {
            "id": "EpRole122-202210131407450561000000f9",
            "policy_arn": "arn:aws:iam::455436446709:policy/EPPolicy6",
            "role": "EpRole122"
          },
          "sensitive_attributes": [],
          "private": "bnVsbA==",
          "dependencies": [
            "aws_iam_policy.EPPolicy31",
            "aws_iam_policy.EPPolicy6",
            "aws_iam_role.iam_EpRole122",
            "time_sleep.wait_2_seconds"
          ]
        }
      ]
    },
    {
      "mode": "managed",
      "type": "aws_iam_role_policy_attachment",
      "name": "iam_attach_EpRole123",
      "provider": "provider[\"registry.terraform.io/hashicorp/aws\"]",
      "instances": [
        {
          "schema_version": 0,
          "attributes": {
            "id": "EpRole123-20221013140730768300000053",
            "policy_arn": "arn:aws:iam::455436446709:policy/EPPolicy6",
            "role": "EpRole123"
          },
          "sensitive_attributes": [],
          "private": "bnVsbA==",
          "dependencies": [
            "aws_iam_policy.EPPolicy32",
            "aws_iam_policy.EPPolicy6",
            "aws_iam_role.iam_EpRole123",
            "time_sleep.wait_2_seconds"
          ]
        }
      ]
    },
    {
      "mode": "managed",
      "type": "aws_iam_role_policy_attachment",
      "name": "iam_attach_EpRole124",
      "provider": "provider[\"registry.terraform.io/hashicorp/aws\"]",
      "instances": [
        {
          "schema_version": 0,
          "attributes": {
            "id": "EpRole124-202210131407397304000000bd",
            "policy_arn": "arn:aws:iam::455436446709:policy/EPPolicy7",
            "role": "EpRole124"
          },
          "sensitive_attributes": [],
          "private": "bnVsbA==",
          "dependencies": [
            "aws_iam_policy.EPPolicy7",
            "aws_iam_policy.EPPolicy8",
            "aws_iam_role.iam_EpRole124",
            "time_sleep.wait_2_seconds"
          ]
        }
      ]
    },
    {
      "mode": "managed",
      "type": "aws_iam_role_policy_attachment",
      "name": "iam_attach_EpRole125",
      "provider": "provider[\"registry.terraform.io/hashicorp/aws\"]",
      "instances": [
        {
          "schema_version": 0,
          "attributes": {
            "id": "EpRole125-202210131407390870000000b4",
            "policy_arn": "arn:aws:iam::455436446709:policy/EPPolicy7",
            "role": "EpRole125"
          },
          "sensitive_attributes": [],
          "private": "bnVsbA==",
          "dependencies": [
            "aws_iam_policy.EPPolicy7",
            "aws_iam_policy.EPPolicy9",
            "aws_iam_role.iam_EpRole125",
            "time_sleep.wait_2_seconds"
          ]
        }
      ]
    },
    {
      "mode": "managed",
      "type": "aws_iam_role_policy_attachment",
      "name": "iam_attach_EpRole126",
      "provider": "provider[\"registry.terraform.io/hashicorp/aws\"]",
      "instances": [
        {
          "schema_version": 0,
          "attributes": {
            "id": "EpRole126-2022101314073138460000005a",
            "policy_arn": "arn:aws:iam::455436446709:policy/EPPolicy7",
            "role": "EpRole126"
          },
          "sensitive_attributes": [],
          "private": "bnVsbA==",
          "dependencies": [
            "aws_iam_policy.EPPolicy10",
            "aws_iam_policy.EPPolicy7",
            "aws_iam_role.iam_EpRole126",
            "time_sleep.wait_2_seconds"
          ]
        }
      ]
    },
    {
      "mode": "managed",
      "type": "aws_iam_role_policy_attachment",
      "name": "iam_attach_EpRole127",
      "provider": "provider[\"registry.terraform.io/hashicorp/aws\"]",
      "instances": [
        {
          "schema_version": 0,
          "attributes": {
            "id": "EpRole127-20221013140745949600000101",
            "policy_arn": "arn:aws:iam::455436446709:policy/EPPolicy7",
            "role": "EpRole127"
          },
          "sensitive_attributes": [],
          "private": "bnVsbA==",
          "dependencies": [
            "aws_iam_policy.EPPolicy11",
            "aws_iam_policy.EPPolicy7",
            "aws_iam_role.iam_EpRole127",
            "time_sleep.wait_2_seconds"
          ]
        }
      ]
    },
    {
      "mode": "managed",
      "type": "aws_iam_role_policy_attachment",
      "name": "iam_attach_EpRole128",
      "provider": "provider[\"registry.terraform.io/hashicorp/aws\"]",
      "instances": [
        {
          "schema_version": 0,
          "attributes": {
            "id": "EpRole128-20221013140734843700000086",
            "policy_arn": "arn:aws:iam::455436446709:policy/EPPolicy7",
            "role": "EpRole128"
          },
          "sensitive_attributes": [],
          "private": "bnVsbA==",
          "dependencies": [
            "aws_iam_policy.EPPolicy12",
            "aws_iam_policy.EPPolicy7",
            "aws_iam_role.iam_EpRole128",
            "time_sleep.wait_2_seconds"
          ]
        }
      ]
    },
    {
      "mode": "managed",
      "type": "aws_iam_role_policy_attachment",
      "name": "iam_attach_EpRole129",
      "provider": "provider[\"registry.terraform.io/hashicorp/aws\"]",
      "instances": [
        {
          "schema_version": 0,
          "attributes": {
            "id": "EpRole129-20221013140725513200000010",
            "policy_arn": "arn:aws:iam::455436446709:policy/EPPolicy7",
            "role": "EpRole129"
          },
          "sensitive_attributes": [],
          "private": "bnVsbA==",
          "dependencies": [
            "aws_iam_policy.EPPolicy13",
            "aws_iam_policy.EPPolicy7",
            "aws_iam_role.iam_EpRole129",
            "time_sleep.wait_2_seconds"
          ]
        }
      ]
    },
    {
      "mode": "managed",
      "type": "aws_iam_role_policy_attachment",
      "name": "iam_attach_EpRole13",
      "provider": "provider[\"registry.terraform.io/hashicorp/aws\"]",
      "instances": [
        {
          "schema_version": 0,
          "attributes": {
            "id": "EpRole13-2022101314072520100000000c",
            "policy_arn": "arn:aws:iam::455436446709:policy/EPPolicy1",
            "role": "EpRole13"
          },
          "sensitive_attributes": [],
          "private": "bnVsbA==",
          "dependencies": [
            "aws_iam_policy.EPPolicy1",
            "aws_iam_policy.EPPolicy14",
            "aws_iam_role.iam_EpRole13",
            "time_sleep.wait_2_seconds"
          ]
        }
      ]
    },
    {
      "mode": "managed",
      "type": "aws_iam_role_policy_attachment",
      "name": "iam_attach_EpRole130",
      "provider": "provider[\"registry.terraform.io/hashicorp/aws\"]",
      "instances": [
        {
          "schema_version": 0,
          "attributes": {
            "id": "EpRole130-20221013140724418900000002",
            "policy_arn": "arn:aws:iam::455436446709:policy/EPPolicy7",
            "role": "EpRole130"
          },
          "sensitive_attributes": [],
          "private": "bnVsbA==",
          "dependencies": [
            "aws_iam_policy.EPPolicy14",
            "aws_iam_policy.EPPolicy7",
            "aws_iam_role.iam_EpRole130",
            "time_sleep.wait_2_seconds"
          ]
        }
      ]
    },
    {
      "mode": "managed",
      "type": "aws_iam_role_policy_attachment",
      "name": "iam_attach_EpRole131",
      "provider": "provider[\"registry.terraform.io/hashicorp/aws\"]",
      "instances": [
        {
          "schema_version": 0,
          "attributes": {
            "id": "EpRole131-202210131407417028000000d1",
            "policy_arn": "arn:aws:iam::455436446709:policy/EPPolicy7",
            "role": "EpRole131"
          },
          "sensitive_attributes": [],
          "private": "bnVsbA==",
          "dependencies": [
            "aws_iam_policy.EPPolicy15",
            "aws_iam_policy.EPPolicy7",
            "aws_iam_role.iam_EpRole131",
            "time_sleep.wait_2_seconds"
          ]
        }
      ]
    },
    {
      "mode": "managed",
      "type": "aws_iam_role_policy_attachment",
      "name": "iam_attach_EpRole132",
      "provider": "provider[\"registry.terraform.io/hashicorp/aws\"]",
      "instances": [
        {
          "schema_version": 0,
          "attributes": {
            "id": "EpRole132-20221013140736536500000099",
            "policy_arn": "arn:aws:iam::455436446709:policy/EPPolicy7",
            "role": "EpRole132"
          },
          "sensitive_attributes": [],
          "private": "bnVsbA==",
          "dependencies": [
            "aws_iam_policy.EPPolicy16",
            "aws_iam_policy.EPPolicy7",
            "aws_iam_role.iam_EpRole132",
            "time_sleep.wait_2_seconds"
          ]
        }
      ]
    },
    {
      "mode": "managed",
      "type": "aws_iam_role_policy_attachment",
      "name": "iam_attach_EpRole133",
      "provider": "provider[\"registry.terraform.io/hashicorp/aws\"]",
      "instances": [
        {
          "schema_version": 0,
          "attributes": {
            "id": "EpRole133-20221013140726895500000027",
            "policy_arn": "arn:aws:iam::455436446709:policy/EPPolicy7",
            "role": "EpRole133"
          },
          "sensitive_attributes": [],
          "private": "bnVsbA==",
          "dependencies": [
            "aws_iam_policy.EPPolicy17",
            "aws_iam_policy.EPPolicy7",
            "aws_iam_role.iam_EpRole133",
            "time_sleep.wait_2_seconds"
          ]
        }
      ]
    },
    {
      "mode": "managed",
      "type": "aws_iam_role_policy_attachment",
      "name": "iam_attach_EpRole134",
      "provider": "provider[\"registry.terraform.io/hashicorp/aws\"]",
      "instances": [
        {
          "schema_version": 0,
          "attributes": {
            "id": "EpRole134-202210131407385559000000b0",
            "policy_arn": "arn:aws:iam::455436446709:policy/EPPolicy7",
            "role": "EpRole134"
          },
          "sensitive_attributes": [],
          "private": "bnVsbA==",
          "dependencies": [
            "aws_iam_policy.EPPolicy18",
            "aws_iam_policy.EPPolicy7",
            "aws_iam_role.iam_EpRole134",
            "time_sleep.wait_2_seconds"
          ]
        }
      ]
    },
    {
      "mode": "managed",
      "type": "aws_iam_role_policy_attachment",
      "name": "iam_attach_EpRole135",
      "provider": "provider[\"registry.terraform.io/hashicorp/aws\"]",
      "instances": [
        {
          "schema_version": 0,
          "attributes": {
            "id": "EpRole135-20221013140731826900000061",
            "policy_arn": "arn:aws:iam::455436446709:policy/EPPolicy7",
            "role": "EpRole135"
          },
          "sensitive_attributes": [],
          "private": "bnVsbA==",
          "dependencies": [
            "aws_iam_policy.EPPolicy19",
            "aws_iam_policy.EPPolicy7",
            "aws_iam_role.iam_EpRole135",
            "time_sleep.wait_2_seconds"
          ]
        }
      ]
    },
    {
      "mode": "managed",
      "type": "aws_iam_role_policy_attachment",
      "name": "iam_attach_EpRole136",
      "provider": "provider[\"registry.terraform.io/hashicorp/aws\"]",
      "instances": [
        {
          "schema_version": 0,
          "attributes": {
            "id": "EpRole136-2022101314073657910000009a",
            "policy_arn": "arn:aws:iam::455436446709:policy/EPPolicy7",
            "role": "EpRole136"
          },
          "sensitive_attributes": [],
          "private": "bnVsbA==",
          "dependencies": [
            "aws_iam_policy.EPPolicy20",
            "aws_iam_policy.EPPolicy7",
            "aws_iam_role.iam_EpRole136",
            "time_sleep.wait_2_seconds"
          ]
        }
      ]
    },
    {
      "mode": "managed",
      "type": "aws_iam_role_policy_attachment",
      "name": "iam_attach_EpRole137",
      "provider": "provider[\"registry.terraform.io/hashicorp/aws\"]",
      "instances": [
        {
          "schema_version": 0,
          "attributes": {
            "id": "EpRole137-202210131407429615000000e1",
            "policy_arn": "arn:aws:iam::455436446709:policy/EPPolicy7",
            "role": "EpRole137"
          },
          "sensitive_attributes": [],
          "private": "bnVsbA==",
          "dependencies": [
            "aws_iam_policy.EPPolicy21",
            "aws_iam_policy.EPPolicy7",
            "aws_iam_role.iam_EpRole137",
            "time_sleep.wait_2_seconds"
          ]
        }
      ]
    },
    {
      "mode": "managed",
      "type": "aws_iam_role_policy_attachment",
      "name": "iam_attach_EpRole138",
      "provider": "provider[\"registry.terraform.io/hashicorp/aws\"]",
      "instances": [
        {
          "schema_version": 0,
          "attributes": {
            "id": "EpRole138-2022101314072728670000002e",
            "policy_arn": "arn:aws:iam::455436446709:policy/EPPolicy7",
            "role": "EpRole138"
          },
          "sensitive_attributes": [],
          "private": "bnVsbA==",
          "dependencies": [
            "aws_iam_policy.EPPolicy22",
            "aws_iam_policy.EPPolicy7",
            "aws_iam_role.iam_EpRole138",
            "time_sleep.wait_2_seconds"
          ]
        }
      ]
    },
    {
      "mode": "managed",
      "type": "aws_iam_role_policy_attachment",
      "name": "iam_attach_EpRole139",
      "provider": "provider[\"registry.terraform.io/hashicorp/aws\"]",
      "instances": [
        {
          "schema_version": 0,
          "attributes": {
            "id": "EpRole139-202210131407448080000000f5",
            "policy_arn": "arn:aws:iam::455436446709:policy/EPPolicy7",
            "role": "EpRole139"
          },
          "sensitive_attributes": [],
          "private": "bnVsbA==",
          "dependencies": [
            "aws_iam_policy.EPPolicy31",
            "aws_iam_policy.EPPolicy7",
            "aws_iam_role.iam_EpRole139",
            "time_sleep.wait_2_seconds"
          ]
        }
      ]
    },
    {
      "mode": "managed",
      "type": "aws_iam_role_policy_attachment",
      "name": "iam_attach_EpRole14",
      "provider": "provider[\"registry.terraform.io/hashicorp/aws\"]",
      "instances": [
        {
          "schema_version": 0,
          "attributes": {
            "id": "EpRole14-202210131407416934000000d0",
            "policy_arn": "arn:aws:iam::455436446709:policy/EPPolicy1",
            "role": "EpRole14"
          },
          "sensitive_attributes": [],
          "private": "bnVsbA==",
          "dependencies": [
            "aws_iam_policy.EPPolicy1",
            "aws_iam_policy.EPPolicy15",
            "aws_iam_role.iam_EpRole14",
            "time_sleep.wait_2_seconds"
          ]
        }
      ]
    },
    {
      "mode": "managed",
      "type": "aws_iam_role_policy_attachment",
      "name": "iam_attach_EpRole140",
      "provider": "provider[\"registry.terraform.io/hashicorp/aws\"]",
      "instances": [
        {
          "schema_version": 0,
          "attributes": {
            "id": "EpRole140-20221013140730751300000050",
            "policy_arn": "arn:aws:iam::455436446709:policy/EPPolicy7",
            "role": "EpRole140"
          },
          "sensitive_attributes": [],
          "private": "bnVsbA==",
          "dependencies": [
            "aws_iam_policy.EPPolicy32",
            "aws_iam_policy.EPPolicy7",
            "aws_iam_role.iam_EpRole140",
            "time_sleep.wait_2_seconds"
          ]
        }
      ]
    },
    {
      "mode": "managed",
      "type": "aws_iam_role_policy_attachment",
      "name": "iam_attach_EpRole141",
      "provider": "provider[\"registry.terraform.io/hashicorp/aws\"]",
      "instances": [
        {
          "schema_version": 0,
          "attributes": {
            "id": "EpRole141-202210131407391401000000b6",
            "policy_arn": "arn:aws:iam::455436446709:policy/EPPolicy8",
            "role": "EpRole141"
          },
          "sensitive_attributes": [],
          "private": "bnVsbA==",
          "dependencies": [
            "aws_iam_policy.EPPolicy8",
            "aws_iam_policy.EPPolicy9",
            "aws_iam_role.iam_EpRole141",
            "time_sleep.wait_2_seconds"
          ]
        }
      ]
    },
    {
      "mode": "managed",
      "type": "aws_iam_role_policy_attachment",
      "name": "iam_attach_EpRole142",
      "provider": "provider[\"registry.terraform.io/hashicorp/aws\"]",
      "instances": [
        {
          "schema_version": 0,
          "attributes": {
            "id": "EpRole142-20221013140731015700000055",
            "policy_arn": "arn:aws:iam::455436446709:policy/EPPolicy8",
            "role": "EpRole142"
          },
          "sensitive_attributes": [],
          "private": "bnVsbA==",
          "dependencies": [
            "aws_iam_policy.EPPolicy10",
            "aws_iam_policy.EPPolicy8",
            "aws_iam_role.iam_EpRole142",
            "time_sleep.wait_2_seconds"
          ]
        }
      ]
    },
    {
      "mode": "managed",
      "type": "aws_iam_role_policy_attachment",
      "name": "iam_attach_EpRole143",
      "provider": "provider[\"registry.terraform.io/hashicorp/aws\"]",
      "instances": [
        {
          "schema_version": 0,
          "attributes": {
            "id": "EpRole143-20221013140746579800000108",
            "policy_arn": "arn:aws:iam::455436446709:policy/EPPolicy8",
            "role": "EpRole143"
          },
          "sensitive_attributes": [],
          "private": "bnVsbA==",
          "dependencies": [
            "aws_iam_policy.EPPolicy11",
            "aws_iam_policy.EPPolicy8",
            "aws_iam_role.iam_EpRole143",
            "time_sleep.wait_2_seconds"
          ]
        }
      ]
    },
    {
      "mode": "managed",
      "type": "aws_iam_role_policy_attachment",
      "name": "iam_attach_EpRole144",
      "provider": "provider[\"registry.terraform.io/hashicorp/aws\"]",
      "instances": [
        {
          "schema_version": 0,
          "attributes": {
            "id": "EpRole144-20221013140734263700000083",
            "policy_arn": "arn:aws:iam::455436446709:policy/EPPolicy8",
            "role": "EpRole144"
          },
          "sensitive_attributes": [],
          "private": "bnVsbA==",
          "dependencies": [
            "aws_iam_policy.EPPolicy12",
            "aws_iam_policy.EPPolicy8",
            "aws_iam_role.iam_EpRole144",
            "time_sleep.wait_2_seconds"
          ]
        }
      ]
    },
    {
      "mode": "managed",
      "type": "aws_iam_role_policy_attachment",
      "name": "iam_attach_EpRole145",
      "provider": "provider[\"registry.terraform.io/hashicorp/aws\"]",
      "instances": [
        {
          "schema_version": 0,
          "attributes": {
            "id": "EpRole145-20221013140725513300000011",
            "policy_arn": "arn:aws:iam::455436446709:policy/EPPolicy8",
            "role": "EpRole145"
          },
          "sensitive_attributes": [],
          "private": "bnVsbA==",
          "dependencies": [
            "aws_iam_policy.EPPolicy13",
            "aws_iam_policy.EPPolicy8",
            "aws_iam_role.iam_EpRole145",
            "time_sleep.wait_2_seconds"
          ]
        }
      ]
    },
    {
      "mode": "managed",
      "type": "aws_iam_role_policy_attachment",
      "name": "iam_attach_EpRole146",
      "provider": "provider[\"registry.terraform.io/hashicorp/aws\"]",
      "instances": [
        {
          "schema_version": 0,
          "attributes": {
            "id": "EpRole146-20221013140725188400000009",
            "policy_arn": "arn:aws:iam::455436446709:policy/EPPolicy8",
            "role": "EpRole146"
          },
          "sensitive_attributes": [],
          "private": "bnVsbA==",
          "dependencies": [
            "aws_iam_policy.EPPolicy14",
            "aws_iam_policy.EPPolicy8",
            "aws_iam_role.iam_EpRole146",
            "time_sleep.wait_2_seconds"
          ]
        }
      ]
    },
    {
      "mode": "managed",
      "type": "aws_iam_role_policy_attachment",
      "name": "iam_attach_EpRole147",
      "provider": "provider[\"registry.terraform.io/hashicorp/aws\"]",
      "instances": [
        {
          "schema_version": 0,
          "attributes": {
            "id": "EpRole147-202210131407411565000000ca",
            "policy_arn": "arn:aws:iam::455436446709:policy/EPPolicy8",
            "role": "EpRole147"
          },
          "sensitive_attributes": [],
          "private": "bnVsbA==",
          "dependencies": [
            "aws_iam_policy.EPPolicy15",
            "aws_iam_policy.EPPolicy8",
            "aws_iam_role.iam_EpRole147",
            "time_sleep.wait_2_seconds"
          ]
        }
      ]
    },
    {
      "mode": "managed",
      "type": "aws_iam_role_policy_attachment",
      "name": "iam_attach_EpRole148",
      "provider": "provider[\"registry.terraform.io/hashicorp/aws\"]",
      "instances": [
        {
          "schema_version": 0,
          "attributes": {
            "id": "EpRole148-2022101314073707510000009f",
            "policy_arn": "arn:aws:iam::455436446709:policy/EPPolicy8",
            "role": "EpRole148"
          },
          "sensitive_attributes": [],
          "private": "bnVsbA==",
          "dependencies": [
            "aws_iam_policy.EPPolicy16",
            "aws_iam_policy.EPPolicy8",
            "aws_iam_role.iam_EpRole148",
            "time_sleep.wait_2_seconds"
          ]
        }
      ]
    },
    {
      "mode": "managed",
      "type": "aws_iam_role_policy_attachment",
      "name": "iam_attach_EpRole149",
      "provider": "provider[\"registry.terraform.io/hashicorp/aws\"]",
      "instances": [
        {
          "schema_version": 0,
          "attributes": {
            "id": "EpRole149-20221013140726975900000028",
            "policy_arn": "arn:aws:iam::455436446709:policy/EPPolicy8",
            "role": "EpRole149"
          },
          "sensitive_attributes": [],
          "private": "bnVsbA==",
          "dependencies": [
            "aws_iam_policy.EPPolicy17",
            "aws_iam_policy.EPPolicy8",
            "aws_iam_role.iam_EpRole149",
            "time_sleep.wait_2_seconds"
          ]
        }
      ]
    },
    {
      "mode": "managed",
      "type": "aws_iam_role_policy_attachment",
      "name": "iam_attach_EpRole15",
      "provider": "provider[\"registry.terraform.io/hashicorp/aws\"]",
      "instances": [
        {
          "schema_version": 0,
          "attributes": {
            "id": "EpRole15-20221013140736515700000097",
            "policy_arn": "arn:aws:iam::455436446709:policy/EPPolicy1",
            "role": "EpRole15"
          },
          "sensitive_attributes": [],
          "private": "bnVsbA==",
          "dependencies": [
            "aws_iam_policy.EPPolicy1",
            "aws_iam_policy.EPPolicy16",
            "aws_iam_role.iam_EpRole15",
            "time_sleep.wait_2_seconds"
          ]
        }
      ]
    },
    {
      "mode": "managed",
      "type": "aws_iam_role_policy_attachment",
      "name": "iam_attach_EpRole150",
      "provider": "provider[\"registry.terraform.io/hashicorp/aws\"]",
      "instances": [
        {
          "schema_version": 0,
          "attributes": {
            "id": "EpRole150-202210131407381755000000ab",
            "policy_arn": "arn:aws:iam::455436446709:policy/EPPolicy8",
            "role": "EpRole150"
          },
          "sensitive_attributes": [],
          "private": "bnVsbA==",
          "dependencies": [
            "aws_iam_policy.EPPolicy18",
            "aws_iam_policy.EPPolicy8",
            "aws_iam_role.iam_EpRole150",
            "time_sleep.wait_2_seconds"
          ]
        }
      ]
    },
    {
      "mode": "managed",
      "type": "aws_iam_role_policy_attachment",
      "name": "iam_attach_EpRole151",
      "provider": "provider[\"registry.terraform.io/hashicorp/aws\"]",
      "instances": [
        {
          "schema_version": 0,
          "attributes": {
            "id": "EpRole151-2022101314073228590000006a",
            "policy_arn": "arn:aws:iam::455436446709:policy/EPPolicy8",
            "role": "EpRole151"
          },
          "sensitive_attributes": [],
          "private": "bnVsbA==",
          "dependencies": [
            "aws_iam_policy.EPPolicy19",
            "aws_iam_policy.EPPolicy8",
            "aws_iam_role.iam_EpRole151",
            "time_sleep.wait_2_seconds"
          ]
        }
      ]
    },
    {
      "mode": "managed",
      "type": "aws_iam_role_policy_attachment",
      "name": "iam_attach_EpRole152",
      "provider": "provider[\"registry.terraform.io/hashicorp/aws\"]",
      "instances": [
        {
          "schema_version": 0,
          "attributes": {
            "id": "EpRole152-20221013140733088400000076",
            "policy_arn": "arn:aws:iam::455436446709:policy/EPPolicy8",
            "role": "EpRole152"
          },
          "sensitive_attributes": [],
          "private": "bnVsbA==",
          "dependencies": [
            "aws_iam_policy.EPPolicy20",
            "aws_iam_policy.EPPolicy8",
            "aws_iam_role.iam_EpRole152",
            "time_sleep.wait_2_seconds"
          ]
        }
      ]
    },
    {
      "mode": "managed",
      "type": "aws_iam_role_policy_attachment",
      "name": "iam_attach_EpRole153",
      "provider": "provider[\"registry.terraform.io/hashicorp/aws\"]",
      "instances": [
        {
          "schema_version": 0,
          "attributes": {
            "id": "EpRole153-202210131407449895000000f7",
            "policy_arn": "arn:aws:iam::455436446709:policy/EPPolicy8",
            "role": "EpRole153"
          },
          "sensitive_attributes": [],
          "private": "bnVsbA==",
          "dependencies": [
            "aws_iam_policy.EPPolicy21",
            "aws_iam_policy.EPPolicy8",
            "aws_iam_role.iam_EpRole153",
            "time_sleep.wait_2_seconds"
          ]
        }
      ]
    },
    {
      "mode": "managed",
      "type": "aws_iam_role_policy_attachment",
      "name": "iam_attach_EpRole154",
      "provider": "provider[\"registry.terraform.io/hashicorp/aws\"]",
      "instances": [
        {
          "schema_version": 0,
          "attributes": {
            "id": "EpRole154-2022101314072728820000002f",
            "policy_arn": "arn:aws:iam::455436446709:policy/EPPolicy8",
            "role": "EpRole154"
          },
          "sensitive_attributes": [],
          "private": "bnVsbA==",
          "dependencies": [
            "aws_iam_policy.EPPolicy22",
            "aws_iam_policy.EPPolicy8",
            "aws_iam_role.iam_EpRole154",
            "time_sleep.wait_2_seconds"
          ]
        }
      ]
    },
    {
      "mode": "managed",
      "type": "aws_iam_role_policy_attachment",
      "name": "iam_attach_EpRole155",
      "provider": "provider[\"registry.terraform.io/hashicorp/aws\"]",
      "instances": [
        {
          "schema_version": 0,
          "attributes": {
            "id": "EpRole155-202210131407438431000000ea",
            "policy_arn": "arn:aws:iam::455436446709:policy/EPPolicy8",
            "role": "EpRole155"
          },
          "sensitive_attributes": [],
          "private": "bnVsbA==",
          "dependencies": [
            "aws_iam_policy.EPPolicy31",
            "aws_iam_policy.EPPolicy8",
            "aws_iam_role.iam_EpRole155",
            "time_sleep.wait_2_seconds"
          ]
        }
      ]
    },
    {
      "mode": "managed",
      "type": "aws_iam_role_policy_attachment",
      "name": "iam_attach_EpRole156",
      "provider": "provider[\"registry.terraform.io/hashicorp/aws\"]",
      "instances": [
        {
          "schema_version": 0,
          "attributes": {
            "id": "EpRole156-20221013140729562200000042",
            "policy_arn": "arn:aws:iam::455436446709:policy/EPPolicy8",
            "role": "EpRole156"
          },
          "sensitive_attributes": [],
          "private": "bnVsbA==",
          "dependencies": [
            "aws_iam_policy.EPPolicy32",
            "aws_iam_policy.EPPolicy8",
            "aws_iam_role.iam_EpRole156",
            "time_sleep.wait_2_seconds"
          ]
        }
      ]
    },
    {
      "mode": "managed",
      "type": "aws_iam_role_policy_attachment",
      "name": "iam_attach_EpRole157",
      "provider": "provider[\"registry.terraform.io/hashicorp/aws\"]",
      "instances": [
        {
          "schema_version": 0,
          "attributes": {
            "id": "EpRole157-20221013140731227700000057",
            "policy_arn": "arn:aws:iam::455436446709:policy/EPPolicy9",
            "role": "EpRole157"
          },
          "sensitive_attributes": [],
          "private": "bnVsbA==",
          "dependencies": [
            "aws_iam_policy.EPPolicy10",
            "aws_iam_policy.EPPolicy9",
            "aws_iam_role.iam_EpRole157",
            "time_sleep.wait_2_seconds"
          ]
        }
      ]
    },
    {
      "mode": "managed",
      "type": "aws_iam_role_policy_attachment",
      "name": "iam_attach_EpRole158",
      "provider": "provider[\"registry.terraform.io/hashicorp/aws\"]",
      "instances": [
        {
          "schema_version": 0,
          "attributes": {
            "id": "EpRole158-202210131407456480000000ff",
            "policy_arn": "arn:aws:iam::455436446709:policy/EPPolicy9",
            "role": "EpRole158"
          },
          "sensitive_attributes": [],
          "private": "bnVsbA==",
          "dependencies": [
            "aws_iam_policy.EPPolicy11",
            "aws_iam_policy.EPPolicy9",
            "aws_iam_role.iam_EpRole158",
            "time_sleep.wait_2_seconds"
          ]
        }
      ]
    },
    {
      "mode": "managed",
      "type": "aws_iam_role_policy_attachment",
      "name": "iam_attach_EpRole159",
      "provider": "provider[\"registry.terraform.io/hashicorp/aws\"]",
      "instances": [
        {
          "schema_version": 0,
          "attributes": {
            "id": "EpRole159-20221013140734855800000087",
            "policy_arn": "arn:aws:iam::455436446709:policy/EPPolicy9",
            "role": "EpRole159"
          },
          "sensitive_attributes": [],
          "private": "bnVsbA==",
          "dependencies": [
            "aws_iam_policy.EPPolicy12",
            "aws_iam_policy.EPPolicy9",
            "aws_iam_role.iam_EpRole159",
            "time_sleep.wait_2_seconds"
          ]
        }
      ]
    },
    {
      "mode": "managed",
      "type": "aws_iam_role_policy_attachment",
      "name": "iam_attach_EpRole16",
      "provider": "provider[\"registry.terraform.io/hashicorp/aws\"]",
      "instances": [
        {
          "schema_version": 0,
          "attributes": {
            "id": "EpRole16-2022101314072640760000001e",
            "policy_arn": "arn:aws:iam::455436446709:policy/EPPolicy1",
            "role": "EpRole16"
          },
          "sensitive_attributes": [],
          "private": "bnVsbA==",
          "dependencies": [
            "aws_iam_policy.EPPolicy1",
            "aws_iam_policy.EPPolicy17",
            "aws_iam_role.iam_EpRole16",
            "time_sleep.wait_2_seconds"
          ]
        }
      ]
    },
    {
      "mode": "managed",
      "type": "aws_iam_role_policy_attachment",
      "name": "iam_attach_EpRole160",
      "provider": "provider[\"registry.terraform.io/hashicorp/aws\"]",
      "instances": [
        {
          "schema_version": 0,
          "attributes": {
            "id": "EpRole160-20221013140725569900000012",
            "policy_arn": "arn:aws:iam::455436446709:policy/EPPolicy9",
            "role": "EpRole160"
          },
          "sensitive_attributes": [],
          "private": "bnVsbA==",
          "dependencies": [
            "aws_iam_policy.EPPolicy13",
            "aws_iam_policy.EPPolicy9",
            "aws_iam_role.iam_EpRole160",
            "time_sleep.wait_2_seconds"
          ]
        }
      ]
    },
    {
      "mode": "managed",
      "type": "aws_iam_role_policy_attachment",
      "name": "iam_attach_EpRole161",
      "provider": "provider[\"registry.terraform.io/hashicorp/aws\"]",
      "instances": [
        {
          "schema_version": 0,
          "attributes": {
            "id": "EpRole161-20221013140724874900000006",
            "policy_arn": "arn:aws:iam::455436446709:policy/EPPolicy9",
            "role": "EpRole161"
          },
          "sensitive_attributes": [],
          "private": "bnVsbA==",
          "dependencies": [
            "aws_iam_policy.EPPolicy14",
            "aws_iam_policy.EPPolicy9",
            "aws_iam_role.iam_EpRole161",
            "time_sleep.wait_2_seconds"
          ]
        }
      ]
    },
    {
      "mode": "managed",
      "type": "aws_iam_role_policy_attachment",
      "name": "iam_attach_EpRole162",
      "provider": "provider[\"registry.terraform.io/hashicorp/aws\"]",
      "instances": [
        {
          "schema_version": 0,
          "attributes": {
            "id": "EpRole162-202210131407414558000000cc",
            "policy_arn": "arn:aws:iam::455436446709:policy/EPPolicy9",
            "role": "EpRole162"
          },
          "sensitive_attributes": [],
          "private": "bnVsbA==",
          "dependencies": [
            "aws_iam_policy.EPPolicy15",
            "aws_iam_policy.EPPolicy9",
            "aws_iam_role.iam_EpRole162",
            "time_sleep.wait_2_seconds"
          ]
        }
      ]
    },
    {
      "mode": "managed",
      "type": "aws_iam_role_policy_attachment",
      "name": "iam_attach_EpRole163",
      "provider": "provider[\"registry.terraform.io/hashicorp/aws\"]",
      "instances": [
        {
          "schema_version": 0,
          "attributes": {
            "id": "EpRole163-2022101314073696360000009e",
            "policy_arn": "arn:aws:iam::455436446709:policy/EPPolicy9",
            "role": "EpRole163"
          },
          "sensitive_attributes": [],
          "private": "bnVsbA==",
          "dependencies": [
            "aws_iam_policy.EPPolicy16",
            "aws_iam_policy.EPPolicy9",
            "aws_iam_role.iam_EpRole163",
            "time_sleep.wait_2_seconds"
          ]
        }
      ]
    },
    {
      "mode": "managed",
      "type": "aws_iam_role_policy_attachment",
      "name": "iam_attach_EpRole164",
      "provider": "provider[\"registry.terraform.io/hashicorp/aws\"]",
      "instances": [
        {
          "schema_version": 0,
          "attributes": {
            "id": "EpRole164-2022101314072637130000001d",
            "policy_arn": "arn:aws:iam::455436446709:policy/EPPolicy9",
            "role": "EpRole164"
          },
          "sensitive_attributes": [],
          "private": "bnVsbA==",
          "dependencies": [
            "aws_iam_policy.EPPolicy17",
            "aws_iam_policy.EPPolicy9",
            "aws_iam_role.iam_EpRole164",
            "time_sleep.wait_2_seconds"
          ]
        }
      ]
    },
    {
      "mode": "managed",
      "type": "aws_iam_role_policy_attachment",
      "name": "iam_attach_EpRole165",
      "provider": "provider[\"registry.terraform.io/hashicorp/aws\"]",
      "instances": [
        {
          "schema_version": 0,
          "attributes": {
            "id": "EpRole165-202210131407395480000000b9",
            "policy_arn": "arn:aws:iam::455436446709:policy/EPPolicy9",
            "role": "EpRole165"
          },
          "sensitive_attributes": [],
          "private": "bnVsbA==",
          "dependencies": [
            "aws_iam_policy.EPPolicy18",
            "aws_iam_policy.EPPolicy9",
            "aws_iam_role.iam_EpRole165",
            "time_sleep.wait_2_seconds"
          ]
        }
      ]
    },
    {
      "mode": "managed",
      "type": "aws_iam_role_policy_attachment",
      "name": "iam_attach_EpRole166",
      "provider": "provider[\"registry.terraform.io/hashicorp/aws\"]",
      "instances": [
        {
          "schema_version": 0,
          "attributes": {
            "id": "EpRole166-2022101314073139040000005b",
            "policy_arn": "arn:aws:iam::455436446709:policy/EPPolicy9",
            "role": "EpRole166"
          },
          "sensitive_attributes": [],
          "private": "bnVsbA==",
          "dependencies": [
            "aws_iam_policy.EPPolicy19",
            "aws_iam_policy.EPPolicy9",
            "aws_iam_role.iam_EpRole166",
            "time_sleep.wait_2_seconds"
          ]
        }
      ]
    },
    {
      "mode": "managed",
      "type": "aws_iam_role_policy_attachment",
      "name": "iam_attach_EpRole167",
      "provider": "provider[\"registry.terraform.io/hashicorp/aws\"]",
      "instances": [
        {
          "schema_version": 0,
          "attributes": {
            "id": "EpRole167-2022101314073353050000007c",
            "policy_arn": "arn:aws:iam::455436446709:policy/EPPolicy9",
            "role": "EpRole167"
          },
          "sensitive_attributes": [],
          "private": "bnVsbA==",
          "dependencies": [
            "aws_iam_policy.EPPolicy20",
            "aws_iam_policy.EPPolicy9",
            "aws_iam_role.iam_EpRole167",
            "time_sleep.wait_2_seconds"
          ]
        }
      ]
    },
    {
      "mode": "managed",
      "type": "aws_iam_role_policy_attachment",
      "name": "iam_attach_EpRole168",
      "provider": "provider[\"registry.terraform.io/hashicorp/aws\"]",
      "instances": [
        {
          "schema_version": 0,
          "attributes": {
            "id": "EpRole168-202210131407422515000000d9",
            "policy_arn": "arn:aws:iam::455436446709:policy/EPPolicy9",
            "role": "EpRole168"
          },
          "sensitive_attributes": [],
          "private": "bnVsbA==",
          "dependencies": [
            "aws_iam_policy.EPPolicy21",
            "aws_iam_policy.EPPolicy9",
            "aws_iam_role.iam_EpRole168",
            "time_sleep.wait_2_seconds"
          ]
        }
      ]
    },
    {
      "mode": "managed",
      "type": "aws_iam_role_policy_attachment",
      "name": "iam_attach_EpRole169",
      "provider": "provider[\"registry.terraform.io/hashicorp/aws\"]",
      "instances": [
        {
          "schema_version": 0,
          "attributes": {
            "id": "EpRole169-20221013140729305400000040",
            "policy_arn": "arn:aws:iam::455436446709:policy/EPPolicy9",
            "role": "EpRole169"
          },
          "sensitive_attributes": [],
          "private": "bnVsbA==",
          "dependencies": [
            "aws_iam_policy.EPPolicy22",
            "aws_iam_policy.EPPolicy9",
            "aws_iam_role.iam_EpRole169",
            "time_sleep.wait_2_seconds"
          ]
        }
      ]
    },
    {
      "mode": "managed",
      "type": "aws_iam_role_policy_attachment",
      "name": "iam_attach_EpRole17",
      "provider": "provider[\"registry.terraform.io/hashicorp/aws\"]",
      "instances": [
        {
          "schema_version": 0,
          "attributes": {
            "id": "EpRole17-202210131407388655000000b2",
            "policy_arn": "arn:aws:iam::455436446709:policy/EPPolicy1",
            "role": "EpRole17"
          },
          "sensitive_attributes": [],
          "private": "bnVsbA==",
          "dependencies": [
            "aws_iam_policy.EPPolicy1",
            "aws_iam_policy.EPPolicy18",
            "aws_iam_role.iam_EpRole17",
            "time_sleep.wait_2_seconds"
          ]
        }
      ]
    },
    {
      "mode": "managed",
      "type": "aws_iam_role_policy_attachment",
      "name": "iam_attach_EpRole170",
      "provider": "provider[\"registry.terraform.io/hashicorp/aws\"]",
      "instances": [
        {
          "schema_version": 0,
          "attributes": {
            "id": "EpRole170-202210131407447204000000f4",
            "policy_arn": "arn:aws:iam::455436446709:policy/EPPolicy9",
            "role": "EpRole170"
          },
          "sensitive_attributes": [],
          "private": "bnVsbA==",
          "dependencies": [
            "aws_iam_policy.EPPolicy31",
            "aws_iam_policy.EPPolicy9",
            "aws_iam_role.iam_EpRole170",
            "time_sleep.wait_2_seconds"
          ]
        }
      ]
    },
    {
      "mode": "managed",
      "type": "aws_iam_role_policy_attachment",
      "name": "iam_attach_EpRole171",
      "provider": "provider[\"registry.terraform.io/hashicorp/aws\"]",
      "instances": [
        {
          "schema_version": 0,
          "attributes": {
            "id": "EpRole171-20221013140729915300000047",
            "policy_arn": "arn:aws:iam::455436446709:policy/EPPolicy9",
            "role": "EpRole171"
          },
          "sensitive_attributes": [],
          "private": "bnVsbA==",
          "dependencies": [
            "aws_iam_policy.EPPolicy32",
            "aws_iam_policy.EPPolicy9",
            "aws_iam_role.iam_EpRole171",
            "time_sleep.wait_2_seconds"
          ]
        }
      ]
    },
    {
      "mode": "managed",
      "type": "aws_iam_role_policy_attachment",
      "name": "iam_attach_EpRole172",
      "provider": "provider[\"registry.terraform.io/hashicorp/aws\"]",
      "instances": [
        {
          "schema_version": 0,
          "attributes": {
            "id": "EpRole172-20221013140746233700000106",
            "policy_arn": "arn:aws:iam::455436446709:policy/EPPolicy10",
            "role": "EpRole172"
          },
          "sensitive_attributes": [],
          "private": "bnVsbA==",
          "dependencies": [
            "aws_iam_policy.EPPolicy10",
            "aws_iam_policy.EPPolicy11",
            "aws_iam_role.iam_EpRole172",
            "time_sleep.wait_2_seconds"
          ]
        }
      ]
    },
    {
      "mode": "managed",
      "type": "aws_iam_role_policy_attachment",
      "name": "iam_attach_EpRole173",
      "provider": "provider[\"registry.terraform.io/hashicorp/aws\"]",
      "instances": [
        {
          "schema_version": 0,
          "attributes": {
            "id": "EpRole173-2022101314073566700000008a",
            "policy_arn": "arn:aws:iam::455436446709:policy/EPPolicy10",
            "role": "EpRole173"
          },
          "sensitive_attributes": [],
          "private": "bnVsbA==",
          "dependencies": [
            "aws_iam_policy.EPPolicy10",
            "aws_iam_policy.EPPolicy12",
            "aws_iam_role.iam_EpRole173",
            "time_sleep.wait_2_seconds"
          ]
        }
      ]
    },
    {
      "mode": "managed",
      "type": "aws_iam_role_policy_attachment",
      "name": "iam_attach_EpRole174",
      "provider": "provider[\"registry.terraform.io/hashicorp/aws\"]",
      "instances": [
        {
          "schema_version": 0,
          "attributes": {
            "id": "EpRole174-2022101314072607230000001a",
            "policy_arn": "arn:aws:iam::455436446709:policy/EPPolicy10",
            "role": "EpRole174"
          },
          "sensitive_attributes": [],
          "private": "bnVsbA==",
          "dependencies": [
            "aws_iam_policy.EPPolicy10",
            "aws_iam_policy.EPPolicy13",
            "aws_iam_role.iam_EpRole174",
            "time_sleep.wait_2_seconds"
          ]
        }
      ]
    },
    {
      "mode": "managed",
      "type": "aws_iam_role_policy_attachment",
      "name": "iam_attach_EpRole175",
      "provider": "provider[\"registry.terraform.io/hashicorp/aws\"]",
      "instances": [
        {
          "schema_version": 0,
          "attributes": {
            "id": "EpRole175-20221013140724838600000004",
            "policy_arn": "arn:aws:iam::455436446709:policy/EPPolicy10",
            "role": "EpRole175"
          },
          "sensitive_attributes": [],
          "private": "bnVsbA==",
          "dependencies": [
            "aws_iam_policy.EPPolicy10",
            "aws_iam_policy.EPPolicy14",
            "aws_iam_role.iam_EpRole175",
            "time_sleep.wait_2_seconds"
          ]
        }
      ]
    },
    {
      "mode": "managed",
      "type": "aws_iam_role_policy_attachment",
      "name": "iam_attach_EpRole176",
      "provider": "provider[\"registry.terraform.io/hashicorp/aws\"]",
      "instances": [
        {
          "schema_version": 0,
          "attributes": {
            "id": "EpRole176-202210131407409065000000c7",
            "policy_arn": "arn:aws:iam::455436446709:policy/EPPolicy10",
            "role": "EpRole176"
          },
          "sensitive_attributes": [],
          "private": "bnVsbA==",
          "dependencies": [
            "aws_iam_policy.EPPolicy10",
            "aws_iam_policy.EPPolicy15",
            "aws_iam_role.iam_EpRole176",
            "time_sleep.wait_2_seconds"
          ]
        }
      ]
    },
    {
      "mode": "managed",
      "type": "aws_iam_role_policy_attachment",
      "name": "iam_attach_EpRole177",
      "provider": "provider[\"registry.terraform.io/hashicorp/aws\"]",
      "instances": [
        {
          "schema_version": 0,
          "attributes": {
            "id": "EpRole177-20221013140736333000000093",
            "policy_arn": "arn:aws:iam::455436446709:policy/EPPolicy10",
            "role": "EpRole177"
          },
          "sensitive_attributes": [],
          "private": "bnVsbA==",
          "dependencies": [
            "aws_iam_policy.EPPolicy10",
            "aws_iam_policy.EPPolicy16",
            "aws_iam_role.iam_EpRole177",
            "time_sleep.wait_2_seconds"
          ]
        }
      ]
    },
    {
      "mode": "managed",
      "type": "aws_iam_role_policy_attachment",
      "name": "iam_attach_EpRole178",
      "provider": "provider[\"registry.terraform.io/hashicorp/aws\"]",
      "instances": [
        {
          "schema_version": 0,
          "attributes": {
            "id": "EpRole178-2022101314072607230000001b",
            "policy_arn": "arn:aws:iam::455436446709:policy/EPPolicy10",
            "role": "EpRole178"
          },
          "sensitive_attributes": [],
          "private": "bnVsbA==",
          "dependencies": [
            "aws_iam_policy.EPPolicy10",
            "aws_iam_policy.EPPolicy17",
            "aws_iam_role.iam_EpRole178",
            "time_sleep.wait_2_seconds"
          ]
        }
      ]
    },
    {
      "mode": "managed",
      "type": "aws_iam_role_policy_attachment",
      "name": "iam_attach_EpRole179",
      "provider": "provider[\"registry.terraform.io/hashicorp/aws\"]",
      "instances": [
        {
          "schema_version": 0,
          "attributes": {
            "id": "EpRole179-202210131407406037000000c5",
            "policy_arn": "arn:aws:iam::455436446709:policy/EPPolicy10",
            "role": "EpRole179"
          },
          "sensitive_attributes": [],
          "private": "bnVsbA==",
          "dependencies": [
            "aws_iam_policy.EPPolicy10",
            "aws_iam_policy.EPPolicy18",
            "aws_iam_role.iam_EpRole179",
            "time_sleep.wait_2_seconds"
          ]
        }
      ]
    },
    {
      "mode": "managed",
      "type": "aws_iam_role_policy_attachment",
      "name": "iam_attach_EpRole18",
      "provider": "provider[\"registry.terraform.io/hashicorp/aws\"]",
      "instances": [
        {
          "schema_version": 0,
          "attributes": {
            "id": "EpRole18-20221013140731942600000063",
            "policy_arn": "arn:aws:iam::455436446709:policy/EPPolicy1",
            "role": "EpRole18"
          },
          "sensitive_attributes": [],
          "private": "bnVsbA==",
          "dependencies": [
            "aws_iam_policy.EPPolicy1",
            "aws_iam_policy.EPPolicy19",
            "aws_iam_role.iam_EpRole18",
            "time_sleep.wait_2_seconds"
          ]
        }
      ]
    },
    {
      "mode": "managed",
      "type": "aws_iam_role_policy_attachment",
      "name": "iam_attach_EpRole180",
      "provider": "provider[\"registry.terraform.io/hashicorp/aws\"]",
      "instances": [
        {
          "schema_version": 0,
          "attributes": {
            "id": "EpRole180-2022101314073241370000006b",
            "policy_arn": "arn:aws:iam::455436446709:policy/EPPolicy10",
            "role": "EpRole180"
          },
          "sensitive_attributes": [],
          "private": "bnVsbA==",
          "dependencies": [
            "aws_iam_policy.EPPolicy10",
            "aws_iam_policy.EPPolicy19",
            "aws_iam_role.iam_EpRole180",
            "time_sleep.wait_2_seconds"
          ]
        }
      ]
    },
    {
      "mode": "managed",
      "type": "aws_iam_role_policy_attachment",
      "name": "iam_attach_EpRole181",
      "provider": "provider[\"registry.terraform.io/hashicorp/aws\"]",
      "instances": [
        {
          "schema_version": 0,
          "attributes": {
            "id": "EpRole181-2022101314073352830000007b",
            "policy_arn": "arn:aws:iam::455436446709:policy/EPPolicy10",
            "role": "EpRole181"
          },
          "sensitive_attributes": [],
          "private": "bnVsbA==",
          "dependencies": [
            "aws_iam_policy.EPPolicy10",
            "aws_iam_policy.EPPolicy20",
            "aws_iam_role.iam_EpRole181",
            "time_sleep.wait_2_seconds"
          ]
        }
      ]
    },
    {
      "mode": "managed",
      "type": "aws_iam_role_policy_attachment",
      "name": "iam_attach_EpRole182",
      "provider": "provider[\"registry.terraform.io/hashicorp/aws\"]",
      "instances": [
        {
          "schema_version": 0,
          "attributes": {
            "id": "EpRole182-202210131407416454000000cf",
            "policy_arn": "arn:aws:iam::455436446709:policy/EPPolicy10",
            "role": "EpRole182"
          },
          "sensitive_attributes": [],
          "private": "bnVsbA==",
          "dependencies": [
            "aws_iam_policy.EPPolicy10",
            "aws_iam_policy.EPPolicy21",
            "aws_iam_role.iam_EpRole182",
            "time_sleep.wait_2_seconds"
          ]
        }
      ]
    },
    {
      "mode": "managed",
      "type": "aws_iam_role_policy_attachment",
      "name": "iam_attach_EpRole183",
      "provider": "provider[\"registry.terraform.io/hashicorp/aws\"]",
      "instances": [
        {
          "schema_version": 0,
          "attributes": {
            "id": "EpRole183-20221013140727818100000038",
            "policy_arn": "arn:aws:iam::455436446709:policy/EPPolicy10",
            "role": "EpRole183"
          },
          "sensitive_attributes": [],
          "private": "bnVsbA==",
          "dependencies": [
            "aws_iam_policy.EPPolicy10",
            "aws_iam_policy.EPPolicy22",
            "aws_iam_role.iam_EpRole183",
            "time_sleep.wait_2_seconds"
          ]
        }
      ]
    },
    {
      "mode": "managed",
      "type": "aws_iam_role_policy_attachment",
      "name": "iam_attach_EpRole184",
      "provider": "provider[\"registry.terraform.io/hashicorp/aws\"]",
      "instances": [
        {
          "schema_version": 0,
          "attributes": {
            "id": "EpRole184-202210131407444455000000f1",
            "policy_arn": "arn:aws:iam::455436446709:policy/EPPolicy10",
            "role": "EpRole184"
          },
          "sensitive_attributes": [],
          "private": "bnVsbA==",
          "dependencies": [
            "aws_iam_policy.EPPolicy10",
            "aws_iam_policy.EPPolicy31",
            "aws_iam_role.iam_EpRole184",
            "time_sleep.wait_2_seconds"
          ]
        }
      ]
    },
    {
      "mode": "managed",
      "type": "aws_iam_role_policy_attachment",
      "name": "iam_attach_EpRole185",
      "provider": "provider[\"registry.terraform.io/hashicorp/aws\"]",
      "instances": [
        {
          "schema_version": 0,
          "attributes": {
            "id": "EpRole185-2022101314072860460000003d",
            "policy_arn": "arn:aws:iam::455436446709:policy/EPPolicy10",
            "role": "EpRole185"
          },
          "sensitive_attributes": [],
          "private": "bnVsbA==",
          "dependencies": [
            "aws_iam_policy.EPPolicy10",
            "aws_iam_policy.EPPolicy32",
            "aws_iam_role.iam_EpRole185",
            "time_sleep.wait_2_seconds"
          ]
        }
      ]
    },
    {
      "mode": "managed",
      "type": "aws_iam_role_policy_attachment",
      "name": "iam_attach_EpRole186",
      "provider": "provider[\"registry.terraform.io/hashicorp/aws\"]",
      "instances": [
        {
          "schema_version": 0,
          "attributes": {
            "id": "EpRole186-2022101314073575130000008c",
            "policy_arn": "arn:aws:iam::455436446709:policy/EPPolicy11",
            "role": "EpRole186"
          },
          "sensitive_attributes": [],
          "private": "bnVsbA==",
          "dependencies": [
            "aws_iam_policy.EPPolicy11",
            "aws_iam_policy.EPPolicy12",
            "aws_iam_role.iam_EpRole186",
            "time_sleep.wait_2_seconds"
          ]
        }
      ]
    },
    {
      "mode": "managed",
      "type": "aws_iam_role_policy_attachment",
      "name": "iam_attach_EpRole187",
      "provider": "provider[\"registry.terraform.io/hashicorp/aws\"]",
      "instances": [
        {
          "schema_version": 0,
          "attributes": {
            "id": "EpRole187-20221013140726055600000019",
            "policy_arn": "arn:aws:iam::455436446709:policy/EPPolicy11",
            "role": "EpRole187"
          },
          "sensitive_attributes": [],
          "private": "bnVsbA==",
          "dependencies": [
            "aws_iam_policy.EPPolicy11",
            "aws_iam_policy.EPPolicy13",
            "aws_iam_role.iam_EpRole187",
            "time_sleep.wait_2_seconds"
          ]
        }
      ]
    },
    {
      "mode": "managed",
      "type": "aws_iam_role_policy_attachment",
      "name": "iam_attach_EpRole188",
      "provider": "provider[\"registry.terraform.io/hashicorp/aws\"]",
      "instances": [
        {
          "schema_version": 0,
          "attributes": {
            "id": "EpRole188-2022101314072519660000000b",
            "policy_arn": "arn:aws:iam::455436446709:policy/EPPolicy11",
            "role": "EpRole188"
          },
          "sensitive_attributes": [],
          "private": "bnVsbA==",
          "dependencies": [
            "aws_iam_policy.EPPolicy11",
            "aws_iam_policy.EPPolicy14",
            "aws_iam_role.iam_EpRole188",
            "time_sleep.wait_2_seconds"
          ]
        }
      ]
    },
    {
      "mode": "managed",
      "type": "aws_iam_role_policy_attachment",
      "name": "iam_attach_EpRole189",
      "provider": "provider[\"registry.terraform.io/hashicorp/aws\"]",
      "instances": [
        {
          "schema_version": 0,
          "attributes": {
            "id": "EpRole189-202210131407418203000000d3",
            "policy_arn": "arn:aws:iam::455436446709:policy/EPPolicy11",
            "role": "EpRole189"
          },
          "sensitive_attributes": [],
          "private": "bnVsbA==",
          "dependencies": [
            "aws_iam_policy.EPPolicy11",
            "aws_iam_policy.EPPolicy15",
            "aws_iam_role.iam_EpRole189",
            "time_sleep.wait_2_seconds"
          ]
        }
      ]
    },
    {
      "mode": "managed",
      "type": "aws_iam_role_policy_attachment",
      "name": "iam_attach_EpRole19",
      "provider": "provider[\"registry.terraform.io/hashicorp/aws\"]",
      "instances": [
        {
          "schema_version": 0,
          "attributes": {
            "id": "EpRole19-20221013140733284800000077",
            "policy_arn": "arn:aws:iam::455436446709:policy/EPPolicy1",
            "role": "EpRole19"
          },
          "sensitive_attributes": [],
          "private": "bnVsbA==",
          "dependencies": [
            "aws_iam_policy.EPPolicy1",
            "aws_iam_policy.EPPolicy20",
            "aws_iam_role.iam_EpRole19",
            "time_sleep.wait_2_seconds"
          ]
        }
      ]
    },
    {
      "mode": "managed",
      "type": "aws_iam_role_policy_attachment",
      "name": "iam_attach_EpRole190",
      "provider": "provider[\"registry.terraform.io/hashicorp/aws\"]",
      "instances": [
        {
          "schema_version": 0,
          "attributes": {
            "id": "EpRole190-20221013140735972000000090",
            "policy_arn": "arn:aws:iam::455436446709:policy/EPPolicy11",
            "role": "EpRole190"
          },
          "sensitive_attributes": [],
          "private": "bnVsbA==",
          "dependencies": [
            "aws_iam_policy.EPPolicy11",
            "aws_iam_policy.EPPolicy16",
            "aws_iam_role.iam_EpRole190",
            "time_sleep.wait_2_seconds"
          ]
        }
      ]
    },
    {
      "mode": "managed",
      "type": "aws_iam_role_policy_attachment",
      "name": "iam_attach_EpRole191",
      "provider": "provider[\"registry.terraform.io/hashicorp/aws\"]",
      "instances": [
        {
          "schema_version": 0,
          "attributes": {
            "id": "EpRole191-20221013140726705600000026",
            "policy_arn": "arn:aws:iam::455436446709:policy/EPPolicy11",
            "role": "EpRole191"
          },
          "sensitive_attributes": [],
          "private": "bnVsbA==",
          "dependencies": [
            "aws_iam_policy.EPPolicy11",
            "aws_iam_policy.EPPolicy17",
            "aws_iam_role.iam_EpRole191",
            "time_sleep.wait_2_seconds"
          ]
        }
      ]
    },
    {
      "mode": "managed",
      "type": "aws_iam_role_policy_attachment",
      "name": "iam_attach_EpRole192",
      "provider": "provider[\"registry.terraform.io/hashicorp/aws\"]",
      "instances": [
        {
          "schema_version": 0,
          "attributes": {
            "id": "EpRole192-202210131407375444000000a5",
            "policy_arn": "arn:aws:iam::455436446709:policy/EPPolicy11",
            "role": "EpRole192"
          },
          "sensitive_attributes": [],
          "private": "bnVsbA==",
          "dependencies": [
            "aws_iam_policy.EPPolicy11",
            "aws_iam_policy.EPPolicy18",
            "aws_iam_role.iam_EpRole192",
            "time_sleep.wait_2_seconds"
          ]
        }
      ]
    },
    {
      "mode": "managed",
      "type": "aws_iam_role_policy_attachment",
      "name": "iam_attach_EpRole193",
      "provider": "provider[\"registry.terraform.io/hashicorp/aws\"]",
      "instances": [
        {
          "schema_version": 0,
          "attributes": {
            "id": "EpRole193-20221013140731913100000062",
            "policy_arn": "arn:aws:iam::455436446709:policy/EPPolicy11",
            "role": "EpRole193"
          },
          "sensitive_attributes": [],
          "private": "bnVsbA==",
          "dependencies": [
            "aws_iam_policy.EPPolicy11",
            "aws_iam_policy.EPPolicy19",
            "aws_iam_role.iam_EpRole193",
            "time_sleep.wait_2_seconds"
          ]
        }
      ]
    },
    {
      "mode": "managed",
      "type": "aws_iam_role_policy_attachment",
      "name": "iam_attach_EpRole194",
      "provider": "provider[\"registry.terraform.io/hashicorp/aws\"]",
      "instances": [
        {
          "schema_version": 0,
          "attributes": {
            "id": "EpRole194-2022101314073365520000007e",
            "policy_arn": "arn:aws:iam::455436446709:policy/EPPolicy11",
            "role": "EpRole194"
          },
          "sensitive_attributes": [],
          "private": "bnVsbA==",
          "dependencies": [
            "aws_iam_policy.EPPolicy11",
            "aws_iam_policy.EPPolicy20",
            "aws_iam_role.iam_EpRole194",
            "time_sleep.wait_2_seconds"
          ]
        }
      ]
    },
    {
      "mode": "managed",
      "type": "aws_iam_role_policy_attachment",
      "name": "iam_attach_EpRole195",
      "provider": "provider[\"registry.terraform.io/hashicorp/aws\"]",
      "instances": [
        {
          "schema_version": 0,
          "attributes": {
            "id": "EpRole195-202210131407423868000000dc",
            "policy_arn": "arn:aws:iam::455436446709:policy/EPPolicy11",
            "role": "EpRole195"
          },
          "sensitive_attributes": [],
          "private": "bnVsbA==",
          "dependencies": [
            "aws_iam_policy.EPPolicy11",
            "aws_iam_policy.EPPolicy21",
            "aws_iam_role.iam_EpRole195",
            "time_sleep.wait_2_seconds"
          ]
        }
      ]
    },
    {
      "mode": "managed",
      "type": "aws_iam_role_policy_attachment",
      "name": "iam_attach_EpRole196",
      "provider": "provider[\"registry.terraform.io/hashicorp/aws\"]",
      "instances": [
        {
          "schema_version": 0,
          "attributes": {
            "id": "EpRole196-2022101314072807650000003b",
            "policy_arn": "arn:aws:iam::455436446709:policy/EPPolicy11",
            "role": "EpRole196"
          },
          "sensitive_attributes": [],
          "private": "bnVsbA==",
          "dependencies": [
            "aws_iam_policy.EPPolicy11",
            "aws_iam_policy.EPPolicy22",
            "aws_iam_role.iam_EpRole196",
            "time_sleep.wait_2_seconds"
          ]
        }
      ]
    },
    {
      "mode": "managed",
      "type": "aws_iam_role_policy_attachment",
      "name": "iam_attach_EpRole197",
      "provider": "provider[\"registry.terraform.io/hashicorp/aws\"]",
      "instances": [
        {
          "schema_version": 0,
          "attributes": {
            "id": "EpRole197-202210131407444334000000f0",
            "policy_arn": "arn:aws:iam::455436446709:policy/EPPolicy11",
            "role": "EpRole197"
          },
          "sensitive_attributes": [],
          "private": "bnVsbA==",
          "dependencies": [
            "aws_iam_policy.EPPolicy11",
            "aws_iam_policy.EPPolicy31",
            "aws_iam_role.iam_EpRole197",
            "time_sleep.wait_2_seconds"
          ]
        }
      ]
    },
    {
      "mode": "managed",
      "type": "aws_iam_role_policy_attachment",
      "name": "iam_attach_EpRole198",
      "provider": "provider[\"registry.terraform.io/hashicorp/aws\"]",
      "instances": [
        {
          "schema_version": 0,
          "attributes": {
            "id": "EpRole198-2022101314073042850000004c",
            "policy_arn": "arn:aws:iam::455436446709:policy/EPPolicy11",
            "role": "EpRole198"
          },
          "sensitive_attributes": [],
          "private": "bnVsbA==",
          "dependencies": [
            "aws_iam_policy.EPPolicy11",
            "aws_iam_policy.EPPolicy32",
            "aws_iam_role.iam_EpRole198",
            "time_sleep.wait_2_seconds"
          ]
        }
      ]
    },
    {
      "mode": "managed",
      "type": "aws_iam_role_policy_attachment",
      "name": "iam_attach_EpRole199",
      "provider": "provider[\"registry.terraform.io/hashicorp/aws\"]",
      "instances": [
        {
          "schema_version": 0,
          "attributes": {
            "id": "EpRole199-20221013140725820600000014",
            "policy_arn": "arn:aws:iam::455436446709:policy/EPPolicy12",
            "role": "EpRole199"
          },
          "sensitive_attributes": [],
          "private": "bnVsbA==",
          "dependencies": [
            "aws_iam_policy.EPPolicy12",
            "aws_iam_policy.EPPolicy13",
            "aws_iam_role.iam_EpRole199",
            "time_sleep.wait_2_seconds"
          ]
        }
      ]
    },
    {
      "mode": "managed",
      "type": "aws_iam_role_policy_attachment",
      "name": "iam_attach_EpRole2",
      "provider": "provider[\"registry.terraform.io/hashicorp/aws\"]",
      "instances": [
        {
          "schema_version": 0,
          "attributes": {
            "id": "EpRole2-20221013140734188600000082",
            "policy_arn": "arn:aws:iam::455436446709:policy/EPPolicy1",
            "role": "EpRole2"
          },
          "sensitive_attributes": [],
          "private": "bnVsbA==",
          "dependencies": [
            "aws_iam_policy.EPPolicy1",
            "aws_iam_policy.EPPolicy3",
            "aws_iam_role.iam_EpRole2",
            "time_sleep.wait_2_seconds"
          ]
        }
      ]
    },
    {
      "mode": "managed",
      "type": "aws_iam_role_policy_attachment",
      "name": "iam_attach_EpRole20",
      "provider": "provider[\"registry.terraform.io/hashicorp/aws\"]",
      "instances": [
        {
          "schema_version": 0,
          "attributes": {
            "id": "EpRole20-202210131407428741000000e0",
            "policy_arn": "arn:aws:iam::455436446709:policy/EPPolicy1",
            "role": "EpRole20"
          },
          "sensitive_attributes": [],
          "private": "bnVsbA==",
          "dependencies": [
            "aws_iam_policy.EPPolicy1",
            "aws_iam_policy.EPPolicy21",
            "aws_iam_role.iam_EpRole20",
            "time_sleep.wait_2_seconds"
          ]
        }
      ]
    },
    {
      "mode": "managed",
      "type": "aws_iam_role_policy_attachment",
      "name": "iam_attach_EpRole200",
      "provider": "provider[\"registry.terraform.io/hashicorp/aws\"]",
      "instances": [
        {
          "schema_version": 0,
          "attributes": {
            "id": "EpRole200-20221013140724973800000008",
            "policy_arn": "arn:aws:iam::455436446709:policy/EPPolicy12",
            "role": "EpRole200"
          },
          "sensitive_attributes": [],
          "private": "bnVsbA==",
          "dependencies": [
            "aws_iam_policy.EPPolicy12",
            "aws_iam_policy.EPPolicy14",
            "aws_iam_role.iam_EpRole200",
            "time_sleep.wait_2_seconds"
          ]
        }
      ]
    },
    {
      "mode": "managed",
      "type": "aws_iam_role_policy_attachment",
      "name": "iam_attach_EpRole201",
      "provider": "provider[\"registry.terraform.io/hashicorp/aws\"]",
      "instances": [
        {
          "schema_version": 0,
          "attributes": {
            "id": "EpRole201-202210131407409567000000c8",
            "policy_arn": "arn:aws:iam::455436446709:policy/EPPolicy12",
            "role": "EpRole201"
          },
          "sensitive_attributes": [],
          "private": "bnVsbA==",
          "dependencies": [
            "aws_iam_policy.EPPolicy12",
            "aws_iam_policy.EPPolicy15",
            "aws_iam_role.iam_EpRole201",
            "time_sleep.wait_2_seconds"
          ]
        }
      ]
    },
    {
      "mode": "managed",
      "type": "aws_iam_role_policy_attachment",
      "name": "iam_attach_EpRole202",
      "provider": "provider[\"registry.terraform.io/hashicorp/aws\"]",
      "instances": [
        {
          "schema_version": 0,
          "attributes": {
            "id": "EpRole202-20221013140736521400000098",
            "policy_arn": "arn:aws:iam::455436446709:policy/EPPolicy12",
            "role": "EpRole202"
          },
          "sensitive_attributes": [],
          "private": "bnVsbA==",
          "dependencies": [
            "aws_iam_policy.EPPolicy12",
            "aws_iam_policy.EPPolicy16",
            "aws_iam_role.iam_EpRole202",
            "time_sleep.wait_2_seconds"
          ]
        }
      ]
    },
    {
      "mode": "managed",
      "type": "aws_iam_role_policy_attachment",
      "name": "iam_attach_EpRole203",
      "provider": "provider[\"registry.terraform.io/hashicorp/aws\"]",
      "instances": [
        {
          "schema_version": 0,
          "attributes": {
            "id": "EpRole203-2022101314072609680000001c",
            "policy_arn": "arn:aws:iam::455436446709:policy/EPPolicy12",
            "role": "EpRole203"
          },
          "sensitive_attributes": [],
          "private": "bnVsbA==",
          "dependencies": [
            "aws_iam_policy.EPPolicy12",
            "aws_iam_policy.EPPolicy17",
            "aws_iam_role.iam_EpRole203",
            "time_sleep.wait_2_seconds"
          ]
        }
      ]
    },
    {
      "mode": "managed",
      "type": "aws_iam_role_policy_attachment",
      "name": "iam_attach_EpRole204",
      "provider": "provider[\"registry.terraform.io/hashicorp/aws\"]",
      "instances": [
        {
          "schema_version": 0,
          "attributes": {
            "id": "EpRole204-202210131407384878000000ae",
            "policy_arn": "arn:aws:iam::455436446709:policy/EPPolicy12",
            "role": "EpRole204"
          },
          "sensitive_attributes": [],
          "private": "bnVsbA==",
          "dependencies": [
            "aws_iam_policy.EPPolicy12",
            "aws_iam_policy.EPPolicy18",
            "aws_iam_role.iam_EpRole204",
            "time_sleep.wait_2_seconds"
          ]
        }
      ]
    },
    {
      "mode": "managed",
      "type": "aws_iam_role_policy_attachment",
      "name": "iam_attach_EpRole205",
      "provider": "provider[\"registry.terraform.io/hashicorp/aws\"]",
      "instances": [
        {
          "schema_version": 0,
          "attributes": {
            "id": "EpRole205-20221013140732032400000066",
            "policy_arn": "arn:aws:iam::455436446709:policy/EPPolicy12",
            "role": "EpRole205"
          },
          "sensitive_attributes": [],
          "private": "bnVsbA==",
          "dependencies": [
            "aws_iam_policy.EPPolicy12",
            "aws_iam_policy.EPPolicy19",
            "aws_iam_role.iam_EpRole205",
            "time_sleep.wait_2_seconds"
          ]
        }
      ]
    },
    {
      "mode": "managed",
      "type": "aws_iam_role_policy_attachment",
      "name": "iam_attach_EpRole206",
      "provider": "provider[\"registry.terraform.io/hashicorp/aws\"]",
      "instances": [
        {
          "schema_version": 0,
          "attributes": {
            "id": "EpRole206-2022101314073584110000008d",
            "policy_arn": "arn:aws:iam::455436446709:policy/EPPolicy12",
            "role": "EpRole206"
          },
          "sensitive_attributes": [],
          "private": "bnVsbA==",
          "dependencies": [
            "aws_iam_policy.EPPolicy12",
            "aws_iam_policy.EPPolicy20",
            "aws_iam_role.iam_EpRole206",
            "time_sleep.wait_2_seconds"
          ]
        }
      ]
    },
    {
      "mode": "managed",
      "type": "aws_iam_role_policy_attachment",
      "name": "iam_attach_EpRole207",
      "provider": "provider[\"registry.terraform.io/hashicorp/aws\"]",
      "instances": [
        {
          "schema_version": 0,
          "attributes": {
            "id": "EpRole207-202210131407453624000000fb",
            "policy_arn": "arn:aws:iam::455436446709:policy/EPPolicy12",
            "role": "EpRole207"
          },
          "sensitive_attributes": [],
          "private": "bnVsbA==",
          "dependencies": [
            "aws_iam_policy.EPPolicy12",
            "aws_iam_policy.EPPolicy21",
            "aws_iam_role.iam_EpRole207",
            "time_sleep.wait_2_seconds"
          ]
        }
      ]
    },
    {
      "mode": "managed",
      "type": "aws_iam_role_policy_attachment",
      "name": "iam_attach_EpRole208",
      "provider": "provider[\"registry.terraform.io/hashicorp/aws\"]",
      "instances": [
        {
          "schema_version": 0,
          "attributes": {
            "id": "EpRole208-20221013140727864900000039",
            "policy_arn": "arn:aws:iam::455436446709:policy/EPPolicy12",
            "role": "EpRole208"
          },
          "sensitive_attributes": [],
          "private": "bnVsbA==",
          "dependencies": [
            "aws_iam_policy.EPPolicy12",
            "aws_iam_policy.EPPolicy22",
            "aws_iam_role.iam_EpRole208",
            "time_sleep.wait_2_seconds"
          ]
        }
      ]
    },
    {
      "mode": "managed",
      "type": "aws_iam_role_policy_attachment",
      "name": "iam_attach_EpRole209",
      "provider": "provider[\"registry.terraform.io/hashicorp/aws\"]",
      "instances": [
        {
          "schema_version": 0,
          "attributes": {
            "id": "EpRole209-202210131407439744000000eb",
            "policy_arn": "arn:aws:iam::455436446709:policy/EPPolicy12",
            "role": "EpRole209"
          },
          "sensitive_attributes": [],
          "private": "bnVsbA==",
          "dependencies": [
            "aws_iam_policy.EPPolicy12",
            "aws_iam_policy.EPPolicy31",
            "aws_iam_role.iam_EpRole209",
            "time_sleep.wait_2_seconds"
          ]
        }
      ]
    },
    {
      "mode": "managed",
      "type": "aws_iam_role_policy_attachment",
      "name": "iam_attach_EpRole21",
      "provider": "provider[\"registry.terraform.io/hashicorp/aws\"]",
      "instances": [
        {
          "schema_version": 0,
          "attributes": {
            "id": "EpRole21-2022101314072727200000002d",
            "policy_arn": "arn:aws:iam::455436446709:policy/EPPolicy1",
            "role": "EpRole21"
          },
          "sensitive_attributes": [],
          "private": "bnVsbA==",
          "dependencies": [
            "aws_iam_policy.EPPolicy1",
            "aws_iam_policy.EPPolicy22",
            "aws_iam_role.iam_EpRole21",
            "time_sleep.wait_2_seconds"
          ]
        }
      ]
    },
    {
      "mode": "managed",
      "type": "aws_iam_role_policy_attachment",
      "name": "iam_attach_EpRole210",
      "provider": "provider[\"registry.terraform.io/hashicorp/aws\"]",
      "instances": [
        {
          "schema_version": 0,
          "attributes": {
            "id": "EpRole210-2022101314073038980000004a",
            "policy_arn": "arn:aws:iam::455436446709:policy/EPPolicy12",
            "role": "EpRole210"
          },
          "sensitive_attributes": [],
          "private": "bnVsbA==",
          "dependencies": [
            "aws_iam_policy.EPPolicy12",
            "aws_iam_policy.EPPolicy32",
            "aws_iam_role.iam_EpRole210",
            "time_sleep.wait_2_seconds"
          ]
        }
      ]
    },
    {
      "mode": "managed",
      "type": "aws_iam_role_policy_attachment",
      "name": "iam_attach_EpRole211",
      "provider": "provider[\"registry.terraform.io/hashicorp/aws\"]",
      "instances": [
        {
          "schema_version": 0,
          "attributes": {
            "id": "EpRole211-2022101314072549430000000f",
            "policy_arn": "arn:aws:iam::455436446709:policy/EPPolicy13",
            "role": "EpRole211"
          },
          "sensitive_attributes": [],
          "private": "bnVsbA==",
          "dependencies": [
            "aws_iam_policy.EPPolicy13",
            "aws_iam_policy.EPPolicy14",
            "aws_iam_role.iam_EpRole211",
            "time_sleep.wait_2_seconds"
          ]
        }
      ]
    },
    {
      "mode": "managed",
      "type": "aws_iam_role_policy_attachment",
      "name": "iam_attach_EpRole212",
      "provider": "provider[\"registry.terraform.io/hashicorp/aws\"]",
      "instances": [
        {
          "schema_version": 0,
          "attributes": {
            "id": "EpRole212-202210131407410663000000c9",
            "policy_arn": "arn:aws:iam::455436446709:policy/EPPolicy13",
            "role": "EpRole212"
          },
          "sensitive_attributes": [],
          "private": "bnVsbA==",
          "dependencies": [
            "aws_iam_policy.EPPolicy13",
            "aws_iam_policy.EPPolicy15",
            "aws_iam_role.iam_EpRole212",
            "time_sleep.wait_2_seconds"
          ]
        }
      ]
    },
    {
      "mode": "managed",
      "type": "aws_iam_role_policy_attachment",
      "name": "iam_attach_EpRole213",
      "provider": "provider[\"registry.terraform.io/hashicorp/aws\"]",
      "instances": [
        {
          "schema_version": 0,
          "attributes": {
            "id": "EpRole213-20221013140736256900000092",
            "policy_arn": "arn:aws:iam::455436446709:policy/EPPolicy13",
            "role": "EpRole213"
          },
          "sensitive_attributes": [],
          "private": "bnVsbA==",
          "dependencies": [
            "aws_iam_policy.EPPolicy13",
            "aws_iam_policy.EPPolicy16",
            "aws_iam_role.iam_EpRole213",
            "time_sleep.wait_2_seconds"
          ]
        }
      ]
    },
    {
      "mode": "managed",
      "type": "aws_iam_role_policy_attachment",
      "name": "iam_attach_EpRole214",
      "provider": "provider[\"registry.terraform.io/hashicorp/aws\"]",
      "instances": [
        {
          "schema_version": 0,
          "attributes": {
            "id": "EpRole214-20221013140726983000000029",
            "policy_arn": "arn:aws:iam::455436446709:policy/EPPolicy13",
            "role": "EpRole214"
          },
          "sensitive_attributes": [],
          "private": "bnVsbA==",
          "dependencies": [
            "aws_iam_policy.EPPolicy13",
            "aws_iam_policy.EPPolicy17",
            "aws_iam_role.iam_EpRole214",
            "time_sleep.wait_2_seconds"
          ]
        }
      ]
    },
    {
      "mode": "managed",
      "type": "aws_iam_role_policy_attachment",
      "name": "iam_attach_EpRole215",
      "provider": "provider[\"registry.terraform.io/hashicorp/aws\"]",
      "instances": [
        {
          "schema_version": 0,
          "attributes": {
            "id": "EpRole215-202210131407385031000000af",
            "policy_arn": "arn:aws:iam::455436446709:policy/EPPolicy13",
            "role": "EpRole215"
          },
          "sensitive_attributes": [],
          "private": "bnVsbA==",
          "dependencies": [
            "aws_iam_policy.EPPolicy13",
            "aws_iam_policy.EPPolicy18",
            "aws_iam_role.iam_EpRole215",
            "time_sleep.wait_2_seconds"
          ]
        }
      ]
    },
    {
      "mode": "managed",
      "type": "aws_iam_role_policy_attachment",
      "name": "iam_attach_EpRole216",
      "provider": "provider[\"registry.terraform.io/hashicorp/aws\"]",
      "instances": [
        {
          "schema_version": 0,
          "attributes": {
            "id": "EpRole216-20221013140732280600000069",
            "policy_arn": "arn:aws:iam::455436446709:policy/EPPolicy13",
            "role": "EpRole216"
          },
          "sensitive_attributes": [],
          "private": "bnVsbA==",
          "dependencies": [
            "aws_iam_policy.EPPolicy13",
            "aws_iam_policy.EPPolicy19",
            "aws_iam_role.iam_EpRole216",
            "time_sleep.wait_2_seconds"
          ]
        }
      ]
    },
    {
      "mode": "managed",
      "type": "aws_iam_role_policy_attachment",
      "name": "iam_attach_EpRole217",
      "provider": "provider[\"registry.terraform.io/hashicorp/aws\"]",
      "instances": [
        {
          "schema_version": 0,
          "attributes": {
            "id": "EpRole217-20221013140733295700000079",
            "policy_arn": "arn:aws:iam::455436446709:policy/EPPolicy13",
            "role": "EpRole217"
          },
          "sensitive_attributes": [],
          "private": "bnVsbA==",
          "dependencies": [
            "aws_iam_policy.EPPolicy13",
            "aws_iam_policy.EPPolicy20",
            "aws_iam_role.iam_EpRole217",
            "time_sleep.wait_2_seconds"
          ]
        }
      ]
    },
    {
      "mode": "managed",
      "type": "aws_iam_role_policy_attachment",
      "name": "iam_attach_EpRole218",
      "provider": "provider[\"registry.terraform.io/hashicorp/aws\"]",
      "instances": [
        {
          "schema_version": 0,
          "attributes": {
            "id": "EpRole218-202210131407422233000000d8",
            "policy_arn": "arn:aws:iam::455436446709:policy/EPPolicy13",
            "role": "EpRole218"
          },
          "sensitive_attributes": [],
          "private": "bnVsbA==",
          "dependencies": [
            "aws_iam_policy.EPPolicy13",
            "aws_iam_policy.EPPolicy21",
            "aws_iam_role.iam_EpRole218",
            "time_sleep.wait_2_seconds"
          ]
        }
      ]
    },
    {
      "mode": "managed",
      "type": "aws_iam_role_policy_attachment",
      "name": "iam_attach_EpRole219",
      "provider": "provider[\"registry.terraform.io/hashicorp/aws\"]",
      "instances": [
        {
          "schema_version": 0,
          "attributes": {
            "id": "EpRole219-20221013140727620300000032",
            "policy_arn": "arn:aws:iam::455436446709:policy/EPPolicy13",
            "role": "EpRole219"
          },
          "sensitive_attributes": [],
          "private": "bnVsbA==",
          "dependencies": [
            "aws_iam_policy.EPPolicy13",
            "aws_iam_policy.EPPolicy22",
            "aws_iam_role.iam_EpRole219",
            "time_sleep.wait_2_seconds"
          ]
        }
      ]
    },
    {
      "mode": "managed",
      "type": "aws_iam_role_policy_attachment",
      "name": "iam_attach_EpRole22",
      "provider": "provider[\"registry.terraform.io/hashicorp/aws\"]",
      "instances": [
        {
          "schema_version": 0,
          "attributes": {
            "id": "EpRole22-202210131407435297000000e7",
            "policy_arn": "arn:aws:iam::455436446709:policy/EPPolicy1",
            "role": "EpRole22"
          },
          "sensitive_attributes": [],
          "private": "bnVsbA==",
          "dependencies": [
            "aws_iam_policy.EPPolicy1",
            "aws_iam_policy.EPPolicy31",
            "aws_iam_role.iam_EpRole22",
            "time_sleep.wait_2_seconds"
          ]
        }
      ]
    },
    {
      "mode": "managed",
      "type": "aws_iam_role_policy_attachment",
      "name": "iam_attach_EpRole220",
      "provider": "provider[\"registry.terraform.io/hashicorp/aws\"]",
      "instances": [
        {
          "schema_version": 0,
          "attributes": {
            "id": "EpRole220-202210131407434015000000e5",
            "policy_arn": "arn:aws:iam::455436446709:policy/EPPolicy13",
            "role": "EpRole220"
          },
          "sensitive_attributes": [],
          "private": "bnVsbA==",
          "dependencies": [
            "aws_iam_policy.EPPolicy13",
            "aws_iam_policy.EPPolicy31",
            "aws_iam_role.iam_EpRole220",
            "time_sleep.wait_2_seconds"
          ]
        }
      ]
    },
    {
      "mode": "managed",
      "type": "aws_iam_role_policy_attachment",
      "name": "iam_attach_EpRole221",
      "provider": "provider[\"registry.terraform.io/hashicorp/aws\"]",
      "instances": [
        {
          "schema_version": 0,
          "attributes": {
            "id": "EpRole221-2022101314072878730000003e",
            "policy_arn": "arn:aws:iam::455436446709:policy/EPPolicy13",
            "role": "EpRole221"
          },
          "sensitive_attributes": [],
          "private": "bnVsbA==",
          "dependencies": [
            "aws_iam_policy.EPPolicy13",
            "aws_iam_policy.EPPolicy32",
            "aws_iam_role.iam_EpRole221",
            "time_sleep.wait_2_seconds"
          ]
        }
      ]
    },
    {
      "mode": "managed",
      "type": "aws_iam_role_policy_attachment",
      "name": "iam_attach_EpRole222",
      "provider": "provider[\"registry.terraform.io/hashicorp/aws\"]",
      "instances": [
        {
          "schema_version": 0,
          "attributes": {
            "id": "EpRole222-202210131407412657000000cb",
            "policy_arn": "arn:aws:iam::455436446709:policy/EPPolicy14",
            "role": "EpRole222"
          },
          "sensitive_attributes": [],
          "private": "bnVsbA==",
          "dependencies": [
            "aws_iam_policy.EPPolicy14",
            "aws_iam_policy.EPPolicy15",
            "aws_iam_role.iam_EpRole222",
            "time_sleep.wait_2_seconds"
          ]
        }
      ]
    },
    {
      "mode": "managed",
      "type": "aws_iam_role_policy_attachment",
      "name": "iam_attach_EpRole223",
      "provider": "provider[\"registry.terraform.io/hashicorp/aws\"]",
      "instances": [
        {
          "schema_version": 0,
          "attributes": {
            "id": "EpRole223-20221013140736481700000096",
            "policy_arn": "arn:aws:iam::455436446709:policy/EPPolicy14",
            "role": "EpRole223"
          },
          "sensitive_attributes": [],
          "private": "bnVsbA==",
          "dependencies": [
            "aws_iam_policy.EPPolicy14",
            "aws_iam_policy.EPPolicy16",
            "aws_iam_role.iam_EpRole223",
            "time_sleep.wait_2_seconds"
          ]
        }
      ]
    },
    {
      "mode": "managed",
      "type": "aws_iam_role_policy_attachment",
      "name": "iam_attach_EpRole224",
      "provider": "provider[\"registry.terraform.io/hashicorp/aws\"]",
      "instances": [
        {
          "schema_version": 0,
          "attributes": {
            "id": "EpRole224-20221013140726671500000023",
            "policy_arn": "arn:aws:iam::455436446709:policy/EPPolicy14",
            "role": "EpRole224"
          },
          "sensitive_attributes": [],
          "private": "bnVsbA==",
          "dependencies": [
            "aws_iam_policy.EPPolicy14",
            "aws_iam_policy.EPPolicy17",
            "aws_iam_role.iam_EpRole224",
            "time_sleep.wait_2_seconds"
          ]
        }
      ]
    },
    {
      "mode": "managed",
      "type": "aws_iam_role_policy_attachment",
      "name": "iam_attach_EpRole225",
      "provider": "provider[\"registry.terraform.io/hashicorp/aws\"]",
      "instances": [
        {
          "schema_version": 0,
          "attributes": {
            "id": "EpRole225-202210131407378098000000a7",
            "policy_arn": "arn:aws:iam::455436446709:policy/EPPolicy14",
            "role": "EpRole225"
          },
          "sensitive_attributes": [],
          "private": "bnVsbA==",
          "dependencies": [
            "aws_iam_policy.EPPolicy14",
            "aws_iam_policy.EPPolicy18",
            "aws_iam_role.iam_EpRole225",
            "time_sleep.wait_2_seconds"
          ]
        }
      ]
    },
    {
      "mode": "managed",
      "type": "aws_iam_role_policy_attachment",
      "name": "iam_attach_EpRole226",
      "provider": "provider[\"registry.terraform.io/hashicorp/aws\"]",
      "instances": [
        {
          "schema_version": 0,
          "attributes": {
            "id": "EpRole226-20221013140732022500000065",
            "policy_arn": "arn:aws:iam::455436446709:policy/EPPolicy14",
            "role": "EpRole226"
          },
          "sensitive_attributes": [],
          "private": "bnVsbA==",
          "dependencies": [
            "aws_iam_policy.EPPolicy14",
            "aws_iam_policy.EPPolicy19",
            "aws_iam_role.iam_EpRole226",
            "time_sleep.wait_2_seconds"
          ]
        }
      ]
    },
    {
      "mode": "managed",
      "type": "aws_iam_role_policy_attachment",
      "name": "iam_attach_EpRole227",
      "provider": "provider[\"registry.terraform.io/hashicorp/aws\"]",
      "instances": [
        {
          "schema_version": 0,
          "attributes": {
            "id": "EpRole227-20221013140732907900000072",
            "policy_arn": "arn:aws:iam::455436446709:policy/EPPolicy14",
            "role": "EpRole227"
          },
          "sensitive_attributes": [],
          "private": "bnVsbA==",
          "dependencies": [
            "aws_iam_policy.EPPolicy14",
            "aws_iam_policy.EPPolicy20",
            "aws_iam_role.iam_EpRole227",
            "time_sleep.wait_2_seconds"
          ]
        }
      ]
    },
    {
      "mode": "managed",
      "type": "aws_iam_role_policy_attachment",
      "name": "iam_attach_EpRole228",
      "provider": "provider[\"registry.terraform.io/hashicorp/aws\"]",
      "instances": [
        {
          "schema_version": 0,
          "attributes": {
            "id": "EpRole228-202210131407422834000000da",
            "policy_arn": "arn:aws:iam::455436446709:policy/EPPolicy14",
            "role": "EpRole228"
          },
          "sensitive_attributes": [],
          "private": "bnVsbA==",
          "dependencies": [
            "aws_iam_policy.EPPolicy14",
            "aws_iam_policy.EPPolicy21",
            "aws_iam_role.iam_EpRole228",
            "time_sleep.wait_2_seconds"
          ]
        }
      ]
    },
    {
      "mode": "managed",
      "type": "aws_iam_role_policy_attachment",
      "name": "iam_attach_EpRole229",
      "provider": "provider[\"registry.terraform.io/hashicorp/aws\"]",
      "instances": [
        {
          "schema_version": 0,
          "attributes": {
            "id": "EpRole229-2022101314072787060000003a",
            "policy_arn": "arn:aws:iam::455436446709:policy/EPPolicy14",
            "role": "EpRole229"
          },
          "sensitive_attributes": [],
          "private": "bnVsbA==",
          "dependencies": [
            "aws_iam_policy.EPPolicy14",
            "aws_iam_policy.EPPolicy22",
            "aws_iam_role.iam_EpRole229",
            "time_sleep.wait_2_seconds"
          ]
        }
      ]
    },
    {
      "mode": "managed",
      "type": "aws_iam_role_policy_attachment",
      "name": "iam_attach_EpRole23",
      "provider": "provider[\"registry.terraform.io/hashicorp/aws\"]",
      "instances": [
        {
          "schema_version": 0,
          "attributes": {
            "id": "EpRole23-20221013140729808100000045",
            "policy_arn": "arn:aws:iam::455436446709:policy/EPPolicy1",
            "role": "EpRole23"
          },
          "sensitive_attributes": [],
          "private": "bnVsbA==",
          "dependencies": [
            "aws_iam_policy.EPPolicy1",
            "aws_iam_policy.EPPolicy32",
            "aws_iam_role.iam_EpRole23",
            "time_sleep.wait_2_seconds"
          ]
        }
      ]
    },
    {
      "mode": "managed",
      "type": "aws_iam_role_policy_attachment",
      "name": "iam_attach_EpRole230",
      "provider": "provider[\"registry.terraform.io/hashicorp/aws\"]",
      "instances": [
        {
          "schema_version": 0,
          "attributes": {
            "id": "EpRole230-202210131407446156000000f3",
            "policy_arn": "arn:aws:iam::455436446709:policy/EPPolicy14",
            "role": "EpRole230"
          },
          "sensitive_attributes": [],
          "private": "bnVsbA==",
          "dependencies": [
            "aws_iam_policy.EPPolicy14",
            "aws_iam_policy.EPPolicy31",
            "aws_iam_role.iam_EpRole230",
            "time_sleep.wait_2_seconds"
          ]
        }
      ]
    },
    {
      "mode": "managed",
      "type": "aws_iam_role_policy_attachment",
      "name": "iam_attach_EpRole231",
      "provider": "provider[\"registry.terraform.io/hashicorp/aws\"]",
      "instances": [
        {
          "schema_version": 0,
          "attributes": {
            "id": "EpRole231-20221013140729745100000043",
            "policy_arn": "arn:aws:iam::455436446709:policy/EPPolicy14",
            "role": "EpRole231"
          },
          "sensitive_attributes": [],
          "private": "bnVsbA==",
          "dependencies": [
            "aws_iam_policy.EPPolicy14",
            "aws_iam_policy.EPPolicy32",
            "aws_iam_role.iam_EpRole231",
            "time_sleep.wait_2_seconds"
          ]
        }
      ]
    },
    {
      "mode": "managed",
      "type": "aws_iam_role_policy_attachment",
      "name": "iam_attach_EpRole232",
      "provider": "provider[\"registry.terraform.io/hashicorp/aws\"]",
      "instances": [
        {
          "schema_version": 0,
          "attributes": {
            "id": "EpRole232-2022101314073695910000009c",
            "policy_arn": "arn:aws:iam::455436446709:policy/EPPolicy15",
            "role": "EpRole232"
          },
          "sensitive_attributes": [],
          "private": "bnVsbA==",
          "dependencies": [
            "aws_iam_policy.EPPolicy15",
            "aws_iam_policy.EPPolicy16",
            "aws_iam_role.iam_EpRole232",
            "time_sleep.wait_2_seconds"
          ]
        }
      ]
    },
    {
      "mode": "managed",
      "type": "aws_iam_role_policy_attachment",
      "name": "iam_attach_EpRole233",
      "provider": "provider[\"registry.terraform.io/hashicorp/aws\"]",
      "instances": [
        {
          "schema_version": 0,
          "attributes": {
            "id": "EpRole233-20221013140726053500000018",
            "policy_arn": "arn:aws:iam::455436446709:policy/EPPolicy15",
            "role": "EpRole233"
          },
          "sensitive_attributes": [],
          "private": "bnVsbA==",
          "dependencies": [
            "aws_iam_policy.EPPolicy15",
            "aws_iam_policy.EPPolicy17",
            "aws_iam_role.iam_EpRole233",
            "time_sleep.wait_2_seconds"
          ]
        }
      ]
    },
    {
      "mode": "managed",
      "type": "aws_iam_role_policy_attachment",
      "name": "iam_attach_EpRole234",
      "provider": "provider[\"registry.terraform.io/hashicorp/aws\"]",
      "instances": [
        {
          "schema_version": 0,
          "attributes": {
            "id": "EpRole234-202210131407375813000000a6",
            "policy_arn": "arn:aws:iam::455436446709:policy/EPPolicy15",
            "role": "EpRole234"
          },
          "sensitive_attributes": [],
          "private": "bnVsbA==",
          "dependencies": [
            "aws_iam_policy.EPPolicy15",
            "aws_iam_policy.EPPolicy18",
            "aws_iam_role.iam_EpRole234",
            "time_sleep.wait_2_seconds"
          ]
        }
      ]
    },
    {
      "mode": "managed",
      "type": "aws_iam_role_policy_attachment",
      "name": "iam_attach_EpRole235",
      "provider": "provider[\"registry.terraform.io/hashicorp/aws\"]",
      "instances": [
        {
          "schema_version": 0,
          "attributes": {
            "id": "EpRole235-2022101314073250840000006d",
            "policy_arn": "arn:aws:iam::455436446709:policy/EPPolicy15",
            "role": "EpRole235"
          },
          "sensitive_attributes": [],
          "private": "bnVsbA==",
          "dependencies": [
            "aws_iam_policy.EPPolicy15",
            "aws_iam_policy.EPPolicy19",
            "aws_iam_role.iam_EpRole235",
            "time_sleep.wait_2_seconds"
          ]
        }
      ]
    },
    {
      "mode": "managed",
      "type": "aws_iam_role_policy_attachment",
      "name": "iam_attach_EpRole236",
      "provider": "provider[\"registry.terraform.io/hashicorp/aws\"]",
      "instances": [
        {
          "schema_version": 0,
          "attributes": {
            "id": "EpRole236-20221013140733025100000075",
            "policy_arn": "arn:aws:iam::455436446709:policy/EPPolicy15",
            "role": "EpRole236"
          },
          "sensitive_attributes": [],
          "private": "bnVsbA==",
          "dependencies": [
            "aws_iam_policy.EPPolicy15",
            "aws_iam_policy.EPPolicy20",
            "aws_iam_role.iam_EpRole236",
            "time_sleep.wait_2_seconds"
          ]
        }
      ]
    },
    {
      "mode": "managed",
      "type": "aws_iam_role_policy_attachment",
      "name": "iam_attach_EpRole237",
      "provider": "provider[\"registry.terraform.io/hashicorp/aws\"]",
      "instances": [
        {
          "schema_version": 0,
          "attributes": {
            "id": "EpRole237-202210131407440751000000ed",
            "policy_arn": "arn:aws:iam::455436446709:policy/EPPolicy15",
            "role": "EpRole237"
          },
          "sensitive_attributes": [],
          "private": "bnVsbA==",
          "dependencies": [
            "aws_iam_policy.EPPolicy15",
            "aws_iam_policy.EPPolicy21",
            "aws_iam_role.iam_EpRole237",
            "time_sleep.wait_2_seconds"
          ]
        }
      ]
    },
    {
      "mode": "managed",
      "type": "aws_iam_role_policy_attachment",
      "name": "iam_attach_EpRole238",
      "provider": "provider[\"registry.terraform.io/hashicorp/aws\"]",
      "instances": [
        {
          "schema_version": 0,
          "attributes": {
            "id": "EpRole238-20221013140727412100000031",
            "policy_arn": "arn:aws:iam::455436446709:policy/EPPolicy15",
            "role": "EpRole238"
          },
          "sensitive_attributes": [],
          "private": "bnVsbA==",
          "dependencies": [
            "aws_iam_policy.EPPolicy15",
            "aws_iam_policy.EPPolicy22",
            "aws_iam_role.iam_EpRole238",
            "time_sleep.wait_2_seconds"
          ]
        }
      ]
    },
    {
      "mode": "managed",
      "type": "aws_iam_role_policy_attachment",
      "name": "iam_attach_EpRole239",
      "provider": "provider[\"registry.terraform.io/hashicorp/aws\"]",
      "instances": [
        {
          "schema_version": 0,
          "attributes": {
            "id": "EpRole239-202210131407445802000000f2",
            "policy_arn": "arn:aws:iam::455436446709:policy/EPPolicy15",
            "role": "EpRole239"
          },
          "sensitive_attributes": [],
          "private": "bnVsbA==",
          "dependencies": [
            "aws_iam_policy.EPPolicy15",
            "aws_iam_policy.EPPolicy31",
            "aws_iam_role.iam_EpRole239",
            "time_sleep.wait_2_seconds"
          ]
        }
      ]
    },
    {
      "mode": "managed",
      "type": "aws_iam_role_policy_attachment",
      "name": "iam_attach_EpRole24",
      "provider": "provider[\"registry.terraform.io/hashicorp/aws\"]",
      "instances": [
        {
          "schema_version": 0,
          "attributes": {
            "id": "EpRole24-20221013140735124900000089",
            "policy_arn": "arn:aws:iam::455436446709:policy/EPPolicy2",
            "role": "EpRole24"
          },
          "sensitive_attributes": [],
          "private": "bnVsbA==",
          "dependencies": [
            "aws_iam_policy.EPPolicy2",
            "aws_iam_policy.EPPolicy3",
            "aws_iam_role.iam_EpRole24",
            "time_sleep.wait_2_seconds"
          ]
        }
      ]
    },
    {
      "mode": "managed",
      "type": "aws_iam_role_policy_attachment",
      "name": "iam_attach_EpRole240",
      "provider": "provider[\"registry.terraform.io/hashicorp/aws\"]",
      "instances": [
        {
          "schema_version": 0,
          "attributes": {
            "id": "EpRole240-20221013140729785400000044",
            "policy_arn": "arn:aws:iam::455436446709:policy/EPPolicy15",
            "role": "EpRole240"
          },
          "sensitive_attributes": [],
          "private": "bnVsbA==",
          "dependencies": [
            "aws_iam_policy.EPPolicy15",
            "aws_iam_policy.EPPolicy32",
            "aws_iam_role.iam_EpRole240",
            "time_sleep.wait_2_seconds"
          ]
        }
      ]
    },
    {
      "mode": "managed",
      "type": "aws_iam_role_policy_attachment",
      "name": "iam_attach_EpRole241",
      "provider": "provider[\"registry.terraform.io/hashicorp/aws\"]",
      "instances": [
        {
          "schema_version": 0,
          "attributes": {
            "id": "EpRole241-20221013140726658800000022",
            "policy_arn": "arn:aws:iam::455436446709:policy/EPPolicy16",
            "role": "EpRole241"
          },
          "sensitive_attributes": [],
          "private": "bnVsbA==",
          "dependencies": [
            "aws_iam_policy.EPPolicy16",
            "aws_iam_policy.EPPolicy17",
            "aws_iam_role.iam_EpRole241",
            "time_sleep.wait_2_seconds"
          ]
        }
      ]
    },
    {
      "mode": "managed",
      "type": "aws_iam_role_policy_attachment",
      "name": "iam_attach_EpRole242",
      "provider": "provider[\"registry.terraform.io/hashicorp/aws\"]",
      "instances": [
        {
          "schema_version": 0,
          "attributes": {
            "id": "EpRole242-202210131407381824000000ac",
            "policy_arn": "arn:aws:iam::455436446709:policy/EPPolicy16",
            "role": "EpRole242"
          },
          "sensitive_attributes": [],
          "private": "bnVsbA==",
          "dependencies": [
            "aws_iam_policy.EPPolicy16",
            "aws_iam_policy.EPPolicy18",
            "aws_iam_role.iam_EpRole242",
            "time_sleep.wait_2_seconds"
          ]
        }
      ]
    },
    {
      "mode": "managed",
      "type": "aws_iam_role_policy_attachment",
      "name": "iam_attach_EpRole243",
      "provider": "provider[\"registry.terraform.io/hashicorp/aws\"]",
      "instances": [
        {
          "schema_version": 0,
          "attributes": {
            "id": "EpRole243-2022101314073246590000006c",
            "policy_arn": "arn:aws:iam::455436446709:policy/EPPolicy16",
            "role": "EpRole243"
          },
          "sensitive_attributes": [],
          "private": "bnVsbA==",
          "dependencies": [
            "aws_iam_policy.EPPolicy16",
            "aws_iam_policy.EPPolicy19",
            "aws_iam_role.iam_EpRole243",
            "time_sleep.wait_2_seconds"
          ]
        }
      ]
    },
    {
      "mode": "managed",
      "type": "aws_iam_role_policy_attachment",
      "name": "iam_attach_EpRole244",
      "provider": "provider[\"registry.terraform.io/hashicorp/aws\"]",
      "instances": [
        {
          "schema_version": 0,
          "attributes": {
            "id": "EpRole244-20221013140732677400000071",
            "policy_arn": "arn:aws:iam::455436446709:policy/EPPolicy16",
            "role": "EpRole244"
          },
          "sensitive_attributes": [],
          "private": "bnVsbA==",
          "dependencies": [
            "aws_iam_policy.EPPolicy16",
            "aws_iam_policy.EPPolicy20",
            "aws_iam_role.iam_EpRole244",
            "time_sleep.wait_2_seconds"
          ]
        }
      ]
    },
    {
      "mode": "managed",
      "type": "aws_iam_role_policy_attachment",
      "name": "iam_attach_EpRole245",
      "provider": "provider[\"registry.terraform.io/hashicorp/aws\"]",
      "instances": [
        {
          "schema_version": 0,
          "attributes": {
            "id": "EpRole245-202210131407428400000000df",
            "policy_arn": "arn:aws:iam::455436446709:policy/EPPolicy16",
            "role": "EpRole245"
          },
          "sensitive_attributes": [],
          "private": "bnVsbA==",
          "dependencies": [
            "aws_iam_policy.EPPolicy16",
            "aws_iam_policy.EPPolicy21",
            "aws_iam_role.iam_EpRole245",
            "time_sleep.wait_2_seconds"
          ]
        }
      ]
    },
    {
      "mode": "managed",
      "type": "aws_iam_role_policy_attachment",
      "name": "iam_attach_EpRole246",
      "provider": "provider[\"registry.terraform.io/hashicorp/aws\"]",
      "instances": [
        {
          "schema_version": 0,
          "attributes": {
            "id": "EpRole246-20221013140727624700000034",
            "policy_arn": "arn:aws:iam::455436446709:policy/EPPolicy16",
            "role": "EpRole246"
          },
          "sensitive_attributes": [],
          "private": "bnVsbA==",
          "dependencies": [
            "aws_iam_policy.EPPolicy16",
            "aws_iam_policy.EPPolicy22",
            "aws_iam_role.iam_EpRole246",
            "time_sleep.wait_2_seconds"
          ]
        }
      ]
    },
    {
      "mode": "managed",
      "type": "aws_iam_role_policy_attachment",
      "name": "iam_attach_EpRole247",
      "provider": "provider[\"registry.terraform.io/hashicorp/aws\"]",
      "instances": [
        {
          "schema_version": 0,
          "attributes": {
            "id": "EpRole247-202210131407448707000000f6",
            "policy_arn": "arn:aws:iam::455436446709:policy/EPPolicy16",
            "role": "EpRole247"
          },
          "sensitive_attributes": [],
          "private": "bnVsbA==",
          "dependencies": [
            "aws_iam_policy.EPPolicy16",
            "aws_iam_policy.EPPolicy31",
            "aws_iam_role.iam_EpRole247",
            "time_sleep.wait_2_seconds"
          ]
        }
      ]
    },
    {
      "mode": "managed",
      "type": "aws_iam_role_policy_attachment",
      "name": "iam_attach_EpRole248",
      "provider": "provider[\"registry.terraform.io/hashicorp/aws\"]",
      "instances": [
        {
          "schema_version": 0,
          "attributes": {
            "id": "EpRole248-2022101314073071570000004e",
            "policy_arn": "arn:aws:iam::455436446709:policy/EPPolicy16",
            "role": "EpRole248"
          },
          "sensitive_attributes": [],
          "private": "bnVsbA==",
          "dependencies": [
            "aws_iam_policy.EPPolicy16",
            "aws_iam_policy.EPPolicy32",
            "aws_iam_role.iam_EpRole248",
            "time_sleep.wait_2_seconds"
          ]
        }
      ]
    },
    {
      "mode": "managed",
      "type": "aws_iam_role_policy_attachment",
      "name": "iam_attach_EpRole249",
      "provider": "provider[\"registry.terraform.io/hashicorp/aws\"]",
      "instances": [
        {
          "schema_version": 0,
          "attributes": {
            "id": "EpRole249-202210131407403165000000c1",
            "policy_arn": "arn:aws:iam::455436446709:policy/EPPolicy17",
            "role": "EpRole249"
          },
          "sensitive_attributes": [],
          "private": "bnVsbA==",
          "dependencies": [
            "aws_iam_policy.EPPolicy17",
            "aws_iam_policy.EPPolicy18",
            "aws_iam_role.iam_EpRole249",
            "time_sleep.wait_2_seconds"
          ]
        }
      ]
    },
    {
      "mode": "managed",
      "type": "aws_iam_role_policy_attachment",
      "name": "iam_attach_EpRole25",
      "provider": "provider[\"registry.terraform.io/hashicorp/aws\"]",
      "instances": [
        {
          "schema_version": 0,
          "attributes": {
            "id": "EpRole25-2022101314074698970000010e",
            "policy_arn": "arn:aws:iam::455436446709:policy/EPPolicy2",
            "role": "EpRole25"
          },
          "sensitive_attributes": [],
          "private": "bnVsbA==",
          "dependencies": [
            "aws_iam_policy.EPPolicy2",
            "aws_iam_policy.EPPolicy4",
            "aws_iam_role.iam_EpRole25",
            "time_sleep.wait_2_seconds"
          ]
        }
      ]
    },
    {
      "mode": "managed",
      "type": "aws_iam_role_policy_attachment",
      "name": "iam_attach_EpRole250",
      "provider": "provider[\"registry.terraform.io/hashicorp/aws\"]",
      "instances": [
        {
          "schema_version": 0,
          "attributes": {
            "id": "EpRole250-20221013140732641300000070",
            "policy_arn": "arn:aws:iam::455436446709:policy/EPPolicy17",
            "role": "EpRole250"
          },
          "sensitive_attributes": [],
          "private": "bnVsbA==",
          "dependencies": [
            "aws_iam_policy.EPPolicy17",
            "aws_iam_policy.EPPolicy19",
            "aws_iam_role.iam_EpRole250",
            "time_sleep.wait_2_seconds"
          ]
        }
      ]
    },
    {
      "mode": "managed",
      "type": "aws_iam_role_policy_attachment",
      "name": "iam_attach_EpRole251",
      "provider": "provider[\"registry.terraform.io/hashicorp/aws\"]",
      "instances": [
        {
          "schema_version": 0,
          "attributes": {
            "id": "EpRole251-2022101314073380100000007f",
            "policy_arn": "arn:aws:iam::455436446709:policy/EPPolicy17",
            "role": "EpRole251"
          },
          "sensitive_attributes": [],
          "private": "bnVsbA==",
          "dependencies": [
            "aws_iam_policy.EPPolicy17",
            "aws_iam_policy.EPPolicy20",
            "aws_iam_role.iam_EpRole251",
            "time_sleep.wait_2_seconds"
          ]
        }
      ]
    },
    {
      "mode": "managed",
      "type": "aws_iam_role_policy_attachment",
      "name": "iam_attach_EpRole252",
      "provider": "provider[\"registry.terraform.io/hashicorp/aws\"]",
      "instances": [
        {
          "schema_version": 0,
          "attributes": {
            "id": "EpRole252-202210131407417111000000d2",
            "policy_arn": "arn:aws:iam::455436446709:policy/EPPolicy17",
            "role": "EpRole252"
          },
          "sensitive_attributes": [],
          "private": "bnVsbA==",
          "dependencies": [
            "aws_iam_policy.EPPolicy17",
            "aws_iam_policy.EPPolicy21",
            "aws_iam_role.iam_EpRole252",
            "time_sleep.wait_2_seconds"
          ]
        }
      ]
    },
    {
      "mode": "managed",
      "type": "aws_iam_role_policy_attachment",
      "name": "iam_attach_EpRole253",
      "provider": "provider[\"registry.terraform.io/hashicorp/aws\"]",
      "instances": [
        {
          "schema_version": 0,
          "attributes": {
            "id": "EpRole253-20221013140727622500000033",
            "policy_arn": "arn:aws:iam::455436446709:policy/EPPolicy17",
            "role": "EpRole253"
          },
          "sensitive_attributes": [],
          "private": "bnVsbA==",
          "dependencies": [
            "aws_iam_policy.EPPolicy17",
            "aws_iam_policy.EPPolicy22",
            "aws_iam_role.iam_EpRole253",
            "time_sleep.wait_2_seconds"
          ]
        }
      ]
    },
    {
      "mode": "managed",
      "type": "aws_iam_role_policy_attachment",
      "name": "iam_attach_EpRole254",
      "provider": "provider[\"registry.terraform.io/hashicorp/aws\"]",
      "instances": [
        {
          "schema_version": 0,
          "attributes": {
            "id": "EpRole254-202210131407441581000000ee",
            "policy_arn": "arn:aws:iam::455436446709:policy/EPPolicy17",
            "role": "EpRole254"
          },
          "sensitive_attributes": [],
          "private": "bnVsbA==",
          "dependencies": [
            "aws_iam_policy.EPPolicy17",
            "aws_iam_policy.EPPolicy31",
            "aws_iam_role.iam_EpRole254",
            "time_sleep.wait_2_seconds"
          ]
        }
      ]
    },
    {
      "mode": "managed",
      "type": "aws_iam_role_policy_attachment",
      "name": "iam_attach_EpRole255",
      "provider": "provider[\"registry.terraform.io/hashicorp/aws\"]",
      "instances": [
        {
          "schema_version": 0,
          "attributes": {
            "id": "EpRole255-20221013140730762600000051",
            "policy_arn": "arn:aws:iam::455436446709:policy/EPPolicy17",
            "role": "EpRole255"
          },
          "sensitive_attributes": [],
          "private": "bnVsbA==",
          "dependencies": [
            "aws_iam_policy.EPPolicy17",
            "aws_iam_policy.EPPolicy32",
            "aws_iam_role.iam_EpRole255",
            "time_sleep.wait_2_seconds"
          ]
        }
      ]
    },
    {
      "mode": "managed",
      "type": "aws_iam_role_policy_attachment",
      "name": "iam_attach_EpRole256",
      "provider": "provider[\"registry.terraform.io/hashicorp/aws\"]",
      "instances": [
        {
          "schema_version": 0,
          "attributes": {
            "id": "EpRole256-2022101314073163330000005e",
            "policy_arn": "arn:aws:iam::455436446709:policy/EPPolicy18",
            "role": "EpRole256"
          },
          "sensitive_attributes": [],
          "private": "bnVsbA==",
          "dependencies": [
            "aws_iam_policy.EPPolicy18",
            "aws_iam_policy.EPPolicy19",
            "aws_iam_role.iam_EpRole256",
            "time_sleep.wait_2_seconds"
          ]
        }
      ]
    },
    {
      "mode": "managed",
      "type": "aws_iam_role_policy_attachment",
      "name": "iam_attach_EpRole257",
      "provider": "provider[\"registry.terraform.io/hashicorp/aws\"]",
      "instances": [
        {
          "schema_version": 0,
          "attributes": {
            "id": "EpRole257-20221013140732911300000073",
            "policy_arn": "arn:aws:iam::455436446709:policy/EPPolicy18",
            "role": "EpRole257"
          },
          "sensitive_attributes": [],
          "private": "bnVsbA==",
          "dependencies": [
            "aws_iam_policy.EPPolicy18",
            "aws_iam_policy.EPPolicy20",
            "aws_iam_role.iam_EpRole257",
            "time_sleep.wait_2_seconds"
          ]
        }
      ]
    },
    {
      "mode": "managed",
      "type": "aws_iam_role_policy_attachment",
      "name": "iam_attach_EpRole258",
      "provider": "provider[\"registry.terraform.io/hashicorp/aws\"]",
      "instances": [
        {
          "schema_version": 0,
          "attributes": {
            "id": "EpRole258-202210131407442238000000ef",
            "policy_arn": "arn:aws:iam::455436446709:policy/EPPolicy18",
            "role": "EpRole258"
          },
          "sensitive_attributes": [],
          "private": "bnVsbA==",
          "dependencies": [
            "aws_iam_policy.EPPolicy18",
            "aws_iam_policy.EPPolicy21",
            "aws_iam_role.iam_EpRole258",
            "time_sleep.wait_2_seconds"
          ]
        }
      ]
    },
    {
      "mode": "managed",
      "type": "aws_iam_role_policy_attachment",
      "name": "iam_attach_EpRole259",
      "provider": "provider[\"registry.terraform.io/hashicorp/aws\"]",
      "instances": [
        {
          "schema_version": 0,
          "attributes": {
            "id": "EpRole259-20221013140727783900000036",
            "policy_arn": "arn:aws:iam::455436446709:policy/EPPolicy18",
            "role": "EpRole259"
          },
          "sensitive_attributes": [],
          "private": "bnVsbA==",
          "dependencies": [
            "aws_iam_policy.EPPolicy18",
            "aws_iam_policy.EPPolicy22",
            "aws_iam_role.iam_EpRole259",
            "time_sleep.wait_2_seconds"
          ]
        }
      ]
    },
    {
      "mode": "managed",
      "type": "aws_iam_role_policy_attachment",
      "name": "iam_attach_EpRole26",
      "provider": "provider[\"registry.terraform.io/hashicorp/aws\"]",
      "instances": [
        {
          "schema_version": 0,
          "attributes": {
            "id": "EpRole26-202210131407371776000000a3",
            "policy_arn": "arn:aws:iam::455436446709:policy/EPPolicy2",
            "role": "EpRole26"
          },
          "sensitive_attributes": [],
          "private": "bnVsbA==",
          "dependencies": [
            "aws_iam_policy.EPPolicy2",
            "aws_iam_policy.EPPolicy5",
            "aws_iam_role.iam_EpRole26",
            "time_sleep.wait_2_seconds"
          ]
        }
      ]
    },
    {
      "mode": "managed",
      "type": "aws_iam_role_policy_attachment",
      "name": "iam_attach_EpRole260",
      "provider": "provider[\"registry.terraform.io/hashicorp/aws\"]",
      "instances": [
        {
          "schema_version": 0,
          "attributes": {
            "id": "EpRole260-202210131407439744000000ec",
            "policy_arn": "arn:aws:iam::455436446709:policy/EPPolicy18",
            "role": "EpRole260"
          },
          "sensitive_attributes": [],
          "private": "bnVsbA==",
          "dependencies": [
            "aws_iam_policy.EPPolicy18",
            "aws_iam_policy.EPPolicy31",
            "aws_iam_role.iam_EpRole260",
            "time_sleep.wait_2_seconds"
          ]
        }
      ]
    },
    {
      "mode": "managed",
      "type": "aws_iam_role_policy_attachment",
      "name": "iam_attach_EpRole261",
      "provider": "provider[\"registry.terraform.io/hashicorp/aws\"]",
      "instances": [
        {
          "schema_version": 0,
          "attributes": {
            "id": "EpRole261-2022101314073072010000004f",
            "policy_arn": "arn:aws:iam::455436446709:policy/EPPolicy18",
            "role": "EpRole261"
          },
          "sensitive_attributes": [],
          "private": "bnVsbA==",
          "dependencies": [
            "aws_iam_policy.EPPolicy18",
            "aws_iam_policy.EPPolicy32",
            "aws_iam_role.iam_EpRole261",
            "time_sleep.wait_2_seconds"
          ]
        }
      ]
    },
    {
      "mode": "managed",
      "type": "aws_iam_role_policy_attachment",
      "name": "iam_attach_EpRole262",
      "provider": "provider[\"registry.terraform.io/hashicorp/aws\"]",
      "instances": [
        {
          "schema_version": 0,
          "attributes": {
            "id": "EpRole262-2022101314073356140000007d",
            "policy_arn": "arn:aws:iam::455436446709:policy/EPPolicy19",
            "role": "EpRole262"
          },
          "sensitive_attributes": [],
          "private": "bnVsbA==",
          "dependencies": [
            "aws_iam_policy.EPPolicy19",
            "aws_iam_policy.EPPolicy20",
            "aws_iam_role.iam_EpRole262",
            "time_sleep.wait_2_seconds"
          ]
        }
      ]
    },
    {
      "mode": "managed",
      "type": "aws_iam_role_policy_attachment",
      "name": "iam_attach_EpRole263",
      "provider": "provider[\"registry.terraform.io/hashicorp/aws\"]",
      "instances": [
        {
          "schema_version": 0,
          "attributes": {
            "id": "EpRole263-202210131407426326000000dd",
            "policy_arn": "arn:aws:iam::455436446709:policy/EPPolicy19",
            "role": "EpRole263"
          },
          "sensitive_attributes": [],
          "private": "bnVsbA==",
          "dependencies": [
            "aws_iam_policy.EPPolicy19",
            "aws_iam_policy.EPPolicy21",
            "aws_iam_role.iam_EpRole263",
            "time_sleep.wait_2_seconds"
          ]
        }
      ]
    },
    {
      "mode": "managed",
      "type": "aws_iam_role_policy_attachment",
      "name": "iam_attach_EpRole264",
      "provider": "provider[\"registry.terraform.io/hashicorp/aws\"]",
      "instances": [
        {
          "schema_version": 0,
          "attributes": {
            "id": "EpRole264-2022101314072825480000003c",
            "policy_arn": "arn:aws:iam::455436446709:policy/EPPolicy19",
            "role": "EpRole264"
          },
          "sensitive_attributes": [],
          "private": "bnVsbA==",
          "dependencies": [
            "aws_iam_policy.EPPolicy19",
            "aws_iam_policy.EPPolicy22",
            "aws_iam_role.iam_EpRole264",
            "time_sleep.wait_2_seconds"
          ]
        }
      ]
    },
    {
      "mode": "managed",
      "type": "aws_iam_role_policy_attachment",
      "name": "iam_attach_EpRole265",
      "provider": "provider[\"registry.terraform.io/hashicorp/aws\"]",
      "instances": [
        {
          "schema_version": 0,
          "attributes": {
            "id": "EpRole265-20221013140748680800000114",
            "policy_arn": "arn:aws:iam::455436446709:policy/EPPolicy19",
            "role": "EpRole265"
          },
          "sensitive_attributes": [],
          "private": "bnVsbA==",
          "dependencies": [
            "aws_iam_policy.EPPolicy19",
            "aws_iam_policy.EPPolicy31",
            "aws_iam_role.iam_EpRole265",
            "time_sleep.wait_2_seconds"
          ]
        }
      ]
    },
    {
      "mode": "managed",
      "type": "aws_iam_role_policy_attachment",
      "name": "iam_attach_EpRole266",
      "provider": "provider[\"registry.terraform.io/hashicorp/aws\"]",
      "instances": [
        {
          "schema_version": 0,
          "attributes": {
            "id": "EpRole266-20221013140730172800000049",
            "policy_arn": "arn:aws:iam::455436446709:policy/EPPolicy19",
            "role": "EpRole266"
          },
          "sensitive_attributes": [],
          "private": "bnVsbA==",
          "dependencies": [
            "aws_iam_policy.EPPolicy19",
            "aws_iam_policy.EPPolicy32",
            "aws_iam_role.iam_EpRole266",
            "time_sleep.wait_2_seconds"
          ]
        }
      ]
    },
    {
      "mode": "managed",
      "type": "aws_iam_role_policy_attachment",
      "name": "iam_attach_EpRole267",
      "provider": "provider[\"registry.terraform.io/hashicorp/aws\"]",
      "instances": [
        {
          "schema_version": 0,
          "attributes": {
            "id": "EpRole267-202210131407422911000000db",
            "policy_arn": "arn:aws:iam::455436446709:policy/EPPolicy20",
            "role": "EpRole267"
          },
          "sensitive_attributes": [],
          "private": "bnVsbA==",
          "dependencies": [
            "aws_iam_policy.EPPolicy20",
            "aws_iam_policy.EPPolicy21",
            "aws_iam_role.iam_EpRole267",
            "time_sleep.wait_2_seconds"
          ]
        }
      ]
    },
    {
      "mode": "managed",
      "type": "aws_iam_role_policy_attachment",
      "name": "iam_attach_EpRole268",
      "provider": "provider[\"registry.terraform.io/hashicorp/aws\"]",
      "instances": [
        {
          "schema_version": 0,
          "attributes": {
            "id": "EpRole268-20221013140727310300000030",
            "policy_arn": "arn:aws:iam::455436446709:policy/EPPolicy20",
            "role": "EpRole268"
          },
          "sensitive_attributes": [],
          "private": "bnVsbA==",
          "dependencies": [
            "aws_iam_policy.EPPolicy20",
            "aws_iam_policy.EPPolicy22",
            "aws_iam_role.iam_EpRole268",
            "time_sleep.wait_2_seconds"
          ]
        }
      ]
    },
    {
      "mode": "managed",
      "type": "aws_iam_role_policy_attachment",
      "name": "iam_attach_EpRole269",
      "provider": "provider[\"registry.terraform.io/hashicorp/aws\"]",
      "instances": [
        {
          "schema_version": 0,
          "attributes": {
            "id": "EpRole269-202210131407432047000000e3",
            "policy_arn": "arn:aws:iam::455436446709:policy/EPPolicy20",
            "role": "EpRole269"
          },
          "sensitive_attributes": [],
          "private": "bnVsbA==",
          "dependencies": [
            "aws_iam_policy.EPPolicy20",
            "aws_iam_policy.EPPolicy31",
            "aws_iam_role.iam_EpRole269",
            "time_sleep.wait_2_seconds"
          ]
        }
      ]
    },
    {
      "mode": "managed",
      "type": "aws_iam_role_policy_attachment",
      "name": "iam_attach_EpRole27",
      "provider": "provider[\"registry.terraform.io/hashicorp/aws\"]",
      "instances": [
        {
          "schema_version": 0,
          "attributes": {
            "id": "EpRole27-2022101314074679500000010d",
            "policy_arn": "arn:aws:iam::455436446709:policy/EPPolicy2",
            "role": "EpRole27"
          },
          "sensitive_attributes": [],
          "private": "bnVsbA==",
          "dependencies": [
            "aws_iam_policy.EPPolicy2",
            "aws_iam_policy.EPPolicy6",
            "aws_iam_role.iam_EpRole27",
            "time_sleep.wait_2_seconds"
          ]
        }
      ]
    },
    {
      "mode": "managed",
      "type": "aws_iam_role_policy_attachment",
      "name": "iam_attach_EpRole270",
      "provider": "provider[\"registry.terraform.io/hashicorp/aws\"]",
      "instances": [
        {
          "schema_version": 0,
          "attributes": {
            "id": "EpRole270-20221013140729361400000041",
            "policy_arn": "arn:aws:iam::455436446709:policy/EPPolicy20",
            "role": "EpRole270"
          },
          "sensitive_attributes": [],
          "private": "bnVsbA==",
          "dependencies": [
            "aws_iam_policy.EPPolicy20",
            "aws_iam_policy.EPPolicy32",
            "aws_iam_role.iam_EpRole270",
            "time_sleep.wait_2_seconds"
          ]
        }
      ]
    },
    {
      "mode": "managed",
      "type": "aws_iam_role_policy_attachment",
      "name": "iam_attach_EpRole271",
      "provider": "provider[\"registry.terraform.io/hashicorp/aws\"]",
      "instances": [
        {
          "schema_version": 0,
          "attributes": {
            "id": "EpRole271-2022101314072701470000002b",
            "policy_arn": "arn:aws:iam::455436446709:policy/EPPolicy21",
            "role": "EpRole271"
          },
          "sensitive_attributes": [],
          "private": "bnVsbA==",
          "dependencies": [
            "aws_iam_policy.EPPolicy21",
            "aws_iam_policy.EPPolicy22",
            "aws_iam_role.iam_EpRole271",
            "time_sleep.wait_2_seconds"
          ]
        }
      ]
    },
    {
      "mode": "managed",
      "type": "aws_iam_role_policy_attachment",
      "name": "iam_attach_EpRole272",
      "provider": "provider[\"registry.terraform.io/hashicorp/aws\"]",
      "instances": [
        {
          "schema_version": 0,
          "attributes": {
            "id": "EpRole272-202210131407434092000000e6",
            "policy_arn": "arn:aws:iam::455436446709:policy/EPPolicy21",
            "role": "EpRole272"
          },
          "sensitive_attributes": [],
          "private": "bnVsbA==",
          "dependencies": [
            "aws_iam_policy.EPPolicy21",
            "aws_iam_policy.EPPolicy31",
            "aws_iam_role.iam_EpRole272",
            "time_sleep.wait_2_seconds"
          ]
        }
      ]
    },
    {
      "mode": "managed",
      "type": "aws_iam_role_policy_attachment",
      "name": "iam_attach_EpRole273",
      "provider": "provider[\"registry.terraform.io/hashicorp/aws\"]",
      "instances": [
        {
          "schema_version": 0,
          "attributes": {
            "id": "EpRole273-2022101314073039180000004b",
            "policy_arn": "arn:aws:iam::455436446709:policy/EPPolicy21",
            "role": "EpRole273"
          },
          "sensitive_attributes": [],
          "private": "bnVsbA==",
          "dependencies": [
            "aws_iam_policy.EPPolicy21",
            "aws_iam_policy.EPPolicy32",
            "aws_iam_role.iam_EpRole273",
            "time_sleep.wait_2_seconds"
          ]
        }
      ]
    },
    {
      "mode": "managed",
      "type": "aws_iam_role_policy_attachment",
      "name": "iam_attach_EpRole274",
      "provider": "provider[\"registry.terraform.io/hashicorp/aws\"]",
      "instances": [
        {
          "schema_version": 0,
          "attributes": {
            "id": "EpRole274-202210131407437822000000e9",
            "policy_arn": "arn:aws:iam::455436446709:policy/EPPolicy22",
            "role": "EpRole274"
          },
          "sensitive_attributes": [],
          "private": "bnVsbA==",
          "dependencies": [
            "aws_iam_policy.EPPolicy22",
            "aws_iam_policy.EPPolicy31",
            "aws_iam_role.iam_EpRole274",
            "time_sleep.wait_2_seconds"
          ]
        }
      ]
    },
    {
      "mode": "managed",
      "type": "aws_iam_role_policy_attachment",
      "name": "iam_attach_EpRole275",
      "provider": "provider[\"registry.terraform.io/hashicorp/aws\"]",
      "instances": [
        {
          "schema_version": 0,
          "attributes": {
            "id": "EpRole275-20221013140729869200000046",
            "policy_arn": "arn:aws:iam::455436446709:policy/EPPolicy22",
            "role": "EpRole275"
          },
          "sensitive_attributes": [],
          "private": "bnVsbA==",
          "dependencies": [
            "aws_iam_policy.EPPolicy22",
            "aws_iam_policy.EPPolicy32",
            "aws_iam_role.iam_EpRole275",
            "time_sleep.wait_2_seconds"
          ]
        }
      ]
    },
    {
      "mode": "managed",
      "type": "aws_iam_role_policy_attachment",
      "name": "iam_attach_EpRole276",
      "provider": "provider[\"registry.terraform.io/hashicorp/aws\"]",
      "instances": [
        {
          "schema_version": 0,
          "attributes": {
            "id": "EpRole276-20221013140730766000000052",
            "policy_arn": "arn:aws:iam::455436446709:policy/EPPolicy31",
            "role": "EpRole276"
          },
          "sensitive_attributes": [],
          "private": "bnVsbA==",
          "dependencies": [
            "aws_iam_policy.EPPolicy31",
            "aws_iam_policy.EPPolicy32",
            "aws_iam_role.iam_EpRole276",
            "time_sleep.wait_2_seconds"
          ]
        }
      ]
    },
    {
      "mode": "managed",
      "type": "aws_iam_role_policy_attachment",
      "name": "iam_attach_EpRole28",
      "provider": "provider[\"registry.terraform.io/hashicorp/aws\"]",
      "instances": [
        {
          "schema_version": 0,
          "attributes": {
            "id": "EpRole28-20221013140746134100000104",
            "policy_arn": "arn:aws:iam::455436446709:policy/EPPolicy2",
            "role": "EpRole28"
          },
          "sensitive_attributes": [],
          "private": "bnVsbA==",
          "dependencies": [
            "aws_iam_policy.EPPolicy2",
            "aws_iam_policy.EPPolicy7",
            "aws_iam_role.iam_EpRole28",
            "time_sleep.wait_2_seconds"
          ]
        }
      ]
    },
    {
      "mode": "managed",
      "type": "aws_iam_role_policy_attachment",
      "name": "iam_attach_EpRole29",
      "provider": "provider[\"registry.terraform.io/hashicorp/aws\"]",
      "instances": [
        {
          "schema_version": 0,
          "attributes": {
            "id": "EpRole29-202210131407397257000000bc",
            "policy_arn": "arn:aws:iam::455436446709:policy/EPPolicy2",
            "role": "EpRole29"
          },
          "sensitive_attributes": [],
          "private": "bnVsbA==",
          "dependencies": [
            "aws_iam_policy.EPPolicy2",
            "aws_iam_policy.EPPolicy8",
            "aws_iam_role.iam_EpRole29",
            "time_sleep.wait_2_seconds"
          ]
        }
      ]
    },
    {
      "mode": "managed",
      "type": "aws_iam_role_policy_attachment",
      "name": "iam_attach_EpRole3",
      "provider": "provider[\"registry.terraform.io/hashicorp/aws\"]",
      "instances": [
        {
          "schema_version": 0,
          "attributes": {
            "id": "EpRole3-2022101314074724670000010f",
            "policy_arn": "arn:aws:iam::455436446709:policy/EPPolicy1",
            "role": "EpRole3"
          },
          "sensitive_attributes": [],
          "private": "bnVsbA==",
          "dependencies": [
            "aws_iam_policy.EPPolicy1",
            "aws_iam_policy.EPPolicy4",
            "aws_iam_role.iam_EpRole3",
            "time_sleep.wait_2_seconds"
          ]
        }
      ]
    },
    {
      "mode": "managed",
      "type": "aws_iam_role_policy_attachment",
      "name": "iam_attach_EpRole30",
      "provider": "provider[\"registry.terraform.io/hashicorp/aws\"]",
      "instances": [
        {
          "schema_version": 0,
          "attributes": {
            "id": "EpRole30-202210131407390926000000b5",
            "policy_arn": "arn:aws:iam::455436446709:policy/EPPolicy2",
            "role": "EpRole30"
          },
          "sensitive_attributes": [],
          "private": "bnVsbA==",
          "dependencies": [
            "aws_iam_policy.EPPolicy2",
            "aws_iam_policy.EPPolicy9",
            "aws_iam_role.iam_EpRole30",
            "time_sleep.wait_2_seconds"
          ]
        }
      ]
    },
    {
      "mode": "managed",
      "type": "aws_iam_role_policy_attachment",
      "name": "iam_attach_EpRole31",
      "provider": "provider[\"registry.terraform.io/hashicorp/aws\"]",
      "instances": [
        {
          "schema_version": 0,
          "attributes": {
            "id": "EpRole31-2022101314073142850000005d",
            "policy_arn": "arn:aws:iam::455436446709:policy/EPPolicy2",
            "role": "EpRole31"
          },
          "sensitive_attributes": [],
          "private": "bnVsbA==",
          "dependencies": [
            "aws_iam_policy.EPPolicy10",
            "aws_iam_policy.EPPolicy2",
            "aws_iam_role.iam_EpRole31",
            "time_sleep.wait_2_seconds"
          ]
        }
      ]
    },
    {
      "mode": "managed",
      "type": "aws_iam_role_policy_attachment",
      "name": "iam_attach_EpRole32",
      "provider": "provider[\"registry.terraform.io/hashicorp/aws\"]",
      "instances": [
        {
          "schema_version": 0,
          "attributes": {
            "id": "EpRole32-20221013140747363100000111",
            "policy_arn": "arn:aws:iam::455436446709:policy/EPPolicy2",
            "role": "EpRole32"
          },
          "sensitive_attributes": [],
          "private": "bnVsbA==",
          "dependencies": [
            "aws_iam_policy.EPPolicy11",
            "aws_iam_policy.EPPolicy2",
            "aws_iam_role.iam_EpRole32",
            "time_sleep.wait_2_seconds"
          ]
        }
      ]
    },
    {
      "mode": "managed",
      "type": "aws_iam_role_policy_attachment",
      "name": "iam_attach_EpRole33",
      "provider": "provider[\"registry.terraform.io/hashicorp/aws\"]",
      "instances": [
        {
          "schema_version": 0,
          "attributes": {
            "id": "EpRole33-20221013140735116200000088",
            "policy_arn": "arn:aws:iam::455436446709:policy/EPPolicy2",
            "role": "EpRole33"
          },
          "sensitive_attributes": [],
          "private": "bnVsbA==",
          "dependencies": [
            "aws_iam_policy.EPPolicy12",
            "aws_iam_policy.EPPolicy2",
            "aws_iam_role.iam_EpRole33",
            "time_sleep.wait_2_seconds"
          ]
        }
      ]
    },
    {
      "mode": "managed",
      "type": "aws_iam_role_policy_attachment",
      "name": "iam_attach_EpRole34",
      "provider": "provider[\"registry.terraform.io/hashicorp/aws\"]",
      "instances": [
        {
          "schema_version": 0,
          "attributes": {
            "id": "EpRole34-2022101314072546630000000e",
            "policy_arn": "arn:aws:iam::455436446709:policy/EPPolicy2",
            "role": "EpRole34"
          },
          "sensitive_attributes": [],
          "private": "bnVsbA==",
          "dependencies": [
            "aws_iam_policy.EPPolicy13",
            "aws_iam_policy.EPPolicy2",
            "aws_iam_role.iam_EpRole34",
            "time_sleep.wait_2_seconds"
          ]
        }
      ]
    },
    {
      "mode": "managed",
      "type": "aws_iam_role_policy_attachment",
      "name": "iam_attach_EpRole35",
      "provider": "provider[\"registry.terraform.io/hashicorp/aws\"]",
      "instances": [
        {
          "schema_version": 0,
          "attributes": {
            "id": "EpRole35-20221013140724446800000003",
            "policy_arn": "arn:aws:iam::455436446709:policy/EPPolicy2",
            "role": "EpRole35"
          },
          "sensitive_attributes": [],
          "private": "bnVsbA==",
          "dependencies": [
            "aws_iam_policy.EPPolicy14",
            "aws_iam_policy.EPPolicy2",
            "aws_iam_role.iam_EpRole35",
            "time_sleep.wait_2_seconds"
          ]
        }
      ]
    },
    {
      "mode": "managed",
      "type": "aws_iam_role_policy_attachment",
      "name": "iam_attach_EpRole36",
      "provider": "provider[\"registry.terraform.io/hashicorp/aws\"]",
      "instances": [
        {
          "schema_version": 0,
          "attributes": {
            "id": "EpRole36-202210131407414837000000cd",
            "policy_arn": "arn:aws:iam::455436446709:policy/EPPolicy2",
            "role": "EpRole36"
          },
          "sensitive_attributes": [],
          "private": "bnVsbA==",
          "dependencies": [
            "aws_iam_policy.EPPolicy15",
            "aws_iam_policy.EPPolicy2",
            "aws_iam_role.iam_EpRole36",
            "time_sleep.wait_2_seconds"
          ]
        }
      ]
    },
    {
      "mode": "managed",
      "type": "aws_iam_role_policy_attachment",
      "name": "iam_attach_EpRole37",
      "provider": "provider[\"registry.terraform.io/hashicorp/aws\"]",
      "instances": [
        {
          "schema_version": 0,
          "attributes": {
            "id": "EpRole37-2022101314073584320000008e",
            "policy_arn": "arn:aws:iam::455436446709:policy/EPPolicy2",
            "role": "EpRole37"
          },
          "sensitive_attributes": [],
          "private": "bnVsbA==",
          "dependencies": [
            "aws_iam_policy.EPPolicy16",
            "aws_iam_policy.EPPolicy2",
            "aws_iam_role.iam_EpRole37",
            "time_sleep.wait_2_seconds"
          ]
        }
      ]
    },
    {
      "mode": "managed",
      "type": "aws_iam_role_policy_attachment",
      "name": "iam_attach_EpRole38",
      "provider": "provider[\"registry.terraform.io/hashicorp/aws\"]",
      "instances": [
        {
          "schema_version": 0,
          "attributes": {
            "id": "EpRole38-2022101314072641320000001f",
            "policy_arn": "arn:aws:iam::455436446709:policy/EPPolicy2",
            "role": "EpRole38"
          },
          "sensitive_attributes": [],
          "private": "bnVsbA==",
          "dependencies": [
            "aws_iam_policy.EPPolicy17",
            "aws_iam_policy.EPPolicy2",
            "aws_iam_role.iam_EpRole38",
            "time_sleep.wait_2_seconds"
          ]
        }
      ]
    },
    {
      "mode": "managed",
      "type": "aws_iam_role_policy_attachment",
      "name": "iam_attach_EpRole39",
      "provider": "provider[\"registry.terraform.io/hashicorp/aws\"]",
      "instances": [
        {
          "schema_version": 0,
          "attributes": {
            "id": "EpRole39-202210131407378365000000a8",
            "policy_arn": "arn:aws:iam::455436446709:policy/EPPolicy2",
            "role": "EpRole39"
          },
          "sensitive_attributes": [],
          "private": "bnVsbA==",
          "dependencies": [
            "aws_iam_policy.EPPolicy18",
            "aws_iam_policy.EPPolicy2",
            "aws_iam_role.iam_EpRole39",
            "time_sleep.wait_2_seconds"
          ]
        }
      ]
    },
    {
      "mode": "managed",
      "type": "aws_iam_role_policy_attachment",
      "name": "iam_attach_EpRole4",
      "provider": "provider[\"registry.terraform.io/hashicorp/aws\"]",
      "instances": [
        {
          "schema_version": 0,
          "attributes": {
            "id": "EpRole4-202210131407371733000000a2",
            "policy_arn": "arn:aws:iam::455436446709:policy/EPPolicy1",
            "role": "EpRole4"
          },
          "sensitive_attributes": [],
          "private": "bnVsbA==",
          "dependencies": [
            "aws_iam_policy.EPPolicy1",
            "aws_iam_policy.EPPolicy5",
            "aws_iam_role.iam_EpRole4",
            "time_sleep.wait_2_seconds"
          ]
        }
      ]
    },
    {
      "mode": "managed",
      "type": "aws_iam_role_policy_attachment",
      "name": "iam_attach_EpRole40",
      "provider": "provider[\"registry.terraform.io/hashicorp/aws\"]",
      "instances": [
        {
          "schema_version": 0,
          "attributes": {
            "id": "EpRole40-2022101314073261570000006f",
            "policy_arn": "arn:aws:iam::455436446709:policy/EPPolicy2",
            "role": "EpRole40"
          },
          "sensitive_attributes": [],
          "private": "bnVsbA==",
          "dependencies": [
            "aws_iam_policy.EPPolicy19",
            "aws_iam_policy.EPPolicy2",
            "aws_iam_role.iam_EpRole40",
            "time_sleep.wait_2_seconds"
          ]
        }
      ]
    },
    {
      "mode": "managed",
      "type": "aws_iam_role_policy_attachment",
      "name": "iam_attach_EpRole41",
      "provider": "provider[\"registry.terraform.io/hashicorp/aws\"]",
      "instances": [
        {
          "schema_version": 0,
          "attributes": {
            "id": "EpRole41-20221013140736389900000095",
            "policy_arn": "arn:aws:iam::455436446709:policy/EPPolicy2",
            "role": "EpRole41"
          },
          "sensitive_attributes": [],
          "private": "bnVsbA==",
          "dependencies": [
            "aws_iam_policy.EPPolicy2",
            "aws_iam_policy.EPPolicy20",
            "aws_iam_role.iam_EpRole41",
            "time_sleep.wait_2_seconds"
          ]
        }
      ]
    },
    {
      "mode": "managed",
      "type": "aws_iam_role_policy_attachment",
      "name": "iam_attach_EpRole42",
      "provider": "provider[\"registry.terraform.io/hashicorp/aws\"]",
      "instances": [
        {
          "schema_version": 0,
          "attributes": {
            "id": "EpRole42-202210131407421185000000d7",
            "policy_arn": "arn:aws:iam::455436446709:policy/EPPolicy2",
            "role": "EpRole42"
          },
          "sensitive_attributes": [],
          "private": "bnVsbA==",
          "dependencies": [
            "aws_iam_policy.EPPolicy2",
            "aws_iam_policy.EPPolicy21",
            "aws_iam_role.iam_EpRole42",
            "time_sleep.wait_2_seconds"
          ]
        }
      ]
    },
    {
      "mode": "managed",
      "type": "aws_iam_role_policy_attachment",
      "name": "iam_attach_EpRole43",
      "provider": "provider[\"registry.terraform.io/hashicorp/aws\"]",
      "instances": [
        {
          "schema_version": 0,
          "attributes": {
            "id": "EpRole43-2022101314072904480000003f",
            "policy_arn": "arn:aws:iam::455436446709:policy/EPPolicy2",
            "role": "EpRole43"
          },
          "sensitive_attributes": [],
          "private": "bnVsbA==",
          "dependencies": [
            "aws_iam_policy.EPPolicy2",
            "aws_iam_policy.EPPolicy22",
            "aws_iam_role.iam_EpRole43",
            "time_sleep.wait_2_seconds"
          ]
        }
      ]
    },
    {
      "mode": "managed",
      "type": "aws_iam_role_policy_attachment",
      "name": "iam_attach_EpRole44",
      "provider": "provider[\"registry.terraform.io/hashicorp/aws\"]",
      "instances": [
        {
          "schema_version": 0,
          "attributes": {
            "id": "EpRole44-202210131407453266000000fa",
            "policy_arn": "arn:aws:iam::455436446709:policy/EPPolicy2",
            "role": "EpRole44"
          },
          "sensitive_attributes": [],
          "private": "bnVsbA==",
          "dependencies": [
            "aws_iam_policy.EPPolicy2",
            "aws_iam_policy.EPPolicy31",
            "aws_iam_role.iam_EpRole44",
            "time_sleep.wait_2_seconds"
          ]
        }
      ]
    },
    {
      "mode": "managed",
      "type": "aws_iam_role_policy_attachment",
      "name": "iam_attach_EpRole45",
      "provider": "provider[\"registry.terraform.io/hashicorp/aws\"]",
      "instances": [
        {
          "schema_version": 0,
          "attributes": {
            "id": "EpRole45-2022101314073059600000004d",
            "policy_arn": "arn:aws:iam::455436446709:policy/EPPolicy2",
            "role": "EpRole45"
          },
          "sensitive_attributes": [],
          "private": "bnVsbA==",
          "dependencies": [
            "aws_iam_policy.EPPolicy2",
            "aws_iam_policy.EPPolicy32",
            "aws_iam_role.iam_EpRole45",
            "time_sleep.wait_2_seconds"
          ]
        }
      ]
    },
    {
      "mode": "managed",
      "type": "aws_iam_role_policy_attachment",
      "name": "iam_attach_EpRole46",
      "provider": "provider[\"registry.terraform.io/hashicorp/aws\"]",
      "instances": [
        {
          "schema_version": 0,
          "attributes": {
            "id": "EpRole46-20221013140748416800000113",
            "policy_arn": "arn:aws:iam::455436446709:policy/EPPolicy3",
            "role": "EpRole46"
          },
          "sensitive_attributes": [],
          "private": "bnVsbA==",
          "dependencies": [
            "aws_iam_policy.EPPolicy3",
            "aws_iam_policy.EPPolicy4",
            "aws_iam_role.iam_EpRole46",
            "time_sleep.wait_2_seconds"
          ]
        }
      ]
    },
    {
      "mode": "managed",
      "type": "aws_iam_role_policy_attachment",
      "name": "iam_attach_EpRole47",
      "provider": "provider[\"registry.terraform.io/hashicorp/aws\"]",
      "instances": [
        {
          "schema_version": 0,
          "attributes": {
            "id": "EpRole47-202210131407371681000000a0",
            "policy_arn": "arn:aws:iam::455436446709:policy/EPPolicy3",
            "role": "EpRole47"
          },
          "sensitive_attributes": [],
          "private": "bnVsbA==",
          "dependencies": [
            "aws_iam_policy.EPPolicy3",
            "aws_iam_policy.EPPolicy5",
            "aws_iam_role.iam_EpRole47",
            "time_sleep.wait_2_seconds"
          ]
        }
      ]
    },
    {
      "mode": "managed",
      "type": "aws_iam_role_policy_attachment",
      "name": "iam_attach_EpRole48",
      "provider": "provider[\"registry.terraform.io/hashicorp/aws\"]",
      "instances": [
        {
          "schema_version": 0,
          "attributes": {
            "id": "EpRole48-20221013140747278200000110",
            "policy_arn": "arn:aws:iam::455436446709:policy/EPPolicy3",
            "role": "EpRole48"
          },
          "sensitive_attributes": [],
          "private": "bnVsbA==",
          "dependencies": [
            "aws_iam_policy.EPPolicy3",
            "aws_iam_policy.EPPolicy6",
            "aws_iam_role.iam_EpRole48",
            "time_sleep.wait_2_seconds"
          ]
        }
      ]
    },
    {
      "mode": "managed",
      "type": "aws_iam_role_policy_attachment",
      "name": "iam_attach_EpRole49",
      "provider": "provider[\"registry.terraform.io/hashicorp/aws\"]",
      "instances": [
        {
          "schema_version": 0,
          "attributes": {
            "id": "EpRole49-202210131407456000000000fe",
            "policy_arn": "arn:aws:iam::455436446709:policy/EPPolicy3",
            "role": "EpRole49"
          },
          "sensitive_attributes": [],
          "private": "bnVsbA==",
          "dependencies": [
            "aws_iam_policy.EPPolicy3",
            "aws_iam_policy.EPPolicy7",
            "aws_iam_role.iam_EpRole49",
            "time_sleep.wait_2_seconds"
          ]
        }
      ]
    },
    {
      "mode": "managed",
      "type": "aws_iam_role_policy_attachment",
      "name": "iam_attach_EpRole5",
      "provider": "provider[\"registry.terraform.io/hashicorp/aws\"]",
      "instances": [
        {
          "schema_version": 0,
          "attributes": {
            "id": "EpRole5-2022101314074667560000010b",
            "policy_arn": "arn:aws:iam::455436446709:policy/EPPolicy1",
            "role": "EpRole5"
          },
          "sensitive_attributes": [],
          "private": "bnVsbA==",
          "dependencies": [
            "aws_iam_policy.EPPolicy1",
            "aws_iam_policy.EPPolicy6",
            "aws_iam_role.iam_EpRole5",
            "time_sleep.wait_2_seconds"
          ]
        }
      ]
    },
    {
      "mode": "managed",
      "type": "aws_iam_role_policy_attachment",
      "name": "iam_attach_EpRole50",
      "provider": "provider[\"registry.terraform.io/hashicorp/aws\"]",
      "instances": [
        {
          "schema_version": 0,
          "attributes": {
            "id": "EpRole50-202210131407400137000000bf",
            "policy_arn": "arn:aws:iam::455436446709:policy/EPPolicy3",
            "role": "EpRole50"
          },
          "sensitive_attributes": [],
          "private": "bnVsbA==",
          "dependencies": [
            "aws_iam_policy.EPPolicy3",
            "aws_iam_policy.EPPolicy8",
            "aws_iam_role.iam_EpRole50",
            "time_sleep.wait_2_seconds"
          ]
        }
      ]
    },
    {
      "mode": "managed",
      "type": "aws_iam_role_policy_attachment",
      "name": "iam_attach_EpRole51",
      "provider": "provider[\"registry.terraform.io/hashicorp/aws\"]",
      "instances": [
        {
          "schema_version": 0,
          "attributes": {
            "id": "EpRole51-202210131407394395000000b8",
            "policy_arn": "arn:aws:iam::455436446709:policy/EPPolicy3",
            "role": "EpRole51"
          },
          "sensitive_attributes": [],
          "private": "bnVsbA==",
          "dependencies": [
            "aws_iam_policy.EPPolicy3",
            "aws_iam_policy.EPPolicy9",
            "aws_iam_role.iam_EpRole51",
            "time_sleep.wait_2_seconds"
          ]
        }
      ]
    },
    {
      "mode": "managed",
      "type": "aws_iam_role_policy_attachment",
      "name": "iam_attach_EpRole52",
      "provider": "provider[\"registry.terraform.io/hashicorp/aws\"]",
      "instances": [
        {
          "schema_version": 0,
          "attributes": {
            "id": "EpRole52-20221013140731635600000060",
            "policy_arn": "arn:aws:iam::455436446709:policy/EPPolicy3",
            "role": "EpRole52"
          },
          "sensitive_attributes": [],
          "private": "bnVsbA==",
          "dependencies": [
            "aws_iam_policy.EPPolicy10",
            "aws_iam_policy.EPPolicy3",
            "aws_iam_role.iam_EpRole52",
            "time_sleep.wait_2_seconds"
          ]
        }
      ]
    },
    {
      "mode": "managed",
      "type": "aws_iam_role_policy_attachment",
      "name": "iam_attach_EpRole53",
      "provider": "provider[\"registry.terraform.io/hashicorp/aws\"]",
      "instances": [
        {
          "schema_version": 0,
          "attributes": {
            "id": "EpRole53-20221013140746225300000105",
            "policy_arn": "arn:aws:iam::455436446709:policy/EPPolicy3",
            "role": "EpRole53"
          },
          "sensitive_attributes": [],
          "private": "bnVsbA==",
          "dependencies": [
            "aws_iam_policy.EPPolicy11",
            "aws_iam_policy.EPPolicy3",
            "aws_iam_role.iam_EpRole53",
            "time_sleep.wait_2_seconds"
          ]
        }
      ]
    },
    {
      "mode": "managed",
      "type": "aws_iam_role_policy_attachment",
      "name": "iam_attach_EpRole54",
      "provider": "provider[\"registry.terraform.io/hashicorp/aws\"]",
      "instances": [
        {
          "schema_version": 0,
          "attributes": {
            "id": "EpRole54-20221013140734825700000085",
            "policy_arn": "arn:aws:iam::455436446709:policy/EPPolicy3",
            "role": "EpRole54"
          },
          "sensitive_attributes": [],
          "private": "bnVsbA==",
          "dependencies": [
            "aws_iam_policy.EPPolicy12",
            "aws_iam_policy.EPPolicy3",
            "aws_iam_role.iam_EpRole54",
            "time_sleep.wait_2_seconds"
          ]
        }
      ]
    },
    {
      "mode": "managed",
      "type": "aws_iam_role_policy_attachment",
      "name": "iam_attach_EpRole55",
      "provider": "provider[\"registry.terraform.io/hashicorp/aws\"]",
      "instances": [
        {
          "schema_version": 0,
          "attributes": {
            "id": "EpRole55-2022101314072536790000000d",
            "policy_arn": "arn:aws:iam::455436446709:policy/EPPolicy3",
            "role": "EpRole55"
          },
          "sensitive_attributes": [],
          "private": "bnVsbA==",
          "dependencies": [
            "aws_iam_policy.EPPolicy13",
            "aws_iam_policy.EPPolicy3",
            "aws_iam_role.iam_EpRole55",
            "time_sleep.wait_2_seconds"
          ]
        }
      ]
    },
    {
      "mode": "managed",
      "type": "aws_iam_role_policy_attachment",
      "name": "iam_attach_EpRole56",
      "provider": "provider[\"registry.terraform.io/hashicorp/aws\"]",
      "instances": [
        {
          "schema_version": 0,
          "attributes": {
            "id": "EpRole56-20221013140724943700000007",
            "policy_arn": "arn:aws:iam::455436446709:policy/EPPolicy3",
            "role": "EpRole56"
          },
          "sensitive_attributes": [],
          "private": "bnVsbA==",
          "dependencies": [
            "aws_iam_policy.EPPolicy14",
            "aws_iam_policy.EPPolicy3",
            "aws_iam_role.iam_EpRole56",
            "time_sleep.wait_2_seconds"
          ]
        }
      ]
    },
    {
      "mode": "managed",
      "type": "aws_iam_role_policy_attachment",
      "name": "iam_attach_EpRole57",
      "provider": "provider[\"registry.terraform.io/hashicorp/aws\"]",
      "instances": [
        {
          "schema_version": 0,
          "attributes": {
            "id": "EpRole57-202210131407404436000000c4",
            "policy_arn": "arn:aws:iam::455436446709:policy/EPPolicy3",
            "role": "EpRole57"
          },
          "sensitive_attributes": [],
          "private": "bnVsbA==",
          "dependencies": [
            "aws_iam_policy.EPPolicy15",
            "aws_iam_policy.EPPolicy3",
            "aws_iam_role.iam_EpRole57",
            "time_sleep.wait_2_seconds"
          ]
        }
      ]
    },
    {
      "mode": "managed",
      "type": "aws_iam_role_policy_attachment",
      "name": "iam_attach_EpRole58",
      "provider": "provider[\"registry.terraform.io/hashicorp/aws\"]",
      "instances": [
        {
          "schema_version": 0,
          "attributes": {
            "id": "EpRole58-2022101314073696360000009d",
            "policy_arn": "arn:aws:iam::455436446709:policy/EPPolicy3",
            "role": "EpRole58"
          },
          "sensitive_attributes": [],
          "private": "bnVsbA==",
          "dependencies": [
            "aws_iam_policy.EPPolicy16",
            "aws_iam_policy.EPPolicy3",
            "aws_iam_role.iam_EpRole58",
            "time_sleep.wait_2_seconds"
          ]
        }
      ]
    },
    {
      "mode": "managed",
      "type": "aws_iam_role_policy_attachment",
      "name": "iam_attach_EpRole59",
      "provider": "provider[\"registry.terraform.io/hashicorp/aws\"]",
      "instances": [
        {
          "schema_version": 0,
          "attributes": {
            "id": "EpRole59-20221013140726692400000025",
            "policy_arn": "arn:aws:iam::455436446709:policy/EPPolicy3",
            "role": "EpRole59"
          },
          "sensitive_attributes": [],
          "private": "bnVsbA==",
          "dependencies": [
            "aws_iam_policy.EPPolicy17",
            "aws_iam_policy.EPPolicy3",
            "aws_iam_role.iam_EpRole59",
            "time_sleep.wait_2_seconds"
          ]
        }
      ]
    },
    {
      "mode": "managed",
      "type": "aws_iam_role_policy_attachment",
      "name": "iam_attach_EpRole6",
      "provider": "provider[\"registry.terraform.io/hashicorp/aws\"]",
      "instances": [
        {
          "schema_version": 0,
          "attributes": {
            "id": "EpRole6-202210131407455978000000fd",
            "policy_arn": "arn:aws:iam::455436446709:policy/EPPolicy1",
            "role": "EpRole6"
          },
          "sensitive_attributes": [],
          "private": "bnVsbA==",
          "dependencies": [
            "aws_iam_policy.EPPolicy1",
            "aws_iam_policy.EPPolicy7",
            "aws_iam_role.iam_EpRole6",
            "time_sleep.wait_2_seconds"
          ]
        }
      ]
    },
    {
      "mode": "managed",
      "type": "aws_iam_role_policy_attachment",
      "name": "iam_attach_EpRole60",
      "provider": "provider[\"registry.terraform.io/hashicorp/aws\"]",
      "instances": [
        {
          "schema_version": 0,
          "attributes": {
            "id": "EpRole60-202210131407372776000000a4",
            "policy_arn": "arn:aws:iam::455436446709:policy/EPPolicy3",
            "role": "EpRole60"
          },
          "sensitive_attributes": [],
          "private": "bnVsbA==",
          "dependencies": [
            "aws_iam_policy.EPPolicy18",
            "aws_iam_policy.EPPolicy3",
            "aws_iam_role.iam_EpRole60",
            "time_sleep.wait_2_seconds"
          ]
        }
      ]
    },
    {
      "mode": "managed",
      "type": "aws_iam_role_policy_attachment",
      "name": "iam_attach_EpRole61",
      "provider": "provider[\"registry.terraform.io/hashicorp/aws\"]",
      "instances": [
        {
          "schema_version": 0,
          "attributes": {
            "id": "EpRole61-20221013140732095900000067",
            "policy_arn": "arn:aws:iam::455436446709:policy/EPPolicy3",
            "role": "EpRole61"
          },
          "sensitive_attributes": [],
          "private": "bnVsbA==",
          "dependencies": [
            "aws_iam_policy.EPPolicy19",
            "aws_iam_policy.EPPolicy3",
            "aws_iam_role.iam_EpRole61",
            "time_sleep.wait_2_seconds"
          ]
        }
      ]
    },
    {
      "mode": "managed",
      "type": "aws_iam_role_policy_attachment",
      "name": "iam_attach_EpRole62",
      "provider": "provider[\"registry.terraform.io/hashicorp/aws\"]",
      "instances": [
        {
          "schema_version": 0,
          "attributes": {
            "id": "EpRole62-2022101314073330370000007a",
            "policy_arn": "arn:aws:iam::455436446709:policy/EPPolicy3",
            "role": "EpRole62"
          },
          "sensitive_attributes": [],
          "private": "bnVsbA==",
          "dependencies": [
            "aws_iam_policy.EPPolicy20",
            "aws_iam_policy.EPPolicy3",
            "aws_iam_role.iam_EpRole62",
            "time_sleep.wait_2_seconds"
          ]
        }
      ]
    },
    {
      "mode": "managed",
      "type": "aws_iam_role_policy_attachment",
      "name": "iam_attach_EpRole63",
      "provider": "provider[\"registry.terraform.io/hashicorp/aws\"]",
      "instances": [
        {
          "schema_version": 0,
          "attributes": {
            "id": "EpRole63-202210131407426939000000de",
            "policy_arn": "arn:aws:iam::455436446709:policy/EPPolicy3",
            "role": "EpRole63"
          },
          "sensitive_attributes": [],
          "private": "bnVsbA==",
          "dependencies": [
            "aws_iam_policy.EPPolicy21",
            "aws_iam_policy.EPPolicy3",
            "aws_iam_role.iam_EpRole63",
            "time_sleep.wait_2_seconds"
          ]
        }
      ]
    },
    {
      "mode": "managed",
      "type": "aws_iam_role_policy_attachment",
      "name": "iam_attach_EpRole64",
      "provider": "provider[\"registry.terraform.io/hashicorp/aws\"]",
      "instances": [
        {
          "schema_version": 0,
          "attributes": {
            "id": "EpRole64-20221013140727815900000037",
            "policy_arn": "arn:aws:iam::455436446709:policy/EPPolicy3",
            "role": "EpRole64"
          },
          "sensitive_attributes": [],
          "private": "bnVsbA==",
          "dependencies": [
            "aws_iam_policy.EPPolicy22",
            "aws_iam_policy.EPPolicy3",
            "aws_iam_role.iam_EpRole64",
            "time_sleep.wait_2_seconds"
          ]
        }
      ]
    },
    {
      "mode": "managed",
      "type": "aws_iam_role_policy_attachment",
      "name": "iam_attach_EpRole65",
      "provider": "provider[\"registry.terraform.io/hashicorp/aws\"]",
      "instances": [
        {
          "schema_version": 0,
          "attributes": {
            "id": "EpRole65-202210131407432716000000e4",
            "policy_arn": "arn:aws:iam::455436446709:policy/EPPolicy3",
            "role": "EpRole65"
          },
          "sensitive_attributes": [],
          "private": "bnVsbA==",
          "dependencies": [
            "aws_iam_policy.EPPolicy3",
            "aws_iam_policy.EPPolicy31",
            "aws_iam_role.iam_EpRole65",
            "time_sleep.wait_2_seconds"
          ]
        }
      ]
    },
    {
      "mode": "managed",
      "type": "aws_iam_role_policy_attachment",
      "name": "iam_attach_EpRole66",
      "provider": "provider[\"registry.terraform.io/hashicorp/aws\"]",
      "instances": [
        {
          "schema_version": 0,
          "attributes": {
            "id": "EpRole66-20221013140731023000000056",
            "policy_arn": "arn:aws:iam::455436446709:policy/EPPolicy3",
            "role": "EpRole66"
          },
          "sensitive_attributes": [],
          "private": "bnVsbA==",
          "dependencies": [
            "aws_iam_policy.EPPolicy3",
            "aws_iam_policy.EPPolicy32",
            "aws_iam_role.iam_EpRole66",
            "time_sleep.wait_2_seconds"
          ]
        }
      ]
    },
    {
      "mode": "managed",
      "type": "aws_iam_role_policy_attachment",
      "name": "iam_attach_EpRole67",
      "provider": "provider[\"registry.terraform.io/hashicorp/aws\"]",
      "instances": [
        {
          "schema_version": 0,
          "attributes": {
            "id": "EpRole67-202210131407384254000000ad",
            "policy_arn": "arn:aws:iam::455436446709:policy/EPPolicy4",
            "role": "EpRole67"
          },
          "sensitive_attributes": [],
          "private": "bnVsbA==",
          "dependencies": [
            "aws_iam_policy.EPPolicy4",
            "aws_iam_policy.EPPolicy5",
            "aws_iam_role.iam_EpRole67",
            "time_sleep.wait_2_seconds"
          ]
        }
      ]
    },
    {
      "mode": "managed",
      "type": "aws_iam_role_policy_attachment",
      "name": "iam_attach_EpRole68",
      "provider": "provider[\"registry.terraform.io/hashicorp/aws\"]",
      "instances": [
        {
          "schema_version": 0,
          "attributes": {
            "id": "EpRole68-2022101314074658730000010a",
            "policy_arn": "arn:aws:iam::455436446709:policy/EPPolicy4",
            "role": "EpRole68"
          },
          "sensitive_attributes": [],
          "private": "bnVsbA==",
          "dependencies": [
            "aws_iam_policy.EPPolicy4",
            "aws_iam_policy.EPPolicy6",
            "aws_iam_role.iam_EpRole68",
            "time_sleep.wait_2_seconds"
          ]
        }
      ]
    },
    {
      "mode": "managed",
      "type": "aws_iam_role_policy_attachment",
      "name": "iam_attach_EpRole69",
      "provider": "provider[\"registry.terraform.io/hashicorp/aws\"]",
      "instances": [
        {
          "schema_version": 0,
          "attributes": {
            "id": "EpRole69-20221013140745957300000102",
            "policy_arn": "arn:aws:iam::455436446709:policy/EPPolicy4",
            "role": "EpRole69"
          },
          "sensitive_attributes": [],
          "private": "bnVsbA==",
          "dependencies": [
            "aws_iam_policy.EPPolicy4",
            "aws_iam_policy.EPPolicy7",
            "aws_iam_role.iam_EpRole69",
            "time_sleep.wait_2_seconds"
          ]
        }
      ]
    },
    {
      "mode": "managed",
      "type": "aws_iam_role_policy_attachment",
      "name": "iam_attach_EpRole7",
      "provider": "provider[\"registry.terraform.io/hashicorp/aws\"]",
      "instances": [
        {
          "schema_version": 0,
          "attributes": {
            "id": "EpRole7-202210131407404435000000c3",
            "policy_arn": "arn:aws:iam::455436446709:policy/EPPolicy1",
            "role": "EpRole7"
          },
          "sensitive_attributes": [],
          "private": "bnVsbA==",
          "dependencies": [
            "aws_iam_policy.EPPolicy1",
            "aws_iam_policy.EPPolicy8",
            "aws_iam_role.iam_EpRole7",
            "time_sleep.wait_2_seconds"
          ]
        }
      ]
    },
    {
      "mode": "managed",
      "type": "aws_iam_role_policy_attachment",
      "name": "iam_attach_EpRole70",
      "provider": "provider[\"registry.terraform.io/hashicorp/aws\"]",
      "instances": [
        {
          "schema_version": 0,
          "attributes": {
            "id": "EpRole70-202210131407398395000000be",
            "policy_arn": "arn:aws:iam::455436446709:policy/EPPolicy4",
            "role": "EpRole70"
          },
          "sensitive_attributes": [],
          "private": "bnVsbA==",
          "dependencies": [
            "aws_iam_policy.EPPolicy4",
            "aws_iam_policy.EPPolicy8",
            "aws_iam_role.iam_EpRole70",
            "time_sleep.wait_2_seconds"
          ]
        }
      ]
    },
    {
      "mode": "managed",
      "type": "aws_iam_role_policy_attachment",
      "name": "iam_attach_EpRole71",
      "provider": "provider[\"registry.terraform.io/hashicorp/aws\"]",
      "instances": [
        {
          "schema_version": 0,
          "attributes": {
            "id": "EpRole71-202210131407396899000000bb",
            "policy_arn": "arn:aws:iam::455436446709:policy/EPPolicy4",
            "role": "EpRole71"
          },
          "sensitive_attributes": [],
          "private": "bnVsbA==",
          "dependencies": [
            "aws_iam_policy.EPPolicy4",
            "aws_iam_policy.EPPolicy9",
            "aws_iam_role.iam_EpRole71",
            "time_sleep.wait_2_seconds"
          ]
        }
      ]
    },
    {
      "mode": "managed",
      "type": "aws_iam_role_policy_attachment",
      "name": "iam_attach_EpRole72",
      "provider": "provider[\"registry.terraform.io/hashicorp/aws\"]",
      "instances": [
        {
          "schema_version": 0,
          "attributes": {
            "id": "EpRole72-2022101314073163550000005f",
            "policy_arn": "arn:aws:iam::455436446709:policy/EPPolicy4",
            "role": "EpRole72"
          },
          "sensitive_attributes": [],
          "private": "bnVsbA==",
          "dependencies": [
            "aws_iam_policy.EPPolicy10",
            "aws_iam_policy.EPPolicy4",
            "aws_iam_role.iam_EpRole72",
            "time_sleep.wait_2_seconds"
          ]
        }
      ]
    },
    {
      "mode": "managed",
      "type": "aws_iam_role_policy_attachment",
      "name": "iam_attach_EpRole73",
      "provider": "provider[\"registry.terraform.io/hashicorp/aws\"]",
      "instances": [
        {
          "schema_version": 0,
          "attributes": {
            "id": "EpRole73-20221013140746580000000109",
            "policy_arn": "arn:aws:iam::455436446709:policy/EPPolicy4",
            "role": "EpRole73"
          },
          "sensitive_attributes": [],
          "private": "bnVsbA==",
          "dependencies": [
            "aws_iam_policy.EPPolicy11",
            "aws_iam_policy.EPPolicy4",
            "aws_iam_role.iam_EpRole73",
            "time_sleep.wait_2_seconds"
          ]
        }
      ]
    },
    {
      "mode": "managed",
      "type": "aws_iam_role_policy_attachment",
      "name": "iam_attach_EpRole74",
      "provider": "provider[\"registry.terraform.io/hashicorp/aws\"]",
      "instances": [
        {
          "schema_version": 0,
          "attributes": {
            "id": "EpRole74-2022101314073588000000008f",
            "policy_arn": "arn:aws:iam::455436446709:policy/EPPolicy4",
            "role": "EpRole74"
          },
          "sensitive_attributes": [],
          "private": "bnVsbA==",
          "dependencies": [
            "aws_iam_policy.EPPolicy12",
            "aws_iam_policy.EPPolicy4",
            "aws_iam_role.iam_EpRole74",
            "time_sleep.wait_2_seconds"
          ]
        }
      ]
    },
    {
      "mode": "managed",
      "type": "aws_iam_role_policy_attachment",
      "name": "iam_attach_EpRole75",
      "provider": "provider[\"registry.terraform.io/hashicorp/aws\"]",
      "instances": [
        {
          "schema_version": 0,
          "attributes": {
            "id": "EpRole75-20221013140725927300000017",
            "policy_arn": "arn:aws:iam::455436446709:policy/EPPolicy4",
            "role": "EpRole75"
          },
          "sensitive_attributes": [],
          "private": "bnVsbA==",
          "dependencies": [
            "aws_iam_policy.EPPolicy13",
            "aws_iam_policy.EPPolicy4",
            "aws_iam_role.iam_EpRole75",
            "time_sleep.wait_2_seconds"
          ]
        }
      ]
    },
    {
      "mode": "managed",
      "type": "aws_iam_role_policy_attachment",
      "name": "iam_attach_EpRole76",
      "provider": "provider[\"registry.terraform.io/hashicorp/aws\"]",
      "instances": [
        {
          "schema_version": 0,
          "attributes": {
            "id": "EpRole76-2022101314072519170000000a",
            "policy_arn": "arn:aws:iam::455436446709:policy/EPPolicy4",
            "role": "EpRole76"
          },
          "sensitive_attributes": [],
          "private": "bnVsbA==",
          "dependencies": [
            "aws_iam_policy.EPPolicy14",
            "aws_iam_policy.EPPolicy4",
            "aws_iam_role.iam_EpRole76",
            "time_sleep.wait_2_seconds"
          ]
        }
      ]
    },
    {
      "mode": "managed",
      "type": "aws_iam_role_policy_attachment",
      "name": "iam_attach_EpRole77",
      "provider": "provider[\"registry.terraform.io/hashicorp/aws\"]",
      "instances": [
        {
          "schema_version": 0,
          "attributes": {
            "id": "EpRole77-202210131407415386000000ce",
            "policy_arn": "arn:aws:iam::455436446709:policy/EPPolicy4",
            "role": "EpRole77"
          },
          "sensitive_attributes": [],
          "private": "bnVsbA==",
          "dependencies": [
            "aws_iam_policy.EPPolicy15",
            "aws_iam_policy.EPPolicy4",
            "aws_iam_role.iam_EpRole77",
            "time_sleep.wait_2_seconds"
          ]
        }
      ]
    },
    {
      "mode": "managed",
      "type": "aws_iam_role_policy_attachment",
      "name": "iam_attach_EpRole78",
      "provider": "provider[\"registry.terraform.io/hashicorp/aws\"]",
      "instances": [
        {
          "schema_version": 0,
          "attributes": {
            "id": "EpRole78-2022101314073574540000008b",
            "policy_arn": "arn:aws:iam::455436446709:policy/EPPolicy4",
            "role": "EpRole78"
          },
          "sensitive_attributes": [],
          "private": "bnVsbA==",
          "dependencies": [
            "aws_iam_policy.EPPolicy16",
            "aws_iam_policy.EPPolicy4",
            "aws_iam_role.iam_EpRole78",
            "time_sleep.wait_2_seconds"
          ]
        }
      ]
    },
    {
      "mode": "managed",
      "type": "aws_iam_role_policy_attachment",
      "name": "iam_attach_EpRole79",
      "provider": "provider[\"registry.terraform.io/hashicorp/aws\"]",
      "instances": [
        {
          "schema_version": 0,
          "attributes": {
            "id": "EpRole79-20221013140726421200000020",
            "policy_arn": "arn:aws:iam::455436446709:policy/EPPolicy4",
            "role": "EpRole79"
          },
          "sensitive_attributes": [],
          "private": "bnVsbA==",
          "dependencies": [
            "aws_iam_policy.EPPolicy17",
            "aws_iam_policy.EPPolicy4",
            "aws_iam_role.iam_EpRole79",
            "time_sleep.wait_2_seconds"
          ]
        }
      ]
    },
    {
      "mode": "managed",
      "type": "aws_iam_role_policy_attachment",
      "name": "iam_attach_EpRole8",
      "provider": "provider[\"registry.terraform.io/hashicorp/aws\"]",
      "instances": [
        {
          "schema_version": 0,
          "attributes": {
            "id": "EpRole8-202210131407393839000000b7",
            "policy_arn": "arn:aws:iam::455436446709:policy/EPPolicy1",
            "role": "EpRole8"
          },
          "sensitive_attributes": [],
          "private": "bnVsbA==",
          "dependencies": [
            "aws_iam_policy.EPPolicy1",
            "aws_iam_policy.EPPolicy9",
            "aws_iam_role.iam_EpRole8",
            "time_sleep.wait_2_seconds"
          ]
        }
      ]
    },
    {
      "mode": "managed",
      "type": "aws_iam_role_policy_attachment",
      "name": "iam_attach_EpRole80",
      "provider": "provider[\"registry.terraform.io/hashicorp/aws\"]",
      "instances": [
        {
          "schema_version": 0,
          "attributes": {
            "id": "EpRole80-202210131407378405000000a9",
            "policy_arn": "arn:aws:iam::455436446709:policy/EPPolicy4",
            "role": "EpRole80"
          },
          "sensitive_attributes": [],
          "private": "bnVsbA==",
          "dependencies": [
            "aws_iam_policy.EPPolicy18",
            "aws_iam_policy.EPPolicy4",
            "aws_iam_role.iam_EpRole80",
            "time_sleep.wait_2_seconds"
          ]
        }
      ]
    },
    {
      "mode": "managed",
      "type": "aws_iam_role_policy_attachment",
      "name": "iam_attach_EpRole81",
      "provider": "provider[\"registry.terraform.io/hashicorp/aws\"]",
      "instances": [
        {
          "schema_version": 0,
          "attributes": {
            "id": "EpRole81-2022101314073261570000006e",
            "policy_arn": "arn:aws:iam::455436446709:policy/EPPolicy4",
            "role": "EpRole81"
          },
          "sensitive_attributes": [],
          "private": "bnVsbA==",
          "dependencies": [
            "aws_iam_policy.EPPolicy19",
            "aws_iam_policy.EPPolicy4",
            "aws_iam_role.iam_EpRole81",
            "time_sleep.wait_2_seconds"
          ]
        }
      ]
    },
    {
      "mode": "managed",
      "type": "aws_iam_role_policy_attachment",
      "name": "iam_attach_EpRole82",
      "provider": "provider[\"registry.terraform.io/hashicorp/aws\"]",
      "instances": [
        {
          "schema_version": 0,
          "attributes": {
            "id": "EpRole82-20221013140736102700000091",
            "policy_arn": "arn:aws:iam::455436446709:policy/EPPolicy4",
            "role": "EpRole82"
          },
          "sensitive_attributes": [],
          "private": "bnVsbA==",
          "dependencies": [
            "aws_iam_policy.EPPolicy20",
            "aws_iam_policy.EPPolicy4",
            "aws_iam_role.iam_EpRole82",
            "time_sleep.wait_2_seconds"
          ]
        }
      ]
    },
    {
      "mode": "managed",
      "type": "aws_iam_role_policy_attachment",
      "name": "iam_attach_EpRole83",
      "provider": "provider[\"registry.terraform.io/hashicorp/aws\"]",
      "instances": [
        {
          "schema_version": 0,
          "attributes": {
            "id": "EpRole83-202210131407420614000000d6",
            "policy_arn": "arn:aws:iam::455436446709:policy/EPPolicy4",
            "role": "EpRole83"
          },
          "sensitive_attributes": [],
          "private": "bnVsbA==",
          "dependencies": [
            "aws_iam_policy.EPPolicy21",
            "aws_iam_policy.EPPolicy4",
            "aws_iam_role.iam_EpRole83",
            "time_sleep.wait_2_seconds"
          ]
        }
      ]
    },
    {
      "mode": "managed",
      "type": "aws_iam_role_policy_attachment",
      "name": "iam_attach_EpRole84",
      "provider": "provider[\"registry.terraform.io/hashicorp/aws\"]",
      "instances": [
        {
          "schema_version": 0,
          "attributes": {
            "id": "EpRole84-2022101314072699190000002a",
            "policy_arn": "arn:aws:iam::455436446709:policy/EPPolicy4",
            "role": "EpRole84"
          },
          "sensitive_attributes": [],
          "private": "bnVsbA==",
          "dependencies": [
            "aws_iam_policy.EPPolicy22",
            "aws_iam_policy.EPPolicy4",
            "aws_iam_role.iam_EpRole84",
            "time_sleep.wait_2_seconds"
          ]
        }
      ]
    },
    {
      "mode": "managed",
      "type": "aws_iam_role_policy_attachment",
      "name": "iam_attach_EpRole85",
      "provider": "provider[\"registry.terraform.io/hashicorp/aws\"]",
      "instances": [
        {
          "schema_version": 0,
          "attributes": {
            "id": "EpRole85-202210131407450427000000f8",
            "policy_arn": "arn:aws:iam::455436446709:policy/EPPolicy4",
            "role": "EpRole85"
          },
          "sensitive_attributes": [],
          "private": "bnVsbA==",
          "dependencies": [
            "aws_iam_policy.EPPolicy31",
            "aws_iam_policy.EPPolicy4",
            "aws_iam_role.iam_EpRole85",
            "time_sleep.wait_2_seconds"
          ]
        }
      ]
    },
    {
      "mode": "managed",
      "type": "aws_iam_role_policy_attachment",
      "name": "iam_attach_EpRole86",
      "provider": "provider[\"registry.terraform.io/hashicorp/aws\"]",
      "instances": [
        {
          "schema_version": 0,
          "attributes": {
            "id": "EpRole86-20221013140731015600000054",
            "policy_arn": "arn:aws:iam::455436446709:policy/EPPolicy4",
            "role": "EpRole86"
          },
          "sensitive_attributes": [],
          "private": "bnVsbA==",
          "dependencies": [
            "aws_iam_policy.EPPolicy32",
            "aws_iam_policy.EPPolicy4",
            "aws_iam_role.iam_EpRole86",
            "time_sleep.wait_2_seconds"
          ]
        }
      ]
    },
    {
      "mode": "managed",
      "type": "aws_iam_role_policy_attachment",
      "name": "iam_attach_EpRole87",
      "provider": "provider[\"registry.terraform.io/hashicorp/aws\"]",
      "instances": [
        {
          "schema_version": 0,
          "attributes": {
            "id": "EpRole87-2022101314074679320000010c",
            "policy_arn": "arn:aws:iam::455436446709:policy/EPPolicy5",
            "role": "EpRole87"
          },
          "sensitive_attributes": [],
          "private": "bnVsbA==",
          "dependencies": [
            "aws_iam_policy.EPPolicy5",
            "aws_iam_policy.EPPolicy6",
            "aws_iam_role.iam_EpRole87",
            "time_sleep.wait_2_seconds"
          ]
        }
      ]
    },
    {
      "mode": "managed",
      "type": "aws_iam_role_policy_attachment",
      "name": "iam_attach_EpRole88",
      "provider": "provider[\"registry.terraform.io/hashicorp/aws\"]",
      "instances": [
        {
          "schema_version": 0,
          "attributes": {
            "id": "EpRole88-20221013140748165300000112",
            "policy_arn": "arn:aws:iam::455436446709:policy/EPPolicy5",
            "role": "EpRole88"
          },
          "sensitive_attributes": [],
          "private": "bnVsbA==",
          "dependencies": [
            "aws_iam_policy.EPPolicy5",
            "aws_iam_policy.EPPolicy7",
            "aws_iam_role.iam_EpRole88",
            "time_sleep.wait_2_seconds"
          ]
        }
      ]
    },
    {
      "mode": "managed",
      "type": "aws_iam_role_policy_attachment",
      "name": "iam_attach_EpRole89",
      "provider": "provider[\"registry.terraform.io/hashicorp/aws\"]",
      "instances": [
        {
          "schema_version": 0,
          "attributes": {
            "id": "EpRole89-202210131407403843000000c2",
            "policy_arn": "arn:aws:iam::455436446709:policy/EPPolicy5",
            "role": "EpRole89"
          },
          "sensitive_attributes": [],
          "private": "bnVsbA==",
          "dependencies": [
            "aws_iam_policy.EPPolicy5",
            "aws_iam_policy.EPPolicy8",
            "aws_iam_role.iam_EpRole89",
            "time_sleep.wait_2_seconds"
          ]
        }
      ]
    },
    {
      "mode": "managed",
      "type": "aws_iam_role_policy_attachment",
      "name": "iam_attach_EpRole9",
      "provider": "provider[\"registry.terraform.io/hashicorp/aws\"]",
      "instances": [
        {
          "schema_version": 0,
          "attributes": {
            "id": "EpRole9-20221013140731323200000059",
            "policy_arn": "arn:aws:iam::455436446709:policy/EPPolicy1",
            "role": "EpRole9"
          },
          "sensitive_attributes": [],
          "private": "bnVsbA==",
          "dependencies": [
            "aws_iam_policy.EPPolicy1",
            "aws_iam_policy.EPPolicy10",
            "aws_iam_role.iam_EpRole9",
            "time_sleep.wait_2_seconds"
          ]
        }
      ]
    },
    {
      "mode": "managed",
      "type": "aws_iam_role_policy_attachment",
      "name": "iam_attach_EpRole90",
      "provider": "provider[\"registry.terraform.io/hashicorp/aws\"]",
      "instances": [
        {
          "schema_version": 0,
          "attributes": {
            "id": "EpRole90-202210131407390063000000b3",
            "policy_arn": "arn:aws:iam::455436446709:policy/EPPolicy5",
            "role": "EpRole90"
          },
          "sensitive_attributes": [],
          "private": "bnVsbA==",
          "dependencies": [
            "aws_iam_policy.EPPolicy5",
            "aws_iam_policy.EPPolicy9",
            "aws_iam_role.iam_EpRole90",
            "time_sleep.wait_2_seconds"
          ]
        }
      ]
    },
    {
      "mode": "managed",
      "type": "aws_iam_role_policy_attachment",
      "name": "iam_attach_EpRole91",
      "provider": "provider[\"registry.terraform.io/hashicorp/aws\"]",
      "instances": [
        {
          "schema_version": 0,
          "attributes": {
            "id": "EpRole91-20221013140731320800000058",
            "policy_arn": "arn:aws:iam::455436446709:policy/EPPolicy5",
            "role": "EpRole91"
          },
          "sensitive_attributes": [],
          "private": "bnVsbA==",
          "dependencies": [
            "aws_iam_policy.EPPolicy10",
            "aws_iam_policy.EPPolicy5",
            "aws_iam_role.iam_EpRole91",
            "time_sleep.wait_2_seconds"
          ]
        }
      ]
    },
    {
      "mode": "managed",
      "type": "aws_iam_role_policy_attachment",
      "name": "iam_attach_EpRole92",
      "provider": "provider[\"registry.terraform.io/hashicorp/aws\"]",
      "instances": [
        {
          "schema_version": 0,
          "attributes": {
            "id": "EpRole92-20221013140745919100000100",
            "policy_arn": "arn:aws:iam::455436446709:policy/EPPolicy5",
            "role": "EpRole92"
          },
          "sensitive_attributes": [],
          "private": "bnVsbA==",
          "dependencies": [
            "aws_iam_policy.EPPolicy11",
            "aws_iam_policy.EPPolicy5",
            "aws_iam_role.iam_EpRole92",
            "time_sleep.wait_2_seconds"
          ]
        }
      ]
    },
    {
      "mode": "managed",
      "type": "aws_iam_role_policy_attachment",
      "name": "iam_attach_EpRole93",
      "provider": "provider[\"registry.terraform.io/hashicorp/aws\"]",
      "instances": [
        {
          "schema_version": 0,
          "attributes": {
            "id": "EpRole93-20221013140734188500000081",
            "policy_arn": "arn:aws:iam::455436446709:policy/EPPolicy5",
            "role": "EpRole93"
          },
          "sensitive_attributes": [],
          "private": "bnVsbA==",
          "dependencies": [
            "aws_iam_policy.EPPolicy12",
            "aws_iam_policy.EPPolicy5",
            "aws_iam_role.iam_EpRole93",
            "time_sleep.wait_2_seconds"
          ]
        }
      ]
    },
    {
      "mode": "managed",
      "type": "aws_iam_role_policy_attachment",
      "name": "iam_attach_EpRole94",
      "provider": "provider[\"registry.terraform.io/hashicorp/aws\"]",
      "instances": [
        {
          "schema_version": 0,
          "attributes": {
            "id": "EpRole94-20221013140725871800000016",
            "policy_arn": "arn:aws:iam::455436446709:policy/EPPolicy5",
            "role": "EpRole94"
          },
          "sensitive_attributes": [],
          "private": "bnVsbA==",
          "dependencies": [
            "aws_iam_policy.EPPolicy13",
            "aws_iam_policy.EPPolicy5",
            "aws_iam_role.iam_EpRole94",
            "time_sleep.wait_2_seconds"
          ]
        }
      ]
    },
    {
      "mode": "managed",
      "type": "aws_iam_role_policy_attachment",
      "name": "iam_attach_EpRole95",
      "provider": "provider[\"registry.terraform.io/hashicorp/aws\"]",
      "instances": [
        {
          "schema_version": 0,
          "attributes": {
            "id": "EpRole95-20221013140724346900000001",
            "policy_arn": "arn:aws:iam::455436446709:policy/EPPolicy5",
            "role": "EpRole95"
          },
          "sensitive_attributes": [],
          "private": "bnVsbA==",
          "dependencies": [
            "aws_iam_policy.EPPolicy14",
            "aws_iam_policy.EPPolicy5",
            "aws_iam_role.iam_EpRole95",
            "time_sleep.wait_2_seconds"
          ]
        }
      ]
    },
    {
      "mode": "managed",
      "type": "aws_iam_role_policy_attachment",
      "name": "iam_attach_EpRole96",
      "provider": "provider[\"registry.terraform.io/hashicorp/aws\"]",
      "instances": [
        {
          "schema_version": 0,
          "attributes": {
            "id": "EpRole96-202210131407408718000000c6",
            "policy_arn": "arn:aws:iam::455436446709:policy/EPPolicy5",
            "role": "EpRole96"
          },
          "sensitive_attributes": [],
          "private": "bnVsbA==",
          "dependencies": [
            "aws_iam_policy.EPPolicy15",
            "aws_iam_policy.EPPolicy5",
            "aws_iam_role.iam_EpRole96",
            "time_sleep.wait_2_seconds"
          ]
        }
      ]
    },
    {
      "mode": "managed",
      "type": "aws_iam_role_policy_attachment",
      "name": "iam_attach_EpRole97",
      "provider": "provider[\"registry.terraform.io/hashicorp/aws\"]",
      "instances": [
        {
          "schema_version": 0,
          "attributes": {
            "id": "EpRole97-2022101314073668030000009b",
            "policy_arn": "arn:aws:iam::455436446709:policy/EPPolicy5",
            "role": "EpRole97"
          },
          "sensitive_attributes": [],
          "private": "bnVsbA==",
          "dependencies": [
            "aws_iam_policy.EPPolicy16",
            "aws_iam_policy.EPPolicy5",
            "aws_iam_role.iam_EpRole97",
            "time_sleep.wait_2_seconds"
          ]
        }
      ]
    },
    {
      "mode": "managed",
      "type": "aws_iam_role_policy_attachment",
      "name": "iam_attach_EpRole98",
      "provider": "provider[\"registry.terraform.io/hashicorp/aws\"]",
      "instances": [
        {
          "schema_version": 0,
          "attributes": {
            "id": "EpRole98-20221013140726482600000021",
            "policy_arn": "arn:aws:iam::455436446709:policy/EPPolicy5",
            "role": "EpRole98"
          },
          "sensitive_attributes": [],
          "private": "bnVsbA==",
          "dependencies": [
            "aws_iam_policy.EPPolicy17",
            "aws_iam_policy.EPPolicy5",
            "aws_iam_role.iam_EpRole98",
            "time_sleep.wait_2_seconds"
          ]
        }
      ]
    },
    {
      "mode": "managed",
      "type": "aws_iam_role_policy_attachment",
      "name": "iam_attach_EpRole99",
      "provider": "provider[\"registry.terraform.io/hashicorp/aws\"]",
      "instances": [
        {
          "schema_version": 0,
          "attributes": {
            "id": "EpRole99-202210131407378609000000aa",
            "policy_arn": "arn:aws:iam::455436446709:policy/EPPolicy5",
            "role": "EpRole99"
          },
          "sensitive_attributes": [],
          "private": "bnVsbA==",
          "dependencies": [
            "aws_iam_policy.EPPolicy18",
            "aws_iam_policy.EPPolicy5",
            "aws_iam_role.iam_EpRole99",
            "time_sleep.wait_2_seconds"
          ]
        }
      ]
    },
    {
      "mode": "managed",
      "type": "time_sleep",
      "name": "wait_2_seconds",
      "provider": "provider[\"registry.terraform.io/hashicorp/time\"]",
      "instances": [
        {
          "schema_version": 0,
          "attributes": {
            "create_duration": "2s",
            "destroy_duration": null,
            "id": "2022-10-13T14:06:40Z",
            "triggers": null
          },
          "sensitive_attributes": []
        }
      ]
    }
  ]
}
